{
  "version": 4,
  "terraform_version": "1.2.3",
  "serial": 102,
  "lineage": "8b00e56d-71d6-1c24-04fb-374ead188122",
  "outputs": {},
  "resources": [
    {
      "module": "module.agent_cluster.module.autoscaler[0]",
      "mode": "data",
      "type": "aws_eks_cluster",
      "name": "cluster",
      "provider": "provider[\"registry.terraform.io/hashicorp/aws\"]",
      "instances": [
        {
          "schema_version": 0,
          "attributes": {
            "arn": "arn:aws:eks:us-east-1:343806850935:cluster/liran-demo",
            "certificate_authority": [
              {
                "data": "LS0tLS1CRUdJTiBDRVJUSUZJQ0FURS0tLS0tCk1JSUMvakNDQWVhZ0F3SUJBZ0lCQURBTkJna3Foa2lHOXcwQkFRc0ZBREFWTVJNd0VRWURWUVFERXdwcmRXSmwKY201bGRHVnpNQjRYRFRJek1EY3pNREUwTlRVMU1sb1hEVE16TURjeU56RTBOVFUxTWxvd0ZURVRNQkVHQTFVRQpBeE1LYTNWaVpYSnVaWFJsY3pDQ0FTSXdEUVlKS29aSWh2Y05BUUVCQlFBRGdnRVBBRENDQVFvQ2dnRUJBTTJOCjkyaHdHRXphc0pqZDFSekFBWi9aRkR3YStSclpNZ2h6NytaZjRYVXloVHZXcjJLNFRMY2FSeUthZjFha0pvYmUKV0pkTVNvei85WWIyZkY5MytwTmc0UVhDdjQ3RHFZN0dDS29GNHBqTlhlUnF3eUFZTWpwbVpTRmFramNGd2lQNApCZ2pPc2t5cDdFb1h1L2RqNUR4dmt2d3o2R2ptZjdvd0xGc1M2YlZpREg2OW1LTGd6WEprOEpHMjRCVld2VEM1Ck9VR082TEsyN29OeXJYK0NkOEQ1U1JWS0lPTExwK2JiZG1MaFY5R2ZtOTVScGcrSGVyMXBud1RLRGxZODRRMGEKNTYrZHVrSkFRcThTYzhqSisyU2xrYjQzbFJFWEZqMUgyL0luNzZIZWxybUtMQjlFVUtxRHNHYi9YaVVTbTh3bgo1cXBYc3pwcUZRTHplN21UakRjQ0F3RUFBYU5aTUZjd0RnWURWUjBQQVFIL0JBUURBZ0trTUE4R0ExVWRFd0VCCi93UUZNQU1CQWY4d0hRWURWUjBPQkJZRUZBLzZ3aElGVWRXZ1VQclFpV2RsZGJIR0tPZTNNQlVHQTFVZEVRUU8KTUF5Q0NtdDFZbVZ5Ym1WMFpYTXdEUVlKS29aSWh2Y05BUUVMQlFBRGdnRUJBRGVwOEkrZ3UybkhHVmdYZHVQSApPemYzMklBUTZJY3RSRlluaXp0RTR3bFI3cjRwSGlCMmRScVp6Qm81Q0dPSHg2dzltVlhRalZ0QURpM1ZiR21ECmN6cEc2K2dzVUo0WXRhZmc1V3pYMzQ3R3E5amU2YXdKTitySXZLa0lJRHgxWkNsenVqZnE5S2xndTVkQUlmL24KZkRISlptckREcnNVZFRMc1czWkpwYnBYOVFzaHZxaFU5aW5WTklvWXdtdGpQSjdlS2JjMnVmMHJxRCsvbTFBOApLaVdaVVdVa3pHallOakpKdW1xTk1kRnBWeFN5dzVNaEFDcXgxTHpPbk4wcVB2dXExWEFNZEE1Vmd0eDRKZXdXCndYNVVnSUFHbWJieS84MldRc0JOcTRlVmpyQnVYTHhLMGQrRURnK1pNckpNMnVTd2RmWEd1RXllc0tNTGhUSWQKMnRjPQotLS0tLUVORCBDRVJUSUZJQ0FURS0tLS0tCg=="
              }
            ],
            "cluster_id": null,
            "created_at": "2023-07-30 14:50:46.419 +0000 UTC",
            "enabled_cluster_log_types": [
              "api",
              "controllerManager",
              "scheduler"
            ],
            "endpoint": "https://62D4566A7CE7025A45C7512362B8F5C5.gr7.us-east-1.eks.amazonaws.com",
            "id": "liran-demo",
            "identity": [
              {
                "oidc": [
                  {
                    "issuer": "https://oidc.eks.us-east-1.amazonaws.com/id/62D4566A7CE7025A45C7512362B8F5C5"
                  }
                ]
              }
            ],
            "kubernetes_network_config": [
              {
                "ip_family": "ipv4",
                "service_ipv4_cidr": "10.100.0.0/16",
                "service_ipv6_cidr": ""
              }
            ],
            "name": "liran-demo",
            "outpost_config": [],
            "platform_version": "eks.3",
            "role_arn": "arn:aws:iam::343806850935:role/liran-demo-cluster-20230730145017389900000002",
            "status": "ACTIVE",
            "tags": {},
            "version": "1.27",
            "vpc_config": [
              {
                "cluster_security_group_id": "sg-0ac222225c4a74c98",
                "endpoint_private_access": true,
                "endpoint_public_access": true,
                "public_access_cidrs": [
                  "0.0.0.0/0"
                ],
                "security_group_ids": [
                  "sg-0b4a6dc4f1ff9702b"
                ],
                "subnet_ids": [
                  "subnet-00c090af3650f585d",
                  "subnet-01dd2fb3b36ae2b2f",
                  "subnet-043abbeea034e9d95",
                  "subnet-04423e002f03b0a03",
                  "subnet-0a0c30f2decf0124d"
                ],
                "vpc_id": "vpc-0c1bb5f6db309b819"
              }
            ]
          },
          "sensitive_attributes": []
        }
      ]
    },
    {
      "module": "module.agent_cluster.module.autoscaler[0]",
      "mode": "data",
      "type": "aws_eks_node_group",
      "name": "node_group",
      "provider": "provider[\"registry.terraform.io/hashicorp/aws\"]",
      "instances": [
        {
          "schema_version": 0,
          "attributes": {
            "ami_type": "AL2_x86_64",
            "arn": "arn:aws:eks:us-east-1:343806850935:nodegroup/liran-demo/liran-demo-deployment/00c4d3a9-4242-12ea-81ab-439757541940",
            "capacity_type": "SPOT",
            "cluster_name": "liran-demo",
            "disk_size": 0,
            "id": "liran-demo:liran-demo-deployment",
            "instance_types": [
              "t3a.2xlarge"
            ],
            "labels": {},
            "launch_template": [
              {
                "id": "lt-006e0a5450d928212",
                "name": "deployment-2023073015022872870000000b",
                "version": "1"
              }
            ],
            "node_group_name": "liran-demo-deployment",
            "node_role_arn": "arn:aws:iam::343806850935:role/liran-demo-deployment-eks-node-group-20230730145017387900000001",
            "release_version": "1.27.3-20230711",
            "remote_access": [],
            "resources": [
              {
                "autoscaling_groups": [
                  {
                    "name": "eks-liran-demo-deployment-00c4d3a9-4242-12ea-81ab-439757541940"
                  }
                ],
                "remote_access_security_group_id": ""
              }
            ],
            "scaling_config": [
              {
                "desired_size": 2,
                "max_size": 50,
                "min_size": 2
              }
            ],
            "status": "ACTIVE",
            "subnet_ids": [
              "subnet-00c090af3650f585d",
              "subnet-01dd2fb3b36ae2b2f",
              "subnet-043abbeea034e9d95",
              "subnet-04423e002f03b0a03",
              "subnet-0a0c30f2decf0124d"
            ],
            "tags": {
              "Name": "liran-demo-deployment"
            },
            "taints": [],
            "version": "1.27"
          },
          "sensitive_attributes": []
        }
      ]
    },
    {
      "module": "module.agent_cluster.module.autoscaler[0]",
      "mode": "managed",
      "type": "null_resource",
      "name": "enable_asg_metrics_collection",
      "provider": "provider[\"registry.terraform.io/hashicorp/null\"]",
      "instances": [
        {
          "schema_version": 0,
          "attributes": {
            "id": "4335961100827109291",
            "triggers": null
          },
          "sensitive_attributes": [],
          "dependencies": [
            "data.aws_eks_cluster.my_eks",
            "module.agent_cluster.data.aws_eks_cluster.my_eks",
            "module.agent_cluster.module.autoscaler.data.aws_eks_node_group.node_group",
            "module.agent_cluster.module.eks.data.aws_subnets.private",
            "module.agent_cluster.module.eks.module.eks.aws_cloudwatch_log_group.this",
            "module.agent_cluster.module.eks.module.eks.aws_ec2_tag.cluster_primary_security_group",
            "module.agent_cluster.module.eks.module.eks.aws_eks_addon.before_compute",
            "module.agent_cluster.module.eks.module.eks.aws_eks_addon.this",
            "module.agent_cluster.module.eks.module.eks.aws_eks_cluster.this",
            "module.agent_cluster.module.eks.module.eks.aws_eks_identity_provider_config.this",
            "module.agent_cluster.module.eks.module.eks.aws_iam_openid_connect_provider.oidc_provider",
            "module.agent_cluster.module.eks.module.eks.aws_iam_policy.cluster_encryption",
            "module.agent_cluster.module.eks.module.eks.aws_iam_policy.cni_ipv6_policy",
            "module.agent_cluster.module.eks.module.eks.aws_iam_role.this",
            "module.agent_cluster.module.eks.module.eks.aws_iam_role_policy_attachment.additional",
            "module.agent_cluster.module.eks.module.eks.aws_iam_role_policy_attachment.cluster_encryption",
            "module.agent_cluster.module.eks.module.eks.aws_iam_role_policy_attachment.this",
            "module.agent_cluster.module.eks.module.eks.aws_security_group.cluster",
            "module.agent_cluster.module.eks.module.eks.aws_security_group.node",
            "module.agent_cluster.module.eks.module.eks.aws_security_group_rule.cluster",
            "module.agent_cluster.module.eks.module.eks.aws_security_group_rule.node",
            "module.agent_cluster.module.eks.module.eks.data.aws_caller_identity.current",
            "module.agent_cluster.module.eks.module.eks.data.aws_eks_addon_version.this",
            "module.agent_cluster.module.eks.module.eks.data.aws_iam_policy_document.assume_role_policy",
            "module.agent_cluster.module.eks.module.eks.data.aws_iam_policy_document.cni_ipv6_policy",
            "module.agent_cluster.module.eks.module.eks.data.aws_iam_session_context.current",
            "module.agent_cluster.module.eks.module.eks.data.aws_partition.current",
            "module.agent_cluster.module.eks.module.eks.data.tls_certificate.this",
            "module.agent_cluster.module.eks.module.eks.kubernetes_config_map.aws_auth",
            "module.agent_cluster.module.eks.module.eks.kubernetes_config_map_v1_data.aws_auth",
            "module.agent_cluster.module.eks.module.eks.module.eks_managed_node_group.aws_autoscaling_schedule.this",
            "module.agent_cluster.module.eks.module.eks.module.eks_managed_node_group.aws_eks_node_group.this",
            "module.agent_cluster.module.eks.module.eks.module.eks_managed_node_group.aws_iam_role.this",
            "module.agent_cluster.module.eks.module.eks.module.eks_managed_node_group.aws_iam_role_policy_attachment.additional",
            "module.agent_cluster.module.eks.module.eks.module.eks_managed_node_group.aws_iam_role_policy_attachment.this",
            "module.agent_cluster.module.eks.module.eks.module.eks_managed_node_group.aws_launch_template.this",
            "module.agent_cluster.module.eks.module.eks.module.eks_managed_node_group.data.aws_caller_identity.current",
            "module.agent_cluster.module.eks.module.eks.module.eks_managed_node_group.data.aws_iam_policy_document.assume_role_policy",
            "module.agent_cluster.module.eks.module.eks.module.eks_managed_node_group.data.aws_partition.current",
            "module.agent_cluster.module.eks.module.eks.module.eks_managed_node_group.module.user_data.data.cloudinit_config.linux_eks_managed_node_group",
            "module.agent_cluster.module.eks.module.eks.module.fargate_profile.aws_eks_fargate_profile.this",
            "module.agent_cluster.module.eks.module.eks.module.fargate_profile.aws_iam_role.this",
            "module.agent_cluster.module.eks.module.eks.module.fargate_profile.aws_iam_role_policy_attachment.additional",
            "module.agent_cluster.module.eks.module.eks.module.fargate_profile.aws_iam_role_policy_attachment.this",
            "module.agent_cluster.module.eks.module.eks.module.fargate_profile.data.aws_caller_identity.current",
            "module.agent_cluster.module.eks.module.eks.module.fargate_profile.data.aws_iam_policy_document.assume_role_policy",
            "module.agent_cluster.module.eks.module.eks.module.fargate_profile.data.aws_partition.current",
            "module.agent_cluster.module.eks.module.eks.module.kms.aws_kms_alias.this",
            "module.agent_cluster.module.eks.module.eks.module.kms.aws_kms_external_key.this",
            "module.agent_cluster.module.eks.module.eks.module.kms.aws_kms_grant.this",
            "module.agent_cluster.module.eks.module.eks.module.kms.aws_kms_key.this",
            "module.agent_cluster.module.eks.module.eks.module.kms.data.aws_caller_identity.current",
            "module.agent_cluster.module.eks.module.eks.module.kms.data.aws_iam_policy_document.this",
            "module.agent_cluster.module.eks.module.eks.module.kms.data.aws_partition.current",
            "module.agent_cluster.module.eks.module.eks.module.self_managed_node_group.aws_autoscaling_group.this",
            "module.agent_cluster.module.eks.module.eks.module.self_managed_node_group.aws_autoscaling_schedule.this",
            "module.agent_cluster.module.eks.module.eks.module.self_managed_node_group.aws_iam_instance_profile.this",
            "module.agent_cluster.module.eks.module.eks.module.self_managed_node_group.aws_iam_role.this",
            "module.agent_cluster.module.eks.module.eks.module.self_managed_node_group.aws_iam_role_policy_attachment.additional",
            "module.agent_cluster.module.eks.module.eks.module.self_managed_node_group.aws_iam_role_policy_attachment.this",
            "module.agent_cluster.module.eks.module.eks.module.self_managed_node_group.aws_launch_template.this",
            "module.agent_cluster.module.eks.module.eks.module.self_managed_node_group.data.aws_ami.eks_default",
            "module.agent_cluster.module.eks.module.eks.module.self_managed_node_group.data.aws_caller_identity.current",
            "module.agent_cluster.module.eks.module.eks.module.self_managed_node_group.data.aws_iam_policy_document.assume_role_policy",
            "module.agent_cluster.module.eks.module.eks.module.self_managed_node_group.data.aws_partition.current",
            "module.agent_cluster.module.eks.module.eks.module.self_managed_node_group.module.user_data.data.cloudinit_config.linux_eks_managed_node_group",
            "module.agent_cluster.module.eks.module.eks.time_sleep.this",
            "module.agent_cluster.module.vpc.module.vpc.aws_vpc.this"
          ]
        }
      ]
    },
    {
      "module": "module.agent_cluster.module.autoscaler[0]",
      "mode": "managed",
      "type": "null_resource",
      "name": "set_asg_default_cooldown_command",
      "provider": "provider[\"registry.terraform.io/hashicorp/null\"]",
      "instances": [
        {
          "schema_version": 0,
          "attributes": {
            "id": "5109499257094030925",
            "triggers": null
          },
          "sensitive_attributes": [],
          "dependencies": [
            "data.aws_eks_cluster.my_eks",
            "module.agent_cluster.data.aws_eks_cluster.my_eks",
            "module.agent_cluster.module.autoscaler.data.aws_eks_node_group.node_group",
            "module.agent_cluster.module.eks.data.aws_subnets.private",
            "module.agent_cluster.module.eks.module.eks.aws_cloudwatch_log_group.this",
            "module.agent_cluster.module.eks.module.eks.aws_ec2_tag.cluster_primary_security_group",
            "module.agent_cluster.module.eks.module.eks.aws_eks_addon.before_compute",
            "module.agent_cluster.module.eks.module.eks.aws_eks_addon.this",
            "module.agent_cluster.module.eks.module.eks.aws_eks_cluster.this",
            "module.agent_cluster.module.eks.module.eks.aws_eks_identity_provider_config.this",
            "module.agent_cluster.module.eks.module.eks.aws_iam_openid_connect_provider.oidc_provider",
            "module.agent_cluster.module.eks.module.eks.aws_iam_policy.cluster_encryption",
            "module.agent_cluster.module.eks.module.eks.aws_iam_policy.cni_ipv6_policy",
            "module.agent_cluster.module.eks.module.eks.aws_iam_role.this",
            "module.agent_cluster.module.eks.module.eks.aws_iam_role_policy_attachment.additional",
            "module.agent_cluster.module.eks.module.eks.aws_iam_role_policy_attachment.cluster_encryption",
            "module.agent_cluster.module.eks.module.eks.aws_iam_role_policy_attachment.this",
            "module.agent_cluster.module.eks.module.eks.aws_security_group.cluster",
            "module.agent_cluster.module.eks.module.eks.aws_security_group.node",
            "module.agent_cluster.module.eks.module.eks.aws_security_group_rule.cluster",
            "module.agent_cluster.module.eks.module.eks.aws_security_group_rule.node",
            "module.agent_cluster.module.eks.module.eks.data.aws_caller_identity.current",
            "module.agent_cluster.module.eks.module.eks.data.aws_eks_addon_version.this",
            "module.agent_cluster.module.eks.module.eks.data.aws_iam_policy_document.assume_role_policy",
            "module.agent_cluster.module.eks.module.eks.data.aws_iam_policy_document.cni_ipv6_policy",
            "module.agent_cluster.module.eks.module.eks.data.aws_iam_session_context.current",
            "module.agent_cluster.module.eks.module.eks.data.aws_partition.current",
            "module.agent_cluster.module.eks.module.eks.data.tls_certificate.this",
            "module.agent_cluster.module.eks.module.eks.kubernetes_config_map.aws_auth",
            "module.agent_cluster.module.eks.module.eks.kubernetes_config_map_v1_data.aws_auth",
            "module.agent_cluster.module.eks.module.eks.module.eks_managed_node_group.aws_autoscaling_schedule.this",
            "module.agent_cluster.module.eks.module.eks.module.eks_managed_node_group.aws_eks_node_group.this",
            "module.agent_cluster.module.eks.module.eks.module.eks_managed_node_group.aws_iam_role.this",
            "module.agent_cluster.module.eks.module.eks.module.eks_managed_node_group.aws_iam_role_policy_attachment.additional",
            "module.agent_cluster.module.eks.module.eks.module.eks_managed_node_group.aws_iam_role_policy_attachment.this",
            "module.agent_cluster.module.eks.module.eks.module.eks_managed_node_group.aws_launch_template.this",
            "module.agent_cluster.module.eks.module.eks.module.eks_managed_node_group.data.aws_caller_identity.current",
            "module.agent_cluster.module.eks.module.eks.module.eks_managed_node_group.data.aws_iam_policy_document.assume_role_policy",
            "module.agent_cluster.module.eks.module.eks.module.eks_managed_node_group.data.aws_partition.current",
            "module.agent_cluster.module.eks.module.eks.module.eks_managed_node_group.module.user_data.data.cloudinit_config.linux_eks_managed_node_group",
            "module.agent_cluster.module.eks.module.eks.module.fargate_profile.aws_eks_fargate_profile.this",
            "module.agent_cluster.module.eks.module.eks.module.fargate_profile.aws_iam_role.this",
            "module.agent_cluster.module.eks.module.eks.module.fargate_profile.aws_iam_role_policy_attachment.additional",
            "module.agent_cluster.module.eks.module.eks.module.fargate_profile.aws_iam_role_policy_attachment.this",
            "module.agent_cluster.module.eks.module.eks.module.fargate_profile.data.aws_caller_identity.current",
            "module.agent_cluster.module.eks.module.eks.module.fargate_profile.data.aws_iam_policy_document.assume_role_policy",
            "module.agent_cluster.module.eks.module.eks.module.fargate_profile.data.aws_partition.current",
            "module.agent_cluster.module.eks.module.eks.module.kms.aws_kms_alias.this",
            "module.agent_cluster.module.eks.module.eks.module.kms.aws_kms_external_key.this",
            "module.agent_cluster.module.eks.module.eks.module.kms.aws_kms_grant.this",
            "module.agent_cluster.module.eks.module.eks.module.kms.aws_kms_key.this",
            "module.agent_cluster.module.eks.module.eks.module.kms.data.aws_caller_identity.current",
            "module.agent_cluster.module.eks.module.eks.module.kms.data.aws_iam_policy_document.this",
            "module.agent_cluster.module.eks.module.eks.module.kms.data.aws_partition.current",
            "module.agent_cluster.module.eks.module.eks.module.self_managed_node_group.aws_autoscaling_group.this",
            "module.agent_cluster.module.eks.module.eks.module.self_managed_node_group.aws_autoscaling_schedule.this",
            "module.agent_cluster.module.eks.module.eks.module.self_managed_node_group.aws_iam_instance_profile.this",
            "module.agent_cluster.module.eks.module.eks.module.self_managed_node_group.aws_iam_role.this",
            "module.agent_cluster.module.eks.module.eks.module.self_managed_node_group.aws_iam_role_policy_attachment.additional",
            "module.agent_cluster.module.eks.module.eks.module.self_managed_node_group.aws_iam_role_policy_attachment.this",
            "module.agent_cluster.module.eks.module.eks.module.self_managed_node_group.aws_launch_template.this",
            "module.agent_cluster.module.eks.module.eks.module.self_managed_node_group.data.aws_ami.eks_default",
            "module.agent_cluster.module.eks.module.eks.module.self_managed_node_group.data.aws_caller_identity.current",
            "module.agent_cluster.module.eks.module.eks.module.self_managed_node_group.data.aws_iam_policy_document.assume_role_policy",
            "module.agent_cluster.module.eks.module.eks.module.self_managed_node_group.data.aws_partition.current",
            "module.agent_cluster.module.eks.module.eks.module.self_managed_node_group.module.user_data.data.cloudinit_config.linux_eks_managed_node_group",
            "module.agent_cluster.module.eks.module.eks.time_sleep.this",
            "module.agent_cluster.module.vpc.module.vpc.aws_vpc.this"
          ]
        }
      ]
    },
    {
      "module": "module.agent_cluster.module.autoscaler[0]",
      "mode": "managed",
      "type": "null_resource",
      "name": "suspend_asg_processes_command",
      "provider": "provider[\"registry.terraform.io/hashicorp/null\"]",
      "instances": [
        {
          "schema_version": 0,
          "attributes": {
            "id": "6547123577656608048",
            "triggers": null
          },
          "sensitive_attributes": [],
          "dependencies": [
            "data.aws_eks_cluster.my_eks",
            "module.agent_cluster.data.aws_eks_cluster.my_eks",
            "module.agent_cluster.module.autoscaler.data.aws_eks_node_group.node_group",
            "module.agent_cluster.module.eks.data.aws_subnets.private",
            "module.agent_cluster.module.eks.module.eks.aws_cloudwatch_log_group.this",
            "module.agent_cluster.module.eks.module.eks.aws_ec2_tag.cluster_primary_security_group",
            "module.agent_cluster.module.eks.module.eks.aws_eks_addon.before_compute",
            "module.agent_cluster.module.eks.module.eks.aws_eks_addon.this",
            "module.agent_cluster.module.eks.module.eks.aws_eks_cluster.this",
            "module.agent_cluster.module.eks.module.eks.aws_eks_identity_provider_config.this",
            "module.agent_cluster.module.eks.module.eks.aws_iam_openid_connect_provider.oidc_provider",
            "module.agent_cluster.module.eks.module.eks.aws_iam_policy.cluster_encryption",
            "module.agent_cluster.module.eks.module.eks.aws_iam_policy.cni_ipv6_policy",
            "module.agent_cluster.module.eks.module.eks.aws_iam_role.this",
            "module.agent_cluster.module.eks.module.eks.aws_iam_role_policy_attachment.additional",
            "module.agent_cluster.module.eks.module.eks.aws_iam_role_policy_attachment.cluster_encryption",
            "module.agent_cluster.module.eks.module.eks.aws_iam_role_policy_attachment.this",
            "module.agent_cluster.module.eks.module.eks.aws_security_group.cluster",
            "module.agent_cluster.module.eks.module.eks.aws_security_group.node",
            "module.agent_cluster.module.eks.module.eks.aws_security_group_rule.cluster",
            "module.agent_cluster.module.eks.module.eks.aws_security_group_rule.node",
            "module.agent_cluster.module.eks.module.eks.data.aws_caller_identity.current",
            "module.agent_cluster.module.eks.module.eks.data.aws_eks_addon_version.this",
            "module.agent_cluster.module.eks.module.eks.data.aws_iam_policy_document.assume_role_policy",
            "module.agent_cluster.module.eks.module.eks.data.aws_iam_policy_document.cni_ipv6_policy",
            "module.agent_cluster.module.eks.module.eks.data.aws_iam_session_context.current",
            "module.agent_cluster.module.eks.module.eks.data.aws_partition.current",
            "module.agent_cluster.module.eks.module.eks.data.tls_certificate.this",
            "module.agent_cluster.module.eks.module.eks.kubernetes_config_map.aws_auth",
            "module.agent_cluster.module.eks.module.eks.kubernetes_config_map_v1_data.aws_auth",
            "module.agent_cluster.module.eks.module.eks.module.eks_managed_node_group.aws_autoscaling_schedule.this",
            "module.agent_cluster.module.eks.module.eks.module.eks_managed_node_group.aws_eks_node_group.this",
            "module.agent_cluster.module.eks.module.eks.module.eks_managed_node_group.aws_iam_role.this",
            "module.agent_cluster.module.eks.module.eks.module.eks_managed_node_group.aws_iam_role_policy_attachment.additional",
            "module.agent_cluster.module.eks.module.eks.module.eks_managed_node_group.aws_iam_role_policy_attachment.this",
            "module.agent_cluster.module.eks.module.eks.module.eks_managed_node_group.aws_launch_template.this",
            "module.agent_cluster.module.eks.module.eks.module.eks_managed_node_group.data.aws_caller_identity.current",
            "module.agent_cluster.module.eks.module.eks.module.eks_managed_node_group.data.aws_iam_policy_document.assume_role_policy",
            "module.agent_cluster.module.eks.module.eks.module.eks_managed_node_group.data.aws_partition.current",
            "module.agent_cluster.module.eks.module.eks.module.eks_managed_node_group.module.user_data.data.cloudinit_config.linux_eks_managed_node_group",
            "module.agent_cluster.module.eks.module.eks.module.fargate_profile.aws_eks_fargate_profile.this",
            "module.agent_cluster.module.eks.module.eks.module.fargate_profile.aws_iam_role.this",
            "module.agent_cluster.module.eks.module.eks.module.fargate_profile.aws_iam_role_policy_attachment.additional",
            "module.agent_cluster.module.eks.module.eks.module.fargate_profile.aws_iam_role_policy_attachment.this",
            "module.agent_cluster.module.eks.module.eks.module.fargate_profile.data.aws_caller_identity.current",
            "module.agent_cluster.module.eks.module.eks.module.fargate_profile.data.aws_iam_policy_document.assume_role_policy",
            "module.agent_cluster.module.eks.module.eks.module.fargate_profile.data.aws_partition.current",
            "module.agent_cluster.module.eks.module.eks.module.kms.aws_kms_alias.this",
            "module.agent_cluster.module.eks.module.eks.module.kms.aws_kms_external_key.this",
            "module.agent_cluster.module.eks.module.eks.module.kms.aws_kms_grant.this",
            "module.agent_cluster.module.eks.module.eks.module.kms.aws_kms_key.this",
            "module.agent_cluster.module.eks.module.eks.module.kms.data.aws_caller_identity.current",
            "module.agent_cluster.module.eks.module.eks.module.kms.data.aws_iam_policy_document.this",
            "module.agent_cluster.module.eks.module.eks.module.kms.data.aws_partition.current",
            "module.agent_cluster.module.eks.module.eks.module.self_managed_node_group.aws_autoscaling_group.this",
            "module.agent_cluster.module.eks.module.eks.module.self_managed_node_group.aws_autoscaling_schedule.this",
            "module.agent_cluster.module.eks.module.eks.module.self_managed_node_group.aws_iam_instance_profile.this",
            "module.agent_cluster.module.eks.module.eks.module.self_managed_node_group.aws_iam_role.this",
            "module.agent_cluster.module.eks.module.eks.module.self_managed_node_group.aws_iam_role_policy_attachment.additional",
            "module.agent_cluster.module.eks.module.eks.module.self_managed_node_group.aws_iam_role_policy_attachment.this",
            "module.agent_cluster.module.eks.module.eks.module.self_managed_node_group.aws_launch_template.this",
            "module.agent_cluster.module.eks.module.eks.module.self_managed_node_group.data.aws_ami.eks_default",
            "module.agent_cluster.module.eks.module.eks.module.self_managed_node_group.data.aws_caller_identity.current",
            "module.agent_cluster.module.eks.module.eks.module.self_managed_node_group.data.aws_iam_policy_document.assume_role_policy",
            "module.agent_cluster.module.eks.module.eks.module.self_managed_node_group.data.aws_partition.current",
            "module.agent_cluster.module.eks.module.eks.module.self_managed_node_group.module.user_data.data.cloudinit_config.linux_eks_managed_node_group",
            "module.agent_cluster.module.eks.module.eks.time_sleep.this",
            "module.agent_cluster.module.vpc.module.vpc.aws_vpc.this"
          ]
        }
      ]
    },
    {
      "module": "module.agent_cluster.module.autoscaler[0].module.eks-cluster-autoscaler",
      "mode": "data",
      "type": "aws_iam_policy_document",
      "name": "this",
      "provider": "provider[\"registry.terraform.io/hashicorp/aws\"]",
      "instances": [
        {
          "index_key": 0,
          "schema_version": 0,
          "attributes": {
            "id": "2397613457",
            "json": "{\n  \"Version\": \"2012-10-17\",\n  \"Statement\": [\n    {\n      \"Sid\": \"Autoscaling\",\n      \"Effect\": \"Allow\",\n      \"Action\": [\n        \"eks:DescribeNodegroup\",\n        \"ec2:DescribeLaunchTemplateVersions\",\n        \"ec2:DescribeInstanceTypes\",\n        \"autoscaling:TerminateInstanceInAutoScalingGroup\",\n        \"autoscaling:SetDesiredCapacity\",\n        \"autoscaling:DescribeTags\",\n        \"autoscaling:DescribeLaunchConfigurations\",\n        \"autoscaling:DescribeAutoScalingInstances\",\n        \"autoscaling:DescribeAutoScalingGroups\"\n      ],\n      \"Resource\": \"*\"\n    }\n  ]\n}",
            "override_policy_documents": null,
            "policy_id": null,
            "source_policy_documents": null,
            "statement": [
              {
                "actions": [
                  "autoscaling:DescribeAutoScalingGroups",
                  "autoscaling:DescribeAutoScalingInstances",
                  "autoscaling:DescribeLaunchConfigurations",
                  "autoscaling:DescribeTags",
                  "autoscaling:SetDesiredCapacity",
                  "autoscaling:TerminateInstanceInAutoScalingGroup",
                  "ec2:DescribeInstanceTypes",
                  "ec2:DescribeLaunchTemplateVersions",
                  "eks:DescribeNodegroup"
                ],
                "condition": [],
                "effect": "Allow",
                "not_actions": [],
                "not_principals": [],
                "not_resources": [],
                "principals": [],
                "resources": [
                  "*"
                ],
                "sid": "Autoscaling"
              }
            ],
            "version": "2012-10-17"
          },
          "sensitive_attributes": []
        }
      ]
    },
    {
      "module": "module.agent_cluster.module.autoscaler[0].module.eks-cluster-autoscaler",
      "mode": "data",
      "type": "aws_iam_policy_document",
      "name": "this_irsa",
      "provider": "provider[\"registry.terraform.io/hashicorp/aws\"]",
      "instances": [
        {
          "index_key": 0,
          "schema_version": 0,
          "attributes": {
            "id": "3949566090",
            "json": "{\n  \"Version\": \"2012-10-17\",\n  \"Statement\": [\n    {\n      \"Effect\": \"Allow\",\n      \"Action\": \"sts:AssumeRoleWithWebIdentity\",\n      \"Principal\": {\n        \"Federated\": \"arn:aws:iam::343806850935:oidc-provider/oidc.eks.us-east-1.amazonaws.com/id/62D4566A7CE7025A45C7512362B8F5C5\"\n      },\n      \"Condition\": {\n        \"StringEquals\": {\n          \"oidc.eks.us-east-1.amazonaws.com/id/62D4566A7CE7025A45C7512362B8F5C5:sub\": \"system:serviceaccount:cluster-autoscaler:cluster-autoscaler\"\n        }\n      }\n    }\n  ]\n}",
            "override_policy_documents": null,
            "policy_id": null,
            "source_policy_documents": null,
            "statement": [
              {
                "actions": [
                  "sts:AssumeRoleWithWebIdentity"
                ],
                "condition": [
                  {
                    "test": "StringEquals",
                    "values": [
                      "system:serviceaccount:cluster-autoscaler:cluster-autoscaler"
                    ],
                    "variable": "oidc.eks.us-east-1.amazonaws.com/id/62D4566A7CE7025A45C7512362B8F5C5:sub"
                  }
                ],
                "effect": "Allow",
                "not_actions": [],
                "not_principals": [],
                "not_resources": [],
                "principals": [
                  {
                    "identifiers": [
                      "arn:aws:iam::343806850935:oidc-provider/oidc.eks.us-east-1.amazonaws.com/id/62D4566A7CE7025A45C7512362B8F5C5"
                    ],
                    "type": "Federated"
                  }
                ],
                "resources": [],
                "sid": ""
              }
            ],
            "version": "2012-10-17"
          },
          "sensitive_attributes": []
        }
      ]
    },
    {
      "module": "module.agent_cluster.module.autoscaler[0].module.eks-cluster-autoscaler",
      "mode": "data",
      "type": "aws_region",
      "name": "current",
      "provider": "provider[\"registry.terraform.io/hashicorp/aws\"]",
      "instances": [
        {
          "schema_version": 0,
          "attributes": {
            "description": "US East (N. Virginia)",
            "endpoint": "ec2.us-east-1.amazonaws.com",
            "id": "us-east-1",
            "name": "us-east-1"
          },
          "sensitive_attributes": []
        }
      ]
    },
    {
      "module": "module.agent_cluster.module.autoscaler[0].module.eks-cluster-autoscaler",
      "mode": "data",
      "type": "utils_deep_merge_yaml",
      "name": "values",
      "provider": "provider[\"registry.terraform.io/cloudposse/utils\"]",
      "instances": [
        {
          "index_key": 0,
          "schema_version": 0,
          "attributes": {
            "append_list": false,
            "deep_copy_list": false,
            "id": "c2fb889b0b6ccc8218a4fe311398255d34181011",
            "input": [
              "\"autoDiscovery\":\n  \"clusterName\": \"liran-demo\"\n\"awsRegion\": \"us-east-1\"\n\"rbac\":\n  \"create\": true\n  \"serviceAccount\":\n    \"annotations\":\n      \"eks.amazonaws.com/role-arn\": \"arn:aws:iam::343806850935:role/cluster-autoscaler-irsa-cluster-autoscaler\"\n    \"create\": true\n    \"name\": \"cluster-autoscaler\"\n",
              "\"image\":\n  \"repository\": \"registry.k8s.io/autoscaling/cluster-autoscaler\"\n  \"tag\": \"v1.27.3\"\n"
            ],
            "output": "autoDiscovery:\n  clusterName: liran-demo\nawsRegion: us-east-1\nimage:\n  repository: registry.k8s.io/autoscaling/cluster-autoscaler\n  tag: v1.27.3\nrbac:\n  create: true\n  serviceAccount:\n    annotations:\n      eks.amazonaws.com/role-arn: arn:aws:iam::343806850935:role/cluster-autoscaler-irsa-cluster-autoscaler\n    create: true\n    name: cluster-autoscaler\n"
          },
          "sensitive_attributes": []
        }
      ]
    },
    {
      "module": "module.agent_cluster.module.autoscaler[0].module.eks-cluster-autoscaler",
      "mode": "managed",
      "type": "aws_iam_policy",
      "name": "this",
      "provider": "provider[\"registry.terraform.io/hashicorp/aws\"]",
      "instances": [
        {
          "index_key": 0,
          "schema_version": 0,
          "attributes": {
            "arn": "arn:aws:iam::343806850935:policy/cluster-autoscaler-irsa-cluster-autoscaler",
            "description": "Policy for cluster-autoscaler service",
            "id": "arn:aws:iam::343806850935:policy/cluster-autoscaler-irsa-cluster-autoscaler",
            "name": "cluster-autoscaler-irsa-cluster-autoscaler",
            "name_prefix": "",
            "path": "/",
            "policy": "{\"Statement\":[{\"Action\":[\"eks:DescribeNodegroup\",\"ec2:DescribeLaunchTemplateVersions\",\"ec2:DescribeInstanceTypes\",\"autoscaling:TerminateInstanceInAutoScalingGroup\",\"autoscaling:SetDesiredCapacity\",\"autoscaling:DescribeTags\",\"autoscaling:DescribeLaunchConfigurations\",\"autoscaling:DescribeAutoScalingInstances\",\"autoscaling:DescribeAutoScalingGroups\"],\"Effect\":\"Allow\",\"Resource\":\"*\",\"Sid\":\"Autoscaling\"}],\"Version\":\"2012-10-17\"}",
            "policy_id": "ANPAVADD4G532BFM2G7JS",
            "tags": null,
            "tags_all": {}
          },
          "sensitive_attributes": [],
          "private": "bnVsbA==",
          "dependencies": [
            "data.aws_eks_cluster.my_eks",
            "module.agent_cluster.data.aws_eks_cluster.my_eks",
            "module.agent_cluster.module.autoscaler.module.eks-cluster-autoscaler.data.aws_iam_policy_document.this",
            "module.agent_cluster.module.autoscaler.module.eks-cluster-autoscaler.data.aws_iam_policy_document.this_assume",
            "module.agent_cluster.module.eks.data.aws_subnets.private",
            "module.agent_cluster.module.eks.module.eks.aws_cloudwatch_log_group.this",
            "module.agent_cluster.module.eks.module.eks.aws_ec2_tag.cluster_primary_security_group",
            "module.agent_cluster.module.eks.module.eks.aws_eks_addon.before_compute",
            "module.agent_cluster.module.eks.module.eks.aws_eks_addon.this",
            "module.agent_cluster.module.eks.module.eks.aws_eks_cluster.this",
            "module.agent_cluster.module.eks.module.eks.aws_eks_identity_provider_config.this",
            "module.agent_cluster.module.eks.module.eks.aws_iam_openid_connect_provider.oidc_provider",
            "module.agent_cluster.module.eks.module.eks.aws_iam_policy.cluster_encryption",
            "module.agent_cluster.module.eks.module.eks.aws_iam_policy.cni_ipv6_policy",
            "module.agent_cluster.module.eks.module.eks.aws_iam_role.this",
            "module.agent_cluster.module.eks.module.eks.aws_iam_role_policy_attachment.additional",
            "module.agent_cluster.module.eks.module.eks.aws_iam_role_policy_attachment.cluster_encryption",
            "module.agent_cluster.module.eks.module.eks.aws_iam_role_policy_attachment.this",
            "module.agent_cluster.module.eks.module.eks.aws_security_group.cluster",
            "module.agent_cluster.module.eks.module.eks.aws_security_group.node",
            "module.agent_cluster.module.eks.module.eks.aws_security_group_rule.cluster",
            "module.agent_cluster.module.eks.module.eks.aws_security_group_rule.node",
            "module.agent_cluster.module.eks.module.eks.data.aws_caller_identity.current",
            "module.agent_cluster.module.eks.module.eks.data.aws_eks_addon_version.this",
            "module.agent_cluster.module.eks.module.eks.data.aws_iam_policy_document.assume_role_policy",
            "module.agent_cluster.module.eks.module.eks.data.aws_iam_policy_document.cni_ipv6_policy",
            "module.agent_cluster.module.eks.module.eks.data.aws_iam_session_context.current",
            "module.agent_cluster.module.eks.module.eks.data.aws_partition.current",
            "module.agent_cluster.module.eks.module.eks.data.tls_certificate.this",
            "module.agent_cluster.module.eks.module.eks.kubernetes_config_map.aws_auth",
            "module.agent_cluster.module.eks.module.eks.kubernetes_config_map_v1_data.aws_auth",
            "module.agent_cluster.module.eks.module.eks.module.eks_managed_node_group.aws_autoscaling_schedule.this",
            "module.agent_cluster.module.eks.module.eks.module.eks_managed_node_group.aws_eks_node_group.this",
            "module.agent_cluster.module.eks.module.eks.module.eks_managed_node_group.aws_iam_role.this",
            "module.agent_cluster.module.eks.module.eks.module.eks_managed_node_group.aws_iam_role_policy_attachment.additional",
            "module.agent_cluster.module.eks.module.eks.module.eks_managed_node_group.aws_iam_role_policy_attachment.this",
            "module.agent_cluster.module.eks.module.eks.module.eks_managed_node_group.aws_launch_template.this",
            "module.agent_cluster.module.eks.module.eks.module.eks_managed_node_group.data.aws_caller_identity.current",
            "module.agent_cluster.module.eks.module.eks.module.eks_managed_node_group.data.aws_iam_policy_document.assume_role_policy",
            "module.agent_cluster.module.eks.module.eks.module.eks_managed_node_group.data.aws_partition.current",
            "module.agent_cluster.module.eks.module.eks.module.eks_managed_node_group.module.user_data.data.cloudinit_config.linux_eks_managed_node_group",
            "module.agent_cluster.module.eks.module.eks.module.fargate_profile.aws_eks_fargate_profile.this",
            "module.agent_cluster.module.eks.module.eks.module.fargate_profile.aws_iam_role.this",
            "module.agent_cluster.module.eks.module.eks.module.fargate_profile.aws_iam_role_policy_attachment.additional",
            "module.agent_cluster.module.eks.module.eks.module.fargate_profile.aws_iam_role_policy_attachment.this",
            "module.agent_cluster.module.eks.module.eks.module.fargate_profile.data.aws_caller_identity.current",
            "module.agent_cluster.module.eks.module.eks.module.fargate_profile.data.aws_iam_policy_document.assume_role_policy",
            "module.agent_cluster.module.eks.module.eks.module.fargate_profile.data.aws_partition.current",
            "module.agent_cluster.module.eks.module.eks.module.kms.aws_kms_alias.this",
            "module.agent_cluster.module.eks.module.eks.module.kms.aws_kms_external_key.this",
            "module.agent_cluster.module.eks.module.eks.module.kms.aws_kms_grant.this",
            "module.agent_cluster.module.eks.module.eks.module.kms.aws_kms_key.this",
            "module.agent_cluster.module.eks.module.eks.module.kms.data.aws_caller_identity.current",
            "module.agent_cluster.module.eks.module.eks.module.kms.data.aws_iam_policy_document.this",
            "module.agent_cluster.module.eks.module.eks.module.kms.data.aws_partition.current",
            "module.agent_cluster.module.eks.module.eks.module.self_managed_node_group.aws_autoscaling_group.this",
            "module.agent_cluster.module.eks.module.eks.module.self_managed_node_group.aws_autoscaling_schedule.this",
            "module.agent_cluster.module.eks.module.eks.module.self_managed_node_group.aws_iam_instance_profile.this",
            "module.agent_cluster.module.eks.module.eks.module.self_managed_node_group.aws_iam_role.this",
            "module.agent_cluster.module.eks.module.eks.module.self_managed_node_group.aws_iam_role_policy_attachment.additional",
            "module.agent_cluster.module.eks.module.eks.module.self_managed_node_group.aws_iam_role_policy_attachment.this",
            "module.agent_cluster.module.eks.module.eks.module.self_managed_node_group.aws_launch_template.this",
            "module.agent_cluster.module.eks.module.eks.module.self_managed_node_group.data.aws_ami.eks_default",
            "module.agent_cluster.module.eks.module.eks.module.self_managed_node_group.data.aws_caller_identity.current",
            "module.agent_cluster.module.eks.module.eks.module.self_managed_node_group.data.aws_iam_policy_document.assume_role_policy",
            "module.agent_cluster.module.eks.module.eks.module.self_managed_node_group.data.aws_partition.current",
            "module.agent_cluster.module.eks.module.eks.module.self_managed_node_group.module.user_data.data.cloudinit_config.linux_eks_managed_node_group",
            "module.agent_cluster.module.eks.module.eks.time_sleep.this",
            "module.agent_cluster.module.vpc.module.vpc.aws_vpc.this"
          ]
        }
      ]
    },
    {
      "module": "module.agent_cluster.module.autoscaler[0].module.eks-cluster-autoscaler",
      "mode": "managed",
      "type": "aws_iam_role",
      "name": "this",
      "provider": "provider[\"registry.terraform.io/hashicorp/aws\"]",
      "instances": [
        {
          "index_key": 0,
          "schema_version": 0,
          "attributes": {
            "arn": "arn:aws:iam::343806850935:role/cluster-autoscaler-irsa-cluster-autoscaler",
            "assume_role_policy": "{\"Statement\":[{\"Action\":\"sts:AssumeRoleWithWebIdentity\",\"Condition\":{\"StringEquals\":{\"oidc.eks.us-east-1.amazonaws.com/id/62D4566A7CE7025A45C7512362B8F5C5:sub\":\"system:serviceaccount:cluster-autoscaler:cluster-autoscaler\"}},\"Effect\":\"Allow\",\"Principal\":{\"Federated\":\"arn:aws:iam::343806850935:oidc-provider/oidc.eks.us-east-1.amazonaws.com/id/62D4566A7CE7025A45C7512362B8F5C5\"}}],\"Version\":\"2012-10-17\"}",
            "create_date": "2023-07-30T15:04:37Z",
            "description": "",
            "force_detach_policies": false,
            "id": "cluster-autoscaler-irsa-cluster-autoscaler",
            "inline_policy": [],
            "managed_policy_arns": [],
            "max_session_duration": 3600,
            "name": "cluster-autoscaler-irsa-cluster-autoscaler",
            "name_prefix": "",
            "path": "/",
            "permissions_boundary": null,
            "tags": null,
            "tags_all": {},
            "unique_id": "AROAVADD4G53Y45O2NNSQ"
          },
          "sensitive_attributes": [],
          "private": "bnVsbA==",
          "dependencies": [
            "data.aws_eks_cluster.my_eks",
            "module.agent_cluster.data.aws_eks_cluster.my_eks",
            "module.agent_cluster.module.autoscaler.data.aws_eks_cluster.cluster",
            "module.agent_cluster.module.autoscaler.module.eks-cluster-autoscaler.data.aws_iam_policy_document.this_irsa",
            "module.agent_cluster.module.autoscaler.module.oidc-provider-data.data.aws_caller_identity.current",
            "module.agent_cluster.module.autoscaler.module.oidc-provider-data.data.aws_eks_cluster.cluster",
            "module.agent_cluster.module.autoscaler.module.oidc-provider-data.data.aws_partition.current",
            "module.agent_cluster.module.eks.data.aws_subnets.private",
            "module.agent_cluster.module.eks.module.eks.aws_cloudwatch_log_group.this",
            "module.agent_cluster.module.eks.module.eks.aws_ec2_tag.cluster_primary_security_group",
            "module.agent_cluster.module.eks.module.eks.aws_eks_addon.before_compute",
            "module.agent_cluster.module.eks.module.eks.aws_eks_addon.this",
            "module.agent_cluster.module.eks.module.eks.aws_eks_cluster.this",
            "module.agent_cluster.module.eks.module.eks.aws_eks_identity_provider_config.this",
            "module.agent_cluster.module.eks.module.eks.aws_iam_openid_connect_provider.oidc_provider",
            "module.agent_cluster.module.eks.module.eks.aws_iam_policy.cluster_encryption",
            "module.agent_cluster.module.eks.module.eks.aws_iam_policy.cni_ipv6_policy",
            "module.agent_cluster.module.eks.module.eks.aws_iam_role.this",
            "module.agent_cluster.module.eks.module.eks.aws_iam_role_policy_attachment.additional",
            "module.agent_cluster.module.eks.module.eks.aws_iam_role_policy_attachment.cluster_encryption",
            "module.agent_cluster.module.eks.module.eks.aws_iam_role_policy_attachment.this",
            "module.agent_cluster.module.eks.module.eks.aws_security_group.cluster",
            "module.agent_cluster.module.eks.module.eks.aws_security_group.node",
            "module.agent_cluster.module.eks.module.eks.aws_security_group_rule.cluster",
            "module.agent_cluster.module.eks.module.eks.aws_security_group_rule.node",
            "module.agent_cluster.module.eks.module.eks.data.aws_caller_identity.current",
            "module.agent_cluster.module.eks.module.eks.data.aws_eks_addon_version.this",
            "module.agent_cluster.module.eks.module.eks.data.aws_iam_policy_document.assume_role_policy",
            "module.agent_cluster.module.eks.module.eks.data.aws_iam_policy_document.cni_ipv6_policy",
            "module.agent_cluster.module.eks.module.eks.data.aws_iam_session_context.current",
            "module.agent_cluster.module.eks.module.eks.data.aws_partition.current",
            "module.agent_cluster.module.eks.module.eks.data.tls_certificate.this",
            "module.agent_cluster.module.eks.module.eks.kubernetes_config_map.aws_auth",
            "module.agent_cluster.module.eks.module.eks.kubernetes_config_map_v1_data.aws_auth",
            "module.agent_cluster.module.eks.module.eks.module.eks_managed_node_group.aws_autoscaling_schedule.this",
            "module.agent_cluster.module.eks.module.eks.module.eks_managed_node_group.aws_eks_node_group.this",
            "module.agent_cluster.module.eks.module.eks.module.eks_managed_node_group.aws_iam_role.this",
            "module.agent_cluster.module.eks.module.eks.module.eks_managed_node_group.aws_iam_role_policy_attachment.additional",
            "module.agent_cluster.module.eks.module.eks.module.eks_managed_node_group.aws_iam_role_policy_attachment.this",
            "module.agent_cluster.module.eks.module.eks.module.eks_managed_node_group.aws_launch_template.this",
            "module.agent_cluster.module.eks.module.eks.module.eks_managed_node_group.data.aws_caller_identity.current",
            "module.agent_cluster.module.eks.module.eks.module.eks_managed_node_group.data.aws_iam_policy_document.assume_role_policy",
            "module.agent_cluster.module.eks.module.eks.module.eks_managed_node_group.data.aws_partition.current",
            "module.agent_cluster.module.eks.module.eks.module.eks_managed_node_group.module.user_data.data.cloudinit_config.linux_eks_managed_node_group",
            "module.agent_cluster.module.eks.module.eks.module.fargate_profile.aws_eks_fargate_profile.this",
            "module.agent_cluster.module.eks.module.eks.module.fargate_profile.aws_iam_role.this",
            "module.agent_cluster.module.eks.module.eks.module.fargate_profile.aws_iam_role_policy_attachment.additional",
            "module.agent_cluster.module.eks.module.eks.module.fargate_profile.aws_iam_role_policy_attachment.this",
            "module.agent_cluster.module.eks.module.eks.module.fargate_profile.data.aws_caller_identity.current",
            "module.agent_cluster.module.eks.module.eks.module.fargate_profile.data.aws_iam_policy_document.assume_role_policy",
            "module.agent_cluster.module.eks.module.eks.module.fargate_profile.data.aws_partition.current",
            "module.agent_cluster.module.eks.module.eks.module.kms.aws_kms_alias.this",
            "module.agent_cluster.module.eks.module.eks.module.kms.aws_kms_external_key.this",
            "module.agent_cluster.module.eks.module.eks.module.kms.aws_kms_grant.this",
            "module.agent_cluster.module.eks.module.eks.module.kms.aws_kms_key.this",
            "module.agent_cluster.module.eks.module.eks.module.kms.data.aws_caller_identity.current",
            "module.agent_cluster.module.eks.module.eks.module.kms.data.aws_iam_policy_document.this",
            "module.agent_cluster.module.eks.module.eks.module.kms.data.aws_partition.current",
            "module.agent_cluster.module.eks.module.eks.module.self_managed_node_group.aws_autoscaling_group.this",
            "module.agent_cluster.module.eks.module.eks.module.self_managed_node_group.aws_autoscaling_schedule.this",
            "module.agent_cluster.module.eks.module.eks.module.self_managed_node_group.aws_iam_instance_profile.this",
            "module.agent_cluster.module.eks.module.eks.module.self_managed_node_group.aws_iam_role.this",
            "module.agent_cluster.module.eks.module.eks.module.self_managed_node_group.aws_iam_role_policy_attachment.additional",
            "module.agent_cluster.module.eks.module.eks.module.self_managed_node_group.aws_iam_role_policy_attachment.this",
            "module.agent_cluster.module.eks.module.eks.module.self_managed_node_group.aws_launch_template.this",
            "module.agent_cluster.module.eks.module.eks.module.self_managed_node_group.data.aws_ami.eks_default",
            "module.agent_cluster.module.eks.module.eks.module.self_managed_node_group.data.aws_caller_identity.current",
            "module.agent_cluster.module.eks.module.eks.module.self_managed_node_group.data.aws_iam_policy_document.assume_role_policy",
            "module.agent_cluster.module.eks.module.eks.module.self_managed_node_group.data.aws_partition.current",
            "module.agent_cluster.module.eks.module.eks.module.self_managed_node_group.module.user_data.data.cloudinit_config.linux_eks_managed_node_group",
            "module.agent_cluster.module.eks.module.eks.time_sleep.this",
            "module.agent_cluster.module.vpc.module.vpc.aws_vpc.this"
          ]
        }
      ]
    },
    {
      "module": "module.agent_cluster.module.autoscaler[0].module.eks-cluster-autoscaler",
      "mode": "managed",
      "type": "aws_iam_role_policy_attachment",
      "name": "this",
      "provider": "provider[\"registry.terraform.io/hashicorp/aws\"]",
      "instances": [
        {
          "index_key": 0,
          "schema_version": 0,
          "attributes": {
            "id": "cluster-autoscaler-irsa-cluster-autoscaler-20230730150438191100000013",
            "policy_arn": "arn:aws:iam::343806850935:policy/cluster-autoscaler-irsa-cluster-autoscaler",
            "role": "cluster-autoscaler-irsa-cluster-autoscaler"
          },
          "sensitive_attributes": [],
          "private": "bnVsbA==",
          "dependencies": [
            "data.aws_eks_cluster.my_eks",
            "module.agent_cluster.data.aws_eks_cluster.my_eks",
            "module.agent_cluster.module.autoscaler.data.aws_eks_cluster.cluster",
            "module.agent_cluster.module.autoscaler.module.eks-cluster-autoscaler.aws_iam_policy.this",
            "module.agent_cluster.module.autoscaler.module.eks-cluster-autoscaler.aws_iam_role.this",
            "module.agent_cluster.module.autoscaler.module.eks-cluster-autoscaler.data.aws_iam_policy_document.this",
            "module.agent_cluster.module.autoscaler.module.eks-cluster-autoscaler.data.aws_iam_policy_document.this_assume",
            "module.agent_cluster.module.autoscaler.module.eks-cluster-autoscaler.data.aws_iam_policy_document.this_irsa",
            "module.agent_cluster.module.autoscaler.module.oidc-provider-data.data.aws_caller_identity.current",
            "module.agent_cluster.module.autoscaler.module.oidc-provider-data.data.aws_eks_cluster.cluster",
            "module.agent_cluster.module.autoscaler.module.oidc-provider-data.data.aws_partition.current",
            "module.agent_cluster.module.eks.data.aws_subnets.private",
            "module.agent_cluster.module.eks.module.eks.aws_cloudwatch_log_group.this",
            "module.agent_cluster.module.eks.module.eks.aws_ec2_tag.cluster_primary_security_group",
            "module.agent_cluster.module.eks.module.eks.aws_eks_addon.before_compute",
            "module.agent_cluster.module.eks.module.eks.aws_eks_addon.this",
            "module.agent_cluster.module.eks.module.eks.aws_eks_cluster.this",
            "module.agent_cluster.module.eks.module.eks.aws_eks_identity_provider_config.this",
            "module.agent_cluster.module.eks.module.eks.aws_iam_openid_connect_provider.oidc_provider",
            "module.agent_cluster.module.eks.module.eks.aws_iam_policy.cluster_encryption",
            "module.agent_cluster.module.eks.module.eks.aws_iam_policy.cni_ipv6_policy",
            "module.agent_cluster.module.eks.module.eks.aws_iam_role.this",
            "module.agent_cluster.module.eks.module.eks.aws_iam_role_policy_attachment.additional",
            "module.agent_cluster.module.eks.module.eks.aws_iam_role_policy_attachment.cluster_encryption",
            "module.agent_cluster.module.eks.module.eks.aws_iam_role_policy_attachment.this",
            "module.agent_cluster.module.eks.module.eks.aws_security_group.cluster",
            "module.agent_cluster.module.eks.module.eks.aws_security_group.node",
            "module.agent_cluster.module.eks.module.eks.aws_security_group_rule.cluster",
            "module.agent_cluster.module.eks.module.eks.aws_security_group_rule.node",
            "module.agent_cluster.module.eks.module.eks.data.aws_caller_identity.current",
            "module.agent_cluster.module.eks.module.eks.data.aws_eks_addon_version.this",
            "module.agent_cluster.module.eks.module.eks.data.aws_iam_policy_document.assume_role_policy",
            "module.agent_cluster.module.eks.module.eks.data.aws_iam_policy_document.cni_ipv6_policy",
            "module.agent_cluster.module.eks.module.eks.data.aws_iam_session_context.current",
            "module.agent_cluster.module.eks.module.eks.data.aws_partition.current",
            "module.agent_cluster.module.eks.module.eks.data.tls_certificate.this",
            "module.agent_cluster.module.eks.module.eks.kubernetes_config_map.aws_auth",
            "module.agent_cluster.module.eks.module.eks.kubernetes_config_map_v1_data.aws_auth",
            "module.agent_cluster.module.eks.module.eks.module.eks_managed_node_group.aws_autoscaling_schedule.this",
            "module.agent_cluster.module.eks.module.eks.module.eks_managed_node_group.aws_eks_node_group.this",
            "module.agent_cluster.module.eks.module.eks.module.eks_managed_node_group.aws_iam_role.this",
            "module.agent_cluster.module.eks.module.eks.module.eks_managed_node_group.aws_iam_role_policy_attachment.additional",
            "module.agent_cluster.module.eks.module.eks.module.eks_managed_node_group.aws_iam_role_policy_attachment.this",
            "module.agent_cluster.module.eks.module.eks.module.eks_managed_node_group.aws_launch_template.this",
            "module.agent_cluster.module.eks.module.eks.module.eks_managed_node_group.data.aws_caller_identity.current",
            "module.agent_cluster.module.eks.module.eks.module.eks_managed_node_group.data.aws_iam_policy_document.assume_role_policy",
            "module.agent_cluster.module.eks.module.eks.module.eks_managed_node_group.data.aws_partition.current",
            "module.agent_cluster.module.eks.module.eks.module.eks_managed_node_group.module.user_data.data.cloudinit_config.linux_eks_managed_node_group",
            "module.agent_cluster.module.eks.module.eks.module.fargate_profile.aws_eks_fargate_profile.this",
            "module.agent_cluster.module.eks.module.eks.module.fargate_profile.aws_iam_role.this",
            "module.agent_cluster.module.eks.module.eks.module.fargate_profile.aws_iam_role_policy_attachment.additional",
            "module.agent_cluster.module.eks.module.eks.module.fargate_profile.aws_iam_role_policy_attachment.this",
            "module.agent_cluster.module.eks.module.eks.module.fargate_profile.data.aws_caller_identity.current",
            "module.agent_cluster.module.eks.module.eks.module.fargate_profile.data.aws_iam_policy_document.assume_role_policy",
            "module.agent_cluster.module.eks.module.eks.module.fargate_profile.data.aws_partition.current",
            "module.agent_cluster.module.eks.module.eks.module.kms.aws_kms_alias.this",
            "module.agent_cluster.module.eks.module.eks.module.kms.aws_kms_external_key.this",
            "module.agent_cluster.module.eks.module.eks.module.kms.aws_kms_grant.this",
            "module.agent_cluster.module.eks.module.eks.module.kms.aws_kms_key.this",
            "module.agent_cluster.module.eks.module.eks.module.kms.data.aws_caller_identity.current",
            "module.agent_cluster.module.eks.module.eks.module.kms.data.aws_iam_policy_document.this",
            "module.agent_cluster.module.eks.module.eks.module.kms.data.aws_partition.current",
            "module.agent_cluster.module.eks.module.eks.module.self_managed_node_group.aws_autoscaling_group.this",
            "module.agent_cluster.module.eks.module.eks.module.self_managed_node_group.aws_autoscaling_schedule.this",
            "module.agent_cluster.module.eks.module.eks.module.self_managed_node_group.aws_iam_instance_profile.this",
            "module.agent_cluster.module.eks.module.eks.module.self_managed_node_group.aws_iam_role.this",
            "module.agent_cluster.module.eks.module.eks.module.self_managed_node_group.aws_iam_role_policy_attachment.additional",
            "module.agent_cluster.module.eks.module.eks.module.self_managed_node_group.aws_iam_role_policy_attachment.this",
            "module.agent_cluster.module.eks.module.eks.module.self_managed_node_group.aws_launch_template.this",
            "module.agent_cluster.module.eks.module.eks.module.self_managed_node_group.data.aws_ami.eks_default",
            "module.agent_cluster.module.eks.module.eks.module.self_managed_node_group.data.aws_caller_identity.current",
            "module.agent_cluster.module.eks.module.eks.module.self_managed_node_group.data.aws_iam_policy_document.assume_role_policy",
            "module.agent_cluster.module.eks.module.eks.module.self_managed_node_group.data.aws_partition.current",
            "module.agent_cluster.module.eks.module.eks.module.self_managed_node_group.module.user_data.data.cloudinit_config.linux_eks_managed_node_group",
            "module.agent_cluster.module.eks.module.eks.time_sleep.this",
            "module.agent_cluster.module.vpc.module.vpc.aws_vpc.this"
          ]
        }
      ]
    },
    {
      "module": "module.agent_cluster.module.autoscaler[0].module.eks-cluster-autoscaler",
      "mode": "managed",
      "type": "helm_release",
      "name": "this",
      "provider": "provider[\"registry.terraform.io/hashicorp/helm\"]",
      "instances": [
        {
          "index_key": 0,
          "schema_version": 1,
          "attributes": {
            "atomic": false,
            "chart": "cluster-autoscaler",
            "cleanup_on_fail": false,
            "create_namespace": true,
            "dependency_update": false,
            "description": "",
            "devel": null,
            "disable_crd_hooks": false,
            "disable_openapi_validation": false,
            "disable_webhooks": false,
            "force_update": false,
            "id": "cluster-autoscaler",
            "keyring": null,
            "lint": false,
            "manifest": null,
            "max_history": 0,
            "metadata": [
              {
                "app_version": "1.23.0",
                "chart": "cluster-autoscaler",
                "name": "cluster-autoscaler",
                "namespace": "cluster-autoscaler",
                "revision": 1,
                "values": "{\"autoDiscovery\":{\"clusterName\":\"liran-demo\"},\"awsRegion\":\"us-east-1\",\"image\":{\"repository\":\"registry.k8s.io/autoscaling/cluster-autoscaler\",\"tag\":\"v1.27.3\"},\"rbac\":{\"create\":true,\"serviceAccount\":{\"annotations\":{\"eks.amazonaws.com/role-arn\":\"arn:aws:iam::343806850935:role/cluster-autoscaler-irsa-cluster-autoscaler\"},\"create\":true,\"name\":\"cluster-autoscaler\"}}}",
                "version": "9.21.0"
              }
            ],
            "name": "cluster-autoscaler",
            "namespace": "cluster-autoscaler",
            "pass_credentials": false,
            "postrender": [],
            "recreate_pods": false,
            "render_subchart_notes": true,
            "replace": false,
            "repository": "https://kubernetes.github.io/autoscaler",
            "repository_ca_file": "",
            "repository_cert_file": "",
            "repository_key_file": "",
            "repository_password": "",
            "repository_username": "",
            "reset_values": false,
            "reuse_values": false,
            "set": [],
            "set_list": [],
            "set_sensitive": [],
            "skip_crds": false,
            "status": "deployed",
            "timeout": 300,
            "values": [
              "autoDiscovery:\n  clusterName: liran-demo\nawsRegion: us-east-1\nimage:\n  repository: registry.k8s.io/autoscaling/cluster-autoscaler\n  tag: v1.27.3\nrbac:\n  create: true\n  serviceAccount:\n    annotations:\n      eks.amazonaws.com/role-arn: arn:aws:iam::343806850935:role/cluster-autoscaler-irsa-cluster-autoscaler\n    create: true\n    name: cluster-autoscaler\n"
            ],
            "verify": false,
            "version": "9.21.0",
            "wait": false,
            "wait_for_jobs": false
          },
          "sensitive_attributes": [],
          "private": "eyJzY2hlbWFfdmVyc2lvbiI6IjEifQ==",
          "dependencies": [
            "data.aws_eks_cluster.my_eks",
            "module.agent_cluster.data.aws_eks_cluster.my_eks",
            "module.agent_cluster.module.autoscaler.data.aws_eks_cluster.cluster",
            "module.agent_cluster.module.autoscaler.module.eks-cluster-autoscaler.aws_iam_role.this",
            "module.agent_cluster.module.autoscaler.module.eks-cluster-autoscaler.data.aws_iam_policy_document.this_irsa",
            "module.agent_cluster.module.autoscaler.module.eks-cluster-autoscaler.data.aws_region.current",
            "module.agent_cluster.module.autoscaler.module.eks-cluster-autoscaler.data.utils_deep_merge_yaml.values",
            "module.agent_cluster.module.autoscaler.module.oidc-provider-data.data.aws_caller_identity.current",
            "module.agent_cluster.module.autoscaler.module.oidc-provider-data.data.aws_eks_cluster.cluster",
            "module.agent_cluster.module.autoscaler.module.oidc-provider-data.data.aws_partition.current",
            "module.agent_cluster.module.eks.data.aws_subnets.private",
            "module.agent_cluster.module.eks.module.eks.aws_cloudwatch_log_group.this",
            "module.agent_cluster.module.eks.module.eks.aws_ec2_tag.cluster_primary_security_group",
            "module.agent_cluster.module.eks.module.eks.aws_eks_addon.before_compute",
            "module.agent_cluster.module.eks.module.eks.aws_eks_addon.this",
            "module.agent_cluster.module.eks.module.eks.aws_eks_cluster.this",
            "module.agent_cluster.module.eks.module.eks.aws_eks_identity_provider_config.this",
            "module.agent_cluster.module.eks.module.eks.aws_iam_openid_connect_provider.oidc_provider",
            "module.agent_cluster.module.eks.module.eks.aws_iam_policy.cluster_encryption",
            "module.agent_cluster.module.eks.module.eks.aws_iam_policy.cni_ipv6_policy",
            "module.agent_cluster.module.eks.module.eks.aws_iam_role.this",
            "module.agent_cluster.module.eks.module.eks.aws_iam_role_policy_attachment.additional",
            "module.agent_cluster.module.eks.module.eks.aws_iam_role_policy_attachment.cluster_encryption",
            "module.agent_cluster.module.eks.module.eks.aws_iam_role_policy_attachment.this",
            "module.agent_cluster.module.eks.module.eks.aws_security_group.cluster",
            "module.agent_cluster.module.eks.module.eks.aws_security_group.node",
            "module.agent_cluster.module.eks.module.eks.aws_security_group_rule.cluster",
            "module.agent_cluster.module.eks.module.eks.aws_security_group_rule.node",
            "module.agent_cluster.module.eks.module.eks.data.aws_caller_identity.current",
            "module.agent_cluster.module.eks.module.eks.data.aws_eks_addon_version.this",
            "module.agent_cluster.module.eks.module.eks.data.aws_iam_policy_document.assume_role_policy",
            "module.agent_cluster.module.eks.module.eks.data.aws_iam_policy_document.cni_ipv6_policy",
            "module.agent_cluster.module.eks.module.eks.data.aws_iam_session_context.current",
            "module.agent_cluster.module.eks.module.eks.data.aws_partition.current",
            "module.agent_cluster.module.eks.module.eks.data.tls_certificate.this",
            "module.agent_cluster.module.eks.module.eks.kubernetes_config_map.aws_auth",
            "module.agent_cluster.module.eks.module.eks.kubernetes_config_map_v1_data.aws_auth",
            "module.agent_cluster.module.eks.module.eks.module.eks_managed_node_group.aws_autoscaling_schedule.this",
            "module.agent_cluster.module.eks.module.eks.module.eks_managed_node_group.aws_eks_node_group.this",
            "module.agent_cluster.module.eks.module.eks.module.eks_managed_node_group.aws_iam_role.this",
            "module.agent_cluster.module.eks.module.eks.module.eks_managed_node_group.aws_iam_role_policy_attachment.additional",
            "module.agent_cluster.module.eks.module.eks.module.eks_managed_node_group.aws_iam_role_policy_attachment.this",
            "module.agent_cluster.module.eks.module.eks.module.eks_managed_node_group.aws_launch_template.this",
            "module.agent_cluster.module.eks.module.eks.module.eks_managed_node_group.data.aws_caller_identity.current",
            "module.agent_cluster.module.eks.module.eks.module.eks_managed_node_group.data.aws_iam_policy_document.assume_role_policy",
            "module.agent_cluster.module.eks.module.eks.module.eks_managed_node_group.data.aws_partition.current",
            "module.agent_cluster.module.eks.module.eks.module.eks_managed_node_group.module.user_data.data.cloudinit_config.linux_eks_managed_node_group",
            "module.agent_cluster.module.eks.module.eks.module.fargate_profile.aws_eks_fargate_profile.this",
            "module.agent_cluster.module.eks.module.eks.module.fargate_profile.aws_iam_role.this",
            "module.agent_cluster.module.eks.module.eks.module.fargate_profile.aws_iam_role_policy_attachment.additional",
            "module.agent_cluster.module.eks.module.eks.module.fargate_profile.aws_iam_role_policy_attachment.this",
            "module.agent_cluster.module.eks.module.eks.module.fargate_profile.data.aws_caller_identity.current",
            "module.agent_cluster.module.eks.module.eks.module.fargate_profile.data.aws_iam_policy_document.assume_role_policy",
            "module.agent_cluster.module.eks.module.eks.module.fargate_profile.data.aws_partition.current",
            "module.agent_cluster.module.eks.module.eks.module.kms.aws_kms_alias.this",
            "module.agent_cluster.module.eks.module.eks.module.kms.aws_kms_external_key.this",
            "module.agent_cluster.module.eks.module.eks.module.kms.aws_kms_grant.this",
            "module.agent_cluster.module.eks.module.eks.module.kms.aws_kms_key.this",
            "module.agent_cluster.module.eks.module.eks.module.kms.data.aws_caller_identity.current",
            "module.agent_cluster.module.eks.module.eks.module.kms.data.aws_iam_policy_document.this",
            "module.agent_cluster.module.eks.module.eks.module.kms.data.aws_partition.current",
            "module.agent_cluster.module.eks.module.eks.module.self_managed_node_group.aws_autoscaling_group.this",
            "module.agent_cluster.module.eks.module.eks.module.self_managed_node_group.aws_autoscaling_schedule.this",
            "module.agent_cluster.module.eks.module.eks.module.self_managed_node_group.aws_iam_instance_profile.this",
            "module.agent_cluster.module.eks.module.eks.module.self_managed_node_group.aws_iam_role.this",
            "module.agent_cluster.module.eks.module.eks.module.self_managed_node_group.aws_iam_role_policy_attachment.additional",
            "module.agent_cluster.module.eks.module.eks.module.self_managed_node_group.aws_iam_role_policy_attachment.this",
            "module.agent_cluster.module.eks.module.eks.module.self_managed_node_group.aws_launch_template.this",
            "module.agent_cluster.module.eks.module.eks.module.self_managed_node_group.data.aws_ami.eks_default",
            "module.agent_cluster.module.eks.module.eks.module.self_managed_node_group.data.aws_caller_identity.current",
            "module.agent_cluster.module.eks.module.eks.module.self_managed_node_group.data.aws_iam_policy_document.assume_role_policy",
            "module.agent_cluster.module.eks.module.eks.module.self_managed_node_group.data.aws_partition.current",
            "module.agent_cluster.module.eks.module.eks.module.self_managed_node_group.module.user_data.data.cloudinit_config.linux_eks_managed_node_group",
            "module.agent_cluster.module.eks.module.eks.time_sleep.this",
            "module.agent_cluster.module.vpc.module.vpc.aws_vpc.this"
          ]
        }
      ]
    },
    {
      "module": "module.agent_cluster.module.autoscaler[0].module.oidc-provider-data",
      "mode": "data",
      "type": "aws_caller_identity",
      "name": "current",
      "provider": "provider[\"registry.terraform.io/hashicorp/aws\"]",
      "instances": [
        {
          "schema_version": 0,
          "attributes": {
            "account_id": "343806850935",
            "arn": "arn:aws:sts::343806850935:assumed-role/AWSReservedSSO_AdministratorAccess_9999c6a81f899fc6/liran.farage",
            "id": "343806850935",
            "user_id": "AROAVADD4G53SNEMOUQ3Q:liran.farage"
          },
          "sensitive_attributes": []
        }
      ]
    },
    {
      "module": "module.agent_cluster.module.autoscaler[0].module.oidc-provider-data",
      "mode": "data",
      "type": "aws_eks_cluster",
      "name": "cluster",
      "provider": "provider[\"registry.terraform.io/hashicorp/aws\"]",
      "instances": [
        {
          "schema_version": 0,
          "attributes": {
            "arn": "arn:aws:eks:us-east-1:343806850935:cluster/liran-demo",
            "certificate_authority": [
              {
                "data": "LS0tLS1CRUdJTiBDRVJUSUZJQ0FURS0tLS0tCk1JSUMvakNDQWVhZ0F3SUJBZ0lCQURBTkJna3Foa2lHOXcwQkFRc0ZBREFWTVJNd0VRWURWUVFERXdwcmRXSmwKY201bGRHVnpNQjRYRFRJek1EY3pNREUwTlRVMU1sb1hEVE16TURjeU56RTBOVFUxTWxvd0ZURVRNQkVHQTFVRQpBeE1LYTNWaVpYSnVaWFJsY3pDQ0FTSXdEUVlKS29aSWh2Y05BUUVCQlFBRGdnRVBBRENDQVFvQ2dnRUJBTTJOCjkyaHdHRXphc0pqZDFSekFBWi9aRkR3YStSclpNZ2h6NytaZjRYVXloVHZXcjJLNFRMY2FSeUthZjFha0pvYmUKV0pkTVNvei85WWIyZkY5MytwTmc0UVhDdjQ3RHFZN0dDS29GNHBqTlhlUnF3eUFZTWpwbVpTRmFramNGd2lQNApCZ2pPc2t5cDdFb1h1L2RqNUR4dmt2d3o2R2ptZjdvd0xGc1M2YlZpREg2OW1LTGd6WEprOEpHMjRCVld2VEM1Ck9VR082TEsyN29OeXJYK0NkOEQ1U1JWS0lPTExwK2JiZG1MaFY5R2ZtOTVScGcrSGVyMXBud1RLRGxZODRRMGEKNTYrZHVrSkFRcThTYzhqSisyU2xrYjQzbFJFWEZqMUgyL0luNzZIZWxybUtMQjlFVUtxRHNHYi9YaVVTbTh3bgo1cXBYc3pwcUZRTHplN21UakRjQ0F3RUFBYU5aTUZjd0RnWURWUjBQQVFIL0JBUURBZ0trTUE4R0ExVWRFd0VCCi93UUZNQU1CQWY4d0hRWURWUjBPQkJZRUZBLzZ3aElGVWRXZ1VQclFpV2RsZGJIR0tPZTNNQlVHQTFVZEVRUU8KTUF5Q0NtdDFZbVZ5Ym1WMFpYTXdEUVlKS29aSWh2Y05BUUVMQlFBRGdnRUJBRGVwOEkrZ3UybkhHVmdYZHVQSApPemYzMklBUTZJY3RSRlluaXp0RTR3bFI3cjRwSGlCMmRScVp6Qm81Q0dPSHg2dzltVlhRalZ0QURpM1ZiR21ECmN6cEc2K2dzVUo0WXRhZmc1V3pYMzQ3R3E5amU2YXdKTitySXZLa0lJRHgxWkNsenVqZnE5S2xndTVkQUlmL24KZkRISlptckREcnNVZFRMc1czWkpwYnBYOVFzaHZxaFU5aW5WTklvWXdtdGpQSjdlS2JjMnVmMHJxRCsvbTFBOApLaVdaVVdVa3pHallOakpKdW1xTk1kRnBWeFN5dzVNaEFDcXgxTHpPbk4wcVB2dXExWEFNZEE1Vmd0eDRKZXdXCndYNVVnSUFHbWJieS84MldRc0JOcTRlVmpyQnVYTHhLMGQrRURnK1pNckpNMnVTd2RmWEd1RXllc0tNTGhUSWQKMnRjPQotLS0tLUVORCBDRVJUSUZJQ0FURS0tLS0tCg=="
              }
            ],
            "cluster_id": null,
            "created_at": "2023-07-30 14:50:46.419 +0000 UTC",
            "enabled_cluster_log_types": [
              "api",
              "controllerManager",
              "scheduler"
            ],
            "endpoint": "https://62D4566A7CE7025A45C7512362B8F5C5.gr7.us-east-1.eks.amazonaws.com",
            "id": "liran-demo",
            "identity": [
              {
                "oidc": [
                  {
                    "issuer": "https://oidc.eks.us-east-1.amazonaws.com/id/62D4566A7CE7025A45C7512362B8F5C5"
                  }
                ]
              }
            ],
            "kubernetes_network_config": [
              {
                "ip_family": "ipv4",
                "service_ipv4_cidr": "10.100.0.0/16",
                "service_ipv6_cidr": ""
              }
            ],
            "name": "liran-demo",
            "outpost_config": [],
            "platform_version": "eks.3",
            "role_arn": "arn:aws:iam::343806850935:role/liran-demo-cluster-20230730145017389900000002",
            "status": "ACTIVE",
            "tags": {},
            "version": "1.27",
            "vpc_config": [
              {
                "cluster_security_group_id": "sg-0ac222225c4a74c98",
                "endpoint_private_access": true,
                "endpoint_public_access": true,
                "public_access_cidrs": [
                  "0.0.0.0/0"
                ],
                "security_group_ids": [
                  "sg-0b4a6dc4f1ff9702b"
                ],
                "subnet_ids": [
                  "subnet-00c090af3650f585d",
                  "subnet-01dd2fb3b36ae2b2f",
                  "subnet-043abbeea034e9d95",
                  "subnet-04423e002f03b0a03",
                  "subnet-0a0c30f2decf0124d"
                ],
                "vpc_id": "vpc-0c1bb5f6db309b819"
              }
            ]
          },
          "sensitive_attributes": []
        }
      ]
    },
    {
      "module": "module.agent_cluster.module.autoscaler[0].module.oidc-provider-data",
      "mode": "data",
      "type": "aws_partition",
      "name": "current",
      "provider": "provider[\"registry.terraform.io/hashicorp/aws\"]",
      "instances": [
        {
          "schema_version": 0,
          "attributes": {
            "dns_suffix": "amazonaws.com",
            "id": "aws",
            "partition": "aws",
            "reverse_dns_prefix": "com.amazonaws"
          },
          "sensitive_attributes": []
        }
      ]
    },
    {
      "module": "module.agent_cluster.module.csi_driver",
      "mode": "data",
      "type": "aws_eks_cluster",
      "name": "cluster",
      "provider": "provider[\"registry.terraform.io/hashicorp/aws\"]",
      "instances": [
        {
          "schema_version": 0,
          "attributes": {
            "arn": "arn:aws:eks:us-east-1:343806850935:cluster/liran-demo",
            "certificate_authority": [
              {
                "data": "LS0tLS1CRUdJTiBDRVJUSUZJQ0FURS0tLS0tCk1JSUMvakNDQWVhZ0F3SUJBZ0lCQURBTkJna3Foa2lHOXcwQkFRc0ZBREFWTVJNd0VRWURWUVFERXdwcmRXSmwKY201bGRHVnpNQjRYRFRJek1EY3pNREUwTlRVMU1sb1hEVE16TURjeU56RTBOVFUxTWxvd0ZURVRNQkVHQTFVRQpBeE1LYTNWaVpYSnVaWFJsY3pDQ0FTSXdEUVlKS29aSWh2Y05BUUVCQlFBRGdnRVBBRENDQVFvQ2dnRUJBTTJOCjkyaHdHRXphc0pqZDFSekFBWi9aRkR3YStSclpNZ2h6NytaZjRYVXloVHZXcjJLNFRMY2FSeUthZjFha0pvYmUKV0pkTVNvei85WWIyZkY5MytwTmc0UVhDdjQ3RHFZN0dDS29GNHBqTlhlUnF3eUFZTWpwbVpTRmFramNGd2lQNApCZ2pPc2t5cDdFb1h1L2RqNUR4dmt2d3o2R2ptZjdvd0xGc1M2YlZpREg2OW1LTGd6WEprOEpHMjRCVld2VEM1Ck9VR082TEsyN29OeXJYK0NkOEQ1U1JWS0lPTExwK2JiZG1MaFY5R2ZtOTVScGcrSGVyMXBud1RLRGxZODRRMGEKNTYrZHVrSkFRcThTYzhqSisyU2xrYjQzbFJFWEZqMUgyL0luNzZIZWxybUtMQjlFVUtxRHNHYi9YaVVTbTh3bgo1cXBYc3pwcUZRTHplN21UakRjQ0F3RUFBYU5aTUZjd0RnWURWUjBQQVFIL0JBUURBZ0trTUE4R0ExVWRFd0VCCi93UUZNQU1CQWY4d0hRWURWUjBPQkJZRUZBLzZ3aElGVWRXZ1VQclFpV2RsZGJIR0tPZTNNQlVHQTFVZEVRUU8KTUF5Q0NtdDFZbVZ5Ym1WMFpYTXdEUVlKS29aSWh2Y05BUUVMQlFBRGdnRUJBRGVwOEkrZ3UybkhHVmdYZHVQSApPemYzMklBUTZJY3RSRlluaXp0RTR3bFI3cjRwSGlCMmRScVp6Qm81Q0dPSHg2dzltVlhRalZ0QURpM1ZiR21ECmN6cEc2K2dzVUo0WXRhZmc1V3pYMzQ3R3E5amU2YXdKTitySXZLa0lJRHgxWkNsenVqZnE5S2xndTVkQUlmL24KZkRISlptckREcnNVZFRMc1czWkpwYnBYOVFzaHZxaFU5aW5WTklvWXdtdGpQSjdlS2JjMnVmMHJxRCsvbTFBOApLaVdaVVdVa3pHallOakpKdW1xTk1kRnBWeFN5dzVNaEFDcXgxTHpPbk4wcVB2dXExWEFNZEE1Vmd0eDRKZXdXCndYNVVnSUFHbWJieS84MldRc0JOcTRlVmpyQnVYTHhLMGQrRURnK1pNckpNMnVTd2RmWEd1RXllc0tNTGhUSWQKMnRjPQotLS0tLUVORCBDRVJUSUZJQ0FURS0tLS0tCg=="
              }
            ],
            "cluster_id": null,
            "created_at": "2023-07-30 14:50:46.419 +0000 UTC",
            "enabled_cluster_log_types": [
              "api",
              "controllerManager",
              "scheduler"
            ],
            "endpoint": "https://62D4566A7CE7025A45C7512362B8F5C5.gr7.us-east-1.eks.amazonaws.com",
            "id": "liran-demo",
            "identity": [
              {
                "oidc": [
                  {
                    "issuer": "https://oidc.eks.us-east-1.amazonaws.com/id/62D4566A7CE7025A45C7512362B8F5C5"
                  }
                ]
              }
            ],
            "kubernetes_network_config": [
              {
                "ip_family": "ipv4",
                "service_ipv4_cidr": "10.100.0.0/16",
                "service_ipv6_cidr": ""
              }
            ],
            "name": "liran-demo",
            "outpost_config": [],
            "platform_version": "eks.3",
            "role_arn": "arn:aws:iam::343806850935:role/liran-demo-cluster-20230730145017389900000002",
            "status": "ACTIVE",
            "tags": {},
            "version": "1.27",
            "vpc_config": [
              {
                "cluster_security_group_id": "sg-0ac222225c4a74c98",
                "endpoint_private_access": true,
                "endpoint_public_access": true,
                "public_access_cidrs": [
                  "0.0.0.0/0"
                ],
                "security_group_ids": [
                  "sg-0b4a6dc4f1ff9702b"
                ],
                "subnet_ids": [
                  "subnet-00c090af3650f585d",
                  "subnet-01dd2fb3b36ae2b2f",
                  "subnet-043abbeea034e9d95",
                  "subnet-04423e002f03b0a03",
                  "subnet-0a0c30f2decf0124d"
                ],
                "vpc_id": "vpc-0c1bb5f6db309b819"
              }
            ]
          },
          "sensitive_attributes": []
        }
      ]
    },
    {
      "module": "module.agent_cluster.module.csi_driver",
      "mode": "managed",
      "type": "aws_iam_role",
      "name": "role_with_web_identity_oidc",
      "provider": "provider[\"registry.terraform.io/hashicorp/aws\"]",
      "instances": [
        {
          "schema_version": 0,
          "attributes": {
            "arn": "arn:aws:iam::343806850935:role/liran-demo_AmazonEKS_EFS_CSI_DriverRole",
            "assume_role_policy": "{\"Statement\":[{\"Action\":\"sts:AssumeRoleWithWebIdentity\",\"Condition\":{\"StringEquals\":{\"oidc.eks.us-east-1.amazonaws.com/id/62D4566A7CE7025A45C7512362B8F5C5:aud\":\"sts.amazonaws.com\",\"oidc.eks.us-east-1.amazonaws.com/id/62D4566A7CE7025A45C7512362B8F5C5:sub\":\"system:serviceaccount:kube-system:efs-csi-controller-sa\"}},\"Effect\":\"Allow\",\"Principal\":{\"Federated\":\"arn:aws:iam::343806850935:oidc-provider/oidc.eks.us-east-1.amazonaws.com/id/62D4566A7CE7025A45C7512362B8F5C5\"}}],\"Version\":\"2012-10-17\"}",
            "create_date": "2023-07-30T15:04:37Z",
            "description": "",
            "force_detach_policies": false,
            "id": "liran-demo_AmazonEKS_EFS_CSI_DriverRole",
            "inline_policy": [
              {
                "name": "liran-demo_AmazonEKS_EFS_CSI_Driver_Policy",
                "policy": "{\"Version\":\"2012-10-17\",\"Statement\":[{\"Action\":[\"elasticfilesystem:DescribeAccessPoints\",\"elasticfilesystem:DescribeFileSystems\"],\"Effect\":\"Allow\",\"Resource\":\"*\"},{\"Action\":[\"elasticfilesystem:CreateAccessPoint\"],\"Condition\":{\"StringLike\":{\"aws:RequestTag/efs.csi.aws.com/cluster\":\"true\"}},\"Effect\":\"Allow\",\"Resource\":\"*\"},{\"Action\":\"elasticfilesystem:DeleteAccessPoint\",\"Condition\":{\"StringEquals\":{\"aws:ResourceTag/efs.csi.aws.com/cluster\":\"true\"}},\"Effect\":\"Allow\",\"Resource\":\"*\"}]}"
              }
            ],
            "managed_policy_arns": [],
            "max_session_duration": 3600,
            "name": "liran-demo_AmazonEKS_EFS_CSI_DriverRole",
            "name_prefix": "",
            "path": "/",
            "permissions_boundary": null,
            "tags": null,
            "tags_all": {},
            "unique_id": "AROAVADD4G53Y7OWI7DLC"
          },
          "sensitive_attributes": [],
          "private": "bnVsbA==",
          "dependencies": [
            "data.aws_eks_cluster.my_eks",
            "module.agent_cluster.data.aws_eks_cluster.my_eks",
            "module.agent_cluster.module.csi_driver.data.aws_eks_cluster.cluster",
            "module.agent_cluster.module.csi_driver.module.oidc-provider-data.data.aws_caller_identity.current",
            "module.agent_cluster.module.csi_driver.module.oidc-provider-data.data.aws_eks_cluster.cluster",
            "module.agent_cluster.module.csi_driver.module.oidc-provider-data.data.aws_partition.current",
            "module.agent_cluster.module.eks.data.aws_subnets.private",
            "module.agent_cluster.module.eks.module.eks.aws_cloudwatch_log_group.this",
            "module.agent_cluster.module.eks.module.eks.aws_ec2_tag.cluster_primary_security_group",
            "module.agent_cluster.module.eks.module.eks.aws_eks_addon.before_compute",
            "module.agent_cluster.module.eks.module.eks.aws_eks_addon.this",
            "module.agent_cluster.module.eks.module.eks.aws_eks_cluster.this",
            "module.agent_cluster.module.eks.module.eks.aws_eks_identity_provider_config.this",
            "module.agent_cluster.module.eks.module.eks.aws_iam_openid_connect_provider.oidc_provider",
            "module.agent_cluster.module.eks.module.eks.aws_iam_policy.cluster_encryption",
            "module.agent_cluster.module.eks.module.eks.aws_iam_policy.cni_ipv6_policy",
            "module.agent_cluster.module.eks.module.eks.aws_iam_role.this",
            "module.agent_cluster.module.eks.module.eks.aws_iam_role_policy_attachment.additional",
            "module.agent_cluster.module.eks.module.eks.aws_iam_role_policy_attachment.cluster_encryption",
            "module.agent_cluster.module.eks.module.eks.aws_iam_role_policy_attachment.this",
            "module.agent_cluster.module.eks.module.eks.aws_security_group.cluster",
            "module.agent_cluster.module.eks.module.eks.aws_security_group.node",
            "module.agent_cluster.module.eks.module.eks.aws_security_group_rule.cluster",
            "module.agent_cluster.module.eks.module.eks.aws_security_group_rule.node",
            "module.agent_cluster.module.eks.module.eks.data.aws_caller_identity.current",
            "module.agent_cluster.module.eks.module.eks.data.aws_eks_addon_version.this",
            "module.agent_cluster.module.eks.module.eks.data.aws_iam_policy_document.assume_role_policy",
            "module.agent_cluster.module.eks.module.eks.data.aws_iam_policy_document.cni_ipv6_policy",
            "module.agent_cluster.module.eks.module.eks.data.aws_iam_session_context.current",
            "module.agent_cluster.module.eks.module.eks.data.aws_partition.current",
            "module.agent_cluster.module.eks.module.eks.data.tls_certificate.this",
            "module.agent_cluster.module.eks.module.eks.kubernetes_config_map.aws_auth",
            "module.agent_cluster.module.eks.module.eks.kubernetes_config_map_v1_data.aws_auth",
            "module.agent_cluster.module.eks.module.eks.module.eks_managed_node_group.aws_autoscaling_schedule.this",
            "module.agent_cluster.module.eks.module.eks.module.eks_managed_node_group.aws_eks_node_group.this",
            "module.agent_cluster.module.eks.module.eks.module.eks_managed_node_group.aws_iam_role.this",
            "module.agent_cluster.module.eks.module.eks.module.eks_managed_node_group.aws_iam_role_policy_attachment.additional",
            "module.agent_cluster.module.eks.module.eks.module.eks_managed_node_group.aws_iam_role_policy_attachment.this",
            "module.agent_cluster.module.eks.module.eks.module.eks_managed_node_group.aws_launch_template.this",
            "module.agent_cluster.module.eks.module.eks.module.eks_managed_node_group.data.aws_caller_identity.current",
            "module.agent_cluster.module.eks.module.eks.module.eks_managed_node_group.data.aws_iam_policy_document.assume_role_policy",
            "module.agent_cluster.module.eks.module.eks.module.eks_managed_node_group.data.aws_partition.current",
            "module.agent_cluster.module.eks.module.eks.module.eks_managed_node_group.module.user_data.data.cloudinit_config.linux_eks_managed_node_group",
            "module.agent_cluster.module.eks.module.eks.module.fargate_profile.aws_eks_fargate_profile.this",
            "module.agent_cluster.module.eks.module.eks.module.fargate_profile.aws_iam_role.this",
            "module.agent_cluster.module.eks.module.eks.module.fargate_profile.aws_iam_role_policy_attachment.additional",
            "module.agent_cluster.module.eks.module.eks.module.fargate_profile.aws_iam_role_policy_attachment.this",
            "module.agent_cluster.module.eks.module.eks.module.fargate_profile.data.aws_caller_identity.current",
            "module.agent_cluster.module.eks.module.eks.module.fargate_profile.data.aws_iam_policy_document.assume_role_policy",
            "module.agent_cluster.module.eks.module.eks.module.fargate_profile.data.aws_partition.current",
            "module.agent_cluster.module.eks.module.eks.module.kms.aws_kms_alias.this",
            "module.agent_cluster.module.eks.module.eks.module.kms.aws_kms_external_key.this",
            "module.agent_cluster.module.eks.module.eks.module.kms.aws_kms_grant.this",
            "module.agent_cluster.module.eks.module.eks.module.kms.aws_kms_key.this",
            "module.agent_cluster.module.eks.module.eks.module.kms.data.aws_caller_identity.current",
            "module.agent_cluster.module.eks.module.eks.module.kms.data.aws_iam_policy_document.this",
            "module.agent_cluster.module.eks.module.eks.module.kms.data.aws_partition.current",
            "module.agent_cluster.module.eks.module.eks.module.self_managed_node_group.aws_autoscaling_group.this",
            "module.agent_cluster.module.eks.module.eks.module.self_managed_node_group.aws_autoscaling_schedule.this",
            "module.agent_cluster.module.eks.module.eks.module.self_managed_node_group.aws_iam_instance_profile.this",
            "module.agent_cluster.module.eks.module.eks.module.self_managed_node_group.aws_iam_role.this",
            "module.agent_cluster.module.eks.module.eks.module.self_managed_node_group.aws_iam_role_policy_attachment.additional",
            "module.agent_cluster.module.eks.module.eks.module.self_managed_node_group.aws_iam_role_policy_attachment.this",
            "module.agent_cluster.module.eks.module.eks.module.self_managed_node_group.aws_launch_template.this",
            "module.agent_cluster.module.eks.module.eks.module.self_managed_node_group.data.aws_ami.eks_default",
            "module.agent_cluster.module.eks.module.eks.module.self_managed_node_group.data.aws_caller_identity.current",
            "module.agent_cluster.module.eks.module.eks.module.self_managed_node_group.data.aws_iam_policy_document.assume_role_policy",
            "module.agent_cluster.module.eks.module.eks.module.self_managed_node_group.data.aws_partition.current",
            "module.agent_cluster.module.eks.module.eks.module.self_managed_node_group.module.user_data.data.cloudinit_config.linux_eks_managed_node_group",
            "module.agent_cluster.module.eks.module.eks.time_sleep.this",
            "module.agent_cluster.module.vpc.module.vpc.aws_vpc.this"
          ]
        }
      ]
    },
    {
      "module": "module.agent_cluster.module.csi_driver",
      "mode": "managed",
      "type": "helm_release",
      "name": "kubernetes_efs_csi_driver",
      "provider": "provider[\"registry.terraform.io/hashicorp/helm\"]",
      "instances": [
        {
          "schema_version": 1,
          "attributes": {
            "atomic": false,
            "chart": "aws-efs-csi-driver",
            "cleanup_on_fail": false,
            "create_namespace": false,
            "dependency_update": false,
            "description": null,
            "devel": null,
            "disable_crd_hooks": false,
            "disable_openapi_validation": false,
            "disable_webhooks": false,
            "force_update": false,
            "id": "aws-efs-csi-driver",
            "keyring": null,
            "lint": false,
            "manifest": null,
            "max_history": 0,
            "metadata": [
              {
                "app_version": "1.5.8",
                "chart": "aws-efs-csi-driver",
                "name": "aws-efs-csi-driver",
                "namespace": "kube-system",
                "revision": 1,
                "values": "{\"controller\":{\"serviceAccount\":{\"create\":\"false\",\"name\":\"efs-csi-controller-sa\"}},\"image\":{\"repository\":\"602401143452.dkr.ecr.us-east-1.amazonaws.com/eks/aws-efs-csi-driver\"}}",
                "version": "2.4.7"
              }
            ],
            "name": "aws-efs-csi-driver",
            "namespace": "kube-system",
            "pass_credentials": false,
            "postrender": [],
            "recreate_pods": false,
            "render_subchart_notes": true,
            "replace": false,
            "repository": "https://kubernetes-sigs.github.io/aws-efs-csi-driver",
            "repository_ca_file": null,
            "repository_cert_file": null,
            "repository_key_file": null,
            "repository_password": null,
            "repository_username": null,
            "reset_values": false,
            "reuse_values": false,
            "set": [
              {
                "name": "controller.serviceAccount.create",
                "type": "string",
                "value": "false"
              },
              {
                "name": "controller.serviceAccount.name",
                "type": "string",
                "value": "efs-csi-controller-sa"
              },
              {
                "name": "image.repository",
                "type": "string",
                "value": "602401143452.dkr.ecr.us-east-1.amazonaws.com/eks/aws-efs-csi-driver"
              }
            ],
            "set_list": [],
            "set_sensitive": [],
            "skip_crds": false,
            "status": "deployed",
            "timeout": 600,
            "values": null,
            "verify": false,
            "version": "2.4.7",
            "wait": true,
            "wait_for_jobs": false
          },
          "sensitive_attributes": [],
          "private": "eyJzY2hlbWFfdmVyc2lvbiI6IjEifQ==",
          "dependencies": [
            "data.aws_eks_cluster.my_eks",
            "module.agent_cluster.data.aws_eks_cluster.my_eks",
            "module.agent_cluster.module.csi_driver.aws_iam_role.role_with_web_identity_oidc",
            "module.agent_cluster.module.csi_driver.data.aws_eks_cluster.cluster",
            "module.agent_cluster.module.csi_driver.kubernetes_service_account.csi_service_account",
            "module.agent_cluster.module.csi_driver.module.oidc-provider-data.data.aws_caller_identity.current",
            "module.agent_cluster.module.csi_driver.module.oidc-provider-data.data.aws_eks_cluster.cluster",
            "module.agent_cluster.module.csi_driver.module.oidc-provider-data.data.aws_partition.current",
            "module.agent_cluster.module.eks.data.aws_subnets.private",
            "module.agent_cluster.module.eks.module.eks.aws_cloudwatch_log_group.this",
            "module.agent_cluster.module.eks.module.eks.aws_ec2_tag.cluster_primary_security_group",
            "module.agent_cluster.module.eks.module.eks.aws_eks_addon.before_compute",
            "module.agent_cluster.module.eks.module.eks.aws_eks_addon.this",
            "module.agent_cluster.module.eks.module.eks.aws_eks_cluster.this",
            "module.agent_cluster.module.eks.module.eks.aws_eks_identity_provider_config.this",
            "module.agent_cluster.module.eks.module.eks.aws_iam_openid_connect_provider.oidc_provider",
            "module.agent_cluster.module.eks.module.eks.aws_iam_policy.cluster_encryption",
            "module.agent_cluster.module.eks.module.eks.aws_iam_policy.cni_ipv6_policy",
            "module.agent_cluster.module.eks.module.eks.aws_iam_role.this",
            "module.agent_cluster.module.eks.module.eks.aws_iam_role_policy_attachment.additional",
            "module.agent_cluster.module.eks.module.eks.aws_iam_role_policy_attachment.cluster_encryption",
            "module.agent_cluster.module.eks.module.eks.aws_iam_role_policy_attachment.this",
            "module.agent_cluster.module.eks.module.eks.aws_security_group.cluster",
            "module.agent_cluster.module.eks.module.eks.aws_security_group.node",
            "module.agent_cluster.module.eks.module.eks.aws_security_group_rule.cluster",
            "module.agent_cluster.module.eks.module.eks.aws_security_group_rule.node",
            "module.agent_cluster.module.eks.module.eks.data.aws_caller_identity.current",
            "module.agent_cluster.module.eks.module.eks.data.aws_eks_addon_version.this",
            "module.agent_cluster.module.eks.module.eks.data.aws_iam_policy_document.assume_role_policy",
            "module.agent_cluster.module.eks.module.eks.data.aws_iam_policy_document.cni_ipv6_policy",
            "module.agent_cluster.module.eks.module.eks.data.aws_iam_session_context.current",
            "module.agent_cluster.module.eks.module.eks.data.aws_partition.current",
            "module.agent_cluster.module.eks.module.eks.data.tls_certificate.this",
            "module.agent_cluster.module.eks.module.eks.kubernetes_config_map.aws_auth",
            "module.agent_cluster.module.eks.module.eks.kubernetes_config_map_v1_data.aws_auth",
            "module.agent_cluster.module.eks.module.eks.module.eks_managed_node_group.aws_autoscaling_schedule.this",
            "module.agent_cluster.module.eks.module.eks.module.eks_managed_node_group.aws_eks_node_group.this",
            "module.agent_cluster.module.eks.module.eks.module.eks_managed_node_group.aws_iam_role.this",
            "module.agent_cluster.module.eks.module.eks.module.eks_managed_node_group.aws_iam_role_policy_attachment.additional",
            "module.agent_cluster.module.eks.module.eks.module.eks_managed_node_group.aws_iam_role_policy_attachment.this",
            "module.agent_cluster.module.eks.module.eks.module.eks_managed_node_group.aws_launch_template.this",
            "module.agent_cluster.module.eks.module.eks.module.eks_managed_node_group.data.aws_caller_identity.current",
            "module.agent_cluster.module.eks.module.eks.module.eks_managed_node_group.data.aws_iam_policy_document.assume_role_policy",
            "module.agent_cluster.module.eks.module.eks.module.eks_managed_node_group.data.aws_partition.current",
            "module.agent_cluster.module.eks.module.eks.module.eks_managed_node_group.module.user_data.data.cloudinit_config.linux_eks_managed_node_group",
            "module.agent_cluster.module.eks.module.eks.module.fargate_profile.aws_eks_fargate_profile.this",
            "module.agent_cluster.module.eks.module.eks.module.fargate_profile.aws_iam_role.this",
            "module.agent_cluster.module.eks.module.eks.module.fargate_profile.aws_iam_role_policy_attachment.additional",
            "module.agent_cluster.module.eks.module.eks.module.fargate_profile.aws_iam_role_policy_attachment.this",
            "module.agent_cluster.module.eks.module.eks.module.fargate_profile.data.aws_caller_identity.current",
            "module.agent_cluster.module.eks.module.eks.module.fargate_profile.data.aws_iam_policy_document.assume_role_policy",
            "module.agent_cluster.module.eks.module.eks.module.fargate_profile.data.aws_partition.current",
            "module.agent_cluster.module.eks.module.eks.module.kms.aws_kms_alias.this",
            "module.agent_cluster.module.eks.module.eks.module.kms.aws_kms_external_key.this",
            "module.agent_cluster.module.eks.module.eks.module.kms.aws_kms_grant.this",
            "module.agent_cluster.module.eks.module.eks.module.kms.aws_kms_key.this",
            "module.agent_cluster.module.eks.module.eks.module.kms.data.aws_caller_identity.current",
            "module.agent_cluster.module.eks.module.eks.module.kms.data.aws_iam_policy_document.this",
            "module.agent_cluster.module.eks.module.eks.module.kms.data.aws_partition.current",
            "module.agent_cluster.module.eks.module.eks.module.self_managed_node_group.aws_autoscaling_group.this",
            "module.agent_cluster.module.eks.module.eks.module.self_managed_node_group.aws_autoscaling_schedule.this",
            "module.agent_cluster.module.eks.module.eks.module.self_managed_node_group.aws_iam_instance_profile.this",
            "module.agent_cluster.module.eks.module.eks.module.self_managed_node_group.aws_iam_role.this",
            "module.agent_cluster.module.eks.module.eks.module.self_managed_node_group.aws_iam_role_policy_attachment.additional",
            "module.agent_cluster.module.eks.module.eks.module.self_managed_node_group.aws_iam_role_policy_attachment.this",
            "module.agent_cluster.module.eks.module.eks.module.self_managed_node_group.aws_launch_template.this",
            "module.agent_cluster.module.eks.module.eks.module.self_managed_node_group.data.aws_ami.eks_default",
            "module.agent_cluster.module.eks.module.eks.module.self_managed_node_group.data.aws_caller_identity.current",
            "module.agent_cluster.module.eks.module.eks.module.self_managed_node_group.data.aws_iam_policy_document.assume_role_policy",
            "module.agent_cluster.module.eks.module.eks.module.self_managed_node_group.data.aws_partition.current",
            "module.agent_cluster.module.eks.module.eks.module.self_managed_node_group.module.user_data.data.cloudinit_config.linux_eks_managed_node_group",
            "module.agent_cluster.module.eks.module.eks.time_sleep.this",
            "module.agent_cluster.module.vpc.module.vpc.aws_vpc.this"
          ]
        }
      ]
    },
    {
      "module": "module.agent_cluster.module.csi_driver",
      "mode": "managed",
      "type": "kubernetes_service_account",
      "name": "csi_service_account",
      "provider": "provider[\"registry.terraform.io/hashicorp/kubernetes\"]",
      "instances": [
        {
          "schema_version": 0,
          "attributes": {
            "automount_service_account_token": true,
            "default_secret_name": "",
            "id": "kube-system/efs-csi-controller-sa",
            "image_pull_secret": [],
            "metadata": [
              {
                "annotations": {
                  "eks.amazonaws.com/role-arn": "arn:aws:iam::343806850935:role/liran-demo_AmazonEKS_EFS_CSI_DriverRole",
                  "meta.helm.sh/release-name": "aws-efs-csi-driver",
                  "meta.helm.sh/release-namespace": "kube-system"
                },
                "generate_name": "",
                "generation": 0,
                "labels": {
                  "app.kubernetes.io/managed-by": "Helm",
                  "app.kubernetes.io/name": "aws-efs-csi-driver"
                },
                "name": "efs-csi-controller-sa",
                "namespace": "kube-system",
                "resource_version": "1753",
                "uid": "01fcf876-e1d8-4e2d-a8f4-cc53938638f2"
              }
            ],
            "secret": [],
            "timeouts": null
          },
          "sensitive_attributes": [],
          "private": "eyJlMmJmYjczMC1lY2FhLTExZTYtOGY4OC0zNDM2M2JjN2M0YzAiOnsiY3JlYXRlIjozMDAwMDAwMDAwMH19",
          "dependencies": [
            "data.aws_eks_cluster.my_eks",
            "module.agent_cluster.data.aws_eks_cluster.my_eks",
            "module.agent_cluster.module.csi_driver.aws_iam_role.role_with_web_identity_oidc",
            "module.agent_cluster.module.csi_driver.data.aws_eks_cluster.cluster",
            "module.agent_cluster.module.csi_driver.module.oidc-provider-data.data.aws_caller_identity.current",
            "module.agent_cluster.module.csi_driver.module.oidc-provider-data.data.aws_eks_cluster.cluster",
            "module.agent_cluster.module.csi_driver.module.oidc-provider-data.data.aws_partition.current",
            "module.agent_cluster.module.eks.data.aws_subnets.private",
            "module.agent_cluster.module.eks.module.eks.aws_cloudwatch_log_group.this",
            "module.agent_cluster.module.eks.module.eks.aws_ec2_tag.cluster_primary_security_group",
            "module.agent_cluster.module.eks.module.eks.aws_eks_addon.before_compute",
            "module.agent_cluster.module.eks.module.eks.aws_eks_addon.this",
            "module.agent_cluster.module.eks.module.eks.aws_eks_cluster.this",
            "module.agent_cluster.module.eks.module.eks.aws_eks_identity_provider_config.this",
            "module.agent_cluster.module.eks.module.eks.aws_iam_openid_connect_provider.oidc_provider",
            "module.agent_cluster.module.eks.module.eks.aws_iam_policy.cluster_encryption",
            "module.agent_cluster.module.eks.module.eks.aws_iam_policy.cni_ipv6_policy",
            "module.agent_cluster.module.eks.module.eks.aws_iam_role.this",
            "module.agent_cluster.module.eks.module.eks.aws_iam_role_policy_attachment.additional",
            "module.agent_cluster.module.eks.module.eks.aws_iam_role_policy_attachment.cluster_encryption",
            "module.agent_cluster.module.eks.module.eks.aws_iam_role_policy_attachment.this",
            "module.agent_cluster.module.eks.module.eks.aws_security_group.cluster",
            "module.agent_cluster.module.eks.module.eks.aws_security_group.node",
            "module.agent_cluster.module.eks.module.eks.aws_security_group_rule.cluster",
            "module.agent_cluster.module.eks.module.eks.aws_security_group_rule.node",
            "module.agent_cluster.module.eks.module.eks.data.aws_caller_identity.current",
            "module.agent_cluster.module.eks.module.eks.data.aws_eks_addon_version.this",
            "module.agent_cluster.module.eks.module.eks.data.aws_iam_policy_document.assume_role_policy",
            "module.agent_cluster.module.eks.module.eks.data.aws_iam_policy_document.cni_ipv6_policy",
            "module.agent_cluster.module.eks.module.eks.data.aws_iam_session_context.current",
            "module.agent_cluster.module.eks.module.eks.data.aws_partition.current",
            "module.agent_cluster.module.eks.module.eks.data.tls_certificate.this",
            "module.agent_cluster.module.eks.module.eks.kubernetes_config_map.aws_auth",
            "module.agent_cluster.module.eks.module.eks.kubernetes_config_map_v1_data.aws_auth",
            "module.agent_cluster.module.eks.module.eks.module.eks_managed_node_group.aws_autoscaling_schedule.this",
            "module.agent_cluster.module.eks.module.eks.module.eks_managed_node_group.aws_eks_node_group.this",
            "module.agent_cluster.module.eks.module.eks.module.eks_managed_node_group.aws_iam_role.this",
            "module.agent_cluster.module.eks.module.eks.module.eks_managed_node_group.aws_iam_role_policy_attachment.additional",
            "module.agent_cluster.module.eks.module.eks.module.eks_managed_node_group.aws_iam_role_policy_attachment.this",
            "module.agent_cluster.module.eks.module.eks.module.eks_managed_node_group.aws_launch_template.this",
            "module.agent_cluster.module.eks.module.eks.module.eks_managed_node_group.data.aws_caller_identity.current",
            "module.agent_cluster.module.eks.module.eks.module.eks_managed_node_group.data.aws_iam_policy_document.assume_role_policy",
            "module.agent_cluster.module.eks.module.eks.module.eks_managed_node_group.data.aws_partition.current",
            "module.agent_cluster.module.eks.module.eks.module.eks_managed_node_group.module.user_data.data.cloudinit_config.linux_eks_managed_node_group",
            "module.agent_cluster.module.eks.module.eks.module.fargate_profile.aws_eks_fargate_profile.this",
            "module.agent_cluster.module.eks.module.eks.module.fargate_profile.aws_iam_role.this",
            "module.agent_cluster.module.eks.module.eks.module.fargate_profile.aws_iam_role_policy_attachment.additional",
            "module.agent_cluster.module.eks.module.eks.module.fargate_profile.aws_iam_role_policy_attachment.this",
            "module.agent_cluster.module.eks.module.eks.module.fargate_profile.data.aws_caller_identity.current",
            "module.agent_cluster.module.eks.module.eks.module.fargate_profile.data.aws_iam_policy_document.assume_role_policy",
            "module.agent_cluster.module.eks.module.eks.module.fargate_profile.data.aws_partition.current",
            "module.agent_cluster.module.eks.module.eks.module.kms.aws_kms_alias.this",
            "module.agent_cluster.module.eks.module.eks.module.kms.aws_kms_external_key.this",
            "module.agent_cluster.module.eks.module.eks.module.kms.aws_kms_grant.this",
            "module.agent_cluster.module.eks.module.eks.module.kms.aws_kms_key.this",
            "module.agent_cluster.module.eks.module.eks.module.kms.data.aws_caller_identity.current",
            "module.agent_cluster.module.eks.module.eks.module.kms.data.aws_iam_policy_document.this",
            "module.agent_cluster.module.eks.module.eks.module.kms.data.aws_partition.current",
            "module.agent_cluster.module.eks.module.eks.module.self_managed_node_group.aws_autoscaling_group.this",
            "module.agent_cluster.module.eks.module.eks.module.self_managed_node_group.aws_autoscaling_schedule.this",
            "module.agent_cluster.module.eks.module.eks.module.self_managed_node_group.aws_iam_instance_profile.this",
            "module.agent_cluster.module.eks.module.eks.module.self_managed_node_group.aws_iam_role.this",
            "module.agent_cluster.module.eks.module.eks.module.self_managed_node_group.aws_iam_role_policy_attachment.additional",
            "module.agent_cluster.module.eks.module.eks.module.self_managed_node_group.aws_iam_role_policy_attachment.this",
            "module.agent_cluster.module.eks.module.eks.module.self_managed_node_group.aws_launch_template.this",
            "module.agent_cluster.module.eks.module.eks.module.self_managed_node_group.data.aws_ami.eks_default",
            "module.agent_cluster.module.eks.module.eks.module.self_managed_node_group.data.aws_caller_identity.current",
            "module.agent_cluster.module.eks.module.eks.module.self_managed_node_group.data.aws_iam_policy_document.assume_role_policy",
            "module.agent_cluster.module.eks.module.eks.module.self_managed_node_group.data.aws_partition.current",
            "module.agent_cluster.module.eks.module.eks.module.self_managed_node_group.module.user_data.data.cloudinit_config.linux_eks_managed_node_group",
            "module.agent_cluster.module.eks.module.eks.time_sleep.this",
            "module.agent_cluster.module.vpc.module.vpc.aws_vpc.this"
          ]
        }
      ]
    },
    {
      "module": "module.agent_cluster.module.csi_driver",
      "mode": "managed",
      "type": "kubernetes_storage_class",
      "name": "storage_class",
      "provider": "provider[\"registry.terraform.io/hashicorp/kubernetes\"]",
      "instances": [
        {
          "schema_version": 0,
          "attributes": {
            "allow_volume_expansion": true,
            "allowed_topologies": [],
            "id": "env0-state-sc",
            "metadata": [
              {
                "annotations": null,
                "generate_name": "",
                "generation": 0,
                "labels": null,
                "name": "env0-state-sc",
                "resource_version": "1963",
                "uid": "6d5dd40c-276b-4e9a-b17d-2f26d5ee7a20"
              }
            ],
            "mount_options": null,
            "parameters": {
              "directoryPerms": "700",
              "fileSystemId": "fs-09ce86b960dfd39b3",
              "provisioningMode": "efs-ap"
            },
            "reclaim_policy": "Retain",
            "storage_provisioner": "efs.csi.aws.com",
            "volume_binding_mode": "Immediate"
          },
          "sensitive_attributes": [],
          "private": "bnVsbA==",
          "dependencies": [
            "data.aws_eks_cluster.my_eks",
            "module.agent_cluster.data.aws_eks_cluster.my_eks",
            "module.agent_cluster.module.csi_driver.aws_iam_role.role_with_web_identity_oidc",
            "module.agent_cluster.module.csi_driver.data.aws_eks_cluster.cluster",
            "module.agent_cluster.module.csi_driver.helm_release.kubernetes_efs_csi_driver",
            "module.agent_cluster.module.csi_driver.kubernetes_service_account.csi_service_account",
            "module.agent_cluster.module.csi_driver.module.oidc-provider-data.data.aws_caller_identity.current",
            "module.agent_cluster.module.csi_driver.module.oidc-provider-data.data.aws_eks_cluster.cluster",
            "module.agent_cluster.module.csi_driver.module.oidc-provider-data.data.aws_partition.current",
            "module.agent_cluster.module.efs.data.aws_eks_cluster.cluster",
            "module.agent_cluster.module.efs.module.efs.aws_efs_file_system.default",
            "module.agent_cluster.module.eks.data.aws_subnets.private",
            "module.agent_cluster.module.eks.module.eks.aws_cloudwatch_log_group.this",
            "module.agent_cluster.module.eks.module.eks.aws_ec2_tag.cluster_primary_security_group",
            "module.agent_cluster.module.eks.module.eks.aws_eks_addon.before_compute",
            "module.agent_cluster.module.eks.module.eks.aws_eks_addon.this",
            "module.agent_cluster.module.eks.module.eks.aws_eks_cluster.this",
            "module.agent_cluster.module.eks.module.eks.aws_eks_identity_provider_config.this",
            "module.agent_cluster.module.eks.module.eks.aws_iam_openid_connect_provider.oidc_provider",
            "module.agent_cluster.module.eks.module.eks.aws_iam_policy.cluster_encryption",
            "module.agent_cluster.module.eks.module.eks.aws_iam_policy.cni_ipv6_policy",
            "module.agent_cluster.module.eks.module.eks.aws_iam_role.this",
            "module.agent_cluster.module.eks.module.eks.aws_iam_role_policy_attachment.additional",
            "module.agent_cluster.module.eks.module.eks.aws_iam_role_policy_attachment.cluster_encryption",
            "module.agent_cluster.module.eks.module.eks.aws_iam_role_policy_attachment.this",
            "module.agent_cluster.module.eks.module.eks.aws_security_group.cluster",
            "module.agent_cluster.module.eks.module.eks.aws_security_group.node",
            "module.agent_cluster.module.eks.module.eks.aws_security_group_rule.cluster",
            "module.agent_cluster.module.eks.module.eks.aws_security_group_rule.node",
            "module.agent_cluster.module.eks.module.eks.data.aws_caller_identity.current",
            "module.agent_cluster.module.eks.module.eks.data.aws_eks_addon_version.this",
            "module.agent_cluster.module.eks.module.eks.data.aws_iam_policy_document.assume_role_policy",
            "module.agent_cluster.module.eks.module.eks.data.aws_iam_policy_document.cni_ipv6_policy",
            "module.agent_cluster.module.eks.module.eks.data.aws_iam_session_context.current",
            "module.agent_cluster.module.eks.module.eks.data.aws_partition.current",
            "module.agent_cluster.module.eks.module.eks.data.tls_certificate.this",
            "module.agent_cluster.module.eks.module.eks.kubernetes_config_map.aws_auth",
            "module.agent_cluster.module.eks.module.eks.kubernetes_config_map_v1_data.aws_auth",
            "module.agent_cluster.module.eks.module.eks.module.eks_managed_node_group.aws_autoscaling_schedule.this",
            "module.agent_cluster.module.eks.module.eks.module.eks_managed_node_group.aws_eks_node_group.this",
            "module.agent_cluster.module.eks.module.eks.module.eks_managed_node_group.aws_iam_role.this",
            "module.agent_cluster.module.eks.module.eks.module.eks_managed_node_group.aws_iam_role_policy_attachment.additional",
            "module.agent_cluster.module.eks.module.eks.module.eks_managed_node_group.aws_iam_role_policy_attachment.this",
            "module.agent_cluster.module.eks.module.eks.module.eks_managed_node_group.aws_launch_template.this",
            "module.agent_cluster.module.eks.module.eks.module.eks_managed_node_group.data.aws_caller_identity.current",
            "module.agent_cluster.module.eks.module.eks.module.eks_managed_node_group.data.aws_iam_policy_document.assume_role_policy",
            "module.agent_cluster.module.eks.module.eks.module.eks_managed_node_group.data.aws_partition.current",
            "module.agent_cluster.module.eks.module.eks.module.eks_managed_node_group.module.user_data.data.cloudinit_config.linux_eks_managed_node_group",
            "module.agent_cluster.module.eks.module.eks.module.fargate_profile.aws_eks_fargate_profile.this",
            "module.agent_cluster.module.eks.module.eks.module.fargate_profile.aws_iam_role.this",
            "module.agent_cluster.module.eks.module.eks.module.fargate_profile.aws_iam_role_policy_attachment.additional",
            "module.agent_cluster.module.eks.module.eks.module.fargate_profile.aws_iam_role_policy_attachment.this",
            "module.agent_cluster.module.eks.module.eks.module.fargate_profile.data.aws_caller_identity.current",
            "module.agent_cluster.module.eks.module.eks.module.fargate_profile.data.aws_iam_policy_document.assume_role_policy",
            "module.agent_cluster.module.eks.module.eks.module.fargate_profile.data.aws_partition.current",
            "module.agent_cluster.module.eks.module.eks.module.kms.aws_kms_alias.this",
            "module.agent_cluster.module.eks.module.eks.module.kms.aws_kms_external_key.this",
            "module.agent_cluster.module.eks.module.eks.module.kms.aws_kms_grant.this",
            "module.agent_cluster.module.eks.module.eks.module.kms.aws_kms_key.this",
            "module.agent_cluster.module.eks.module.eks.module.kms.data.aws_caller_identity.current",
            "module.agent_cluster.module.eks.module.eks.module.kms.data.aws_iam_policy_document.this",
            "module.agent_cluster.module.eks.module.eks.module.kms.data.aws_partition.current",
            "module.agent_cluster.module.eks.module.eks.module.self_managed_node_group.aws_autoscaling_group.this",
            "module.agent_cluster.module.eks.module.eks.module.self_managed_node_group.aws_autoscaling_schedule.this",
            "module.agent_cluster.module.eks.module.eks.module.self_managed_node_group.aws_iam_instance_profile.this",
            "module.agent_cluster.module.eks.module.eks.module.self_managed_node_group.aws_iam_role.this",
            "module.agent_cluster.module.eks.module.eks.module.self_managed_node_group.aws_iam_role_policy_attachment.additional",
            "module.agent_cluster.module.eks.module.eks.module.self_managed_node_group.aws_iam_role_policy_attachment.this",
            "module.agent_cluster.module.eks.module.eks.module.self_managed_node_group.aws_launch_template.this",
            "module.agent_cluster.module.eks.module.eks.module.self_managed_node_group.data.aws_ami.eks_default",
            "module.agent_cluster.module.eks.module.eks.module.self_managed_node_group.data.aws_caller_identity.current",
            "module.agent_cluster.module.eks.module.eks.module.self_managed_node_group.data.aws_iam_policy_document.assume_role_policy",
            "module.agent_cluster.module.eks.module.eks.module.self_managed_node_group.data.aws_partition.current",
            "module.agent_cluster.module.eks.module.eks.module.self_managed_node_group.module.user_data.data.cloudinit_config.linux_eks_managed_node_group",
            "module.agent_cluster.module.eks.module.eks.time_sleep.this",
            "module.agent_cluster.module.vpc.data.aws_ec2_instance_type_offerings.supported_azs",
            "module.agent_cluster.module.vpc.module.vpc.aws_cloudwatch_log_group.flow_log",
            "module.agent_cluster.module.vpc.module.vpc.aws_customer_gateway.this",
            "module.agent_cluster.module.vpc.module.vpc.aws_db_subnet_group.database",
            "module.agent_cluster.module.vpc.module.vpc.aws_default_network_acl.this",
            "module.agent_cluster.module.vpc.module.vpc.aws_default_route_table.default",
            "module.agent_cluster.module.vpc.module.vpc.aws_default_security_group.this",
            "module.agent_cluster.module.vpc.module.vpc.aws_default_vpc.this",
            "module.agent_cluster.module.vpc.module.vpc.aws_egress_only_internet_gateway.this",
            "module.agent_cluster.module.vpc.module.vpc.aws_eip.nat",
            "module.agent_cluster.module.vpc.module.vpc.aws_elasticache_subnet_group.elasticache",
            "module.agent_cluster.module.vpc.module.vpc.aws_flow_log.this",
            "module.agent_cluster.module.vpc.module.vpc.aws_iam_policy.vpc_flow_log_cloudwatch",
            "module.agent_cluster.module.vpc.module.vpc.aws_iam_role.vpc_flow_log_cloudwatch",
            "module.agent_cluster.module.vpc.module.vpc.aws_iam_role_policy_attachment.vpc_flow_log_cloudwatch",
            "module.agent_cluster.module.vpc.module.vpc.aws_internet_gateway.this",
            "module.agent_cluster.module.vpc.module.vpc.aws_nat_gateway.this",
            "module.agent_cluster.module.vpc.module.vpc.aws_network_acl.database",
            "module.agent_cluster.module.vpc.module.vpc.aws_network_acl.elasticache",
            "module.agent_cluster.module.vpc.module.vpc.aws_network_acl.intra",
            "module.agent_cluster.module.vpc.module.vpc.aws_network_acl.outpost",
            "module.agent_cluster.module.vpc.module.vpc.aws_network_acl.private",
            "module.agent_cluster.module.vpc.module.vpc.aws_network_acl.public",
            "module.agent_cluster.module.vpc.module.vpc.aws_network_acl.redshift",
            "module.agent_cluster.module.vpc.module.vpc.aws_network_acl_rule.database_inbound",
            "module.agent_cluster.module.vpc.module.vpc.aws_network_acl_rule.database_outbound",
            "module.agent_cluster.module.vpc.module.vpc.aws_network_acl_rule.elasticache_inbound",
            "module.agent_cluster.module.vpc.module.vpc.aws_network_acl_rule.elasticache_outbound",
            "module.agent_cluster.module.vpc.module.vpc.aws_network_acl_rule.intra_inbound",
            "module.agent_cluster.module.vpc.module.vpc.aws_network_acl_rule.intra_outbound",
            "module.agent_cluster.module.vpc.module.vpc.aws_network_acl_rule.outpost_inbound",
            "module.agent_cluster.module.vpc.module.vpc.aws_network_acl_rule.outpost_outbound",
            "module.agent_cluster.module.vpc.module.vpc.aws_network_acl_rule.private_inbound",
            "module.agent_cluster.module.vpc.module.vpc.aws_network_acl_rule.private_outbound",
            "module.agent_cluster.module.vpc.module.vpc.aws_network_acl_rule.public_inbound",
            "module.agent_cluster.module.vpc.module.vpc.aws_network_acl_rule.public_outbound",
            "module.agent_cluster.module.vpc.module.vpc.aws_network_acl_rule.redshift_inbound",
            "module.agent_cluster.module.vpc.module.vpc.aws_network_acl_rule.redshift_outbound",
            "module.agent_cluster.module.vpc.module.vpc.aws_redshift_subnet_group.redshift",
            "module.agent_cluster.module.vpc.module.vpc.aws_route.database_dns64_nat_gateway",
            "module.agent_cluster.module.vpc.module.vpc.aws_route.database_internet_gateway",
            "module.agent_cluster.module.vpc.module.vpc.aws_route.database_ipv6_egress",
            "module.agent_cluster.module.vpc.module.vpc.aws_route.database_nat_gateway",
            "module.agent_cluster.module.vpc.module.vpc.aws_route.private_dns64_nat_gateway",
            "module.agent_cluster.module.vpc.module.vpc.aws_route.private_ipv6_egress",
            "module.agent_cluster.module.vpc.module.vpc.aws_route.private_nat_gateway",
            "module.agent_cluster.module.vpc.module.vpc.aws_route.public_internet_gateway",
            "module.agent_cluster.module.vpc.module.vpc.aws_route.public_internet_gateway_ipv6",
            "module.agent_cluster.module.vpc.module.vpc.aws_route_table.database",
            "module.agent_cluster.module.vpc.module.vpc.aws_route_table.elasticache",
            "module.agent_cluster.module.vpc.module.vpc.aws_route_table.intra",
            "module.agent_cluster.module.vpc.module.vpc.aws_route_table.private",
            "module.agent_cluster.module.vpc.module.vpc.aws_route_table.public",
            "module.agent_cluster.module.vpc.module.vpc.aws_route_table.redshift",
            "module.agent_cluster.module.vpc.module.vpc.aws_route_table_association.database",
            "module.agent_cluster.module.vpc.module.vpc.aws_route_table_association.elasticache",
            "module.agent_cluster.module.vpc.module.vpc.aws_route_table_association.intra",
            "module.agent_cluster.module.vpc.module.vpc.aws_route_table_association.outpost",
            "module.agent_cluster.module.vpc.module.vpc.aws_route_table_association.private",
            "module.agent_cluster.module.vpc.module.vpc.aws_route_table_association.public",
            "module.agent_cluster.module.vpc.module.vpc.aws_route_table_association.redshift",
            "module.agent_cluster.module.vpc.module.vpc.aws_route_table_association.redshift_public",
            "module.agent_cluster.module.vpc.module.vpc.aws_subnet.database",
            "module.agent_cluster.module.vpc.module.vpc.aws_subnet.elasticache",
            "module.agent_cluster.module.vpc.module.vpc.aws_subnet.intra",
            "module.agent_cluster.module.vpc.module.vpc.aws_subnet.outpost",
            "module.agent_cluster.module.vpc.module.vpc.aws_subnet.private",
            "module.agent_cluster.module.vpc.module.vpc.aws_subnet.public",
            "module.agent_cluster.module.vpc.module.vpc.aws_subnet.redshift",
            "module.agent_cluster.module.vpc.module.vpc.aws_vpc.this",
            "module.agent_cluster.module.vpc.module.vpc.aws_vpc_dhcp_options.this",
            "module.agent_cluster.module.vpc.module.vpc.aws_vpc_dhcp_options_association.this",
            "module.agent_cluster.module.vpc.module.vpc.aws_vpc_ipv4_cidr_block_association.this",
            "module.agent_cluster.module.vpc.module.vpc.aws_vpn_gateway.this",
            "module.agent_cluster.module.vpc.module.vpc.aws_vpn_gateway_attachment.this",
            "module.agent_cluster.module.vpc.module.vpc.aws_vpn_gateway_route_propagation.intra",
            "module.agent_cluster.module.vpc.module.vpc.aws_vpn_gateway_route_propagation.private",
            "module.agent_cluster.module.vpc.module.vpc.aws_vpn_gateway_route_propagation.public",
            "module.agent_cluster.module.vpc.module.vpc.data.aws_iam_policy_document.flow_log_cloudwatch_assume_role",
            "module.agent_cluster.module.vpc.module.vpc.data.aws_iam_policy_document.vpc_flow_log_cloudwatch"
          ]
        }
      ]
    },
    {
      "module": "module.agent_cluster.module.csi_driver.module.oidc-provider-data",
      "mode": "data",
      "type": "aws_caller_identity",
      "name": "current",
      "provider": "provider[\"registry.terraform.io/hashicorp/aws\"]",
      "instances": [
        {
          "schema_version": 0,
          "attributes": {
            "account_id": "343806850935",
            "arn": "arn:aws:sts::343806850935:assumed-role/AWSReservedSSO_AdministratorAccess_9999c6a81f899fc6/liran.farage",
            "id": "343806850935",
            "user_id": "AROAVADD4G53SNEMOUQ3Q:liran.farage"
          },
          "sensitive_attributes": []
        }
      ]
    },
    {
      "module": "module.agent_cluster.module.csi_driver.module.oidc-provider-data",
      "mode": "data",
      "type": "aws_eks_cluster",
      "name": "cluster",
      "provider": "provider[\"registry.terraform.io/hashicorp/aws\"]",
      "instances": [
        {
          "schema_version": 0,
          "attributes": {
            "arn": "arn:aws:eks:us-east-1:343806850935:cluster/liran-demo",
            "certificate_authority": [
              {
                "data": "LS0tLS1CRUdJTiBDRVJUSUZJQ0FURS0tLS0tCk1JSUMvakNDQWVhZ0F3SUJBZ0lCQURBTkJna3Foa2lHOXcwQkFRc0ZBREFWTVJNd0VRWURWUVFERXdwcmRXSmwKY201bGRHVnpNQjRYRFRJek1EY3pNREUwTlRVMU1sb1hEVE16TURjeU56RTBOVFUxTWxvd0ZURVRNQkVHQTFVRQpBeE1LYTNWaVpYSnVaWFJsY3pDQ0FTSXdEUVlKS29aSWh2Y05BUUVCQlFBRGdnRVBBRENDQVFvQ2dnRUJBTTJOCjkyaHdHRXphc0pqZDFSekFBWi9aRkR3YStSclpNZ2h6NytaZjRYVXloVHZXcjJLNFRMY2FSeUthZjFha0pvYmUKV0pkTVNvei85WWIyZkY5MytwTmc0UVhDdjQ3RHFZN0dDS29GNHBqTlhlUnF3eUFZTWpwbVpTRmFramNGd2lQNApCZ2pPc2t5cDdFb1h1L2RqNUR4dmt2d3o2R2ptZjdvd0xGc1M2YlZpREg2OW1LTGd6WEprOEpHMjRCVld2VEM1Ck9VR082TEsyN29OeXJYK0NkOEQ1U1JWS0lPTExwK2JiZG1MaFY5R2ZtOTVScGcrSGVyMXBud1RLRGxZODRRMGEKNTYrZHVrSkFRcThTYzhqSisyU2xrYjQzbFJFWEZqMUgyL0luNzZIZWxybUtMQjlFVUtxRHNHYi9YaVVTbTh3bgo1cXBYc3pwcUZRTHplN21UakRjQ0F3RUFBYU5aTUZjd0RnWURWUjBQQVFIL0JBUURBZ0trTUE4R0ExVWRFd0VCCi93UUZNQU1CQWY4d0hRWURWUjBPQkJZRUZBLzZ3aElGVWRXZ1VQclFpV2RsZGJIR0tPZTNNQlVHQTFVZEVRUU8KTUF5Q0NtdDFZbVZ5Ym1WMFpYTXdEUVlKS29aSWh2Y05BUUVMQlFBRGdnRUJBRGVwOEkrZ3UybkhHVmdYZHVQSApPemYzMklBUTZJY3RSRlluaXp0RTR3bFI3cjRwSGlCMmRScVp6Qm81Q0dPSHg2dzltVlhRalZ0QURpM1ZiR21ECmN6cEc2K2dzVUo0WXRhZmc1V3pYMzQ3R3E5amU2YXdKTitySXZLa0lJRHgxWkNsenVqZnE5S2xndTVkQUlmL24KZkRISlptckREcnNVZFRMc1czWkpwYnBYOVFzaHZxaFU5aW5WTklvWXdtdGpQSjdlS2JjMnVmMHJxRCsvbTFBOApLaVdaVVdVa3pHallOakpKdW1xTk1kRnBWeFN5dzVNaEFDcXgxTHpPbk4wcVB2dXExWEFNZEE1Vmd0eDRKZXdXCndYNVVnSUFHbWJieS84MldRc0JOcTRlVmpyQnVYTHhLMGQrRURnK1pNckpNMnVTd2RmWEd1RXllc0tNTGhUSWQKMnRjPQotLS0tLUVORCBDRVJUSUZJQ0FURS0tLS0tCg=="
              }
            ],
            "cluster_id": null,
            "created_at": "2023-07-30 14:50:46.419 +0000 UTC",
            "enabled_cluster_log_types": [
              "api",
              "controllerManager",
              "scheduler"
            ],
            "endpoint": "https://62D4566A7CE7025A45C7512362B8F5C5.gr7.us-east-1.eks.amazonaws.com",
            "id": "liran-demo",
            "identity": [
              {
                "oidc": [
                  {
                    "issuer": "https://oidc.eks.us-east-1.amazonaws.com/id/62D4566A7CE7025A45C7512362B8F5C5"
                  }
                ]
              }
            ],
            "kubernetes_network_config": [
              {
                "ip_family": "ipv4",
                "service_ipv4_cidr": "10.100.0.0/16",
                "service_ipv6_cidr": ""
              }
            ],
            "name": "liran-demo",
            "outpost_config": [],
            "platform_version": "eks.3",
            "role_arn": "arn:aws:iam::343806850935:role/liran-demo-cluster-20230730145017389900000002",
            "status": "ACTIVE",
            "tags": {},
            "version": "1.27",
            "vpc_config": [
              {
                "cluster_security_group_id": "sg-0ac222225c4a74c98",
                "endpoint_private_access": true,
                "endpoint_public_access": true,
                "public_access_cidrs": [
                  "0.0.0.0/0"
                ],
                "security_group_ids": [
                  "sg-0b4a6dc4f1ff9702b"
                ],
                "subnet_ids": [
                  "subnet-00c090af3650f585d",
                  "subnet-01dd2fb3b36ae2b2f",
                  "subnet-043abbeea034e9d95",
                  "subnet-04423e002f03b0a03",
                  "subnet-0a0c30f2decf0124d"
                ],
                "vpc_id": "vpc-0c1bb5f6db309b819"
              }
            ]
          },
          "sensitive_attributes": []
        }
      ]
    },
    {
      "module": "module.agent_cluster.module.csi_driver.module.oidc-provider-data",
      "mode": "data",
      "type": "aws_partition",
      "name": "current",
      "provider": "provider[\"registry.terraform.io/hashicorp/aws\"]",
      "instances": [
        {
          "schema_version": 0,
          "attributes": {
            "dns_suffix": "amazonaws.com",
            "id": "aws",
            "partition": "aws",
            "reverse_dns_prefix": "com.amazonaws"
          },
          "sensitive_attributes": []
        }
      ]
    },
    {
      "module": "module.agent_cluster.module.efs",
      "mode": "data",
      "type": "aws_eks_cluster",
      "name": "cluster",
      "provider": "provider[\"registry.terraform.io/hashicorp/aws\"]",
      "instances": [
        {
          "schema_version": 0,
          "attributes": {
            "arn": "arn:aws:eks:us-east-1:343806850935:cluster/liran-demo",
            "certificate_authority": [
              {
                "data": "LS0tLS1CRUdJTiBDRVJUSUZJQ0FURS0tLS0tCk1JSUMvakNDQWVhZ0F3SUJBZ0lCQURBTkJna3Foa2lHOXcwQkFRc0ZBREFWTVJNd0VRWURWUVFERXdwcmRXSmwKY201bGRHVnpNQjRYRFRJek1EY3pNREUwTlRVMU1sb1hEVE16TURjeU56RTBOVFUxTWxvd0ZURVRNQkVHQTFVRQpBeE1LYTNWaVpYSnVaWFJsY3pDQ0FTSXdEUVlKS29aSWh2Y05BUUVCQlFBRGdnRVBBRENDQVFvQ2dnRUJBTTJOCjkyaHdHRXphc0pqZDFSekFBWi9aRkR3YStSclpNZ2h6NytaZjRYVXloVHZXcjJLNFRMY2FSeUthZjFha0pvYmUKV0pkTVNvei85WWIyZkY5MytwTmc0UVhDdjQ3RHFZN0dDS29GNHBqTlhlUnF3eUFZTWpwbVpTRmFramNGd2lQNApCZ2pPc2t5cDdFb1h1L2RqNUR4dmt2d3o2R2ptZjdvd0xGc1M2YlZpREg2OW1LTGd6WEprOEpHMjRCVld2VEM1Ck9VR082TEsyN29OeXJYK0NkOEQ1U1JWS0lPTExwK2JiZG1MaFY5R2ZtOTVScGcrSGVyMXBud1RLRGxZODRRMGEKNTYrZHVrSkFRcThTYzhqSisyU2xrYjQzbFJFWEZqMUgyL0luNzZIZWxybUtMQjlFVUtxRHNHYi9YaVVTbTh3bgo1cXBYc3pwcUZRTHplN21UakRjQ0F3RUFBYU5aTUZjd0RnWURWUjBQQVFIL0JBUURBZ0trTUE4R0ExVWRFd0VCCi93UUZNQU1CQWY4d0hRWURWUjBPQkJZRUZBLzZ3aElGVWRXZ1VQclFpV2RsZGJIR0tPZTNNQlVHQTFVZEVRUU8KTUF5Q0NtdDFZbVZ5Ym1WMFpYTXdEUVlKS29aSWh2Y05BUUVMQlFBRGdnRUJBRGVwOEkrZ3UybkhHVmdYZHVQSApPemYzMklBUTZJY3RSRlluaXp0RTR3bFI3cjRwSGlCMmRScVp6Qm81Q0dPSHg2dzltVlhRalZ0QURpM1ZiR21ECmN6cEc2K2dzVUo0WXRhZmc1V3pYMzQ3R3E5amU2YXdKTitySXZLa0lJRHgxWkNsenVqZnE5S2xndTVkQUlmL24KZkRISlptckREcnNVZFRMc1czWkpwYnBYOVFzaHZxaFU5aW5WTklvWXdtdGpQSjdlS2JjMnVmMHJxRCsvbTFBOApLaVdaVVdVa3pHallOakpKdW1xTk1kRnBWeFN5dzVNaEFDcXgxTHpPbk4wcVB2dXExWEFNZEE1Vmd0eDRKZXdXCndYNVVnSUFHbWJieS84MldRc0JOcTRlVmpyQnVYTHhLMGQrRURnK1pNckpNMnVTd2RmWEd1RXllc0tNTGhUSWQKMnRjPQotLS0tLUVORCBDRVJUSUZJQ0FURS0tLS0tCg=="
              }
            ],
            "cluster_id": null,
            "created_at": "2023-07-30 14:50:46.419 +0000 UTC",
            "enabled_cluster_log_types": [
              "api",
              "controllerManager",
              "scheduler"
            ],
            "endpoint": "https://62D4566A7CE7025A45C7512362B8F5C5.gr7.us-east-1.eks.amazonaws.com",
            "id": "liran-demo",
            "identity": [
              {
                "oidc": [
                  {
                    "issuer": "https://oidc.eks.us-east-1.amazonaws.com/id/62D4566A7CE7025A45C7512362B8F5C5"
                  }
                ]
              }
            ],
            "kubernetes_network_config": [
              {
                "ip_family": "ipv4",
                "service_ipv4_cidr": "10.100.0.0/16",
                "service_ipv6_cidr": ""
              }
            ],
            "name": "liran-demo",
            "outpost_config": [],
            "platform_version": "eks.3",
            "role_arn": "arn:aws:iam::343806850935:role/liran-demo-cluster-20230730145017389900000002",
            "status": "ACTIVE",
            "tags": {},
            "version": "1.27",
            "vpc_config": [
              {
                "cluster_security_group_id": "sg-0ac222225c4a74c98",
                "endpoint_private_access": true,
                "endpoint_public_access": true,
                "public_access_cidrs": [
                  "0.0.0.0/0"
                ],
                "security_group_ids": [
                  "sg-0b4a6dc4f1ff9702b"
                ],
                "subnet_ids": [
                  "subnet-00c090af3650f585d",
                  "subnet-01dd2fb3b36ae2b2f",
                  "subnet-043abbeea034e9d95",
                  "subnet-04423e002f03b0a03",
                  "subnet-0a0c30f2decf0124d"
                ],
                "vpc_id": "vpc-0c1bb5f6db309b819"
              }
            ]
          },
          "sensitive_attributes": []
        }
      ]
    },
    {
      "module": "module.agent_cluster.module.efs.module.efs",
      "mode": "managed",
      "type": "aws_efs_backup_policy",
      "name": "policy",
      "provider": "provider[\"registry.terraform.io/hashicorp/aws\"]",
      "instances": [
        {
          "index_key": 0,
          "schema_version": 0,
          "attributes": {
            "backup_policy": [
              {
                "status": "ENABLED"
              }
            ],
            "file_system_id": "fs-09ce86b960dfd39b3",
            "id": "fs-09ce86b960dfd39b3"
          },
          "sensitive_attributes": [],
          "private": "bnVsbA==",
          "dependencies": [
            "data.aws_eks_cluster.my_eks",
            "module.agent_cluster.data.aws_eks_cluster.my_eks",
            "module.agent_cluster.module.efs.data.aws_eks_cluster.cluster",
            "module.agent_cluster.module.efs.module.efs.aws_efs_file_system.default",
            "module.agent_cluster.module.eks.data.aws_subnets.private",
            "module.agent_cluster.module.eks.module.eks.aws_cloudwatch_log_group.this",
            "module.agent_cluster.module.eks.module.eks.aws_ec2_tag.cluster_primary_security_group",
            "module.agent_cluster.module.eks.module.eks.aws_eks_addon.before_compute",
            "module.agent_cluster.module.eks.module.eks.aws_eks_addon.this",
            "module.agent_cluster.module.eks.module.eks.aws_eks_cluster.this",
            "module.agent_cluster.module.eks.module.eks.aws_eks_identity_provider_config.this",
            "module.agent_cluster.module.eks.module.eks.aws_iam_openid_connect_provider.oidc_provider",
            "module.agent_cluster.module.eks.module.eks.aws_iam_policy.cluster_encryption",
            "module.agent_cluster.module.eks.module.eks.aws_iam_policy.cni_ipv6_policy",
            "module.agent_cluster.module.eks.module.eks.aws_iam_role.this",
            "module.agent_cluster.module.eks.module.eks.aws_iam_role_policy_attachment.additional",
            "module.agent_cluster.module.eks.module.eks.aws_iam_role_policy_attachment.cluster_encryption",
            "module.agent_cluster.module.eks.module.eks.aws_iam_role_policy_attachment.this",
            "module.agent_cluster.module.eks.module.eks.aws_security_group.cluster",
            "module.agent_cluster.module.eks.module.eks.aws_security_group.node",
            "module.agent_cluster.module.eks.module.eks.aws_security_group_rule.cluster",
            "module.agent_cluster.module.eks.module.eks.aws_security_group_rule.node",
            "module.agent_cluster.module.eks.module.eks.data.aws_caller_identity.current",
            "module.agent_cluster.module.eks.module.eks.data.aws_eks_addon_version.this",
            "module.agent_cluster.module.eks.module.eks.data.aws_iam_policy_document.assume_role_policy",
            "module.agent_cluster.module.eks.module.eks.data.aws_iam_policy_document.cni_ipv6_policy",
            "module.agent_cluster.module.eks.module.eks.data.aws_iam_session_context.current",
            "module.agent_cluster.module.eks.module.eks.data.aws_partition.current",
            "module.agent_cluster.module.eks.module.eks.data.tls_certificate.this",
            "module.agent_cluster.module.eks.module.eks.kubernetes_config_map.aws_auth",
            "module.agent_cluster.module.eks.module.eks.kubernetes_config_map_v1_data.aws_auth",
            "module.agent_cluster.module.eks.module.eks.module.eks_managed_node_group.aws_autoscaling_schedule.this",
            "module.agent_cluster.module.eks.module.eks.module.eks_managed_node_group.aws_eks_node_group.this",
            "module.agent_cluster.module.eks.module.eks.module.eks_managed_node_group.aws_iam_role.this",
            "module.agent_cluster.module.eks.module.eks.module.eks_managed_node_group.aws_iam_role_policy_attachment.additional",
            "module.agent_cluster.module.eks.module.eks.module.eks_managed_node_group.aws_iam_role_policy_attachment.this",
            "module.agent_cluster.module.eks.module.eks.module.eks_managed_node_group.aws_launch_template.this",
            "module.agent_cluster.module.eks.module.eks.module.eks_managed_node_group.data.aws_caller_identity.current",
            "module.agent_cluster.module.eks.module.eks.module.eks_managed_node_group.data.aws_iam_policy_document.assume_role_policy",
            "module.agent_cluster.module.eks.module.eks.module.eks_managed_node_group.data.aws_partition.current",
            "module.agent_cluster.module.eks.module.eks.module.eks_managed_node_group.module.user_data.data.cloudinit_config.linux_eks_managed_node_group",
            "module.agent_cluster.module.eks.module.eks.module.fargate_profile.aws_eks_fargate_profile.this",
            "module.agent_cluster.module.eks.module.eks.module.fargate_profile.aws_iam_role.this",
            "module.agent_cluster.module.eks.module.eks.module.fargate_profile.aws_iam_role_policy_attachment.additional",
            "module.agent_cluster.module.eks.module.eks.module.fargate_profile.aws_iam_role_policy_attachment.this",
            "module.agent_cluster.module.eks.module.eks.module.fargate_profile.data.aws_caller_identity.current",
            "module.agent_cluster.module.eks.module.eks.module.fargate_profile.data.aws_iam_policy_document.assume_role_policy",
            "module.agent_cluster.module.eks.module.eks.module.fargate_profile.data.aws_partition.current",
            "module.agent_cluster.module.eks.module.eks.module.kms.aws_kms_alias.this",
            "module.agent_cluster.module.eks.module.eks.module.kms.aws_kms_external_key.this",
            "module.agent_cluster.module.eks.module.eks.module.kms.aws_kms_grant.this",
            "module.agent_cluster.module.eks.module.eks.module.kms.aws_kms_key.this",
            "module.agent_cluster.module.eks.module.eks.module.kms.data.aws_caller_identity.current",
            "module.agent_cluster.module.eks.module.eks.module.kms.data.aws_iam_policy_document.this",
            "module.agent_cluster.module.eks.module.eks.module.kms.data.aws_partition.current",
            "module.agent_cluster.module.eks.module.eks.module.self_managed_node_group.aws_autoscaling_group.this",
            "module.agent_cluster.module.eks.module.eks.module.self_managed_node_group.aws_autoscaling_schedule.this",
            "module.agent_cluster.module.eks.module.eks.module.self_managed_node_group.aws_iam_instance_profile.this",
            "module.agent_cluster.module.eks.module.eks.module.self_managed_node_group.aws_iam_role.this",
            "module.agent_cluster.module.eks.module.eks.module.self_managed_node_group.aws_iam_role_policy_attachment.additional",
            "module.agent_cluster.module.eks.module.eks.module.self_managed_node_group.aws_iam_role_policy_attachment.this",
            "module.agent_cluster.module.eks.module.eks.module.self_managed_node_group.aws_launch_template.this",
            "module.agent_cluster.module.eks.module.eks.module.self_managed_node_group.data.aws_ami.eks_default",
            "module.agent_cluster.module.eks.module.eks.module.self_managed_node_group.data.aws_caller_identity.current",
            "module.agent_cluster.module.eks.module.eks.module.self_managed_node_group.data.aws_iam_policy_document.assume_role_policy",
            "module.agent_cluster.module.eks.module.eks.module.self_managed_node_group.data.aws_partition.current",
            "module.agent_cluster.module.eks.module.eks.module.self_managed_node_group.module.user_data.data.cloudinit_config.linux_eks_managed_node_group",
            "module.agent_cluster.module.eks.module.eks.time_sleep.this",
            "module.agent_cluster.module.vpc.data.aws_ec2_instance_type_offerings.supported_azs",
            "module.agent_cluster.module.vpc.module.vpc.aws_cloudwatch_log_group.flow_log",
            "module.agent_cluster.module.vpc.module.vpc.aws_customer_gateway.this",
            "module.agent_cluster.module.vpc.module.vpc.aws_db_subnet_group.database",
            "module.agent_cluster.module.vpc.module.vpc.aws_default_network_acl.this",
            "module.agent_cluster.module.vpc.module.vpc.aws_default_route_table.default",
            "module.agent_cluster.module.vpc.module.vpc.aws_default_security_group.this",
            "module.agent_cluster.module.vpc.module.vpc.aws_default_vpc.this",
            "module.agent_cluster.module.vpc.module.vpc.aws_egress_only_internet_gateway.this",
            "module.agent_cluster.module.vpc.module.vpc.aws_eip.nat",
            "module.agent_cluster.module.vpc.module.vpc.aws_elasticache_subnet_group.elasticache",
            "module.agent_cluster.module.vpc.module.vpc.aws_flow_log.this",
            "module.agent_cluster.module.vpc.module.vpc.aws_iam_policy.vpc_flow_log_cloudwatch",
            "module.agent_cluster.module.vpc.module.vpc.aws_iam_role.vpc_flow_log_cloudwatch",
            "module.agent_cluster.module.vpc.module.vpc.aws_iam_role_policy_attachment.vpc_flow_log_cloudwatch",
            "module.agent_cluster.module.vpc.module.vpc.aws_internet_gateway.this",
            "module.agent_cluster.module.vpc.module.vpc.aws_nat_gateway.this",
            "module.agent_cluster.module.vpc.module.vpc.aws_network_acl.database",
            "module.agent_cluster.module.vpc.module.vpc.aws_network_acl.elasticache",
            "module.agent_cluster.module.vpc.module.vpc.aws_network_acl.intra",
            "module.agent_cluster.module.vpc.module.vpc.aws_network_acl.outpost",
            "module.agent_cluster.module.vpc.module.vpc.aws_network_acl.private",
            "module.agent_cluster.module.vpc.module.vpc.aws_network_acl.public",
            "module.agent_cluster.module.vpc.module.vpc.aws_network_acl.redshift",
            "module.agent_cluster.module.vpc.module.vpc.aws_network_acl_rule.database_inbound",
            "module.agent_cluster.module.vpc.module.vpc.aws_network_acl_rule.database_outbound",
            "module.agent_cluster.module.vpc.module.vpc.aws_network_acl_rule.elasticache_inbound",
            "module.agent_cluster.module.vpc.module.vpc.aws_network_acl_rule.elasticache_outbound",
            "module.agent_cluster.module.vpc.module.vpc.aws_network_acl_rule.intra_inbound",
            "module.agent_cluster.module.vpc.module.vpc.aws_network_acl_rule.intra_outbound",
            "module.agent_cluster.module.vpc.module.vpc.aws_network_acl_rule.outpost_inbound",
            "module.agent_cluster.module.vpc.module.vpc.aws_network_acl_rule.outpost_outbound",
            "module.agent_cluster.module.vpc.module.vpc.aws_network_acl_rule.private_inbound",
            "module.agent_cluster.module.vpc.module.vpc.aws_network_acl_rule.private_outbound",
            "module.agent_cluster.module.vpc.module.vpc.aws_network_acl_rule.public_inbound",
            "module.agent_cluster.module.vpc.module.vpc.aws_network_acl_rule.public_outbound",
            "module.agent_cluster.module.vpc.module.vpc.aws_network_acl_rule.redshift_inbound",
            "module.agent_cluster.module.vpc.module.vpc.aws_network_acl_rule.redshift_outbound",
            "module.agent_cluster.module.vpc.module.vpc.aws_redshift_subnet_group.redshift",
            "module.agent_cluster.module.vpc.module.vpc.aws_route.database_dns64_nat_gateway",
            "module.agent_cluster.module.vpc.module.vpc.aws_route.database_internet_gateway",
            "module.agent_cluster.module.vpc.module.vpc.aws_route.database_ipv6_egress",
            "module.agent_cluster.module.vpc.module.vpc.aws_route.database_nat_gateway",
            "module.agent_cluster.module.vpc.module.vpc.aws_route.private_dns64_nat_gateway",
            "module.agent_cluster.module.vpc.module.vpc.aws_route.private_ipv6_egress",
            "module.agent_cluster.module.vpc.module.vpc.aws_route.private_nat_gateway",
            "module.agent_cluster.module.vpc.module.vpc.aws_route.public_internet_gateway",
            "module.agent_cluster.module.vpc.module.vpc.aws_route.public_internet_gateway_ipv6",
            "module.agent_cluster.module.vpc.module.vpc.aws_route_table.database",
            "module.agent_cluster.module.vpc.module.vpc.aws_route_table.elasticache",
            "module.agent_cluster.module.vpc.module.vpc.aws_route_table.intra",
            "module.agent_cluster.module.vpc.module.vpc.aws_route_table.private",
            "module.agent_cluster.module.vpc.module.vpc.aws_route_table.public",
            "module.agent_cluster.module.vpc.module.vpc.aws_route_table.redshift",
            "module.agent_cluster.module.vpc.module.vpc.aws_route_table_association.database",
            "module.agent_cluster.module.vpc.module.vpc.aws_route_table_association.elasticache",
            "module.agent_cluster.module.vpc.module.vpc.aws_route_table_association.intra",
            "module.agent_cluster.module.vpc.module.vpc.aws_route_table_association.outpost",
            "module.agent_cluster.module.vpc.module.vpc.aws_route_table_association.private",
            "module.agent_cluster.module.vpc.module.vpc.aws_route_table_association.public",
            "module.agent_cluster.module.vpc.module.vpc.aws_route_table_association.redshift",
            "module.agent_cluster.module.vpc.module.vpc.aws_route_table_association.redshift_public",
            "module.agent_cluster.module.vpc.module.vpc.aws_subnet.database",
            "module.agent_cluster.module.vpc.module.vpc.aws_subnet.elasticache",
            "module.agent_cluster.module.vpc.module.vpc.aws_subnet.intra",
            "module.agent_cluster.module.vpc.module.vpc.aws_subnet.outpost",
            "module.agent_cluster.module.vpc.module.vpc.aws_subnet.private",
            "module.agent_cluster.module.vpc.module.vpc.aws_subnet.public",
            "module.agent_cluster.module.vpc.module.vpc.aws_subnet.redshift",
            "module.agent_cluster.module.vpc.module.vpc.aws_vpc.this",
            "module.agent_cluster.module.vpc.module.vpc.aws_vpc_dhcp_options.this",
            "module.agent_cluster.module.vpc.module.vpc.aws_vpc_dhcp_options_association.this",
            "module.agent_cluster.module.vpc.module.vpc.aws_vpc_ipv4_cidr_block_association.this",
            "module.agent_cluster.module.vpc.module.vpc.aws_vpn_gateway.this",
            "module.agent_cluster.module.vpc.module.vpc.aws_vpn_gateway_attachment.this",
            "module.agent_cluster.module.vpc.module.vpc.aws_vpn_gateway_route_propagation.intra",
            "module.agent_cluster.module.vpc.module.vpc.aws_vpn_gateway_route_propagation.private",
            "module.agent_cluster.module.vpc.module.vpc.aws_vpn_gateway_route_propagation.public",
            "module.agent_cluster.module.vpc.module.vpc.data.aws_iam_policy_document.flow_log_cloudwatch_assume_role",
            "module.agent_cluster.module.vpc.module.vpc.data.aws_iam_policy_document.vpc_flow_log_cloudwatch"
          ]
        }
      ]
    },
    {
      "module": "module.agent_cluster.module.efs.module.efs",
      "mode": "managed",
      "type": "aws_efs_file_system",
      "name": "default",
      "provider": "provider[\"registry.terraform.io/hashicorp/aws\"]",
      "instances": [
        {
          "index_key": 0,
          "schema_version": 0,
          "attributes": {
            "arn": "arn:aws:elasticfilesystem:us-east-1:343806850935:file-system/fs-09ce86b960dfd39b3",
            "availability_zone_id": "",
            "availability_zone_name": "",
            "creation_token": "terraform-20230730150436494000000011",
            "dns_name": "fs-09ce86b960dfd39b3.efs.us-east-1.amazonaws.com",
            "encrypted": true,
            "id": "fs-09ce86b960dfd39b3",
            "kms_key_id": "arn:aws:kms:us-east-1:343806850935:key/5428aece-86d4-42eb-8bc4-5f7494684a26",
            "lifecycle_policy": [
              {
                "transition_to_ia": "AFTER_7_DAYS",
                "transition_to_primary_storage_class": ""
              }
            ],
            "number_of_mount_targets": 0,
            "owner_id": "343806850935",
            "performance_mode": "generalPurpose",
            "provisioned_throughput_in_mibps": 0,
            "size_in_bytes": [
              {
                "value": 6144,
                "value_in_ia": 0,
                "value_in_standard": 6144
              }
            ],
            "tags": {
              "Name": "liran-demo-state-efs"
            },
            "tags_all": {
              "Name": "liran-demo-state-efs"
            },
            "throughput_mode": "bursting"
          },
          "sensitive_attributes": [],
          "private": "bnVsbA==",
          "dependencies": [
            "data.aws_eks_cluster.my_eks",
            "module.agent_cluster.data.aws_eks_cluster.my_eks",
            "module.agent_cluster.module.efs.data.aws_eks_cluster.cluster",
            "module.agent_cluster.module.eks.data.aws_subnets.private",
            "module.agent_cluster.module.eks.module.eks.aws_cloudwatch_log_group.this",
            "module.agent_cluster.module.eks.module.eks.aws_ec2_tag.cluster_primary_security_group",
            "module.agent_cluster.module.eks.module.eks.aws_eks_addon.before_compute",
            "module.agent_cluster.module.eks.module.eks.aws_eks_addon.this",
            "module.agent_cluster.module.eks.module.eks.aws_eks_cluster.this",
            "module.agent_cluster.module.eks.module.eks.aws_eks_identity_provider_config.this",
            "module.agent_cluster.module.eks.module.eks.aws_iam_openid_connect_provider.oidc_provider",
            "module.agent_cluster.module.eks.module.eks.aws_iam_policy.cluster_encryption",
            "module.agent_cluster.module.eks.module.eks.aws_iam_policy.cni_ipv6_policy",
            "module.agent_cluster.module.eks.module.eks.aws_iam_role.this",
            "module.agent_cluster.module.eks.module.eks.aws_iam_role_policy_attachment.additional",
            "module.agent_cluster.module.eks.module.eks.aws_iam_role_policy_attachment.cluster_encryption",
            "module.agent_cluster.module.eks.module.eks.aws_iam_role_policy_attachment.this",
            "module.agent_cluster.module.eks.module.eks.aws_security_group.cluster",
            "module.agent_cluster.module.eks.module.eks.aws_security_group.node",
            "module.agent_cluster.module.eks.module.eks.aws_security_group_rule.cluster",
            "module.agent_cluster.module.eks.module.eks.aws_security_group_rule.node",
            "module.agent_cluster.module.eks.module.eks.data.aws_caller_identity.current",
            "module.agent_cluster.module.eks.module.eks.data.aws_eks_addon_version.this",
            "module.agent_cluster.module.eks.module.eks.data.aws_iam_policy_document.assume_role_policy",
            "module.agent_cluster.module.eks.module.eks.data.aws_iam_policy_document.cni_ipv6_policy",
            "module.agent_cluster.module.eks.module.eks.data.aws_iam_session_context.current",
            "module.agent_cluster.module.eks.module.eks.data.aws_partition.current",
            "module.agent_cluster.module.eks.module.eks.data.tls_certificate.this",
            "module.agent_cluster.module.eks.module.eks.kubernetes_config_map.aws_auth",
            "module.agent_cluster.module.eks.module.eks.kubernetes_config_map_v1_data.aws_auth",
            "module.agent_cluster.module.eks.module.eks.module.eks_managed_node_group.aws_autoscaling_schedule.this",
            "module.agent_cluster.module.eks.module.eks.module.eks_managed_node_group.aws_eks_node_group.this",
            "module.agent_cluster.module.eks.module.eks.module.eks_managed_node_group.aws_iam_role.this",
            "module.agent_cluster.module.eks.module.eks.module.eks_managed_node_group.aws_iam_role_policy_attachment.additional",
            "module.agent_cluster.module.eks.module.eks.module.eks_managed_node_group.aws_iam_role_policy_attachment.this",
            "module.agent_cluster.module.eks.module.eks.module.eks_managed_node_group.aws_launch_template.this",
            "module.agent_cluster.module.eks.module.eks.module.eks_managed_node_group.data.aws_caller_identity.current",
            "module.agent_cluster.module.eks.module.eks.module.eks_managed_node_group.data.aws_iam_policy_document.assume_role_policy",
            "module.agent_cluster.module.eks.module.eks.module.eks_managed_node_group.data.aws_partition.current",
            "module.agent_cluster.module.eks.module.eks.module.eks_managed_node_group.module.user_data.data.cloudinit_config.linux_eks_managed_node_group",
            "module.agent_cluster.module.eks.module.eks.module.fargate_profile.aws_eks_fargate_profile.this",
            "module.agent_cluster.module.eks.module.eks.module.fargate_profile.aws_iam_role.this",
            "module.agent_cluster.module.eks.module.eks.module.fargate_profile.aws_iam_role_policy_attachment.additional",
            "module.agent_cluster.module.eks.module.eks.module.fargate_profile.aws_iam_role_policy_attachment.this",
            "module.agent_cluster.module.eks.module.eks.module.fargate_profile.data.aws_caller_identity.current",
            "module.agent_cluster.module.eks.module.eks.module.fargate_profile.data.aws_iam_policy_document.assume_role_policy",
            "module.agent_cluster.module.eks.module.eks.module.fargate_profile.data.aws_partition.current",
            "module.agent_cluster.module.eks.module.eks.module.kms.aws_kms_alias.this",
            "module.agent_cluster.module.eks.module.eks.module.kms.aws_kms_external_key.this",
            "module.agent_cluster.module.eks.module.eks.module.kms.aws_kms_grant.this",
            "module.agent_cluster.module.eks.module.eks.module.kms.aws_kms_key.this",
            "module.agent_cluster.module.eks.module.eks.module.kms.data.aws_caller_identity.current",
            "module.agent_cluster.module.eks.module.eks.module.kms.data.aws_iam_policy_document.this",
            "module.agent_cluster.module.eks.module.eks.module.kms.data.aws_partition.current",
            "module.agent_cluster.module.eks.module.eks.module.self_managed_node_group.aws_autoscaling_group.this",
            "module.agent_cluster.module.eks.module.eks.module.self_managed_node_group.aws_autoscaling_schedule.this",
            "module.agent_cluster.module.eks.module.eks.module.self_managed_node_group.aws_iam_instance_profile.this",
            "module.agent_cluster.module.eks.module.eks.module.self_managed_node_group.aws_iam_role.this",
            "module.agent_cluster.module.eks.module.eks.module.self_managed_node_group.aws_iam_role_policy_attachment.additional",
            "module.agent_cluster.module.eks.module.eks.module.self_managed_node_group.aws_iam_role_policy_attachment.this",
            "module.agent_cluster.module.eks.module.eks.module.self_managed_node_group.aws_launch_template.this",
            "module.agent_cluster.module.eks.module.eks.module.self_managed_node_group.data.aws_ami.eks_default",
            "module.agent_cluster.module.eks.module.eks.module.self_managed_node_group.data.aws_caller_identity.current",
            "module.agent_cluster.module.eks.module.eks.module.self_managed_node_group.data.aws_iam_policy_document.assume_role_policy",
            "module.agent_cluster.module.eks.module.eks.module.self_managed_node_group.data.aws_partition.current",
            "module.agent_cluster.module.eks.module.eks.module.self_managed_node_group.module.user_data.data.cloudinit_config.linux_eks_managed_node_group",
            "module.agent_cluster.module.eks.module.eks.time_sleep.this",
            "module.agent_cluster.module.vpc.data.aws_ec2_instance_type_offerings.supported_azs",
            "module.agent_cluster.module.vpc.module.vpc.aws_cloudwatch_log_group.flow_log",
            "module.agent_cluster.module.vpc.module.vpc.aws_customer_gateway.this",
            "module.agent_cluster.module.vpc.module.vpc.aws_db_subnet_group.database",
            "module.agent_cluster.module.vpc.module.vpc.aws_default_network_acl.this",
            "module.agent_cluster.module.vpc.module.vpc.aws_default_route_table.default",
            "module.agent_cluster.module.vpc.module.vpc.aws_default_security_group.this",
            "module.agent_cluster.module.vpc.module.vpc.aws_default_vpc.this",
            "module.agent_cluster.module.vpc.module.vpc.aws_egress_only_internet_gateway.this",
            "module.agent_cluster.module.vpc.module.vpc.aws_eip.nat",
            "module.agent_cluster.module.vpc.module.vpc.aws_elasticache_subnet_group.elasticache",
            "module.agent_cluster.module.vpc.module.vpc.aws_flow_log.this",
            "module.agent_cluster.module.vpc.module.vpc.aws_iam_policy.vpc_flow_log_cloudwatch",
            "module.agent_cluster.module.vpc.module.vpc.aws_iam_role.vpc_flow_log_cloudwatch",
            "module.agent_cluster.module.vpc.module.vpc.aws_iam_role_policy_attachment.vpc_flow_log_cloudwatch",
            "module.agent_cluster.module.vpc.module.vpc.aws_internet_gateway.this",
            "module.agent_cluster.module.vpc.module.vpc.aws_nat_gateway.this",
            "module.agent_cluster.module.vpc.module.vpc.aws_network_acl.database",
            "module.agent_cluster.module.vpc.module.vpc.aws_network_acl.elasticache",
            "module.agent_cluster.module.vpc.module.vpc.aws_network_acl.intra",
            "module.agent_cluster.module.vpc.module.vpc.aws_network_acl.outpost",
            "module.agent_cluster.module.vpc.module.vpc.aws_network_acl.private",
            "module.agent_cluster.module.vpc.module.vpc.aws_network_acl.public",
            "module.agent_cluster.module.vpc.module.vpc.aws_network_acl.redshift",
            "module.agent_cluster.module.vpc.module.vpc.aws_network_acl_rule.database_inbound",
            "module.agent_cluster.module.vpc.module.vpc.aws_network_acl_rule.database_outbound",
            "module.agent_cluster.module.vpc.module.vpc.aws_network_acl_rule.elasticache_inbound",
            "module.agent_cluster.module.vpc.module.vpc.aws_network_acl_rule.elasticache_outbound",
            "module.agent_cluster.module.vpc.module.vpc.aws_network_acl_rule.intra_inbound",
            "module.agent_cluster.module.vpc.module.vpc.aws_network_acl_rule.intra_outbound",
            "module.agent_cluster.module.vpc.module.vpc.aws_network_acl_rule.outpost_inbound",
            "module.agent_cluster.module.vpc.module.vpc.aws_network_acl_rule.outpost_outbound",
            "module.agent_cluster.module.vpc.module.vpc.aws_network_acl_rule.private_inbound",
            "module.agent_cluster.module.vpc.module.vpc.aws_network_acl_rule.private_outbound",
            "module.agent_cluster.module.vpc.module.vpc.aws_network_acl_rule.public_inbound",
            "module.agent_cluster.module.vpc.module.vpc.aws_network_acl_rule.public_outbound",
            "module.agent_cluster.module.vpc.module.vpc.aws_network_acl_rule.redshift_inbound",
            "module.agent_cluster.module.vpc.module.vpc.aws_network_acl_rule.redshift_outbound",
            "module.agent_cluster.module.vpc.module.vpc.aws_redshift_subnet_group.redshift",
            "module.agent_cluster.module.vpc.module.vpc.aws_route.database_dns64_nat_gateway",
            "module.agent_cluster.module.vpc.module.vpc.aws_route.database_internet_gateway",
            "module.agent_cluster.module.vpc.module.vpc.aws_route.database_ipv6_egress",
            "module.agent_cluster.module.vpc.module.vpc.aws_route.database_nat_gateway",
            "module.agent_cluster.module.vpc.module.vpc.aws_route.private_dns64_nat_gateway",
            "module.agent_cluster.module.vpc.module.vpc.aws_route.private_ipv6_egress",
            "module.agent_cluster.module.vpc.module.vpc.aws_route.private_nat_gateway",
            "module.agent_cluster.module.vpc.module.vpc.aws_route.public_internet_gateway",
            "module.agent_cluster.module.vpc.module.vpc.aws_route.public_internet_gateway_ipv6",
            "module.agent_cluster.module.vpc.module.vpc.aws_route_table.database",
            "module.agent_cluster.module.vpc.module.vpc.aws_route_table.elasticache",
            "module.agent_cluster.module.vpc.module.vpc.aws_route_table.intra",
            "module.agent_cluster.module.vpc.module.vpc.aws_route_table.private",
            "module.agent_cluster.module.vpc.module.vpc.aws_route_table.public",
            "module.agent_cluster.module.vpc.module.vpc.aws_route_table.redshift",
            "module.agent_cluster.module.vpc.module.vpc.aws_route_table_association.database",
            "module.agent_cluster.module.vpc.module.vpc.aws_route_table_association.elasticache",
            "module.agent_cluster.module.vpc.module.vpc.aws_route_table_association.intra",
            "module.agent_cluster.module.vpc.module.vpc.aws_route_table_association.outpost",
            "module.agent_cluster.module.vpc.module.vpc.aws_route_table_association.private",
            "module.agent_cluster.module.vpc.module.vpc.aws_route_table_association.public",
            "module.agent_cluster.module.vpc.module.vpc.aws_route_table_association.redshift",
            "module.agent_cluster.module.vpc.module.vpc.aws_route_table_association.redshift_public",
            "module.agent_cluster.module.vpc.module.vpc.aws_subnet.database",
            "module.agent_cluster.module.vpc.module.vpc.aws_subnet.elasticache",
            "module.agent_cluster.module.vpc.module.vpc.aws_subnet.intra",
            "module.agent_cluster.module.vpc.module.vpc.aws_subnet.outpost",
            "module.agent_cluster.module.vpc.module.vpc.aws_subnet.private",
            "module.agent_cluster.module.vpc.module.vpc.aws_subnet.public",
            "module.agent_cluster.module.vpc.module.vpc.aws_subnet.redshift",
            "module.agent_cluster.module.vpc.module.vpc.aws_vpc.this",
            "module.agent_cluster.module.vpc.module.vpc.aws_vpc_dhcp_options.this",
            "module.agent_cluster.module.vpc.module.vpc.aws_vpc_dhcp_options_association.this",
            "module.agent_cluster.module.vpc.module.vpc.aws_vpc_ipv4_cidr_block_association.this",
            "module.agent_cluster.module.vpc.module.vpc.aws_vpn_gateway.this",
            "module.agent_cluster.module.vpc.module.vpc.aws_vpn_gateway_attachment.this",
            "module.agent_cluster.module.vpc.module.vpc.aws_vpn_gateway_route_propagation.intra",
            "module.agent_cluster.module.vpc.module.vpc.aws_vpn_gateway_route_propagation.private",
            "module.agent_cluster.module.vpc.module.vpc.aws_vpn_gateway_route_propagation.public",
            "module.agent_cluster.module.vpc.module.vpc.data.aws_iam_policy_document.flow_log_cloudwatch_assume_role",
            "module.agent_cluster.module.vpc.module.vpc.data.aws_iam_policy_document.vpc_flow_log_cloudwatch"
          ]
        }
      ]
    },
    {
      "module": "module.agent_cluster.module.efs.module.efs",
      "mode": "managed",
      "type": "aws_efs_mount_target",
      "name": "default",
      "provider": "provider[\"registry.terraform.io/hashicorp/aws\"]",
      "instances": [
        {
          "index_key": 0,
          "schema_version": 0,
          "attributes": {
            "availability_zone_id": "use1-az1",
            "availability_zone_name": "us-east-1a",
            "dns_name": "fs-09ce86b960dfd39b3.efs.us-east-1.amazonaws.com",
            "file_system_arn": "arn:aws:elasticfilesystem:us-east-1:343806850935:file-system/fs-09ce86b960dfd39b3",
            "file_system_id": "fs-09ce86b960dfd39b3",
            "id": "fsmt-05beabe33cf9ea090",
            "ip_address": "172.16.4.42",
            "mount_target_dns_name": "us-east-1a.fs-09ce86b960dfd39b3.efs.us-east-1.amazonaws.com",
            "network_interface_id": "eni-0b8766dc88abc226d",
            "owner_id": "343806850935",
            "security_groups": [
              "sg-0ec4f1106acfea179"
            ],
            "subnet_id": "subnet-043abbeea034e9d95",
            "timeouts": null
          },
          "sensitive_attributes": [],
          "private": "eyJlMmJmYjczMC1lY2FhLTExZTYtOGY4OC0zNDM2M2JjN2M0YzAiOnsiY3JlYXRlIjoxODAwMDAwMDAwMDAwLCJkZWxldGUiOjYwMDAwMDAwMDAwMH19",
          "dependencies": [
            "data.aws_eks_cluster.my_eks",
            "module.agent_cluster.data.aws_eks_cluster.my_eks",
            "module.agent_cluster.data.aws_subnets.private",
            "module.agent_cluster.module.efs.data.aws_eks_cluster.cluster",
            "module.agent_cluster.module.efs.module.efs.aws_efs_file_system.default",
            "module.agent_cluster.module.efs.module.efs.module.security_group.aws_security_group.cbd",
            "module.agent_cluster.module.efs.module.efs.module.security_group.aws_security_group.default",
            "module.agent_cluster.module.eks.data.aws_subnets.private",
            "module.agent_cluster.module.eks.module.eks.aws_cloudwatch_log_group.this",
            "module.agent_cluster.module.eks.module.eks.aws_ec2_tag.cluster_primary_security_group",
            "module.agent_cluster.module.eks.module.eks.aws_eks_addon.before_compute",
            "module.agent_cluster.module.eks.module.eks.aws_eks_addon.this",
            "module.agent_cluster.module.eks.module.eks.aws_eks_cluster.this",
            "module.agent_cluster.module.eks.module.eks.aws_eks_identity_provider_config.this",
            "module.agent_cluster.module.eks.module.eks.aws_iam_openid_connect_provider.oidc_provider",
            "module.agent_cluster.module.eks.module.eks.aws_iam_policy.cluster_encryption",
            "module.agent_cluster.module.eks.module.eks.aws_iam_policy.cni_ipv6_policy",
            "module.agent_cluster.module.eks.module.eks.aws_iam_role.this",
            "module.agent_cluster.module.eks.module.eks.aws_iam_role_policy_attachment.additional",
            "module.agent_cluster.module.eks.module.eks.aws_iam_role_policy_attachment.cluster_encryption",
            "module.agent_cluster.module.eks.module.eks.aws_iam_role_policy_attachment.this",
            "module.agent_cluster.module.eks.module.eks.aws_security_group.cluster",
            "module.agent_cluster.module.eks.module.eks.aws_security_group.node",
            "module.agent_cluster.module.eks.module.eks.aws_security_group_rule.cluster",
            "module.agent_cluster.module.eks.module.eks.aws_security_group_rule.node",
            "module.agent_cluster.module.eks.module.eks.data.aws_caller_identity.current",
            "module.agent_cluster.module.eks.module.eks.data.aws_eks_addon_version.this",
            "module.agent_cluster.module.eks.module.eks.data.aws_iam_policy_document.assume_role_policy",
            "module.agent_cluster.module.eks.module.eks.data.aws_iam_policy_document.cni_ipv6_policy",
            "module.agent_cluster.module.eks.module.eks.data.aws_iam_session_context.current",
            "module.agent_cluster.module.eks.module.eks.data.aws_partition.current",
            "module.agent_cluster.module.eks.module.eks.data.tls_certificate.this",
            "module.agent_cluster.module.eks.module.eks.kubernetes_config_map.aws_auth",
            "module.agent_cluster.module.eks.module.eks.kubernetes_config_map_v1_data.aws_auth",
            "module.agent_cluster.module.eks.module.eks.module.eks_managed_node_group.aws_autoscaling_schedule.this",
            "module.agent_cluster.module.eks.module.eks.module.eks_managed_node_group.aws_eks_node_group.this",
            "module.agent_cluster.module.eks.module.eks.module.eks_managed_node_group.aws_iam_role.this",
            "module.agent_cluster.module.eks.module.eks.module.eks_managed_node_group.aws_iam_role_policy_attachment.additional",
            "module.agent_cluster.module.eks.module.eks.module.eks_managed_node_group.aws_iam_role_policy_attachment.this",
            "module.agent_cluster.module.eks.module.eks.module.eks_managed_node_group.aws_launch_template.this",
            "module.agent_cluster.module.eks.module.eks.module.eks_managed_node_group.data.aws_caller_identity.current",
            "module.agent_cluster.module.eks.module.eks.module.eks_managed_node_group.data.aws_iam_policy_document.assume_role_policy",
            "module.agent_cluster.module.eks.module.eks.module.eks_managed_node_group.data.aws_partition.current",
            "module.agent_cluster.module.eks.module.eks.module.eks_managed_node_group.module.user_data.data.cloudinit_config.linux_eks_managed_node_group",
            "module.agent_cluster.module.eks.module.eks.module.fargate_profile.aws_eks_fargate_profile.this",
            "module.agent_cluster.module.eks.module.eks.module.fargate_profile.aws_iam_role.this",
            "module.agent_cluster.module.eks.module.eks.module.fargate_profile.aws_iam_role_policy_attachment.additional",
            "module.agent_cluster.module.eks.module.eks.module.fargate_profile.aws_iam_role_policy_attachment.this",
            "module.agent_cluster.module.eks.module.eks.module.fargate_profile.data.aws_caller_identity.current",
            "module.agent_cluster.module.eks.module.eks.module.fargate_profile.data.aws_iam_policy_document.assume_role_policy",
            "module.agent_cluster.module.eks.module.eks.module.fargate_profile.data.aws_partition.current",
            "module.agent_cluster.module.eks.module.eks.module.kms.aws_kms_alias.this",
            "module.agent_cluster.module.eks.module.eks.module.kms.aws_kms_external_key.this",
            "module.agent_cluster.module.eks.module.eks.module.kms.aws_kms_grant.this",
            "module.agent_cluster.module.eks.module.eks.module.kms.aws_kms_key.this",
            "module.agent_cluster.module.eks.module.eks.module.kms.data.aws_caller_identity.current",
            "module.agent_cluster.module.eks.module.eks.module.kms.data.aws_iam_policy_document.this",
            "module.agent_cluster.module.eks.module.eks.module.kms.data.aws_partition.current",
            "module.agent_cluster.module.eks.module.eks.module.self_managed_node_group.aws_autoscaling_group.this",
            "module.agent_cluster.module.eks.module.eks.module.self_managed_node_group.aws_autoscaling_schedule.this",
            "module.agent_cluster.module.eks.module.eks.module.self_managed_node_group.aws_iam_instance_profile.this",
            "module.agent_cluster.module.eks.module.eks.module.self_managed_node_group.aws_iam_role.this",
            "module.agent_cluster.module.eks.module.eks.module.self_managed_node_group.aws_iam_role_policy_attachment.additional",
            "module.agent_cluster.module.eks.module.eks.module.self_managed_node_group.aws_iam_role_policy_attachment.this",
            "module.agent_cluster.module.eks.module.eks.module.self_managed_node_group.aws_launch_template.this",
            "module.agent_cluster.module.eks.module.eks.module.self_managed_node_group.data.aws_ami.eks_default",
            "module.agent_cluster.module.eks.module.eks.module.self_managed_node_group.data.aws_caller_identity.current",
            "module.agent_cluster.module.eks.module.eks.module.self_managed_node_group.data.aws_iam_policy_document.assume_role_policy",
            "module.agent_cluster.module.eks.module.eks.module.self_managed_node_group.data.aws_partition.current",
            "module.agent_cluster.module.eks.module.eks.module.self_managed_node_group.module.user_data.data.cloudinit_config.linux_eks_managed_node_group",
            "module.agent_cluster.module.eks.module.eks.time_sleep.this",
            "module.agent_cluster.module.vpc.data.aws_ec2_instance_type_offerings.supported_azs",
            "module.agent_cluster.module.vpc.module.vpc.aws_cloudwatch_log_group.flow_log",
            "module.agent_cluster.module.vpc.module.vpc.aws_customer_gateway.this",
            "module.agent_cluster.module.vpc.module.vpc.aws_db_subnet_group.database",
            "module.agent_cluster.module.vpc.module.vpc.aws_default_network_acl.this",
            "module.agent_cluster.module.vpc.module.vpc.aws_default_route_table.default",
            "module.agent_cluster.module.vpc.module.vpc.aws_default_security_group.this",
            "module.agent_cluster.module.vpc.module.vpc.aws_default_vpc.this",
            "module.agent_cluster.module.vpc.module.vpc.aws_egress_only_internet_gateway.this",
            "module.agent_cluster.module.vpc.module.vpc.aws_eip.nat",
            "module.agent_cluster.module.vpc.module.vpc.aws_elasticache_subnet_group.elasticache",
            "module.agent_cluster.module.vpc.module.vpc.aws_flow_log.this",
            "module.agent_cluster.module.vpc.module.vpc.aws_iam_policy.vpc_flow_log_cloudwatch",
            "module.agent_cluster.module.vpc.module.vpc.aws_iam_role.vpc_flow_log_cloudwatch",
            "module.agent_cluster.module.vpc.module.vpc.aws_iam_role_policy_attachment.vpc_flow_log_cloudwatch",
            "module.agent_cluster.module.vpc.module.vpc.aws_internet_gateway.this",
            "module.agent_cluster.module.vpc.module.vpc.aws_nat_gateway.this",
            "module.agent_cluster.module.vpc.module.vpc.aws_network_acl.database",
            "module.agent_cluster.module.vpc.module.vpc.aws_network_acl.elasticache",
            "module.agent_cluster.module.vpc.module.vpc.aws_network_acl.intra",
            "module.agent_cluster.module.vpc.module.vpc.aws_network_acl.outpost",
            "module.agent_cluster.module.vpc.module.vpc.aws_network_acl.private",
            "module.agent_cluster.module.vpc.module.vpc.aws_network_acl.public",
            "module.agent_cluster.module.vpc.module.vpc.aws_network_acl.redshift",
            "module.agent_cluster.module.vpc.module.vpc.aws_network_acl_rule.database_inbound",
            "module.agent_cluster.module.vpc.module.vpc.aws_network_acl_rule.database_outbound",
            "module.agent_cluster.module.vpc.module.vpc.aws_network_acl_rule.elasticache_inbound",
            "module.agent_cluster.module.vpc.module.vpc.aws_network_acl_rule.elasticache_outbound",
            "module.agent_cluster.module.vpc.module.vpc.aws_network_acl_rule.intra_inbound",
            "module.agent_cluster.module.vpc.module.vpc.aws_network_acl_rule.intra_outbound",
            "module.agent_cluster.module.vpc.module.vpc.aws_network_acl_rule.outpost_inbound",
            "module.agent_cluster.module.vpc.module.vpc.aws_network_acl_rule.outpost_outbound",
            "module.agent_cluster.module.vpc.module.vpc.aws_network_acl_rule.private_inbound",
            "module.agent_cluster.module.vpc.module.vpc.aws_network_acl_rule.private_outbound",
            "module.agent_cluster.module.vpc.module.vpc.aws_network_acl_rule.public_inbound",
            "module.agent_cluster.module.vpc.module.vpc.aws_network_acl_rule.public_outbound",
            "module.agent_cluster.module.vpc.module.vpc.aws_network_acl_rule.redshift_inbound",
            "module.agent_cluster.module.vpc.module.vpc.aws_network_acl_rule.redshift_outbound",
            "module.agent_cluster.module.vpc.module.vpc.aws_redshift_subnet_group.redshift",
            "module.agent_cluster.module.vpc.module.vpc.aws_route.database_dns64_nat_gateway",
            "module.agent_cluster.module.vpc.module.vpc.aws_route.database_internet_gateway",
            "module.agent_cluster.module.vpc.module.vpc.aws_route.database_ipv6_egress",
            "module.agent_cluster.module.vpc.module.vpc.aws_route.database_nat_gateway",
            "module.agent_cluster.module.vpc.module.vpc.aws_route.private_dns64_nat_gateway",
            "module.agent_cluster.module.vpc.module.vpc.aws_route.private_ipv6_egress",
            "module.agent_cluster.module.vpc.module.vpc.aws_route.private_nat_gateway",
            "module.agent_cluster.module.vpc.module.vpc.aws_route.public_internet_gateway",
            "module.agent_cluster.module.vpc.module.vpc.aws_route.public_internet_gateway_ipv6",
            "module.agent_cluster.module.vpc.module.vpc.aws_route_table.database",
            "module.agent_cluster.module.vpc.module.vpc.aws_route_table.elasticache",
            "module.agent_cluster.module.vpc.module.vpc.aws_route_table.intra",
            "module.agent_cluster.module.vpc.module.vpc.aws_route_table.private",
            "module.agent_cluster.module.vpc.module.vpc.aws_route_table.public",
            "module.agent_cluster.module.vpc.module.vpc.aws_route_table.redshift",
            "module.agent_cluster.module.vpc.module.vpc.aws_route_table_association.database",
            "module.agent_cluster.module.vpc.module.vpc.aws_route_table_association.elasticache",
            "module.agent_cluster.module.vpc.module.vpc.aws_route_table_association.intra",
            "module.agent_cluster.module.vpc.module.vpc.aws_route_table_association.outpost",
            "module.agent_cluster.module.vpc.module.vpc.aws_route_table_association.private",
            "module.agent_cluster.module.vpc.module.vpc.aws_route_table_association.public",
            "module.agent_cluster.module.vpc.module.vpc.aws_route_table_association.redshift",
            "module.agent_cluster.module.vpc.module.vpc.aws_route_table_association.redshift_public",
            "module.agent_cluster.module.vpc.module.vpc.aws_subnet.database",
            "module.agent_cluster.module.vpc.module.vpc.aws_subnet.elasticache",
            "module.agent_cluster.module.vpc.module.vpc.aws_subnet.intra",
            "module.agent_cluster.module.vpc.module.vpc.aws_subnet.outpost",
            "module.agent_cluster.module.vpc.module.vpc.aws_subnet.private",
            "module.agent_cluster.module.vpc.module.vpc.aws_subnet.public",
            "module.agent_cluster.module.vpc.module.vpc.aws_subnet.redshift",
            "module.agent_cluster.module.vpc.module.vpc.aws_vpc.this",
            "module.agent_cluster.module.vpc.module.vpc.aws_vpc_dhcp_options.this",
            "module.agent_cluster.module.vpc.module.vpc.aws_vpc_dhcp_options_association.this",
            "module.agent_cluster.module.vpc.module.vpc.aws_vpc_ipv4_cidr_block_association.this",
            "module.agent_cluster.module.vpc.module.vpc.aws_vpn_gateway.this",
            "module.agent_cluster.module.vpc.module.vpc.aws_vpn_gateway_attachment.this",
            "module.agent_cluster.module.vpc.module.vpc.aws_vpn_gateway_route_propagation.intra",
            "module.agent_cluster.module.vpc.module.vpc.aws_vpn_gateway_route_propagation.private",
            "module.agent_cluster.module.vpc.module.vpc.aws_vpn_gateway_route_propagation.public",
            "module.agent_cluster.module.vpc.module.vpc.data.aws_iam_policy_document.flow_log_cloudwatch_assume_role",
            "module.agent_cluster.module.vpc.module.vpc.data.aws_iam_policy_document.vpc_flow_log_cloudwatch"
          ]
        },
        {
          "index_key": 1,
          "schema_version": 0,
          "attributes": {
            "availability_zone_id": "use1-az2",
            "availability_zone_name": "us-east-1b",
            "dns_name": "fs-09ce86b960dfd39b3.efs.us-east-1.amazonaws.com",
            "file_system_arn": "arn:aws:elasticfilesystem:us-east-1:343806850935:file-system/fs-09ce86b960dfd39b3",
            "file_system_id": "fs-09ce86b960dfd39b3",
            "id": "fsmt-015cbf0d618a29323",
            "ip_address": "172.16.16.14",
            "mount_target_dns_name": "us-east-1b.fs-09ce86b960dfd39b3.efs.us-east-1.amazonaws.com",
            "network_interface_id": "eni-05055ea89dfcb2d3f",
            "owner_id": "343806850935",
            "security_groups": [
              "sg-0ec4f1106acfea179"
            ],
            "subnet_id": "subnet-0a0c30f2decf0124d",
            "timeouts": null
          },
          "sensitive_attributes": [],
          "private": "eyJlMmJmYjczMC1lY2FhLTExZTYtOGY4OC0zNDM2M2JjN2M0YzAiOnsiY3JlYXRlIjoxODAwMDAwMDAwMDAwLCJkZWxldGUiOjYwMDAwMDAwMDAwMH19",
          "dependencies": [
            "data.aws_eks_cluster.my_eks",
            "module.agent_cluster.data.aws_eks_cluster.my_eks",
            "module.agent_cluster.data.aws_subnets.private",
            "module.agent_cluster.module.efs.data.aws_eks_cluster.cluster",
            "module.agent_cluster.module.efs.module.efs.aws_efs_file_system.default",
            "module.agent_cluster.module.efs.module.efs.module.security_group.aws_security_group.cbd",
            "module.agent_cluster.module.efs.module.efs.module.security_group.aws_security_group.default",
            "module.agent_cluster.module.eks.data.aws_subnets.private",
            "module.agent_cluster.module.eks.module.eks.aws_cloudwatch_log_group.this",
            "module.agent_cluster.module.eks.module.eks.aws_ec2_tag.cluster_primary_security_group",
            "module.agent_cluster.module.eks.module.eks.aws_eks_addon.before_compute",
            "module.agent_cluster.module.eks.module.eks.aws_eks_addon.this",
            "module.agent_cluster.module.eks.module.eks.aws_eks_cluster.this",
            "module.agent_cluster.module.eks.module.eks.aws_eks_identity_provider_config.this",
            "module.agent_cluster.module.eks.module.eks.aws_iam_openid_connect_provider.oidc_provider",
            "module.agent_cluster.module.eks.module.eks.aws_iam_policy.cluster_encryption",
            "module.agent_cluster.module.eks.module.eks.aws_iam_policy.cni_ipv6_policy",
            "module.agent_cluster.module.eks.module.eks.aws_iam_role.this",
            "module.agent_cluster.module.eks.module.eks.aws_iam_role_policy_attachment.additional",
            "module.agent_cluster.module.eks.module.eks.aws_iam_role_policy_attachment.cluster_encryption",
            "module.agent_cluster.module.eks.module.eks.aws_iam_role_policy_attachment.this",
            "module.agent_cluster.module.eks.module.eks.aws_security_group.cluster",
            "module.agent_cluster.module.eks.module.eks.aws_security_group.node",
            "module.agent_cluster.module.eks.module.eks.aws_security_group_rule.cluster",
            "module.agent_cluster.module.eks.module.eks.aws_security_group_rule.node",
            "module.agent_cluster.module.eks.module.eks.data.aws_caller_identity.current",
            "module.agent_cluster.module.eks.module.eks.data.aws_eks_addon_version.this",
            "module.agent_cluster.module.eks.module.eks.data.aws_iam_policy_document.assume_role_policy",
            "module.agent_cluster.module.eks.module.eks.data.aws_iam_policy_document.cni_ipv6_policy",
            "module.agent_cluster.module.eks.module.eks.data.aws_iam_session_context.current",
            "module.agent_cluster.module.eks.module.eks.data.aws_partition.current",
            "module.agent_cluster.module.eks.module.eks.data.tls_certificate.this",
            "module.agent_cluster.module.eks.module.eks.kubernetes_config_map.aws_auth",
            "module.agent_cluster.module.eks.module.eks.kubernetes_config_map_v1_data.aws_auth",
            "module.agent_cluster.module.eks.module.eks.module.eks_managed_node_group.aws_autoscaling_schedule.this",
            "module.agent_cluster.module.eks.module.eks.module.eks_managed_node_group.aws_eks_node_group.this",
            "module.agent_cluster.module.eks.module.eks.module.eks_managed_node_group.aws_iam_role.this",
            "module.agent_cluster.module.eks.module.eks.module.eks_managed_node_group.aws_iam_role_policy_attachment.additional",
            "module.agent_cluster.module.eks.module.eks.module.eks_managed_node_group.aws_iam_role_policy_attachment.this",
            "module.agent_cluster.module.eks.module.eks.module.eks_managed_node_group.aws_launch_template.this",
            "module.agent_cluster.module.eks.module.eks.module.eks_managed_node_group.data.aws_caller_identity.current",
            "module.agent_cluster.module.eks.module.eks.module.eks_managed_node_group.data.aws_iam_policy_document.assume_role_policy",
            "module.agent_cluster.module.eks.module.eks.module.eks_managed_node_group.data.aws_partition.current",
            "module.agent_cluster.module.eks.module.eks.module.eks_managed_node_group.module.user_data.data.cloudinit_config.linux_eks_managed_node_group",
            "module.agent_cluster.module.eks.module.eks.module.fargate_profile.aws_eks_fargate_profile.this",
            "module.agent_cluster.module.eks.module.eks.module.fargate_profile.aws_iam_role.this",
            "module.agent_cluster.module.eks.module.eks.module.fargate_profile.aws_iam_role_policy_attachment.additional",
            "module.agent_cluster.module.eks.module.eks.module.fargate_profile.aws_iam_role_policy_attachment.this",
            "module.agent_cluster.module.eks.module.eks.module.fargate_profile.data.aws_caller_identity.current",
            "module.agent_cluster.module.eks.module.eks.module.fargate_profile.data.aws_iam_policy_document.assume_role_policy",
            "module.agent_cluster.module.eks.module.eks.module.fargate_profile.data.aws_partition.current",
            "module.agent_cluster.module.eks.module.eks.module.kms.aws_kms_alias.this",
            "module.agent_cluster.module.eks.module.eks.module.kms.aws_kms_external_key.this",
            "module.agent_cluster.module.eks.module.eks.module.kms.aws_kms_grant.this",
            "module.agent_cluster.module.eks.module.eks.module.kms.aws_kms_key.this",
            "module.agent_cluster.module.eks.module.eks.module.kms.data.aws_caller_identity.current",
            "module.agent_cluster.module.eks.module.eks.module.kms.data.aws_iam_policy_document.this",
            "module.agent_cluster.module.eks.module.eks.module.kms.data.aws_partition.current",
            "module.agent_cluster.module.eks.module.eks.module.self_managed_node_group.aws_autoscaling_group.this",
            "module.agent_cluster.module.eks.module.eks.module.self_managed_node_group.aws_autoscaling_schedule.this",
            "module.agent_cluster.module.eks.module.eks.module.self_managed_node_group.aws_iam_instance_profile.this",
            "module.agent_cluster.module.eks.module.eks.module.self_managed_node_group.aws_iam_role.this",
            "module.agent_cluster.module.eks.module.eks.module.self_managed_node_group.aws_iam_role_policy_attachment.additional",
            "module.agent_cluster.module.eks.module.eks.module.self_managed_node_group.aws_iam_role_policy_attachment.this",
            "module.agent_cluster.module.eks.module.eks.module.self_managed_node_group.aws_launch_template.this",
            "module.agent_cluster.module.eks.module.eks.module.self_managed_node_group.data.aws_ami.eks_default",
            "module.agent_cluster.module.eks.module.eks.module.self_managed_node_group.data.aws_caller_identity.current",
            "module.agent_cluster.module.eks.module.eks.module.self_managed_node_group.data.aws_iam_policy_document.assume_role_policy",
            "module.agent_cluster.module.eks.module.eks.module.self_managed_node_group.data.aws_partition.current",
            "module.agent_cluster.module.eks.module.eks.module.self_managed_node_group.module.user_data.data.cloudinit_config.linux_eks_managed_node_group",
            "module.agent_cluster.module.eks.module.eks.time_sleep.this",
            "module.agent_cluster.module.vpc.data.aws_ec2_instance_type_offerings.supported_azs",
            "module.agent_cluster.module.vpc.module.vpc.aws_cloudwatch_log_group.flow_log",
            "module.agent_cluster.module.vpc.module.vpc.aws_customer_gateway.this",
            "module.agent_cluster.module.vpc.module.vpc.aws_db_subnet_group.database",
            "module.agent_cluster.module.vpc.module.vpc.aws_default_network_acl.this",
            "module.agent_cluster.module.vpc.module.vpc.aws_default_route_table.default",
            "module.agent_cluster.module.vpc.module.vpc.aws_default_security_group.this",
            "module.agent_cluster.module.vpc.module.vpc.aws_default_vpc.this",
            "module.agent_cluster.module.vpc.module.vpc.aws_egress_only_internet_gateway.this",
            "module.agent_cluster.module.vpc.module.vpc.aws_eip.nat",
            "module.agent_cluster.module.vpc.module.vpc.aws_elasticache_subnet_group.elasticache",
            "module.agent_cluster.module.vpc.module.vpc.aws_flow_log.this",
            "module.agent_cluster.module.vpc.module.vpc.aws_iam_policy.vpc_flow_log_cloudwatch",
            "module.agent_cluster.module.vpc.module.vpc.aws_iam_role.vpc_flow_log_cloudwatch",
            "module.agent_cluster.module.vpc.module.vpc.aws_iam_role_policy_attachment.vpc_flow_log_cloudwatch",
            "module.agent_cluster.module.vpc.module.vpc.aws_internet_gateway.this",
            "module.agent_cluster.module.vpc.module.vpc.aws_nat_gateway.this",
            "module.agent_cluster.module.vpc.module.vpc.aws_network_acl.database",
            "module.agent_cluster.module.vpc.module.vpc.aws_network_acl.elasticache",
            "module.agent_cluster.module.vpc.module.vpc.aws_network_acl.intra",
            "module.agent_cluster.module.vpc.module.vpc.aws_network_acl.outpost",
            "module.agent_cluster.module.vpc.module.vpc.aws_network_acl.private",
            "module.agent_cluster.module.vpc.module.vpc.aws_network_acl.public",
            "module.agent_cluster.module.vpc.module.vpc.aws_network_acl.redshift",
            "module.agent_cluster.module.vpc.module.vpc.aws_network_acl_rule.database_inbound",
            "module.agent_cluster.module.vpc.module.vpc.aws_network_acl_rule.database_outbound",
            "module.agent_cluster.module.vpc.module.vpc.aws_network_acl_rule.elasticache_inbound",
            "module.agent_cluster.module.vpc.module.vpc.aws_network_acl_rule.elasticache_outbound",
            "module.agent_cluster.module.vpc.module.vpc.aws_network_acl_rule.intra_inbound",
            "module.agent_cluster.module.vpc.module.vpc.aws_network_acl_rule.intra_outbound",
            "module.agent_cluster.module.vpc.module.vpc.aws_network_acl_rule.outpost_inbound",
            "module.agent_cluster.module.vpc.module.vpc.aws_network_acl_rule.outpost_outbound",
            "module.agent_cluster.module.vpc.module.vpc.aws_network_acl_rule.private_inbound",
            "module.agent_cluster.module.vpc.module.vpc.aws_network_acl_rule.private_outbound",
            "module.agent_cluster.module.vpc.module.vpc.aws_network_acl_rule.public_inbound",
            "module.agent_cluster.module.vpc.module.vpc.aws_network_acl_rule.public_outbound",
            "module.agent_cluster.module.vpc.module.vpc.aws_network_acl_rule.redshift_inbound",
            "module.agent_cluster.module.vpc.module.vpc.aws_network_acl_rule.redshift_outbound",
            "module.agent_cluster.module.vpc.module.vpc.aws_redshift_subnet_group.redshift",
            "module.agent_cluster.module.vpc.module.vpc.aws_route.database_dns64_nat_gateway",
            "module.agent_cluster.module.vpc.module.vpc.aws_route.database_internet_gateway",
            "module.agent_cluster.module.vpc.module.vpc.aws_route.database_ipv6_egress",
            "module.agent_cluster.module.vpc.module.vpc.aws_route.database_nat_gateway",
            "module.agent_cluster.module.vpc.module.vpc.aws_route.private_dns64_nat_gateway",
            "module.agent_cluster.module.vpc.module.vpc.aws_route.private_ipv6_egress",
            "module.agent_cluster.module.vpc.module.vpc.aws_route.private_nat_gateway",
            "module.agent_cluster.module.vpc.module.vpc.aws_route.public_internet_gateway",
            "module.agent_cluster.module.vpc.module.vpc.aws_route.public_internet_gateway_ipv6",
            "module.agent_cluster.module.vpc.module.vpc.aws_route_table.database",
            "module.agent_cluster.module.vpc.module.vpc.aws_route_table.elasticache",
            "module.agent_cluster.module.vpc.module.vpc.aws_route_table.intra",
            "module.agent_cluster.module.vpc.module.vpc.aws_route_table.private",
            "module.agent_cluster.module.vpc.module.vpc.aws_route_table.public",
            "module.agent_cluster.module.vpc.module.vpc.aws_route_table.redshift",
            "module.agent_cluster.module.vpc.module.vpc.aws_route_table_association.database",
            "module.agent_cluster.module.vpc.module.vpc.aws_route_table_association.elasticache",
            "module.agent_cluster.module.vpc.module.vpc.aws_route_table_association.intra",
            "module.agent_cluster.module.vpc.module.vpc.aws_route_table_association.outpost",
            "module.agent_cluster.module.vpc.module.vpc.aws_route_table_association.private",
            "module.agent_cluster.module.vpc.module.vpc.aws_route_table_association.public",
            "module.agent_cluster.module.vpc.module.vpc.aws_route_table_association.redshift",
            "module.agent_cluster.module.vpc.module.vpc.aws_route_table_association.redshift_public",
            "module.agent_cluster.module.vpc.module.vpc.aws_subnet.database",
            "module.agent_cluster.module.vpc.module.vpc.aws_subnet.elasticache",
            "module.agent_cluster.module.vpc.module.vpc.aws_subnet.intra",
            "module.agent_cluster.module.vpc.module.vpc.aws_subnet.outpost",
            "module.agent_cluster.module.vpc.module.vpc.aws_subnet.private",
            "module.agent_cluster.module.vpc.module.vpc.aws_subnet.public",
            "module.agent_cluster.module.vpc.module.vpc.aws_subnet.redshift",
            "module.agent_cluster.module.vpc.module.vpc.aws_vpc.this",
            "module.agent_cluster.module.vpc.module.vpc.aws_vpc_dhcp_options.this",
            "module.agent_cluster.module.vpc.module.vpc.aws_vpc_dhcp_options_association.this",
            "module.agent_cluster.module.vpc.module.vpc.aws_vpc_ipv4_cidr_block_association.this",
            "module.agent_cluster.module.vpc.module.vpc.aws_vpn_gateway.this",
            "module.agent_cluster.module.vpc.module.vpc.aws_vpn_gateway_attachment.this",
            "module.agent_cluster.module.vpc.module.vpc.aws_vpn_gateway_route_propagation.intra",
            "module.agent_cluster.module.vpc.module.vpc.aws_vpn_gateway_route_propagation.private",
            "module.agent_cluster.module.vpc.module.vpc.aws_vpn_gateway_route_propagation.public",
            "module.agent_cluster.module.vpc.module.vpc.data.aws_iam_policy_document.flow_log_cloudwatch_assume_role",
            "module.agent_cluster.module.vpc.module.vpc.data.aws_iam_policy_document.vpc_flow_log_cloudwatch"
          ]
        },
        {
          "index_key": 2,
          "schema_version": 0,
          "attributes": {
            "availability_zone_id": "use1-az4",
            "availability_zone_name": "us-east-1c",
            "dns_name": "fs-09ce86b960dfd39b3.efs.us-east-1.amazonaws.com",
            "file_system_arn": "arn:aws:elasticfilesystem:us-east-1:343806850935:file-system/fs-09ce86b960dfd39b3",
            "file_system_id": "fs-09ce86b960dfd39b3",
            "id": "fsmt-0c7782768141308db",
            "ip_address": "172.16.36.89",
            "mount_target_dns_name": "us-east-1c.fs-09ce86b960dfd39b3.efs.us-east-1.amazonaws.com",
            "network_interface_id": "eni-002e50366d4504641",
            "owner_id": "343806850935",
            "security_groups": [
              "sg-0ec4f1106acfea179"
            ],
            "subnet_id": "subnet-04423e002f03b0a03",
            "timeouts": null
          },
          "sensitive_attributes": [],
          "private": "eyJlMmJmYjczMC1lY2FhLTExZTYtOGY4OC0zNDM2M2JjN2M0YzAiOnsiY3JlYXRlIjoxODAwMDAwMDAwMDAwLCJkZWxldGUiOjYwMDAwMDAwMDAwMH19",
          "dependencies": [
            "data.aws_eks_cluster.my_eks",
            "module.agent_cluster.data.aws_eks_cluster.my_eks",
            "module.agent_cluster.data.aws_subnets.private",
            "module.agent_cluster.module.efs.data.aws_eks_cluster.cluster",
            "module.agent_cluster.module.efs.module.efs.aws_efs_file_system.default",
            "module.agent_cluster.module.efs.module.efs.module.security_group.aws_security_group.cbd",
            "module.agent_cluster.module.efs.module.efs.module.security_group.aws_security_group.default",
            "module.agent_cluster.module.eks.data.aws_subnets.private",
            "module.agent_cluster.module.eks.module.eks.aws_cloudwatch_log_group.this",
            "module.agent_cluster.module.eks.module.eks.aws_ec2_tag.cluster_primary_security_group",
            "module.agent_cluster.module.eks.module.eks.aws_eks_addon.before_compute",
            "module.agent_cluster.module.eks.module.eks.aws_eks_addon.this",
            "module.agent_cluster.module.eks.module.eks.aws_eks_cluster.this",
            "module.agent_cluster.module.eks.module.eks.aws_eks_identity_provider_config.this",
            "module.agent_cluster.module.eks.module.eks.aws_iam_openid_connect_provider.oidc_provider",
            "module.agent_cluster.module.eks.module.eks.aws_iam_policy.cluster_encryption",
            "module.agent_cluster.module.eks.module.eks.aws_iam_policy.cni_ipv6_policy",
            "module.agent_cluster.module.eks.module.eks.aws_iam_role.this",
            "module.agent_cluster.module.eks.module.eks.aws_iam_role_policy_attachment.additional",
            "module.agent_cluster.module.eks.module.eks.aws_iam_role_policy_attachment.cluster_encryption",
            "module.agent_cluster.module.eks.module.eks.aws_iam_role_policy_attachment.this",
            "module.agent_cluster.module.eks.module.eks.aws_security_group.cluster",
            "module.agent_cluster.module.eks.module.eks.aws_security_group.node",
            "module.agent_cluster.module.eks.module.eks.aws_security_group_rule.cluster",
            "module.agent_cluster.module.eks.module.eks.aws_security_group_rule.node",
            "module.agent_cluster.module.eks.module.eks.data.aws_caller_identity.current",
            "module.agent_cluster.module.eks.module.eks.data.aws_eks_addon_version.this",
            "module.agent_cluster.module.eks.module.eks.data.aws_iam_policy_document.assume_role_policy",
            "module.agent_cluster.module.eks.module.eks.data.aws_iam_policy_document.cni_ipv6_policy",
            "module.agent_cluster.module.eks.module.eks.data.aws_iam_session_context.current",
            "module.agent_cluster.module.eks.module.eks.data.aws_partition.current",
            "module.agent_cluster.module.eks.module.eks.data.tls_certificate.this",
            "module.agent_cluster.module.eks.module.eks.kubernetes_config_map.aws_auth",
            "module.agent_cluster.module.eks.module.eks.kubernetes_config_map_v1_data.aws_auth",
            "module.agent_cluster.module.eks.module.eks.module.eks_managed_node_group.aws_autoscaling_schedule.this",
            "module.agent_cluster.module.eks.module.eks.module.eks_managed_node_group.aws_eks_node_group.this",
            "module.agent_cluster.module.eks.module.eks.module.eks_managed_node_group.aws_iam_role.this",
            "module.agent_cluster.module.eks.module.eks.module.eks_managed_node_group.aws_iam_role_policy_attachment.additional",
            "module.agent_cluster.module.eks.module.eks.module.eks_managed_node_group.aws_iam_role_policy_attachment.this",
            "module.agent_cluster.module.eks.module.eks.module.eks_managed_node_group.aws_launch_template.this",
            "module.agent_cluster.module.eks.module.eks.module.eks_managed_node_group.data.aws_caller_identity.current",
            "module.agent_cluster.module.eks.module.eks.module.eks_managed_node_group.data.aws_iam_policy_document.assume_role_policy",
            "module.agent_cluster.module.eks.module.eks.module.eks_managed_node_group.data.aws_partition.current",
            "module.agent_cluster.module.eks.module.eks.module.eks_managed_node_group.module.user_data.data.cloudinit_config.linux_eks_managed_node_group",
            "module.agent_cluster.module.eks.module.eks.module.fargate_profile.aws_eks_fargate_profile.this",
            "module.agent_cluster.module.eks.module.eks.module.fargate_profile.aws_iam_role.this",
            "module.agent_cluster.module.eks.module.eks.module.fargate_profile.aws_iam_role_policy_attachment.additional",
            "module.agent_cluster.module.eks.module.eks.module.fargate_profile.aws_iam_role_policy_attachment.this",
            "module.agent_cluster.module.eks.module.eks.module.fargate_profile.data.aws_caller_identity.current",
            "module.agent_cluster.module.eks.module.eks.module.fargate_profile.data.aws_iam_policy_document.assume_role_policy",
            "module.agent_cluster.module.eks.module.eks.module.fargate_profile.data.aws_partition.current",
            "module.agent_cluster.module.eks.module.eks.module.kms.aws_kms_alias.this",
            "module.agent_cluster.module.eks.module.eks.module.kms.aws_kms_external_key.this",
            "module.agent_cluster.module.eks.module.eks.module.kms.aws_kms_grant.this",
            "module.agent_cluster.module.eks.module.eks.module.kms.aws_kms_key.this",
            "module.agent_cluster.module.eks.module.eks.module.kms.data.aws_caller_identity.current",
            "module.agent_cluster.module.eks.module.eks.module.kms.data.aws_iam_policy_document.this",
            "module.agent_cluster.module.eks.module.eks.module.kms.data.aws_partition.current",
            "module.agent_cluster.module.eks.module.eks.module.self_managed_node_group.aws_autoscaling_group.this",
            "module.agent_cluster.module.eks.module.eks.module.self_managed_node_group.aws_autoscaling_schedule.this",
            "module.agent_cluster.module.eks.module.eks.module.self_managed_node_group.aws_iam_instance_profile.this",
            "module.agent_cluster.module.eks.module.eks.module.self_managed_node_group.aws_iam_role.this",
            "module.agent_cluster.module.eks.module.eks.module.self_managed_node_group.aws_iam_role_policy_attachment.additional",
            "module.agent_cluster.module.eks.module.eks.module.self_managed_node_group.aws_iam_role_policy_attachment.this",
            "module.agent_cluster.module.eks.module.eks.module.self_managed_node_group.aws_launch_template.this",
            "module.agent_cluster.module.eks.module.eks.module.self_managed_node_group.data.aws_ami.eks_default",
            "module.agent_cluster.module.eks.module.eks.module.self_managed_node_group.data.aws_caller_identity.current",
            "module.agent_cluster.module.eks.module.eks.module.self_managed_node_group.data.aws_iam_policy_document.assume_role_policy",
            "module.agent_cluster.module.eks.module.eks.module.self_managed_node_group.data.aws_partition.current",
            "module.agent_cluster.module.eks.module.eks.module.self_managed_node_group.module.user_data.data.cloudinit_config.linux_eks_managed_node_group",
            "module.agent_cluster.module.eks.module.eks.time_sleep.this",
            "module.agent_cluster.module.vpc.data.aws_ec2_instance_type_offerings.supported_azs",
            "module.agent_cluster.module.vpc.module.vpc.aws_cloudwatch_log_group.flow_log",
            "module.agent_cluster.module.vpc.module.vpc.aws_customer_gateway.this",
            "module.agent_cluster.module.vpc.module.vpc.aws_db_subnet_group.database",
            "module.agent_cluster.module.vpc.module.vpc.aws_default_network_acl.this",
            "module.agent_cluster.module.vpc.module.vpc.aws_default_route_table.default",
            "module.agent_cluster.module.vpc.module.vpc.aws_default_security_group.this",
            "module.agent_cluster.module.vpc.module.vpc.aws_default_vpc.this",
            "module.agent_cluster.module.vpc.module.vpc.aws_egress_only_internet_gateway.this",
            "module.agent_cluster.module.vpc.module.vpc.aws_eip.nat",
            "module.agent_cluster.module.vpc.module.vpc.aws_elasticache_subnet_group.elasticache",
            "module.agent_cluster.module.vpc.module.vpc.aws_flow_log.this",
            "module.agent_cluster.module.vpc.module.vpc.aws_iam_policy.vpc_flow_log_cloudwatch",
            "module.agent_cluster.module.vpc.module.vpc.aws_iam_role.vpc_flow_log_cloudwatch",
            "module.agent_cluster.module.vpc.module.vpc.aws_iam_role_policy_attachment.vpc_flow_log_cloudwatch",
            "module.agent_cluster.module.vpc.module.vpc.aws_internet_gateway.this",
            "module.agent_cluster.module.vpc.module.vpc.aws_nat_gateway.this",
            "module.agent_cluster.module.vpc.module.vpc.aws_network_acl.database",
            "module.agent_cluster.module.vpc.module.vpc.aws_network_acl.elasticache",
            "module.agent_cluster.module.vpc.module.vpc.aws_network_acl.intra",
            "module.agent_cluster.module.vpc.module.vpc.aws_network_acl.outpost",
            "module.agent_cluster.module.vpc.module.vpc.aws_network_acl.private",
            "module.agent_cluster.module.vpc.module.vpc.aws_network_acl.public",
            "module.agent_cluster.module.vpc.module.vpc.aws_network_acl.redshift",
            "module.agent_cluster.module.vpc.module.vpc.aws_network_acl_rule.database_inbound",
            "module.agent_cluster.module.vpc.module.vpc.aws_network_acl_rule.database_outbound",
            "module.agent_cluster.module.vpc.module.vpc.aws_network_acl_rule.elasticache_inbound",
            "module.agent_cluster.module.vpc.module.vpc.aws_network_acl_rule.elasticache_outbound",
            "module.agent_cluster.module.vpc.module.vpc.aws_network_acl_rule.intra_inbound",
            "module.agent_cluster.module.vpc.module.vpc.aws_network_acl_rule.intra_outbound",
            "module.agent_cluster.module.vpc.module.vpc.aws_network_acl_rule.outpost_inbound",
            "module.agent_cluster.module.vpc.module.vpc.aws_network_acl_rule.outpost_outbound",
            "module.agent_cluster.module.vpc.module.vpc.aws_network_acl_rule.private_inbound",
            "module.agent_cluster.module.vpc.module.vpc.aws_network_acl_rule.private_outbound",
            "module.agent_cluster.module.vpc.module.vpc.aws_network_acl_rule.public_inbound",
            "module.agent_cluster.module.vpc.module.vpc.aws_network_acl_rule.public_outbound",
            "module.agent_cluster.module.vpc.module.vpc.aws_network_acl_rule.redshift_inbound",
            "module.agent_cluster.module.vpc.module.vpc.aws_network_acl_rule.redshift_outbound",
            "module.agent_cluster.module.vpc.module.vpc.aws_redshift_subnet_group.redshift",
            "module.agent_cluster.module.vpc.module.vpc.aws_route.database_dns64_nat_gateway",
            "module.agent_cluster.module.vpc.module.vpc.aws_route.database_internet_gateway",
            "module.agent_cluster.module.vpc.module.vpc.aws_route.database_ipv6_egress",
            "module.agent_cluster.module.vpc.module.vpc.aws_route.database_nat_gateway",
            "module.agent_cluster.module.vpc.module.vpc.aws_route.private_dns64_nat_gateway",
            "module.agent_cluster.module.vpc.module.vpc.aws_route.private_ipv6_egress",
            "module.agent_cluster.module.vpc.module.vpc.aws_route.private_nat_gateway",
            "module.agent_cluster.module.vpc.module.vpc.aws_route.public_internet_gateway",
            "module.agent_cluster.module.vpc.module.vpc.aws_route.public_internet_gateway_ipv6",
            "module.agent_cluster.module.vpc.module.vpc.aws_route_table.database",
            "module.agent_cluster.module.vpc.module.vpc.aws_route_table.elasticache",
            "module.agent_cluster.module.vpc.module.vpc.aws_route_table.intra",
            "module.agent_cluster.module.vpc.module.vpc.aws_route_table.private",
            "module.agent_cluster.module.vpc.module.vpc.aws_route_table.public",
            "module.agent_cluster.module.vpc.module.vpc.aws_route_table.redshift",
            "module.agent_cluster.module.vpc.module.vpc.aws_route_table_association.database",
            "module.agent_cluster.module.vpc.module.vpc.aws_route_table_association.elasticache",
            "module.agent_cluster.module.vpc.module.vpc.aws_route_table_association.intra",
            "module.agent_cluster.module.vpc.module.vpc.aws_route_table_association.outpost",
            "module.agent_cluster.module.vpc.module.vpc.aws_route_table_association.private",
            "module.agent_cluster.module.vpc.module.vpc.aws_route_table_association.public",
            "module.agent_cluster.module.vpc.module.vpc.aws_route_table_association.redshift",
            "module.agent_cluster.module.vpc.module.vpc.aws_route_table_association.redshift_public",
            "module.agent_cluster.module.vpc.module.vpc.aws_subnet.database",
            "module.agent_cluster.module.vpc.module.vpc.aws_subnet.elasticache",
            "module.agent_cluster.module.vpc.module.vpc.aws_subnet.intra",
            "module.agent_cluster.module.vpc.module.vpc.aws_subnet.outpost",
            "module.agent_cluster.module.vpc.module.vpc.aws_subnet.private",
            "module.agent_cluster.module.vpc.module.vpc.aws_subnet.public",
            "module.agent_cluster.module.vpc.module.vpc.aws_subnet.redshift",
            "module.agent_cluster.module.vpc.module.vpc.aws_vpc.this",
            "module.agent_cluster.module.vpc.module.vpc.aws_vpc_dhcp_options.this",
            "module.agent_cluster.module.vpc.module.vpc.aws_vpc_dhcp_options_association.this",
            "module.agent_cluster.module.vpc.module.vpc.aws_vpc_ipv4_cidr_block_association.this",
            "module.agent_cluster.module.vpc.module.vpc.aws_vpn_gateway.this",
            "module.agent_cluster.module.vpc.module.vpc.aws_vpn_gateway_attachment.this",
            "module.agent_cluster.module.vpc.module.vpc.aws_vpn_gateway_route_propagation.intra",
            "module.agent_cluster.module.vpc.module.vpc.aws_vpn_gateway_route_propagation.private",
            "module.agent_cluster.module.vpc.module.vpc.aws_vpn_gateway_route_propagation.public",
            "module.agent_cluster.module.vpc.module.vpc.data.aws_iam_policy_document.flow_log_cloudwatch_assume_role",
            "module.agent_cluster.module.vpc.module.vpc.data.aws_iam_policy_document.vpc_flow_log_cloudwatch"
          ]
        },
        {
          "index_key": 3,
          "schema_version": 0,
          "attributes": {
            "availability_zone_id": "use1-az6",
            "availability_zone_name": "us-east-1d",
            "dns_name": "fs-09ce86b960dfd39b3.efs.us-east-1.amazonaws.com",
            "file_system_arn": "arn:aws:elasticfilesystem:us-east-1:343806850935:file-system/fs-09ce86b960dfd39b3",
            "file_system_id": "fs-09ce86b960dfd39b3",
            "id": "fsmt-084f29ad6d65a18dc",
            "ip_address": "172.16.52.21",
            "mount_target_dns_name": "us-east-1d.fs-09ce86b960dfd39b3.efs.us-east-1.amazonaws.com",
            "network_interface_id": "eni-0f2e4cf3d7f24a859",
            "owner_id": "343806850935",
            "security_groups": [
              "sg-0ec4f1106acfea179"
            ],
            "subnet_id": "subnet-01dd2fb3b36ae2b2f",
            "timeouts": null
          },
          "sensitive_attributes": [],
          "private": "eyJlMmJmYjczMC1lY2FhLTExZTYtOGY4OC0zNDM2M2JjN2M0YzAiOnsiY3JlYXRlIjoxODAwMDAwMDAwMDAwLCJkZWxldGUiOjYwMDAwMDAwMDAwMH19",
          "dependencies": [
            "data.aws_eks_cluster.my_eks",
            "module.agent_cluster.data.aws_eks_cluster.my_eks",
            "module.agent_cluster.data.aws_subnets.private",
            "module.agent_cluster.module.efs.data.aws_eks_cluster.cluster",
            "module.agent_cluster.module.efs.module.efs.aws_efs_file_system.default",
            "module.agent_cluster.module.efs.module.efs.module.security_group.aws_security_group.cbd",
            "module.agent_cluster.module.efs.module.efs.module.security_group.aws_security_group.default",
            "module.agent_cluster.module.eks.data.aws_subnets.private",
            "module.agent_cluster.module.eks.module.eks.aws_cloudwatch_log_group.this",
            "module.agent_cluster.module.eks.module.eks.aws_ec2_tag.cluster_primary_security_group",
            "module.agent_cluster.module.eks.module.eks.aws_eks_addon.before_compute",
            "module.agent_cluster.module.eks.module.eks.aws_eks_addon.this",
            "module.agent_cluster.module.eks.module.eks.aws_eks_cluster.this",
            "module.agent_cluster.module.eks.module.eks.aws_eks_identity_provider_config.this",
            "module.agent_cluster.module.eks.module.eks.aws_iam_openid_connect_provider.oidc_provider",
            "module.agent_cluster.module.eks.module.eks.aws_iam_policy.cluster_encryption",
            "module.agent_cluster.module.eks.module.eks.aws_iam_policy.cni_ipv6_policy",
            "module.agent_cluster.module.eks.module.eks.aws_iam_role.this",
            "module.agent_cluster.module.eks.module.eks.aws_iam_role_policy_attachment.additional",
            "module.agent_cluster.module.eks.module.eks.aws_iam_role_policy_attachment.cluster_encryption",
            "module.agent_cluster.module.eks.module.eks.aws_iam_role_policy_attachment.this",
            "module.agent_cluster.module.eks.module.eks.aws_security_group.cluster",
            "module.agent_cluster.module.eks.module.eks.aws_security_group.node",
            "module.agent_cluster.module.eks.module.eks.aws_security_group_rule.cluster",
            "module.agent_cluster.module.eks.module.eks.aws_security_group_rule.node",
            "module.agent_cluster.module.eks.module.eks.data.aws_caller_identity.current",
            "module.agent_cluster.module.eks.module.eks.data.aws_eks_addon_version.this",
            "module.agent_cluster.module.eks.module.eks.data.aws_iam_policy_document.assume_role_policy",
            "module.agent_cluster.module.eks.module.eks.data.aws_iam_policy_document.cni_ipv6_policy",
            "module.agent_cluster.module.eks.module.eks.data.aws_iam_session_context.current",
            "module.agent_cluster.module.eks.module.eks.data.aws_partition.current",
            "module.agent_cluster.module.eks.module.eks.data.tls_certificate.this",
            "module.agent_cluster.module.eks.module.eks.kubernetes_config_map.aws_auth",
            "module.agent_cluster.module.eks.module.eks.kubernetes_config_map_v1_data.aws_auth",
            "module.agent_cluster.module.eks.module.eks.module.eks_managed_node_group.aws_autoscaling_schedule.this",
            "module.agent_cluster.module.eks.module.eks.module.eks_managed_node_group.aws_eks_node_group.this",
            "module.agent_cluster.module.eks.module.eks.module.eks_managed_node_group.aws_iam_role.this",
            "module.agent_cluster.module.eks.module.eks.module.eks_managed_node_group.aws_iam_role_policy_attachment.additional",
            "module.agent_cluster.module.eks.module.eks.module.eks_managed_node_group.aws_iam_role_policy_attachment.this",
            "module.agent_cluster.module.eks.module.eks.module.eks_managed_node_group.aws_launch_template.this",
            "module.agent_cluster.module.eks.module.eks.module.eks_managed_node_group.data.aws_caller_identity.current",
            "module.agent_cluster.module.eks.module.eks.module.eks_managed_node_group.data.aws_iam_policy_document.assume_role_policy",
            "module.agent_cluster.module.eks.module.eks.module.eks_managed_node_group.data.aws_partition.current",
            "module.agent_cluster.module.eks.module.eks.module.eks_managed_node_group.module.user_data.data.cloudinit_config.linux_eks_managed_node_group",
            "module.agent_cluster.module.eks.module.eks.module.fargate_profile.aws_eks_fargate_profile.this",
            "module.agent_cluster.module.eks.module.eks.module.fargate_profile.aws_iam_role.this",
            "module.agent_cluster.module.eks.module.eks.module.fargate_profile.aws_iam_role_policy_attachment.additional",
            "module.agent_cluster.module.eks.module.eks.module.fargate_profile.aws_iam_role_policy_attachment.this",
            "module.agent_cluster.module.eks.module.eks.module.fargate_profile.data.aws_caller_identity.current",
            "module.agent_cluster.module.eks.module.eks.module.fargate_profile.data.aws_iam_policy_document.assume_role_policy",
            "module.agent_cluster.module.eks.module.eks.module.fargate_profile.data.aws_partition.current",
            "module.agent_cluster.module.eks.module.eks.module.kms.aws_kms_alias.this",
            "module.agent_cluster.module.eks.module.eks.module.kms.aws_kms_external_key.this",
            "module.agent_cluster.module.eks.module.eks.module.kms.aws_kms_grant.this",
            "module.agent_cluster.module.eks.module.eks.module.kms.aws_kms_key.this",
            "module.agent_cluster.module.eks.module.eks.module.kms.data.aws_caller_identity.current",
            "module.agent_cluster.module.eks.module.eks.module.kms.data.aws_iam_policy_document.this",
            "module.agent_cluster.module.eks.module.eks.module.kms.data.aws_partition.current",
            "module.agent_cluster.module.eks.module.eks.module.self_managed_node_group.aws_autoscaling_group.this",
            "module.agent_cluster.module.eks.module.eks.module.self_managed_node_group.aws_autoscaling_schedule.this",
            "module.agent_cluster.module.eks.module.eks.module.self_managed_node_group.aws_iam_instance_profile.this",
            "module.agent_cluster.module.eks.module.eks.module.self_managed_node_group.aws_iam_role.this",
            "module.agent_cluster.module.eks.module.eks.module.self_managed_node_group.aws_iam_role_policy_attachment.additional",
            "module.agent_cluster.module.eks.module.eks.module.self_managed_node_group.aws_iam_role_policy_attachment.this",
            "module.agent_cluster.module.eks.module.eks.module.self_managed_node_group.aws_launch_template.this",
            "module.agent_cluster.module.eks.module.eks.module.self_managed_node_group.data.aws_ami.eks_default",
            "module.agent_cluster.module.eks.module.eks.module.self_managed_node_group.data.aws_caller_identity.current",
            "module.agent_cluster.module.eks.module.eks.module.self_managed_node_group.data.aws_iam_policy_document.assume_role_policy",
            "module.agent_cluster.module.eks.module.eks.module.self_managed_node_group.data.aws_partition.current",
            "module.agent_cluster.module.eks.module.eks.module.self_managed_node_group.module.user_data.data.cloudinit_config.linux_eks_managed_node_group",
            "module.agent_cluster.module.eks.module.eks.time_sleep.this",
            "module.agent_cluster.module.vpc.data.aws_ec2_instance_type_offerings.supported_azs",
            "module.agent_cluster.module.vpc.module.vpc.aws_cloudwatch_log_group.flow_log",
            "module.agent_cluster.module.vpc.module.vpc.aws_customer_gateway.this",
            "module.agent_cluster.module.vpc.module.vpc.aws_db_subnet_group.database",
            "module.agent_cluster.module.vpc.module.vpc.aws_default_network_acl.this",
            "module.agent_cluster.module.vpc.module.vpc.aws_default_route_table.default",
            "module.agent_cluster.module.vpc.module.vpc.aws_default_security_group.this",
            "module.agent_cluster.module.vpc.module.vpc.aws_default_vpc.this",
            "module.agent_cluster.module.vpc.module.vpc.aws_egress_only_internet_gateway.this",
            "module.agent_cluster.module.vpc.module.vpc.aws_eip.nat",
            "module.agent_cluster.module.vpc.module.vpc.aws_elasticache_subnet_group.elasticache",
            "module.agent_cluster.module.vpc.module.vpc.aws_flow_log.this",
            "module.agent_cluster.module.vpc.module.vpc.aws_iam_policy.vpc_flow_log_cloudwatch",
            "module.agent_cluster.module.vpc.module.vpc.aws_iam_role.vpc_flow_log_cloudwatch",
            "module.agent_cluster.module.vpc.module.vpc.aws_iam_role_policy_attachment.vpc_flow_log_cloudwatch",
            "module.agent_cluster.module.vpc.module.vpc.aws_internet_gateway.this",
            "module.agent_cluster.module.vpc.module.vpc.aws_nat_gateway.this",
            "module.agent_cluster.module.vpc.module.vpc.aws_network_acl.database",
            "module.agent_cluster.module.vpc.module.vpc.aws_network_acl.elasticache",
            "module.agent_cluster.module.vpc.module.vpc.aws_network_acl.intra",
            "module.agent_cluster.module.vpc.module.vpc.aws_network_acl.outpost",
            "module.agent_cluster.module.vpc.module.vpc.aws_network_acl.private",
            "module.agent_cluster.module.vpc.module.vpc.aws_network_acl.public",
            "module.agent_cluster.module.vpc.module.vpc.aws_network_acl.redshift",
            "module.agent_cluster.module.vpc.module.vpc.aws_network_acl_rule.database_inbound",
            "module.agent_cluster.module.vpc.module.vpc.aws_network_acl_rule.database_outbound",
            "module.agent_cluster.module.vpc.module.vpc.aws_network_acl_rule.elasticache_inbound",
            "module.agent_cluster.module.vpc.module.vpc.aws_network_acl_rule.elasticache_outbound",
            "module.agent_cluster.module.vpc.module.vpc.aws_network_acl_rule.intra_inbound",
            "module.agent_cluster.module.vpc.module.vpc.aws_network_acl_rule.intra_outbound",
            "module.agent_cluster.module.vpc.module.vpc.aws_network_acl_rule.outpost_inbound",
            "module.agent_cluster.module.vpc.module.vpc.aws_network_acl_rule.outpost_outbound",
            "module.agent_cluster.module.vpc.module.vpc.aws_network_acl_rule.private_inbound",
            "module.agent_cluster.module.vpc.module.vpc.aws_network_acl_rule.private_outbound",
            "module.agent_cluster.module.vpc.module.vpc.aws_network_acl_rule.public_inbound",
            "module.agent_cluster.module.vpc.module.vpc.aws_network_acl_rule.public_outbound",
            "module.agent_cluster.module.vpc.module.vpc.aws_network_acl_rule.redshift_inbound",
            "module.agent_cluster.module.vpc.module.vpc.aws_network_acl_rule.redshift_outbound",
            "module.agent_cluster.module.vpc.module.vpc.aws_redshift_subnet_group.redshift",
            "module.agent_cluster.module.vpc.module.vpc.aws_route.database_dns64_nat_gateway",
            "module.agent_cluster.module.vpc.module.vpc.aws_route.database_internet_gateway",
            "module.agent_cluster.module.vpc.module.vpc.aws_route.database_ipv6_egress",
            "module.agent_cluster.module.vpc.module.vpc.aws_route.database_nat_gateway",
            "module.agent_cluster.module.vpc.module.vpc.aws_route.private_dns64_nat_gateway",
            "module.agent_cluster.module.vpc.module.vpc.aws_route.private_ipv6_egress",
            "module.agent_cluster.module.vpc.module.vpc.aws_route.private_nat_gateway",
            "module.agent_cluster.module.vpc.module.vpc.aws_route.public_internet_gateway",
            "module.agent_cluster.module.vpc.module.vpc.aws_route.public_internet_gateway_ipv6",
            "module.agent_cluster.module.vpc.module.vpc.aws_route_table.database",
            "module.agent_cluster.module.vpc.module.vpc.aws_route_table.elasticache",
            "module.agent_cluster.module.vpc.module.vpc.aws_route_table.intra",
            "module.agent_cluster.module.vpc.module.vpc.aws_route_table.private",
            "module.agent_cluster.module.vpc.module.vpc.aws_route_table.public",
            "module.agent_cluster.module.vpc.module.vpc.aws_route_table.redshift",
            "module.agent_cluster.module.vpc.module.vpc.aws_route_table_association.database",
            "module.agent_cluster.module.vpc.module.vpc.aws_route_table_association.elasticache",
            "module.agent_cluster.module.vpc.module.vpc.aws_route_table_association.intra",
            "module.agent_cluster.module.vpc.module.vpc.aws_route_table_association.outpost",
            "module.agent_cluster.module.vpc.module.vpc.aws_route_table_association.private",
            "module.agent_cluster.module.vpc.module.vpc.aws_route_table_association.public",
            "module.agent_cluster.module.vpc.module.vpc.aws_route_table_association.redshift",
            "module.agent_cluster.module.vpc.module.vpc.aws_route_table_association.redshift_public",
            "module.agent_cluster.module.vpc.module.vpc.aws_subnet.database",
            "module.agent_cluster.module.vpc.module.vpc.aws_subnet.elasticache",
            "module.agent_cluster.module.vpc.module.vpc.aws_subnet.intra",
            "module.agent_cluster.module.vpc.module.vpc.aws_subnet.outpost",
            "module.agent_cluster.module.vpc.module.vpc.aws_subnet.private",
            "module.agent_cluster.module.vpc.module.vpc.aws_subnet.public",
            "module.agent_cluster.module.vpc.module.vpc.aws_subnet.redshift",
            "module.agent_cluster.module.vpc.module.vpc.aws_vpc.this",
            "module.agent_cluster.module.vpc.module.vpc.aws_vpc_dhcp_options.this",
            "module.agent_cluster.module.vpc.module.vpc.aws_vpc_dhcp_options_association.this",
            "module.agent_cluster.module.vpc.module.vpc.aws_vpc_ipv4_cidr_block_association.this",
            "module.agent_cluster.module.vpc.module.vpc.aws_vpn_gateway.this",
            "module.agent_cluster.module.vpc.module.vpc.aws_vpn_gateway_attachment.this",
            "module.agent_cluster.module.vpc.module.vpc.aws_vpn_gateway_route_propagation.intra",
            "module.agent_cluster.module.vpc.module.vpc.aws_vpn_gateway_route_propagation.private",
            "module.agent_cluster.module.vpc.module.vpc.aws_vpn_gateway_route_propagation.public",
            "module.agent_cluster.module.vpc.module.vpc.data.aws_iam_policy_document.flow_log_cloudwatch_assume_role",
            "module.agent_cluster.module.vpc.module.vpc.data.aws_iam_policy_document.vpc_flow_log_cloudwatch"
          ]
        },
        {
          "index_key": 4,
          "schema_version": 0,
          "attributes": {
            "availability_zone_id": "use1-az5",
            "availability_zone_name": "us-east-1f",
            "dns_name": "fs-09ce86b960dfd39b3.efs.us-east-1.amazonaws.com",
            "file_system_arn": "arn:aws:elasticfilesystem:us-east-1:343806850935:file-system/fs-09ce86b960dfd39b3",
            "file_system_id": "fs-09ce86b960dfd39b3",
            "id": "fsmt-0a439d56a2cc5dae5",
            "ip_address": "172.16.65.100",
            "mount_target_dns_name": "us-east-1f.fs-09ce86b960dfd39b3.efs.us-east-1.amazonaws.com",
            "network_interface_id": "eni-06f7d95552ae63bf6",
            "owner_id": "343806850935",
            "security_groups": [
              "sg-0ec4f1106acfea179"
            ],
            "subnet_id": "subnet-00c090af3650f585d",
            "timeouts": null
          },
          "sensitive_attributes": [],
          "private": "eyJlMmJmYjczMC1lY2FhLTExZTYtOGY4OC0zNDM2M2JjN2M0YzAiOnsiY3JlYXRlIjoxODAwMDAwMDAwMDAwLCJkZWxldGUiOjYwMDAwMDAwMDAwMH19",
          "dependencies": [
            "data.aws_eks_cluster.my_eks",
            "module.agent_cluster.data.aws_eks_cluster.my_eks",
            "module.agent_cluster.data.aws_subnets.private",
            "module.agent_cluster.module.efs.data.aws_eks_cluster.cluster",
            "module.agent_cluster.module.efs.module.efs.aws_efs_file_system.default",
            "module.agent_cluster.module.efs.module.efs.module.security_group.aws_security_group.cbd",
            "module.agent_cluster.module.efs.module.efs.module.security_group.aws_security_group.default",
            "module.agent_cluster.module.eks.data.aws_subnets.private",
            "module.agent_cluster.module.eks.module.eks.aws_cloudwatch_log_group.this",
            "module.agent_cluster.module.eks.module.eks.aws_ec2_tag.cluster_primary_security_group",
            "module.agent_cluster.module.eks.module.eks.aws_eks_addon.before_compute",
            "module.agent_cluster.module.eks.module.eks.aws_eks_addon.this",
            "module.agent_cluster.module.eks.module.eks.aws_eks_cluster.this",
            "module.agent_cluster.module.eks.module.eks.aws_eks_identity_provider_config.this",
            "module.agent_cluster.module.eks.module.eks.aws_iam_openid_connect_provider.oidc_provider",
            "module.agent_cluster.module.eks.module.eks.aws_iam_policy.cluster_encryption",
            "module.agent_cluster.module.eks.module.eks.aws_iam_policy.cni_ipv6_policy",
            "module.agent_cluster.module.eks.module.eks.aws_iam_role.this",
            "module.agent_cluster.module.eks.module.eks.aws_iam_role_policy_attachment.additional",
            "module.agent_cluster.module.eks.module.eks.aws_iam_role_policy_attachment.cluster_encryption",
            "module.agent_cluster.module.eks.module.eks.aws_iam_role_policy_attachment.this",
            "module.agent_cluster.module.eks.module.eks.aws_security_group.cluster",
            "module.agent_cluster.module.eks.module.eks.aws_security_group.node",
            "module.agent_cluster.module.eks.module.eks.aws_security_group_rule.cluster",
            "module.agent_cluster.module.eks.module.eks.aws_security_group_rule.node",
            "module.agent_cluster.module.eks.module.eks.data.aws_caller_identity.current",
            "module.agent_cluster.module.eks.module.eks.data.aws_eks_addon_version.this",
            "module.agent_cluster.module.eks.module.eks.data.aws_iam_policy_document.assume_role_policy",
            "module.agent_cluster.module.eks.module.eks.data.aws_iam_policy_document.cni_ipv6_policy",
            "module.agent_cluster.module.eks.module.eks.data.aws_iam_session_context.current",
            "module.agent_cluster.module.eks.module.eks.data.aws_partition.current",
            "module.agent_cluster.module.eks.module.eks.data.tls_certificate.this",
            "module.agent_cluster.module.eks.module.eks.kubernetes_config_map.aws_auth",
            "module.agent_cluster.module.eks.module.eks.kubernetes_config_map_v1_data.aws_auth",
            "module.agent_cluster.module.eks.module.eks.module.eks_managed_node_group.aws_autoscaling_schedule.this",
            "module.agent_cluster.module.eks.module.eks.module.eks_managed_node_group.aws_eks_node_group.this",
            "module.agent_cluster.module.eks.module.eks.module.eks_managed_node_group.aws_iam_role.this",
            "module.agent_cluster.module.eks.module.eks.module.eks_managed_node_group.aws_iam_role_policy_attachment.additional",
            "module.agent_cluster.module.eks.module.eks.module.eks_managed_node_group.aws_iam_role_policy_attachment.this",
            "module.agent_cluster.module.eks.module.eks.module.eks_managed_node_group.aws_launch_template.this",
            "module.agent_cluster.module.eks.module.eks.module.eks_managed_node_group.data.aws_caller_identity.current",
            "module.agent_cluster.module.eks.module.eks.module.eks_managed_node_group.data.aws_iam_policy_document.assume_role_policy",
            "module.agent_cluster.module.eks.module.eks.module.eks_managed_node_group.data.aws_partition.current",
            "module.agent_cluster.module.eks.module.eks.module.eks_managed_node_group.module.user_data.data.cloudinit_config.linux_eks_managed_node_group",
            "module.agent_cluster.module.eks.module.eks.module.fargate_profile.aws_eks_fargate_profile.this",
            "module.agent_cluster.module.eks.module.eks.module.fargate_profile.aws_iam_role.this",
            "module.agent_cluster.module.eks.module.eks.module.fargate_profile.aws_iam_role_policy_attachment.additional",
            "module.agent_cluster.module.eks.module.eks.module.fargate_profile.aws_iam_role_policy_attachment.this",
            "module.agent_cluster.module.eks.module.eks.module.fargate_profile.data.aws_caller_identity.current",
            "module.agent_cluster.module.eks.module.eks.module.fargate_profile.data.aws_iam_policy_document.assume_role_policy",
            "module.agent_cluster.module.eks.module.eks.module.fargate_profile.data.aws_partition.current",
            "module.agent_cluster.module.eks.module.eks.module.kms.aws_kms_alias.this",
            "module.agent_cluster.module.eks.module.eks.module.kms.aws_kms_external_key.this",
            "module.agent_cluster.module.eks.module.eks.module.kms.aws_kms_grant.this",
            "module.agent_cluster.module.eks.module.eks.module.kms.aws_kms_key.this",
            "module.agent_cluster.module.eks.module.eks.module.kms.data.aws_caller_identity.current",
            "module.agent_cluster.module.eks.module.eks.module.kms.data.aws_iam_policy_document.this",
            "module.agent_cluster.module.eks.module.eks.module.kms.data.aws_partition.current",
            "module.agent_cluster.module.eks.module.eks.module.self_managed_node_group.aws_autoscaling_group.this",
            "module.agent_cluster.module.eks.module.eks.module.self_managed_node_group.aws_autoscaling_schedule.this",
            "module.agent_cluster.module.eks.module.eks.module.self_managed_node_group.aws_iam_instance_profile.this",
            "module.agent_cluster.module.eks.module.eks.module.self_managed_node_group.aws_iam_role.this",
            "module.agent_cluster.module.eks.module.eks.module.self_managed_node_group.aws_iam_role_policy_attachment.additional",
            "module.agent_cluster.module.eks.module.eks.module.self_managed_node_group.aws_iam_role_policy_attachment.this",
            "module.agent_cluster.module.eks.module.eks.module.self_managed_node_group.aws_launch_template.this",
            "module.agent_cluster.module.eks.module.eks.module.self_managed_node_group.data.aws_ami.eks_default",
            "module.agent_cluster.module.eks.module.eks.module.self_managed_node_group.data.aws_caller_identity.current",
            "module.agent_cluster.module.eks.module.eks.module.self_managed_node_group.data.aws_iam_policy_document.assume_role_policy",
            "module.agent_cluster.module.eks.module.eks.module.self_managed_node_group.data.aws_partition.current",
            "module.agent_cluster.module.eks.module.eks.module.self_managed_node_group.module.user_data.data.cloudinit_config.linux_eks_managed_node_group",
            "module.agent_cluster.module.eks.module.eks.time_sleep.this",
            "module.agent_cluster.module.vpc.data.aws_ec2_instance_type_offerings.supported_azs",
            "module.agent_cluster.module.vpc.module.vpc.aws_cloudwatch_log_group.flow_log",
            "module.agent_cluster.module.vpc.module.vpc.aws_customer_gateway.this",
            "module.agent_cluster.module.vpc.module.vpc.aws_db_subnet_group.database",
            "module.agent_cluster.module.vpc.module.vpc.aws_default_network_acl.this",
            "module.agent_cluster.module.vpc.module.vpc.aws_default_route_table.default",
            "module.agent_cluster.module.vpc.module.vpc.aws_default_security_group.this",
            "module.agent_cluster.module.vpc.module.vpc.aws_default_vpc.this",
            "module.agent_cluster.module.vpc.module.vpc.aws_egress_only_internet_gateway.this",
            "module.agent_cluster.module.vpc.module.vpc.aws_eip.nat",
            "module.agent_cluster.module.vpc.module.vpc.aws_elasticache_subnet_group.elasticache",
            "module.agent_cluster.module.vpc.module.vpc.aws_flow_log.this",
            "module.agent_cluster.module.vpc.module.vpc.aws_iam_policy.vpc_flow_log_cloudwatch",
            "module.agent_cluster.module.vpc.module.vpc.aws_iam_role.vpc_flow_log_cloudwatch",
            "module.agent_cluster.module.vpc.module.vpc.aws_iam_role_policy_attachment.vpc_flow_log_cloudwatch",
            "module.agent_cluster.module.vpc.module.vpc.aws_internet_gateway.this",
            "module.agent_cluster.module.vpc.module.vpc.aws_nat_gateway.this",
            "module.agent_cluster.module.vpc.module.vpc.aws_network_acl.database",
            "module.agent_cluster.module.vpc.module.vpc.aws_network_acl.elasticache",
            "module.agent_cluster.module.vpc.module.vpc.aws_network_acl.intra",
            "module.agent_cluster.module.vpc.module.vpc.aws_network_acl.outpost",
            "module.agent_cluster.module.vpc.module.vpc.aws_network_acl.private",
            "module.agent_cluster.module.vpc.module.vpc.aws_network_acl.public",
            "module.agent_cluster.module.vpc.module.vpc.aws_network_acl.redshift",
            "module.agent_cluster.module.vpc.module.vpc.aws_network_acl_rule.database_inbound",
            "module.agent_cluster.module.vpc.module.vpc.aws_network_acl_rule.database_outbound",
            "module.agent_cluster.module.vpc.module.vpc.aws_network_acl_rule.elasticache_inbound",
            "module.agent_cluster.module.vpc.module.vpc.aws_network_acl_rule.elasticache_outbound",
            "module.agent_cluster.module.vpc.module.vpc.aws_network_acl_rule.intra_inbound",
            "module.agent_cluster.module.vpc.module.vpc.aws_network_acl_rule.intra_outbound",
            "module.agent_cluster.module.vpc.module.vpc.aws_network_acl_rule.outpost_inbound",
            "module.agent_cluster.module.vpc.module.vpc.aws_network_acl_rule.outpost_outbound",
            "module.agent_cluster.module.vpc.module.vpc.aws_network_acl_rule.private_inbound",
            "module.agent_cluster.module.vpc.module.vpc.aws_network_acl_rule.private_outbound",
            "module.agent_cluster.module.vpc.module.vpc.aws_network_acl_rule.public_inbound",
            "module.agent_cluster.module.vpc.module.vpc.aws_network_acl_rule.public_outbound",
            "module.agent_cluster.module.vpc.module.vpc.aws_network_acl_rule.redshift_inbound",
            "module.agent_cluster.module.vpc.module.vpc.aws_network_acl_rule.redshift_outbound",
            "module.agent_cluster.module.vpc.module.vpc.aws_redshift_subnet_group.redshift",
            "module.agent_cluster.module.vpc.module.vpc.aws_route.database_dns64_nat_gateway",
            "module.agent_cluster.module.vpc.module.vpc.aws_route.database_internet_gateway",
            "module.agent_cluster.module.vpc.module.vpc.aws_route.database_ipv6_egress",
            "module.agent_cluster.module.vpc.module.vpc.aws_route.database_nat_gateway",
            "module.agent_cluster.module.vpc.module.vpc.aws_route.private_dns64_nat_gateway",
            "module.agent_cluster.module.vpc.module.vpc.aws_route.private_ipv6_egress",
            "module.agent_cluster.module.vpc.module.vpc.aws_route.private_nat_gateway",
            "module.agent_cluster.module.vpc.module.vpc.aws_route.public_internet_gateway",
            "module.agent_cluster.module.vpc.module.vpc.aws_route.public_internet_gateway_ipv6",
            "module.agent_cluster.module.vpc.module.vpc.aws_route_table.database",
            "module.agent_cluster.module.vpc.module.vpc.aws_route_table.elasticache",
            "module.agent_cluster.module.vpc.module.vpc.aws_route_table.intra",
            "module.agent_cluster.module.vpc.module.vpc.aws_route_table.private",
            "module.agent_cluster.module.vpc.module.vpc.aws_route_table.public",
            "module.agent_cluster.module.vpc.module.vpc.aws_route_table.redshift",
            "module.agent_cluster.module.vpc.module.vpc.aws_route_table_association.database",
            "module.agent_cluster.module.vpc.module.vpc.aws_route_table_association.elasticache",
            "module.agent_cluster.module.vpc.module.vpc.aws_route_table_association.intra",
            "module.agent_cluster.module.vpc.module.vpc.aws_route_table_association.outpost",
            "module.agent_cluster.module.vpc.module.vpc.aws_route_table_association.private",
            "module.agent_cluster.module.vpc.module.vpc.aws_route_table_association.public",
            "module.agent_cluster.module.vpc.module.vpc.aws_route_table_association.redshift",
            "module.agent_cluster.module.vpc.module.vpc.aws_route_table_association.redshift_public",
            "module.agent_cluster.module.vpc.module.vpc.aws_subnet.database",
            "module.agent_cluster.module.vpc.module.vpc.aws_subnet.elasticache",
            "module.agent_cluster.module.vpc.module.vpc.aws_subnet.intra",
            "module.agent_cluster.module.vpc.module.vpc.aws_subnet.outpost",
            "module.agent_cluster.module.vpc.module.vpc.aws_subnet.private",
            "module.agent_cluster.module.vpc.module.vpc.aws_subnet.public",
            "module.agent_cluster.module.vpc.module.vpc.aws_subnet.redshift",
            "module.agent_cluster.module.vpc.module.vpc.aws_vpc.this",
            "module.agent_cluster.module.vpc.module.vpc.aws_vpc_dhcp_options.this",
            "module.agent_cluster.module.vpc.module.vpc.aws_vpc_dhcp_options_association.this",
            "module.agent_cluster.module.vpc.module.vpc.aws_vpc_ipv4_cidr_block_association.this",
            "module.agent_cluster.module.vpc.module.vpc.aws_vpn_gateway.this",
            "module.agent_cluster.module.vpc.module.vpc.aws_vpn_gateway_attachment.this",
            "module.agent_cluster.module.vpc.module.vpc.aws_vpn_gateway_route_propagation.intra",
            "module.agent_cluster.module.vpc.module.vpc.aws_vpn_gateway_route_propagation.private",
            "module.agent_cluster.module.vpc.module.vpc.aws_vpn_gateway_route_propagation.public",
            "module.agent_cluster.module.vpc.module.vpc.data.aws_iam_policy_document.flow_log_cloudwatch_assume_role",
            "module.agent_cluster.module.vpc.module.vpc.data.aws_iam_policy_document.vpc_flow_log_cloudwatch"
          ]
        }
      ]
    },
    {
      "module": "module.agent_cluster.module.efs.module.efs.module.security_group",
      "mode": "managed",
      "type": "aws_security_group",
      "name": "cbd",
      "provider": "provider[\"registry.terraform.io/hashicorp/aws\"]",
      "instances": [
        {
          "index_key": 0,
          "schema_version": 1,
          "attributes": {
            "arn": "arn:aws:ec2:us-east-1:343806850935:security-group/sg-0ec4f1106acfea179",
            "description": "EFS Security Group",
            "egress": [],
            "id": "sg-0ec4f1106acfea179",
            "ingress": [],
            "name": "-20230730150436497400000012",
            "name_prefix": "-",
            "owner_id": "343806850935",
            "revoke_rules_on_delete": false,
            "tags": {
              "Name": "liran-demo-state-efs"
            },
            "tags_all": {
              "Name": "liran-demo-state-efs"
            },
            "timeouts": {
              "create": "10m",
              "delete": "15m"
            },
            "vpc_id": "vpc-0c1bb5f6db309b819"
          },
          "sensitive_attributes": [],
          "private": "eyJlMmJmYjczMC1lY2FhLTExZTYtOGY4OC0zNDM2M2JjN2M0YzAiOnsiY3JlYXRlIjo2MDAwMDAwMDAwMDAsImRlbGV0ZSI6OTAwMDAwMDAwMDAwfSwic2NoZW1hX3ZlcnNpb24iOiIxIn0=",
          "dependencies": [
            "data.aws_eks_cluster.my_eks",
            "module.agent_cluster.data.aws_eks_cluster.my_eks",
            "module.agent_cluster.module.efs.data.aws_eks_cluster.cluster",
            "module.agent_cluster.module.eks.data.aws_subnets.private",
            "module.agent_cluster.module.eks.module.eks.aws_cloudwatch_log_group.this",
            "module.agent_cluster.module.eks.module.eks.aws_ec2_tag.cluster_primary_security_group",
            "module.agent_cluster.module.eks.module.eks.aws_eks_addon.before_compute",
            "module.agent_cluster.module.eks.module.eks.aws_eks_addon.this",
            "module.agent_cluster.module.eks.module.eks.aws_eks_cluster.this",
            "module.agent_cluster.module.eks.module.eks.aws_eks_identity_provider_config.this",
            "module.agent_cluster.module.eks.module.eks.aws_iam_openid_connect_provider.oidc_provider",
            "module.agent_cluster.module.eks.module.eks.aws_iam_policy.cluster_encryption",
            "module.agent_cluster.module.eks.module.eks.aws_iam_policy.cni_ipv6_policy",
            "module.agent_cluster.module.eks.module.eks.aws_iam_role.this",
            "module.agent_cluster.module.eks.module.eks.aws_iam_role_policy_attachment.additional",
            "module.agent_cluster.module.eks.module.eks.aws_iam_role_policy_attachment.cluster_encryption",
            "module.agent_cluster.module.eks.module.eks.aws_iam_role_policy_attachment.this",
            "module.agent_cluster.module.eks.module.eks.aws_security_group.cluster",
            "module.agent_cluster.module.eks.module.eks.aws_security_group.node",
            "module.agent_cluster.module.eks.module.eks.aws_security_group_rule.cluster",
            "module.agent_cluster.module.eks.module.eks.aws_security_group_rule.node",
            "module.agent_cluster.module.eks.module.eks.data.aws_caller_identity.current",
            "module.agent_cluster.module.eks.module.eks.data.aws_eks_addon_version.this",
            "module.agent_cluster.module.eks.module.eks.data.aws_iam_policy_document.assume_role_policy",
            "module.agent_cluster.module.eks.module.eks.data.aws_iam_policy_document.cni_ipv6_policy",
            "module.agent_cluster.module.eks.module.eks.data.aws_iam_session_context.current",
            "module.agent_cluster.module.eks.module.eks.data.aws_partition.current",
            "module.agent_cluster.module.eks.module.eks.data.tls_certificate.this",
            "module.agent_cluster.module.eks.module.eks.kubernetes_config_map.aws_auth",
            "module.agent_cluster.module.eks.module.eks.kubernetes_config_map_v1_data.aws_auth",
            "module.agent_cluster.module.eks.module.eks.module.eks_managed_node_group.aws_autoscaling_schedule.this",
            "module.agent_cluster.module.eks.module.eks.module.eks_managed_node_group.aws_eks_node_group.this",
            "module.agent_cluster.module.eks.module.eks.module.eks_managed_node_group.aws_iam_role.this",
            "module.agent_cluster.module.eks.module.eks.module.eks_managed_node_group.aws_iam_role_policy_attachment.additional",
            "module.agent_cluster.module.eks.module.eks.module.eks_managed_node_group.aws_iam_role_policy_attachment.this",
            "module.agent_cluster.module.eks.module.eks.module.eks_managed_node_group.aws_launch_template.this",
            "module.agent_cluster.module.eks.module.eks.module.eks_managed_node_group.data.aws_caller_identity.current",
            "module.agent_cluster.module.eks.module.eks.module.eks_managed_node_group.data.aws_iam_policy_document.assume_role_policy",
            "module.agent_cluster.module.eks.module.eks.module.eks_managed_node_group.data.aws_partition.current",
            "module.agent_cluster.module.eks.module.eks.module.eks_managed_node_group.module.user_data.data.cloudinit_config.linux_eks_managed_node_group",
            "module.agent_cluster.module.eks.module.eks.module.fargate_profile.aws_eks_fargate_profile.this",
            "module.agent_cluster.module.eks.module.eks.module.fargate_profile.aws_iam_role.this",
            "module.agent_cluster.module.eks.module.eks.module.fargate_profile.aws_iam_role_policy_attachment.additional",
            "module.agent_cluster.module.eks.module.eks.module.fargate_profile.aws_iam_role_policy_attachment.this",
            "module.agent_cluster.module.eks.module.eks.module.fargate_profile.data.aws_caller_identity.current",
            "module.agent_cluster.module.eks.module.eks.module.fargate_profile.data.aws_iam_policy_document.assume_role_policy",
            "module.agent_cluster.module.eks.module.eks.module.fargate_profile.data.aws_partition.current",
            "module.agent_cluster.module.eks.module.eks.module.kms.aws_kms_alias.this",
            "module.agent_cluster.module.eks.module.eks.module.kms.aws_kms_external_key.this",
            "module.agent_cluster.module.eks.module.eks.module.kms.aws_kms_grant.this",
            "module.agent_cluster.module.eks.module.eks.module.kms.aws_kms_key.this",
            "module.agent_cluster.module.eks.module.eks.module.kms.data.aws_caller_identity.current",
            "module.agent_cluster.module.eks.module.eks.module.kms.data.aws_iam_policy_document.this",
            "module.agent_cluster.module.eks.module.eks.module.kms.data.aws_partition.current",
            "module.agent_cluster.module.eks.module.eks.module.self_managed_node_group.aws_autoscaling_group.this",
            "module.agent_cluster.module.eks.module.eks.module.self_managed_node_group.aws_autoscaling_schedule.this",
            "module.agent_cluster.module.eks.module.eks.module.self_managed_node_group.aws_iam_instance_profile.this",
            "module.agent_cluster.module.eks.module.eks.module.self_managed_node_group.aws_iam_role.this",
            "module.agent_cluster.module.eks.module.eks.module.self_managed_node_group.aws_iam_role_policy_attachment.additional",
            "module.agent_cluster.module.eks.module.eks.module.self_managed_node_group.aws_iam_role_policy_attachment.this",
            "module.agent_cluster.module.eks.module.eks.module.self_managed_node_group.aws_launch_template.this",
            "module.agent_cluster.module.eks.module.eks.module.self_managed_node_group.data.aws_ami.eks_default",
            "module.agent_cluster.module.eks.module.eks.module.self_managed_node_group.data.aws_caller_identity.current",
            "module.agent_cluster.module.eks.module.eks.module.self_managed_node_group.data.aws_iam_policy_document.assume_role_policy",
            "module.agent_cluster.module.eks.module.eks.module.self_managed_node_group.data.aws_partition.current",
            "module.agent_cluster.module.eks.module.eks.module.self_managed_node_group.module.user_data.data.cloudinit_config.linux_eks_managed_node_group",
            "module.agent_cluster.module.eks.module.eks.time_sleep.this",
            "module.agent_cluster.module.vpc.data.aws_ec2_instance_type_offerings.supported_azs",
            "module.agent_cluster.module.vpc.module.vpc.aws_cloudwatch_log_group.flow_log",
            "module.agent_cluster.module.vpc.module.vpc.aws_customer_gateway.this",
            "module.agent_cluster.module.vpc.module.vpc.aws_db_subnet_group.database",
            "module.agent_cluster.module.vpc.module.vpc.aws_default_network_acl.this",
            "module.agent_cluster.module.vpc.module.vpc.aws_default_route_table.default",
            "module.agent_cluster.module.vpc.module.vpc.aws_default_security_group.this",
            "module.agent_cluster.module.vpc.module.vpc.aws_default_vpc.this",
            "module.agent_cluster.module.vpc.module.vpc.aws_egress_only_internet_gateway.this",
            "module.agent_cluster.module.vpc.module.vpc.aws_eip.nat",
            "module.agent_cluster.module.vpc.module.vpc.aws_elasticache_subnet_group.elasticache",
            "module.agent_cluster.module.vpc.module.vpc.aws_flow_log.this",
            "module.agent_cluster.module.vpc.module.vpc.aws_iam_policy.vpc_flow_log_cloudwatch",
            "module.agent_cluster.module.vpc.module.vpc.aws_iam_role.vpc_flow_log_cloudwatch",
            "module.agent_cluster.module.vpc.module.vpc.aws_iam_role_policy_attachment.vpc_flow_log_cloudwatch",
            "module.agent_cluster.module.vpc.module.vpc.aws_internet_gateway.this",
            "module.agent_cluster.module.vpc.module.vpc.aws_nat_gateway.this",
            "module.agent_cluster.module.vpc.module.vpc.aws_network_acl.database",
            "module.agent_cluster.module.vpc.module.vpc.aws_network_acl.elasticache",
            "module.agent_cluster.module.vpc.module.vpc.aws_network_acl.intra",
            "module.agent_cluster.module.vpc.module.vpc.aws_network_acl.outpost",
            "module.agent_cluster.module.vpc.module.vpc.aws_network_acl.private",
            "module.agent_cluster.module.vpc.module.vpc.aws_network_acl.public",
            "module.agent_cluster.module.vpc.module.vpc.aws_network_acl.redshift",
            "module.agent_cluster.module.vpc.module.vpc.aws_network_acl_rule.database_inbound",
            "module.agent_cluster.module.vpc.module.vpc.aws_network_acl_rule.database_outbound",
            "module.agent_cluster.module.vpc.module.vpc.aws_network_acl_rule.elasticache_inbound",
            "module.agent_cluster.module.vpc.module.vpc.aws_network_acl_rule.elasticache_outbound",
            "module.agent_cluster.module.vpc.module.vpc.aws_network_acl_rule.intra_inbound",
            "module.agent_cluster.module.vpc.module.vpc.aws_network_acl_rule.intra_outbound",
            "module.agent_cluster.module.vpc.module.vpc.aws_network_acl_rule.outpost_inbound",
            "module.agent_cluster.module.vpc.module.vpc.aws_network_acl_rule.outpost_outbound",
            "module.agent_cluster.module.vpc.module.vpc.aws_network_acl_rule.private_inbound",
            "module.agent_cluster.module.vpc.module.vpc.aws_network_acl_rule.private_outbound",
            "module.agent_cluster.module.vpc.module.vpc.aws_network_acl_rule.public_inbound",
            "module.agent_cluster.module.vpc.module.vpc.aws_network_acl_rule.public_outbound",
            "module.agent_cluster.module.vpc.module.vpc.aws_network_acl_rule.redshift_inbound",
            "module.agent_cluster.module.vpc.module.vpc.aws_network_acl_rule.redshift_outbound",
            "module.agent_cluster.module.vpc.module.vpc.aws_redshift_subnet_group.redshift",
            "module.agent_cluster.module.vpc.module.vpc.aws_route.database_dns64_nat_gateway",
            "module.agent_cluster.module.vpc.module.vpc.aws_route.database_internet_gateway",
            "module.agent_cluster.module.vpc.module.vpc.aws_route.database_ipv6_egress",
            "module.agent_cluster.module.vpc.module.vpc.aws_route.database_nat_gateway",
            "module.agent_cluster.module.vpc.module.vpc.aws_route.private_dns64_nat_gateway",
            "module.agent_cluster.module.vpc.module.vpc.aws_route.private_ipv6_egress",
            "module.agent_cluster.module.vpc.module.vpc.aws_route.private_nat_gateway",
            "module.agent_cluster.module.vpc.module.vpc.aws_route.public_internet_gateway",
            "module.agent_cluster.module.vpc.module.vpc.aws_route.public_internet_gateway_ipv6",
            "module.agent_cluster.module.vpc.module.vpc.aws_route_table.database",
            "module.agent_cluster.module.vpc.module.vpc.aws_route_table.elasticache",
            "module.agent_cluster.module.vpc.module.vpc.aws_route_table.intra",
            "module.agent_cluster.module.vpc.module.vpc.aws_route_table.private",
            "module.agent_cluster.module.vpc.module.vpc.aws_route_table.public",
            "module.agent_cluster.module.vpc.module.vpc.aws_route_table.redshift",
            "module.agent_cluster.module.vpc.module.vpc.aws_route_table_association.database",
            "module.agent_cluster.module.vpc.module.vpc.aws_route_table_association.elasticache",
            "module.agent_cluster.module.vpc.module.vpc.aws_route_table_association.intra",
            "module.agent_cluster.module.vpc.module.vpc.aws_route_table_association.outpost",
            "module.agent_cluster.module.vpc.module.vpc.aws_route_table_association.private",
            "module.agent_cluster.module.vpc.module.vpc.aws_route_table_association.public",
            "module.agent_cluster.module.vpc.module.vpc.aws_route_table_association.redshift",
            "module.agent_cluster.module.vpc.module.vpc.aws_route_table_association.redshift_public",
            "module.agent_cluster.module.vpc.module.vpc.aws_subnet.database",
            "module.agent_cluster.module.vpc.module.vpc.aws_subnet.elasticache",
            "module.agent_cluster.module.vpc.module.vpc.aws_subnet.intra",
            "module.agent_cluster.module.vpc.module.vpc.aws_subnet.outpost",
            "module.agent_cluster.module.vpc.module.vpc.aws_subnet.private",
            "module.agent_cluster.module.vpc.module.vpc.aws_subnet.public",
            "module.agent_cluster.module.vpc.module.vpc.aws_subnet.redshift",
            "module.agent_cluster.module.vpc.module.vpc.aws_vpc.this",
            "module.agent_cluster.module.vpc.module.vpc.aws_vpc_dhcp_options.this",
            "module.agent_cluster.module.vpc.module.vpc.aws_vpc_dhcp_options_association.this",
            "module.agent_cluster.module.vpc.module.vpc.aws_vpc_ipv4_cidr_block_association.this",
            "module.agent_cluster.module.vpc.module.vpc.aws_vpn_gateway.this",
            "module.agent_cluster.module.vpc.module.vpc.aws_vpn_gateway_attachment.this",
            "module.agent_cluster.module.vpc.module.vpc.aws_vpn_gateway_route_propagation.intra",
            "module.agent_cluster.module.vpc.module.vpc.aws_vpn_gateway_route_propagation.private",
            "module.agent_cluster.module.vpc.module.vpc.aws_vpn_gateway_route_propagation.public",
            "module.agent_cluster.module.vpc.module.vpc.data.aws_iam_policy_document.flow_log_cloudwatch_assume_role",
            "module.agent_cluster.module.vpc.module.vpc.data.aws_iam_policy_document.vpc_flow_log_cloudwatch"
          ],
          "create_before_destroy": true
        }
      ]
    },
    {
      "module": "module.agent_cluster.module.efs.module.efs.module.security_group",
      "mode": "managed",
      "type": "aws_security_group_rule",
      "name": "keyed",
      "provider": "provider[\"registry.terraform.io/hashicorp/aws\"]",
      "instances": [
        {
          "index_key": "_allow_all_egress_",
          "schema_version": 2,
          "attributes": {
            "cidr_blocks": [
              "0.0.0.0/0"
            ],
            "description": "Allow all egress",
            "from_port": 0,
            "id": "sgrule-2414067847",
            "ipv6_cidr_blocks": [
              "::/0"
            ],
            "prefix_list_ids": [],
            "protocol": "-1",
            "security_group_id": "sg-0ec4f1106acfea179",
            "security_group_rule_id": "",
            "self": false,
            "source_security_group_id": null,
            "timeouts": null,
            "to_port": 0,
            "type": "egress"
          },
          "sensitive_attributes": [],
          "private": "eyJlMmJmYjczMC1lY2FhLTExZTYtOGY4OC0zNDM2M2JjN2M0YzAiOnsiY3JlYXRlIjozMDAwMDAwMDAwMDB9LCJzY2hlbWFfdmVyc2lvbiI6IjIifQ==",
          "dependencies": [
            "data.aws_eks_cluster.my_eks",
            "module.agent_cluster.data.aws_eks_cluster.my_eks",
            "module.agent_cluster.module.efs.data.aws_eks_cluster.cluster",
            "module.agent_cluster.module.efs.module.efs.module.security_group.aws_security_group.cbd",
            "module.agent_cluster.module.efs.module.efs.module.security_group.aws_security_group.default",
            "module.agent_cluster.module.eks.data.aws_subnets.private",
            "module.agent_cluster.module.eks.module.eks.aws_cloudwatch_log_group.this",
            "module.agent_cluster.module.eks.module.eks.aws_ec2_tag.cluster_primary_security_group",
            "module.agent_cluster.module.eks.module.eks.aws_eks_addon.before_compute",
            "module.agent_cluster.module.eks.module.eks.aws_eks_addon.this",
            "module.agent_cluster.module.eks.module.eks.aws_eks_cluster.this",
            "module.agent_cluster.module.eks.module.eks.aws_eks_identity_provider_config.this",
            "module.agent_cluster.module.eks.module.eks.aws_iam_openid_connect_provider.oidc_provider",
            "module.agent_cluster.module.eks.module.eks.aws_iam_policy.cluster_encryption",
            "module.agent_cluster.module.eks.module.eks.aws_iam_policy.cni_ipv6_policy",
            "module.agent_cluster.module.eks.module.eks.aws_iam_role.this",
            "module.agent_cluster.module.eks.module.eks.aws_iam_role_policy_attachment.additional",
            "module.agent_cluster.module.eks.module.eks.aws_iam_role_policy_attachment.cluster_encryption",
            "module.agent_cluster.module.eks.module.eks.aws_iam_role_policy_attachment.this",
            "module.agent_cluster.module.eks.module.eks.aws_security_group.cluster",
            "module.agent_cluster.module.eks.module.eks.aws_security_group.node",
            "module.agent_cluster.module.eks.module.eks.aws_security_group_rule.cluster",
            "module.agent_cluster.module.eks.module.eks.aws_security_group_rule.node",
            "module.agent_cluster.module.eks.module.eks.data.aws_caller_identity.current",
            "module.agent_cluster.module.eks.module.eks.data.aws_eks_addon_version.this",
            "module.agent_cluster.module.eks.module.eks.data.aws_iam_policy_document.assume_role_policy",
            "module.agent_cluster.module.eks.module.eks.data.aws_iam_policy_document.cni_ipv6_policy",
            "module.agent_cluster.module.eks.module.eks.data.aws_iam_session_context.current",
            "module.agent_cluster.module.eks.module.eks.data.aws_partition.current",
            "module.agent_cluster.module.eks.module.eks.data.tls_certificate.this",
            "module.agent_cluster.module.eks.module.eks.kubernetes_config_map.aws_auth",
            "module.agent_cluster.module.eks.module.eks.kubernetes_config_map_v1_data.aws_auth",
            "module.agent_cluster.module.eks.module.eks.module.eks_managed_node_group.aws_autoscaling_schedule.this",
            "module.agent_cluster.module.eks.module.eks.module.eks_managed_node_group.aws_eks_node_group.this",
            "module.agent_cluster.module.eks.module.eks.module.eks_managed_node_group.aws_iam_role.this",
            "module.agent_cluster.module.eks.module.eks.module.eks_managed_node_group.aws_iam_role_policy_attachment.additional",
            "module.agent_cluster.module.eks.module.eks.module.eks_managed_node_group.aws_iam_role_policy_attachment.this",
            "module.agent_cluster.module.eks.module.eks.module.eks_managed_node_group.aws_launch_template.this",
            "module.agent_cluster.module.eks.module.eks.module.eks_managed_node_group.data.aws_caller_identity.current",
            "module.agent_cluster.module.eks.module.eks.module.eks_managed_node_group.data.aws_iam_policy_document.assume_role_policy",
            "module.agent_cluster.module.eks.module.eks.module.eks_managed_node_group.data.aws_partition.current",
            "module.agent_cluster.module.eks.module.eks.module.eks_managed_node_group.module.user_data.data.cloudinit_config.linux_eks_managed_node_group",
            "module.agent_cluster.module.eks.module.eks.module.fargate_profile.aws_eks_fargate_profile.this",
            "module.agent_cluster.module.eks.module.eks.module.fargate_profile.aws_iam_role.this",
            "module.agent_cluster.module.eks.module.eks.module.fargate_profile.aws_iam_role_policy_attachment.additional",
            "module.agent_cluster.module.eks.module.eks.module.fargate_profile.aws_iam_role_policy_attachment.this",
            "module.agent_cluster.module.eks.module.eks.module.fargate_profile.data.aws_caller_identity.current",
            "module.agent_cluster.module.eks.module.eks.module.fargate_profile.data.aws_iam_policy_document.assume_role_policy",
            "module.agent_cluster.module.eks.module.eks.module.fargate_profile.data.aws_partition.current",
            "module.agent_cluster.module.eks.module.eks.module.kms.aws_kms_alias.this",
            "module.agent_cluster.module.eks.module.eks.module.kms.aws_kms_external_key.this",
            "module.agent_cluster.module.eks.module.eks.module.kms.aws_kms_grant.this",
            "module.agent_cluster.module.eks.module.eks.module.kms.aws_kms_key.this",
            "module.agent_cluster.module.eks.module.eks.module.kms.data.aws_caller_identity.current",
            "module.agent_cluster.module.eks.module.eks.module.kms.data.aws_iam_policy_document.this",
            "module.agent_cluster.module.eks.module.eks.module.kms.data.aws_partition.current",
            "module.agent_cluster.module.eks.module.eks.module.self_managed_node_group.aws_autoscaling_group.this",
            "module.agent_cluster.module.eks.module.eks.module.self_managed_node_group.aws_autoscaling_schedule.this",
            "module.agent_cluster.module.eks.module.eks.module.self_managed_node_group.aws_iam_instance_profile.this",
            "module.agent_cluster.module.eks.module.eks.module.self_managed_node_group.aws_iam_role.this",
            "module.agent_cluster.module.eks.module.eks.module.self_managed_node_group.aws_iam_role_policy_attachment.additional",
            "module.agent_cluster.module.eks.module.eks.module.self_managed_node_group.aws_iam_role_policy_attachment.this",
            "module.agent_cluster.module.eks.module.eks.module.self_managed_node_group.aws_launch_template.this",
            "module.agent_cluster.module.eks.module.eks.module.self_managed_node_group.data.aws_ami.eks_default",
            "module.agent_cluster.module.eks.module.eks.module.self_managed_node_group.data.aws_caller_identity.current",
            "module.agent_cluster.module.eks.module.eks.module.self_managed_node_group.data.aws_iam_policy_document.assume_role_policy",
            "module.agent_cluster.module.eks.module.eks.module.self_managed_node_group.data.aws_partition.current",
            "module.agent_cluster.module.eks.module.eks.module.self_managed_node_group.module.user_data.data.cloudinit_config.linux_eks_managed_node_group",
            "module.agent_cluster.module.eks.module.eks.time_sleep.this",
            "module.agent_cluster.module.vpc.data.aws_ec2_instance_type_offerings.supported_azs",
            "module.agent_cluster.module.vpc.module.vpc.aws_cloudwatch_log_group.flow_log",
            "module.agent_cluster.module.vpc.module.vpc.aws_customer_gateway.this",
            "module.agent_cluster.module.vpc.module.vpc.aws_db_subnet_group.database",
            "module.agent_cluster.module.vpc.module.vpc.aws_default_network_acl.this",
            "module.agent_cluster.module.vpc.module.vpc.aws_default_route_table.default",
            "module.agent_cluster.module.vpc.module.vpc.aws_default_security_group.this",
            "module.agent_cluster.module.vpc.module.vpc.aws_default_vpc.this",
            "module.agent_cluster.module.vpc.module.vpc.aws_egress_only_internet_gateway.this",
            "module.agent_cluster.module.vpc.module.vpc.aws_eip.nat",
            "module.agent_cluster.module.vpc.module.vpc.aws_elasticache_subnet_group.elasticache",
            "module.agent_cluster.module.vpc.module.vpc.aws_flow_log.this",
            "module.agent_cluster.module.vpc.module.vpc.aws_iam_policy.vpc_flow_log_cloudwatch",
            "module.agent_cluster.module.vpc.module.vpc.aws_iam_role.vpc_flow_log_cloudwatch",
            "module.agent_cluster.module.vpc.module.vpc.aws_iam_role_policy_attachment.vpc_flow_log_cloudwatch",
            "module.agent_cluster.module.vpc.module.vpc.aws_internet_gateway.this",
            "module.agent_cluster.module.vpc.module.vpc.aws_nat_gateway.this",
            "module.agent_cluster.module.vpc.module.vpc.aws_network_acl.database",
            "module.agent_cluster.module.vpc.module.vpc.aws_network_acl.elasticache",
            "module.agent_cluster.module.vpc.module.vpc.aws_network_acl.intra",
            "module.agent_cluster.module.vpc.module.vpc.aws_network_acl.outpost",
            "module.agent_cluster.module.vpc.module.vpc.aws_network_acl.private",
            "module.agent_cluster.module.vpc.module.vpc.aws_network_acl.public",
            "module.agent_cluster.module.vpc.module.vpc.aws_network_acl.redshift",
            "module.agent_cluster.module.vpc.module.vpc.aws_network_acl_rule.database_inbound",
            "module.agent_cluster.module.vpc.module.vpc.aws_network_acl_rule.database_outbound",
            "module.agent_cluster.module.vpc.module.vpc.aws_network_acl_rule.elasticache_inbound",
            "module.agent_cluster.module.vpc.module.vpc.aws_network_acl_rule.elasticache_outbound",
            "module.agent_cluster.module.vpc.module.vpc.aws_network_acl_rule.intra_inbound",
            "module.agent_cluster.module.vpc.module.vpc.aws_network_acl_rule.intra_outbound",
            "module.agent_cluster.module.vpc.module.vpc.aws_network_acl_rule.outpost_inbound",
            "module.agent_cluster.module.vpc.module.vpc.aws_network_acl_rule.outpost_outbound",
            "module.agent_cluster.module.vpc.module.vpc.aws_network_acl_rule.private_inbound",
            "module.agent_cluster.module.vpc.module.vpc.aws_network_acl_rule.private_outbound",
            "module.agent_cluster.module.vpc.module.vpc.aws_network_acl_rule.public_inbound",
            "module.agent_cluster.module.vpc.module.vpc.aws_network_acl_rule.public_outbound",
            "module.agent_cluster.module.vpc.module.vpc.aws_network_acl_rule.redshift_inbound",
            "module.agent_cluster.module.vpc.module.vpc.aws_network_acl_rule.redshift_outbound",
            "module.agent_cluster.module.vpc.module.vpc.aws_redshift_subnet_group.redshift",
            "module.agent_cluster.module.vpc.module.vpc.aws_route.database_dns64_nat_gateway",
            "module.agent_cluster.module.vpc.module.vpc.aws_route.database_internet_gateway",
            "module.agent_cluster.module.vpc.module.vpc.aws_route.database_ipv6_egress",
            "module.agent_cluster.module.vpc.module.vpc.aws_route.database_nat_gateway",
            "module.agent_cluster.module.vpc.module.vpc.aws_route.private_dns64_nat_gateway",
            "module.agent_cluster.module.vpc.module.vpc.aws_route.private_ipv6_egress",
            "module.agent_cluster.module.vpc.module.vpc.aws_route.private_nat_gateway",
            "module.agent_cluster.module.vpc.module.vpc.aws_route.public_internet_gateway",
            "module.agent_cluster.module.vpc.module.vpc.aws_route.public_internet_gateway_ipv6",
            "module.agent_cluster.module.vpc.module.vpc.aws_route_table.database",
            "module.agent_cluster.module.vpc.module.vpc.aws_route_table.elasticache",
            "module.agent_cluster.module.vpc.module.vpc.aws_route_table.intra",
            "module.agent_cluster.module.vpc.module.vpc.aws_route_table.private",
            "module.agent_cluster.module.vpc.module.vpc.aws_route_table.public",
            "module.agent_cluster.module.vpc.module.vpc.aws_route_table.redshift",
            "module.agent_cluster.module.vpc.module.vpc.aws_route_table_association.database",
            "module.agent_cluster.module.vpc.module.vpc.aws_route_table_association.elasticache",
            "module.agent_cluster.module.vpc.module.vpc.aws_route_table_association.intra",
            "module.agent_cluster.module.vpc.module.vpc.aws_route_table_association.outpost",
            "module.agent_cluster.module.vpc.module.vpc.aws_route_table_association.private",
            "module.agent_cluster.module.vpc.module.vpc.aws_route_table_association.public",
            "module.agent_cluster.module.vpc.module.vpc.aws_route_table_association.redshift",
            "module.agent_cluster.module.vpc.module.vpc.aws_route_table_association.redshift_public",
            "module.agent_cluster.module.vpc.module.vpc.aws_subnet.database",
            "module.agent_cluster.module.vpc.module.vpc.aws_subnet.elasticache",
            "module.agent_cluster.module.vpc.module.vpc.aws_subnet.intra",
            "module.agent_cluster.module.vpc.module.vpc.aws_subnet.outpost",
            "module.agent_cluster.module.vpc.module.vpc.aws_subnet.private",
            "module.agent_cluster.module.vpc.module.vpc.aws_subnet.public",
            "module.agent_cluster.module.vpc.module.vpc.aws_subnet.redshift",
            "module.agent_cluster.module.vpc.module.vpc.aws_vpc.this",
            "module.agent_cluster.module.vpc.module.vpc.aws_vpc_dhcp_options.this",
            "module.agent_cluster.module.vpc.module.vpc.aws_vpc_dhcp_options_association.this",
            "module.agent_cluster.module.vpc.module.vpc.aws_vpc_ipv4_cidr_block_association.this",
            "module.agent_cluster.module.vpc.module.vpc.aws_vpn_gateway.this",
            "module.agent_cluster.module.vpc.module.vpc.aws_vpn_gateway_attachment.this",
            "module.agent_cluster.module.vpc.module.vpc.aws_vpn_gateway_route_propagation.intra",
            "module.agent_cluster.module.vpc.module.vpc.aws_vpn_gateway_route_propagation.private",
            "module.agent_cluster.module.vpc.module.vpc.aws_vpn_gateway_route_propagation.public",
            "module.agent_cluster.module.vpc.module.vpc.data.aws_iam_policy_document.flow_log_cloudwatch_assume_role",
            "module.agent_cluster.module.vpc.module.vpc.data.aws_iam_policy_document.vpc_flow_log_cloudwatch"
          ],
          "create_before_destroy": true
        },
        {
          "index_key": "_list_[0]",
          "schema_version": 2,
          "attributes": {
            "cidr_blocks": null,
            "description": "Allow ingress traffic to EFS from primary EKS security group",
            "from_port": 2049,
            "id": "sgrule-3083821502",
            "ipv6_cidr_blocks": null,
            "prefix_list_ids": [],
            "protocol": "tcp",
            "security_group_id": "sg-0ec4f1106acfea179",
            "security_group_rule_id": "sgr-0832a4d1b1a72ff3f",
            "self": false,
            "source_security_group_id": "sg-0ac222225c4a74c98",
            "timeouts": null,
            "to_port": 2049,
            "type": "ingress"
          },
          "sensitive_attributes": [],
          "private": "eyJlMmJmYjczMC1lY2FhLTExZTYtOGY4OC0zNDM2M2JjN2M0YzAiOnsiY3JlYXRlIjozMDAwMDAwMDAwMDB9LCJzY2hlbWFfdmVyc2lvbiI6IjIifQ==",
          "dependencies": [
            "data.aws_eks_cluster.my_eks",
            "module.agent_cluster.data.aws_eks_cluster.my_eks",
            "module.agent_cluster.module.efs.data.aws_eks_cluster.cluster",
            "module.agent_cluster.module.efs.module.efs.module.security_group.aws_security_group.cbd",
            "module.agent_cluster.module.efs.module.efs.module.security_group.aws_security_group.default",
            "module.agent_cluster.module.eks.data.aws_subnets.private",
            "module.agent_cluster.module.eks.module.eks.aws_cloudwatch_log_group.this",
            "module.agent_cluster.module.eks.module.eks.aws_ec2_tag.cluster_primary_security_group",
            "module.agent_cluster.module.eks.module.eks.aws_eks_addon.before_compute",
            "module.agent_cluster.module.eks.module.eks.aws_eks_addon.this",
            "module.agent_cluster.module.eks.module.eks.aws_eks_cluster.this",
            "module.agent_cluster.module.eks.module.eks.aws_eks_identity_provider_config.this",
            "module.agent_cluster.module.eks.module.eks.aws_iam_openid_connect_provider.oidc_provider",
            "module.agent_cluster.module.eks.module.eks.aws_iam_policy.cluster_encryption",
            "module.agent_cluster.module.eks.module.eks.aws_iam_policy.cni_ipv6_policy",
            "module.agent_cluster.module.eks.module.eks.aws_iam_role.this",
            "module.agent_cluster.module.eks.module.eks.aws_iam_role_policy_attachment.additional",
            "module.agent_cluster.module.eks.module.eks.aws_iam_role_policy_attachment.cluster_encryption",
            "module.agent_cluster.module.eks.module.eks.aws_iam_role_policy_attachment.this",
            "module.agent_cluster.module.eks.module.eks.aws_security_group.cluster",
            "module.agent_cluster.module.eks.module.eks.aws_security_group.node",
            "module.agent_cluster.module.eks.module.eks.aws_security_group_rule.cluster",
            "module.agent_cluster.module.eks.module.eks.aws_security_group_rule.node",
            "module.agent_cluster.module.eks.module.eks.data.aws_caller_identity.current",
            "module.agent_cluster.module.eks.module.eks.data.aws_eks_addon_version.this",
            "module.agent_cluster.module.eks.module.eks.data.aws_iam_policy_document.assume_role_policy",
            "module.agent_cluster.module.eks.module.eks.data.aws_iam_policy_document.cni_ipv6_policy",
            "module.agent_cluster.module.eks.module.eks.data.aws_iam_session_context.current",
            "module.agent_cluster.module.eks.module.eks.data.aws_partition.current",
            "module.agent_cluster.module.eks.module.eks.data.tls_certificate.this",
            "module.agent_cluster.module.eks.module.eks.kubernetes_config_map.aws_auth",
            "module.agent_cluster.module.eks.module.eks.kubernetes_config_map_v1_data.aws_auth",
            "module.agent_cluster.module.eks.module.eks.module.eks_managed_node_group.aws_autoscaling_schedule.this",
            "module.agent_cluster.module.eks.module.eks.module.eks_managed_node_group.aws_eks_node_group.this",
            "module.agent_cluster.module.eks.module.eks.module.eks_managed_node_group.aws_iam_role.this",
            "module.agent_cluster.module.eks.module.eks.module.eks_managed_node_group.aws_iam_role_policy_attachment.additional",
            "module.agent_cluster.module.eks.module.eks.module.eks_managed_node_group.aws_iam_role_policy_attachment.this",
            "module.agent_cluster.module.eks.module.eks.module.eks_managed_node_group.aws_launch_template.this",
            "module.agent_cluster.module.eks.module.eks.module.eks_managed_node_group.data.aws_caller_identity.current",
            "module.agent_cluster.module.eks.module.eks.module.eks_managed_node_group.data.aws_iam_policy_document.assume_role_policy",
            "module.agent_cluster.module.eks.module.eks.module.eks_managed_node_group.data.aws_partition.current",
            "module.agent_cluster.module.eks.module.eks.module.eks_managed_node_group.module.user_data.data.cloudinit_config.linux_eks_managed_node_group",
            "module.agent_cluster.module.eks.module.eks.module.fargate_profile.aws_eks_fargate_profile.this",
            "module.agent_cluster.module.eks.module.eks.module.fargate_profile.aws_iam_role.this",
            "module.agent_cluster.module.eks.module.eks.module.fargate_profile.aws_iam_role_policy_attachment.additional",
            "module.agent_cluster.module.eks.module.eks.module.fargate_profile.aws_iam_role_policy_attachment.this",
            "module.agent_cluster.module.eks.module.eks.module.fargate_profile.data.aws_caller_identity.current",
            "module.agent_cluster.module.eks.module.eks.module.fargate_profile.data.aws_iam_policy_document.assume_role_policy",
            "module.agent_cluster.module.eks.module.eks.module.fargate_profile.data.aws_partition.current",
            "module.agent_cluster.module.eks.module.eks.module.kms.aws_kms_alias.this",
            "module.agent_cluster.module.eks.module.eks.module.kms.aws_kms_external_key.this",
            "module.agent_cluster.module.eks.module.eks.module.kms.aws_kms_grant.this",
            "module.agent_cluster.module.eks.module.eks.module.kms.aws_kms_key.this",
            "module.agent_cluster.module.eks.module.eks.module.kms.data.aws_caller_identity.current",
            "module.agent_cluster.module.eks.module.eks.module.kms.data.aws_iam_policy_document.this",
            "module.agent_cluster.module.eks.module.eks.module.kms.data.aws_partition.current",
            "module.agent_cluster.module.eks.module.eks.module.self_managed_node_group.aws_autoscaling_group.this",
            "module.agent_cluster.module.eks.module.eks.module.self_managed_node_group.aws_autoscaling_schedule.this",
            "module.agent_cluster.module.eks.module.eks.module.self_managed_node_group.aws_iam_instance_profile.this",
            "module.agent_cluster.module.eks.module.eks.module.self_managed_node_group.aws_iam_role.this",
            "module.agent_cluster.module.eks.module.eks.module.self_managed_node_group.aws_iam_role_policy_attachment.additional",
            "module.agent_cluster.module.eks.module.eks.module.self_managed_node_group.aws_iam_role_policy_attachment.this",
            "module.agent_cluster.module.eks.module.eks.module.self_managed_node_group.aws_launch_template.this",
            "module.agent_cluster.module.eks.module.eks.module.self_managed_node_group.data.aws_ami.eks_default",
            "module.agent_cluster.module.eks.module.eks.module.self_managed_node_group.data.aws_caller_identity.current",
            "module.agent_cluster.module.eks.module.eks.module.self_managed_node_group.data.aws_iam_policy_document.assume_role_policy",
            "module.agent_cluster.module.eks.module.eks.module.self_managed_node_group.data.aws_partition.current",
            "module.agent_cluster.module.eks.module.eks.module.self_managed_node_group.module.user_data.data.cloudinit_config.linux_eks_managed_node_group",
            "module.agent_cluster.module.eks.module.eks.time_sleep.this",
            "module.agent_cluster.module.vpc.data.aws_ec2_instance_type_offerings.supported_azs",
            "module.agent_cluster.module.vpc.module.vpc.aws_cloudwatch_log_group.flow_log",
            "module.agent_cluster.module.vpc.module.vpc.aws_customer_gateway.this",
            "module.agent_cluster.module.vpc.module.vpc.aws_db_subnet_group.database",
            "module.agent_cluster.module.vpc.module.vpc.aws_default_network_acl.this",
            "module.agent_cluster.module.vpc.module.vpc.aws_default_route_table.default",
            "module.agent_cluster.module.vpc.module.vpc.aws_default_security_group.this",
            "module.agent_cluster.module.vpc.module.vpc.aws_default_vpc.this",
            "module.agent_cluster.module.vpc.module.vpc.aws_egress_only_internet_gateway.this",
            "module.agent_cluster.module.vpc.module.vpc.aws_eip.nat",
            "module.agent_cluster.module.vpc.module.vpc.aws_elasticache_subnet_group.elasticache",
            "module.agent_cluster.module.vpc.module.vpc.aws_flow_log.this",
            "module.agent_cluster.module.vpc.module.vpc.aws_iam_policy.vpc_flow_log_cloudwatch",
            "module.agent_cluster.module.vpc.module.vpc.aws_iam_role.vpc_flow_log_cloudwatch",
            "module.agent_cluster.module.vpc.module.vpc.aws_iam_role_policy_attachment.vpc_flow_log_cloudwatch",
            "module.agent_cluster.module.vpc.module.vpc.aws_internet_gateway.this",
            "module.agent_cluster.module.vpc.module.vpc.aws_nat_gateway.this",
            "module.agent_cluster.module.vpc.module.vpc.aws_network_acl.database",
            "module.agent_cluster.module.vpc.module.vpc.aws_network_acl.elasticache",
            "module.agent_cluster.module.vpc.module.vpc.aws_network_acl.intra",
            "module.agent_cluster.module.vpc.module.vpc.aws_network_acl.outpost",
            "module.agent_cluster.module.vpc.module.vpc.aws_network_acl.private",
            "module.agent_cluster.module.vpc.module.vpc.aws_network_acl.public",
            "module.agent_cluster.module.vpc.module.vpc.aws_network_acl.redshift",
            "module.agent_cluster.module.vpc.module.vpc.aws_network_acl_rule.database_inbound",
            "module.agent_cluster.module.vpc.module.vpc.aws_network_acl_rule.database_outbound",
            "module.agent_cluster.module.vpc.module.vpc.aws_network_acl_rule.elasticache_inbound",
            "module.agent_cluster.module.vpc.module.vpc.aws_network_acl_rule.elasticache_outbound",
            "module.agent_cluster.module.vpc.module.vpc.aws_network_acl_rule.intra_inbound",
            "module.agent_cluster.module.vpc.module.vpc.aws_network_acl_rule.intra_outbound",
            "module.agent_cluster.module.vpc.module.vpc.aws_network_acl_rule.outpost_inbound",
            "module.agent_cluster.module.vpc.module.vpc.aws_network_acl_rule.outpost_outbound",
            "module.agent_cluster.module.vpc.module.vpc.aws_network_acl_rule.private_inbound",
            "module.agent_cluster.module.vpc.module.vpc.aws_network_acl_rule.private_outbound",
            "module.agent_cluster.module.vpc.module.vpc.aws_network_acl_rule.public_inbound",
            "module.agent_cluster.module.vpc.module.vpc.aws_network_acl_rule.public_outbound",
            "module.agent_cluster.module.vpc.module.vpc.aws_network_acl_rule.redshift_inbound",
            "module.agent_cluster.module.vpc.module.vpc.aws_network_acl_rule.redshift_outbound",
            "module.agent_cluster.module.vpc.module.vpc.aws_redshift_subnet_group.redshift",
            "module.agent_cluster.module.vpc.module.vpc.aws_route.database_dns64_nat_gateway",
            "module.agent_cluster.module.vpc.module.vpc.aws_route.database_internet_gateway",
            "module.agent_cluster.module.vpc.module.vpc.aws_route.database_ipv6_egress",
            "module.agent_cluster.module.vpc.module.vpc.aws_route.database_nat_gateway",
            "module.agent_cluster.module.vpc.module.vpc.aws_route.private_dns64_nat_gateway",
            "module.agent_cluster.module.vpc.module.vpc.aws_route.private_ipv6_egress",
            "module.agent_cluster.module.vpc.module.vpc.aws_route.private_nat_gateway",
            "module.agent_cluster.module.vpc.module.vpc.aws_route.public_internet_gateway",
            "module.agent_cluster.module.vpc.module.vpc.aws_route.public_internet_gateway_ipv6",
            "module.agent_cluster.module.vpc.module.vpc.aws_route_table.database",
            "module.agent_cluster.module.vpc.module.vpc.aws_route_table.elasticache",
            "module.agent_cluster.module.vpc.module.vpc.aws_route_table.intra",
            "module.agent_cluster.module.vpc.module.vpc.aws_route_table.private",
            "module.agent_cluster.module.vpc.module.vpc.aws_route_table.public",
            "module.agent_cluster.module.vpc.module.vpc.aws_route_table.redshift",
            "module.agent_cluster.module.vpc.module.vpc.aws_route_table_association.database",
            "module.agent_cluster.module.vpc.module.vpc.aws_route_table_association.elasticache",
            "module.agent_cluster.module.vpc.module.vpc.aws_route_table_association.intra",
            "module.agent_cluster.module.vpc.module.vpc.aws_route_table_association.outpost",
            "module.agent_cluster.module.vpc.module.vpc.aws_route_table_association.private",
            "module.agent_cluster.module.vpc.module.vpc.aws_route_table_association.public",
            "module.agent_cluster.module.vpc.module.vpc.aws_route_table_association.redshift",
            "module.agent_cluster.module.vpc.module.vpc.aws_route_table_association.redshift_public",
            "module.agent_cluster.module.vpc.module.vpc.aws_subnet.database",
            "module.agent_cluster.module.vpc.module.vpc.aws_subnet.elasticache",
            "module.agent_cluster.module.vpc.module.vpc.aws_subnet.intra",
            "module.agent_cluster.module.vpc.module.vpc.aws_subnet.outpost",
            "module.agent_cluster.module.vpc.module.vpc.aws_subnet.private",
            "module.agent_cluster.module.vpc.module.vpc.aws_subnet.public",
            "module.agent_cluster.module.vpc.module.vpc.aws_subnet.redshift",
            "module.agent_cluster.module.vpc.module.vpc.aws_vpc.this",
            "module.agent_cluster.module.vpc.module.vpc.aws_vpc_dhcp_options.this",
            "module.agent_cluster.module.vpc.module.vpc.aws_vpc_dhcp_options_association.this",
            "module.agent_cluster.module.vpc.module.vpc.aws_vpc_ipv4_cidr_block_association.this",
            "module.agent_cluster.module.vpc.module.vpc.aws_vpn_gateway.this",
            "module.agent_cluster.module.vpc.module.vpc.aws_vpn_gateway_attachment.this",
            "module.agent_cluster.module.vpc.module.vpc.aws_vpn_gateway_route_propagation.intra",
            "module.agent_cluster.module.vpc.module.vpc.aws_vpn_gateway_route_propagation.private",
            "module.agent_cluster.module.vpc.module.vpc.aws_vpn_gateway_route_propagation.public",
            "module.agent_cluster.module.vpc.module.vpc.data.aws_iam_policy_document.flow_log_cloudwatch_assume_role",
            "module.agent_cluster.module.vpc.module.vpc.data.aws_iam_policy_document.vpc_flow_log_cloudwatch"
          ],
          "create_before_destroy": true
        }
      ]
    },
    {
      "module": "module.agent_cluster.module.eks[0]",
      "mode": "data",
      "type": "aws_subnets",
      "name": "private",
      "provider": "provider[\"registry.terraform.io/hashicorp/aws\"]",
      "instances": [
        {
          "schema_version": 0,
          "attributes": {
            "filter": [
              {
                "name": "vpc-id",
                "values": [
                  "vpc-0c1bb5f6db309b819"
                ]
              }
            ],
            "id": "us-east-1",
            "ids": [
              "subnet-043abbeea034e9d95",
              "subnet-01dd2fb3b36ae2b2f",
              "subnet-0a0c30f2decf0124d",
              "subnet-00c090af3650f585d",
              "subnet-04423e002f03b0a03"
            ],
            "tags": {
              "tier": "private"
            },
            "timeouts": null
          },
          "sensitive_attributes": []
        }
      ]
    },
    {
      "module": "module.agent_cluster.module.eks[0].module.eks",
      "mode": "data",
      "type": "aws_caller_identity",
      "name": "current",
      "provider": "provider[\"registry.terraform.io/hashicorp/aws\"]",
      "instances": [
        {
          "schema_version": 0,
          "attributes": {
            "account_id": "343806850935",
            "arn": "arn:aws:sts::343806850935:assumed-role/AWSReservedSSO_AdministratorAccess_9999c6a81f899fc6/liran.farage",
            "id": "343806850935",
            "user_id": "AROAVADD4G53SNEMOUQ3Q:liran.farage"
          },
          "sensitive_attributes": []
        }
      ]
    },
    {
      "module": "module.agent_cluster.module.eks[0].module.eks",
      "mode": "data",
      "type": "aws_eks_addon_version",
      "name": "this",
      "provider": "provider[\"registry.terraform.io/hashicorp/aws\"]",
      "instances": [
        {
          "index_key": "coredns",
          "schema_version": 0,
          "attributes": {
            "addon_name": "coredns",
            "id": "coredns",
            "kubernetes_version": "1.27",
            "most_recent": true,
            "version": "v1.10.1-eksbuild.2"
          },
          "sensitive_attributes": []
        },
        {
          "index_key": "kube-proxy",
          "schema_version": 0,
          "attributes": {
            "addon_name": "kube-proxy",
            "id": "kube-proxy",
            "kubernetes_version": "1.27",
            "most_recent": true,
            "version": "v1.27.3-eksbuild.2"
          },
          "sensitive_attributes": []
        },
        {
          "index_key": "vpc-cni",
          "schema_version": 0,
          "attributes": {
            "addon_name": "vpc-cni",
            "id": "vpc-cni",
            "kubernetes_version": "1.27",
            "most_recent": true,
            "version": "v1.13.3-eksbuild.1"
          },
          "sensitive_attributes": []
        }
      ]
    },
    {
      "module": "module.agent_cluster.module.eks[0].module.eks",
      "mode": "data",
      "type": "aws_iam_policy_document",
      "name": "assume_role_policy",
      "provider": "provider[\"registry.terraform.io/hashicorp/aws\"]",
      "instances": [
        {
          "index_key": 0,
          "schema_version": 0,
          "attributes": {
            "id": "2764486067",
            "json": "{\n  \"Version\": \"2012-10-17\",\n  \"Statement\": [\n    {\n      \"Sid\": \"EKSClusterAssumeRole\",\n      \"Effect\": \"Allow\",\n      \"Action\": \"sts:AssumeRole\",\n      \"Principal\": {\n        \"Service\": \"eks.amazonaws.com\"\n      }\n    }\n  ]\n}",
            "override_policy_documents": null,
            "policy_id": null,
            "source_policy_documents": null,
            "statement": [
              {
                "actions": [
                  "sts:AssumeRole"
                ],
                "condition": [],
                "effect": "Allow",
                "not_actions": [],
                "not_principals": [],
                "not_resources": [],
                "principals": [
                  {
                    "identifiers": [
                      "eks.amazonaws.com"
                    ],
                    "type": "Service"
                  }
                ],
                "resources": [],
                "sid": "EKSClusterAssumeRole"
              }
            ],
            "version": "2012-10-17"
          },
          "sensitive_attributes": []
        }
      ]
    },
    {
      "module": "module.agent_cluster.module.eks[0].module.eks",
      "mode": "data",
      "type": "aws_iam_session_context",
      "name": "current",
      "provider": "provider[\"registry.terraform.io/hashicorp/aws\"]",
      "instances": [
        {
          "schema_version": 0,
          "attributes": {
            "arn": "arn:aws:sts::343806850935:assumed-role/AWSReservedSSO_AdministratorAccess_9999c6a81f899fc6/liran.farage",
            "id": "arn:aws:sts::343806850935:assumed-role/AWSReservedSSO_AdministratorAccess_9999c6a81f899fc6/liran.farage",
            "issuer_arn": "arn:aws:iam::343806850935:role/aws-reserved/sso.amazonaws.com/AWSReservedSSO_AdministratorAccess_9999c6a81f899fc6",
            "issuer_id": "AROAVADD4G53SNEMOUQ3Q",
            "issuer_name": "AWSReservedSSO_AdministratorAccess_9999c6a81f899fc6",
            "session_name": "liran.farage"
          },
          "sensitive_attributes": []
        }
      ]
    },
    {
      "module": "module.agent_cluster.module.eks[0].module.eks",
      "mode": "data",
      "type": "aws_partition",
      "name": "current",
      "provider": "provider[\"registry.terraform.io/hashicorp/aws\"]",
      "instances": [
        {
          "schema_version": 0,
          "attributes": {
            "dns_suffix": "amazonaws.com",
            "id": "aws",
            "partition": "aws",
            "reverse_dns_prefix": "com.amazonaws"
          },
          "sensitive_attributes": []
        }
      ]
    },
    {
      "module": "module.agent_cluster.module.eks[0].module.eks",
      "mode": "data",
      "type": "tls_certificate",
      "name": "this",
      "provider": "provider[\"registry.terraform.io/hashicorp/tls\"]",
      "instances": [
        {
          "index_key": 0,
          "schema_version": 0,
          "attributes": {
            "certificates": [
              {
                "cert_pem": "-----BEGIN CERTIFICATE-----\nMIIEdTCCA12gAwIBAgIJAKcOSkw0grd/MA0GCSqGSIb3DQEBCwUAMGgxCzAJBgNV\nBAYTAlVTMSUwIwYDVQQKExxTdGFyZmllbGQgVGVjaG5vbG9naWVzLCBJbmMuMTIw\nMAYDVQQLEylTdGFyZmllbGQgQ2xhc3MgMiBDZXJ0aWZpY2F0aW9uIEF1dGhvcml0\neTAeFw0wOTA5MDIwMDAwMDBaFw0zNDA2MjgxNzM5MTZaMIGYMQswCQYDVQQGEwJV\nUzEQMA4GA1UECBMHQXJpem9uYTETMBEGA1UEBxMKU2NvdHRzZGFsZTElMCMGA1UE\nChMcU3RhcmZpZWxkIFRlY2hub2xvZ2llcywgSW5jLjE7MDkGA1UEAxMyU3RhcmZp\nZWxkIFNlcnZpY2VzIFJvb3QgQ2VydGlmaWNhdGUgQXV0aG9yaXR5IC0gRzIwggEi\nMA0GCSqGSIb3DQEBAQUAA4IBDwAwggEKAoIBAQDVDDrEKvlO4vW+GZdfjohTsR8/\ny8+fIBNtKTrID30892t2OGPZNmCom15cAICyL1l/9of5JUOG52kbUpqQ4XHj2C0N\nTm/2yEnZtvMaVq4rtnQU68/7JuMauh2WLmo7WJSJR1b/JaCTcFOD2oR0FMNnngRo\nOt+OQFodSk7PQ5E751bWAHDLUu57fa4657wx+UX2wmDPE1kCK4DMNEffud6QZW0C\nzyyRpqbn3oUYSXxmTqM6bam17jQuug0DuDPfR+uxa40l2ZvOgdFFRjKWcIfeAg5J\nQ4W2bHO7ZOphQazJ1FTfhy/HIrImzJ9ZVGif/L4qL8RVHHVAYBeFAlU5i38FAgMB\nAAGjgfAwge0wDwYDVR0TAQH/BAUwAwEB/zAOBgNVHQ8BAf8EBAMCAYYwHQYDVR0O\nBBYEFJxfAN+qAdcwKziIorhtSpzyEZGDMB8GA1UdIwQYMBaAFL9ft9HO3R+G9FtV\nrNzXEMIOqYjnME8GCCsGAQUFBwEBBEMwQTAcBggrBgEFBQcwAYYQaHR0cDovL28u\nc3MyLnVzLzAhBggrBgEFBQcwAoYVaHR0cDovL3guc3MyLnVzL3guY2VyMCYGA1Ud\nHwQfMB0wG6AZoBeGFWh0dHA6Ly9zLnNzMi51cy9yLmNybDARBgNVHSAECjAIMAYG\nBFUdIAAwDQYJKoZIhvcNAQELBQADggEBACMd44pXyn3pF3lM8R5V/cxTbj5HD9/G\nVfKyBDbtgB9TxF00KGu+x1X8Z+rLP3+QsjPNG1gQggL4+C/1E2DUBc7xgQjB3ad1\nl08YuW3e95ORCLp+QCztweq7dp4zBncdDQh/U90bZKuCJ/Fp1U1ervShw3WnWEQt\n8jxwmKy6abaVd38PMV4s/KCHOkdp8Hlf9BRUpJVeEXgSYCfOn8J3/yNTd126/+pZ\n59vPr5KW7ySaNRB6nJHGDn2Z9j8Z3/VyVOEVqQdZe4O/Ui5GjLIAZHYcSNPYeehu\nVsyuLAOQ1xk4meTKCRlb/weWsKh/NEnfVqn3sF/tM+2MR7cwA130A4w=\n-----END CERTIFICATE-----\n",
                "is_ca": true,
                "issuer": "OU=Starfield Class 2 Certification Authority,O=Starfield Technologies\\, Inc.,C=US",
                "not_after": "2034-06-28T17:39:16Z",
                "not_before": "2009-09-02T00:00:00Z",
                "public_key_algorithm": "RSA",
                "serial_number": "12037640545166866303",
                "sha1_fingerprint": "9e99a48a9960b14926bb7f3b02e22da2b0ab7280",
                "signature_algorithm": "SHA256-RSA",
                "subject": "CN=Starfield Services Root Certificate Authority - G2,O=Starfield Technologies\\, Inc.,L=Scottsdale,ST=Arizona,C=US",
                "version": 3
              },
              {
                "cert_pem": "-----BEGIN CERTIFICATE-----\nMIIEkjCCA3qgAwIBAgITBn+USionzfP6wq4rAfkI7rnExjANBgkqhkiG9w0BAQsF\nADCBmDELMAkGA1UEBhMCVVMxEDAOBgNVBAgTB0FyaXpvbmExEzARBgNVBAcTClNj\nb3R0c2RhbGUxJTAjBgNVBAoTHFN0YXJmaWVsZCBUZWNobm9sb2dpZXMsIEluYy4x\nOzA5BgNVBAMTMlN0YXJmaWVsZCBTZXJ2aWNlcyBSb290IENlcnRpZmljYXRlIEF1\ndGhvcml0eSAtIEcyMB4XDTE1MDUyNTEyMDAwMFoXDTM3MTIzMTAxMDAwMFowOTEL\nMAkGA1UEBhMCVVMxDzANBgNVBAoTBkFtYXpvbjEZMBcGA1UEAxMQQW1hem9uIFJv\nb3QgQ0EgMTCCASIwDQYJKoZIhvcNAQEBBQADggEPADCCAQoCggEBALJ4gHHKeNXj\nca9HgFB0fW7Y14h29Jlo91ghYPl0hAEvrAIthtOgQ3pOsqTQNroBvo3bSMgHFzZM\n9O6II8c+6zf1tRn4SWiw3te5djgdYZ6k/oI2peVKVuRF4fn9tBb6dNqcmzU5L/qw\nIFAGbHrQgLKm+a/sRxmPUDgH3KKHOVj4utWp+UhnMJbulHheb4mjUcAwhmahRWa6\nVOujw5H5SNz/0egwLX0tdHA114gk957EWW67c4cX8jJGKLhD+rcdqsq08p8kDi1L\n93FcXmn/6pUCyziKrlA4b9v7LWIbxcceVOF34GfID5yHI9Y/QCB/IIDEgEw+OyQm\njgSubJrIqg0CAwEAAaOCATEwggEtMA8GA1UdEwEB/wQFMAMBAf8wDgYDVR0PAQH/\nBAQDAgGGMB0GA1UdDgQWBBSEGMyFNOy8DJSULghZnMeyEE4KCDAfBgNVHSMEGDAW\ngBScXwDfqgHXMCs4iKK4bUqc8hGRgzB4BggrBgEFBQcBAQRsMGowLgYIKwYBBQUH\nMAGGImh0dHA6Ly9vY3NwLnJvb3RnMi5hbWF6b250cnVzdC5jb20wOAYIKwYBBQUH\nMAKGLGh0dHA6Ly9jcnQucm9vdGcyLmFtYXpvbnRydXN0LmNvbS9yb290ZzIuY2Vy\nMD0GA1UdHwQ2MDQwMqAwoC6GLGh0dHA6Ly9jcmwucm9vdGcyLmFtYXpvbnRydXN0\nLmNvbS9yb290ZzIuY3JsMBEGA1UdIAQKMAgwBgYEVR0gADANBgkqhkiG9w0BAQsF\nAAOCAQEAYjdCXLwQtT6LLOkMm2xF4gcAevnFWAu5CIw+7bMlPLVvUOTNNWqnkzSW\nMiGpSESrnO09tKpzbeR/FoCJbM8oAxiDR3mjEH4wW6w7sGDgd9QIpuEdfF7Au/ma\neyKdpwAJfqxGF4PcnCZXmTA5YpaP7dreqsXMGz7KQ2hsVxa81Q4gLv7/wmpdLqBK\nbRRYh5TmOTFffHPLkIhqhBGWJ6bt2YFGpn6jcgAKUj6DiAdjd4lpFw85hdKrCEVN\n0FE6/V1dN2RMfjCyVSRCnTawXZwXgWHxyvkQAiSr6w10kY17RSlQOYiypok1JR4U\nakcjMS9cmvqtmg5iUaQqqcT5NJ0hGA==\n-----END CERTIFICATE-----\n",
                "is_ca": true,
                "issuer": "CN=Starfield Services Root Certificate Authority - G2,O=Starfield Technologies\\, Inc.,L=Scottsdale,ST=Arizona,C=US",
                "not_after": "2037-12-31T01:00:00Z",
                "not_before": "2015-05-25T12:00:00Z",
                "public_key_algorithm": "RSA",
                "serial_number": "144918191876577076464031512351042010504348870",
                "sha1_fingerprint": "06b25927c42a721631c1efd9431e648fa62e1e39",
                "signature_algorithm": "SHA256-RSA",
                "subject": "CN=Amazon Root CA 1,O=Amazon,C=US",
                "version": 3
              },
              {
                "cert_pem": "-----BEGIN CERTIFICATE-----\nMIIEXjCCA0agAwIBAgITB3MSSkvL1E7HtTvq8ZSELToPoTANBgkqhkiG9w0BAQsF\nADA5MQswCQYDVQQGEwJVUzEPMA0GA1UEChMGQW1hem9uMRkwFwYDVQQDExBBbWF6\nb24gUm9vdCBDQSAxMB4XDTIyMDgyMzIyMjUzMFoXDTMwMDgyMzIyMjUzMFowPDEL\nMAkGA1UEBhMCVVMxDzANBgNVBAoTBkFtYXpvbjEcMBoGA1UEAxMTQW1hem9uIFJT\nQSAyMDQ4IE0wMjCCASIwDQYJKoZIhvcNAQEBBQADggEPADCCAQoCggEBALtDGMZa\nqHneKei1by6+pUPPLljTB143Si6VpEWPc6mSkFhZb/6qrkZyoHlQLbDYnI2D7hD0\nsdzEqfnuAjIsuXQLG3A8TvX6V3oFNBFVe8NlLJHvBseKY88saLwufxkZVwk74g4n\nWlNMXzla9Y5F3wwRHwMVH443xGz6UtGSZSqQ94eFx5X7Tlqt8whi8qCaKdZ5rNak\n+r9nUThOeClqFd4oXych//Rc7Y0eX1KNWHYSI1Nk31mYgiK3JvH063g+K9tHA63Z\neTgKgndlh+WI+zv7i44HepRZjA1FYwYZ9Vv/9UkC5Yz8/yU65fgjaE+wVHM4e/Yy\nC2osrPWE7gJ+dXMCAwEAAaOCAVowggFWMBIGA1UdEwEB/wQIMAYBAf8CAQAwDgYD\nVR0PAQH/BAQDAgGGMB0GA1UdJQQWMBQGCCsGAQUFBwMBBggrBgEFBQcDAjAdBgNV\nHQ4EFgQUwDFSzVpQw4J8dHHOy+mc+XrrguIwHwYDVR0jBBgwFoAUhBjMhTTsvAyU\nlC4IWZzHshBOCggwewYIKwYBBQUHAQEEbzBtMC8GCCsGAQUFBzABhiNodHRwOi8v\nb2NzcC5yb290Y2ExLmFtYXpvbnRydXN0LmNvbTA6BggrBgEFBQcwAoYuaHR0cDov\nL2NydC5yb290Y2ExLmFtYXpvbnRydXN0LmNvbS9yb290Y2ExLmNlcjA/BgNVHR8E\nODA2MDSgMqAwhi5odHRwOi8vY3JsLnJvb3RjYTEuYW1hem9udHJ1c3QuY29tL3Jv\nb3RjYTEuY3JsMBMGA1UdIAQMMAowCAYGZ4EMAQIBMA0GCSqGSIb3DQEBCwUAA4IB\nAQAtTi6Fs0Azfi+iwm7jrz+CSxHH+uHl7Law3MQSXVtR8RV53PtR6r/6gNpqlzdo\nZq4FKbADi1v9Bun8RY8D51uedRfjsbeodizeBB8nXmeyD33Ep7VATj4ozcd31YFV\nfgRhvTSxNrrTlNpWkUk0m3BMPv8sg381HhA6uEYokE5q9uws/3YkKqRiEz3TsaWm\nJqIRZhMbgAfp7O7FUwFIb7UIspogZSKxPIWJpxiPo3TcBambbVtQOcNRWz5qCQdD\nslI2yayq0n2TXoHyNCLEH8rpsJRVILFsg0jc7BaFrMnF462+ajSehgj12IidNeRN\n4zl+EoNaWdpnWndvSpAEkq2P\n-----END CERTIFICATE-----\n",
                "is_ca": true,
                "issuer": "CN=Amazon Root CA 1,O=Amazon,C=US",
                "not_after": "2030-08-23T22:25:30Z",
                "not_before": "2022-08-23T22:25:30Z",
                "public_key_algorithm": "RSA",
                "serial_number": "166129353110899469622597955040406457904926625",
                "sha1_fingerprint": "414a2060b738c635cc7fc243e052615592830c53",
                "signature_algorithm": "SHA256-RSA",
                "subject": "CN=Amazon RSA 2048 M02,O=Amazon,C=US",
                "version": 3
              },
              {
                "cert_pem": "-----BEGIN CERTIFICATE-----\nMIIF7DCCBNSgAwIBAgIQByOkjeOvl//8xMrhlZkruzANBgkqhkiG9w0BAQsFADA8\nMQswCQYDVQQGEwJVUzEPMA0GA1UEChMGQW1hem9uMRwwGgYDVQQDExNBbWF6b24g\nUlNBIDIwNDggTTAyMB4XDTIzMDUxMzAwMDAwMFoXDTI0MDYxMDIzNTk1OVowKzEp\nMCcGA1UEAxMgb2lkYy5la3MudXMtZWFzdC0xLmFtYXpvbmF3cy5jb20wggEiMA0G\nCSqGSIb3DQEBAQUAA4IBDwAwggEKAoIBAQClT+mO1HZk/Gp/3sS6BO8QDhG0yK53\nE11wkdlUn9HEomcqZ2VVhbEG4ahOZY5MLUqIQViMswUueYFov57zyGnPSnH0IrMu\nmL3/dqxEwP96VPm5ZgbjCfartRfJcuYmmMCoWxocMdTq09ECEjawt47i4FmOLJmH\n+UUnisQgHMvPHtCrfL1WYAgdN3ls4meIFkS1CVHLmoCG9MuponJu3+uqw9UHxPZz\nvGLezHUUSzLE0+b+1Wd6DAPJBZmCa+PBweaRfrlqhhgW+QHcCK7XxlfwMxvzwmdv\nicOBHF7SJM/o3opUvrUf/XJCtCDHuv0GQNxyCcpJImQJ4Ae0MtEihY/rAgMBAAGj\nggL5MIIC9TAfBgNVHSMEGDAWgBTAMVLNWlDDgnx0cc7L6Zz5euuC4jAdBgNVHQ4E\nFgQUeamiamg4o8YroTJziJnlxHJnDdEwKwYDVR0RBCQwIoIgb2lkYy5la3MudXMt\nZWFzdC0xLmFtYXpvbmF3cy5jb20wDgYDVR0PAQH/BAQDAgWgMB0GA1UdJQQWMBQG\nCCsGAQUFBwMBBggrBgEFBQcDAjA7BgNVHR8ENDAyMDCgLqAshipodHRwOi8vY3Js\nLnIybTAyLmFtYXpvbnRydXN0LmNvbS9yMm0wMi5jcmwwEwYDVR0gBAwwCjAIBgZn\ngQwBAgEwdQYIKwYBBQUHAQEEaTBnMC0GCCsGAQUFBzABhiFodHRwOi8vb2NzcC5y\nMm0wMi5hbWF6b250cnVzdC5jb20wNgYIKwYBBQUHMAKGKmh0dHA6Ly9jcnQucjJt\nMDIuYW1hem9udHJ1c3QuY29tL3IybTAyLmNlcjAMBgNVHRMBAf8EAjAAMIIBfgYK\nKwYBBAHWeQIEAgSCAW4EggFqAWgAdgDuzdBk1dsazsVct520zROiModGfLzs3sNR\nSFlGcR+1mwAAAYgTgMKgAAAEAwBHMEUCIHtTzRueHJdgA2Wq32YkXNXRJ1ZRD2uC\nQCn025Jin2hCAiEAlV/lCQaMq1JoBRlULDV7n9f/VS8+xyJSVgMFRFwFtzsAdgBI\nsONr2qZHNA/lagL6nTDrHFIBy1bdLIHZu7+rOdiEcwAAAYgTgMLXAAAEAwBHMEUC\nIAKsJE1jj4gpyaa2VgkbHFszMoco2rABil1iy2YvVzmTAiEAsuzpO1atz7WIx1CM\nMU9iMqq58yDpLhjQFktRuWamDlsAdgDatr9rP7W2Ip+bwrtca+hwkXFsu1GEhTS9\npD0wSNf7qwAAAYgTgMKjAAAEAwBHMEUCIHuwITeM92ncsbOvXgXPQjLHDLgReknJ\nTUoo4uIlPetJAiEApQ3W+NHlj6/RhckoAxGn4zE1alq+Y3Bk3JUFAvDrR78wDQYJ\nKoZIhvcNAQELBQADggEBAFNUUzuzuuDQMUvefHzllQPg/zbGNeDRZeOomSl1FrxS\nFJ0CA2vznfoTXAJLS2/aWlQT9mR3h6WlxI5XSUaLrzcZi94F+l6Ixn8DJUhfgf+O\nZUxtmBX91AEQ1ccU+Odj2ILrWdSs28J82ODoPlkJ6OqIYo+kEXrUwy8SM2N9iFJw\nHgZNOwzPQ2Ox/ozlRh6/6OUgYZ84j343BoDnNbTQijLBe6HL4pVw4nPKWrUQnTot\nxMymAcBknnb4X4TcmEoJ0CrB1H6FKfe8yASCLjwSC72Os9ADyADMZqTUSOH1V8Vh\nR3Zv4DlLItu8BHaE59teueLM9AW1PBFMci5JiYrgLEM=\n-----END CERTIFICATE-----\n",
                "is_ca": false,
                "issuer": "CN=Amazon RSA 2048 M02,O=Amazon,C=US",
                "not_after": "2024-06-10T23:59:59Z",
                "not_before": "2023-05-13T00:00:00Z",
                "public_key_algorithm": "RSA",
                "serial_number": "9489663917354420509896793514074254267",
                "sha1_fingerprint": "aaa68bb211d468db8a8a19561ccba2e4043dcc80",
                "signature_algorithm": "SHA256-RSA",
                "subject": "CN=oidc.eks.us-east-1.amazonaws.com",
                "version": 3
              }
            ],
            "content": null,
            "id": "5933588ce34e24e9fb40c3565fb0b5993639df67",
            "url": "https://oidc.eks.us-east-1.amazonaws.com/id/62D4566A7CE7025A45C7512362B8F5C5",
            "verify_chain": true
          },
          "sensitive_attributes": []
        }
      ]
    },
    {
      "module": "module.agent_cluster.module.eks[0].module.eks",
      "mode": "managed",
      "type": "aws_cloudwatch_log_group",
      "name": "this",
      "provider": "provider[\"registry.terraform.io/hashicorp/aws\"]",
      "instances": [
        {
          "index_key": 0,
          "schema_version": 0,
          "attributes": {
            "arn": "arn:aws:logs:us-east-1:343806850935:log-group:/aws/eks/liran-demo/cluster",
            "id": "/aws/eks/liran-demo/cluster",
            "kms_key_id": "",
            "name": "/aws/eks/liran-demo/cluster",
            "name_prefix": "",
            "retention_in_days": 90,
            "skip_destroy": false,
            "tags": {
              "Name": "/aws/eks/liran-demo/cluster"
            },
            "tags_all": {
              "Name": "/aws/eks/liran-demo/cluster"
            }
          },
          "sensitive_attributes": [],
          "private": "bnVsbA==",
          "create_before_destroy": true
        }
      ]
    },
    {
      "module": "module.agent_cluster.module.eks[0].module.eks",
      "mode": "managed",
      "type": "aws_eks_addon",
      "name": "this",
      "provider": "provider[\"registry.terraform.io/hashicorp/aws\"]",
      "instances": [
        {
          "index_key": "coredns",
          "schema_version": 0,
          "attributes": {
            "addon_name": "coredns",
            "addon_version": "v1.10.1-eksbuild.2",
            "arn": "arn:aws:eks:us-east-1:343806850935:addon/liran-demo/coredns/8ac4d3a9-dda0-3e9e-cc7d-a504806aa502",
            "cluster_name": "liran-demo",
            "configuration_values": "",
            "created_at": "2023-07-30T15:03:50Z",
            "id": "liran-demo:coredns",
            "modified_at": "2023-07-30T15:04:29Z",
            "preserve": true,
            "resolve_conflicts": "OVERWRITE",
            "resolve_conflicts_on_create": null,
            "resolve_conflicts_on_update": null,
            "service_account_role_arn": "",
            "tags": null,
            "tags_all": {},
            "timeouts": {
              "create": "25m",
              "delete": "10m",
              "update": null
            }
          },
          "sensitive_attributes": [],
          "private": "eyJlMmJmYjczMC1lY2FhLTExZTYtOGY4OC0zNDM2M2JjN2M0YzAiOnsiY3JlYXRlIjoxNTAwMDAwMDAwMDAwLCJkZWxldGUiOjYwMDAwMDAwMDAwMCwidXBkYXRlIjoxMjAwMDAwMDAwMDAwfX0=",
          "dependencies": [
            "module.agent_cluster.module.eks.data.aws_subnets.private",
            "module.agent_cluster.module.eks.module.eks.aws_cloudwatch_log_group.this",
            "module.agent_cluster.module.eks.module.eks.aws_eks_cluster.this",
            "module.agent_cluster.module.eks.module.eks.aws_iam_policy.cni_ipv6_policy",
            "module.agent_cluster.module.eks.module.eks.aws_iam_role.this",
            "module.agent_cluster.module.eks.module.eks.aws_iam_role_policy_attachment.this",
            "module.agent_cluster.module.eks.module.eks.aws_security_group.cluster",
            "module.agent_cluster.module.eks.module.eks.aws_security_group.node",
            "module.agent_cluster.module.eks.module.eks.aws_security_group_rule.cluster",
            "module.agent_cluster.module.eks.module.eks.aws_security_group_rule.node",
            "module.agent_cluster.module.eks.module.eks.data.aws_eks_addon_version.this",
            "module.agent_cluster.module.eks.module.eks.data.aws_iam_policy_document.assume_role_policy",
            "module.agent_cluster.module.eks.module.eks.data.aws_partition.current",
            "module.agent_cluster.module.eks.module.eks.module.eks_managed_node_group.aws_autoscaling_schedule.this",
            "module.agent_cluster.module.eks.module.eks.module.eks_managed_node_group.aws_eks_node_group.this",
            "module.agent_cluster.module.eks.module.eks.module.eks_managed_node_group.aws_iam_role.this",
            "module.agent_cluster.module.eks.module.eks.module.eks_managed_node_group.aws_iam_role_policy_attachment.additional",
            "module.agent_cluster.module.eks.module.eks.module.eks_managed_node_group.aws_iam_role_policy_attachment.this",
            "module.agent_cluster.module.eks.module.eks.module.eks_managed_node_group.aws_launch_template.this",
            "module.agent_cluster.module.eks.module.eks.module.eks_managed_node_group.data.aws_caller_identity.current",
            "module.agent_cluster.module.eks.module.eks.module.eks_managed_node_group.data.aws_iam_policy_document.assume_role_policy",
            "module.agent_cluster.module.eks.module.eks.module.eks_managed_node_group.data.aws_partition.current",
            "module.agent_cluster.module.eks.module.eks.module.eks_managed_node_group.module.user_data.data.cloudinit_config.linux_eks_managed_node_group",
            "module.agent_cluster.module.eks.module.eks.module.fargate_profile.aws_eks_fargate_profile.this",
            "module.agent_cluster.module.eks.module.eks.module.fargate_profile.aws_iam_role.this",
            "module.agent_cluster.module.eks.module.eks.module.fargate_profile.aws_iam_role_policy_attachment.additional",
            "module.agent_cluster.module.eks.module.eks.module.fargate_profile.aws_iam_role_policy_attachment.this",
            "module.agent_cluster.module.eks.module.eks.module.fargate_profile.data.aws_caller_identity.current",
            "module.agent_cluster.module.eks.module.eks.module.fargate_profile.data.aws_iam_policy_document.assume_role_policy",
            "module.agent_cluster.module.eks.module.eks.module.fargate_profile.data.aws_partition.current",
            "module.agent_cluster.module.eks.module.eks.module.kms.aws_kms_external_key.this",
            "module.agent_cluster.module.eks.module.eks.module.kms.aws_kms_key.this",
            "module.agent_cluster.module.eks.module.eks.module.self_managed_node_group.aws_autoscaling_group.this",
            "module.agent_cluster.module.eks.module.eks.module.self_managed_node_group.aws_autoscaling_schedule.this",
            "module.agent_cluster.module.eks.module.eks.module.self_managed_node_group.aws_iam_instance_profile.this",
            "module.agent_cluster.module.eks.module.eks.module.self_managed_node_group.aws_iam_role.this",
            "module.agent_cluster.module.eks.module.eks.module.self_managed_node_group.aws_iam_role_policy_attachment.additional",
            "module.agent_cluster.module.eks.module.eks.module.self_managed_node_group.aws_iam_role_policy_attachment.this",
            "module.agent_cluster.module.eks.module.eks.module.self_managed_node_group.aws_launch_template.this",
            "module.agent_cluster.module.eks.module.eks.module.self_managed_node_group.data.aws_ami.eks_default",
            "module.agent_cluster.module.eks.module.eks.module.self_managed_node_group.data.aws_caller_identity.current",
            "module.agent_cluster.module.eks.module.eks.module.self_managed_node_group.data.aws_iam_policy_document.assume_role_policy",
            "module.agent_cluster.module.eks.module.eks.module.self_managed_node_group.data.aws_partition.current",
            "module.agent_cluster.module.eks.module.eks.module.self_managed_node_group.module.user_data.data.cloudinit_config.linux_eks_managed_node_group",
            "module.agent_cluster.module.eks.module.eks.time_sleep.this",
            "module.agent_cluster.module.vpc.module.vpc.aws_vpc.this"
          ],
          "create_before_destroy": true
        },
        {
          "index_key": "kube-proxy",
          "schema_version": 0,
          "attributes": {
            "addon_name": "kube-proxy",
            "addon_version": "v1.27.3-eksbuild.2",
            "arn": "arn:aws:eks:us-east-1:343806850935:addon/liran-demo/kube-proxy/f0c4d3a9-dd99-8dc5-dea8-db81ca62f8c7",
            "cluster_name": "liran-demo",
            "configuration_values": "",
            "created_at": "2023-07-30T15:03:50Z",
            "id": "liran-demo:kube-proxy",
            "modified_at": "2023-07-30T15:04:22Z",
            "preserve": null,
            "resolve_conflicts": "OVERWRITE",
            "resolve_conflicts_on_create": null,
            "resolve_conflicts_on_update": null,
            "service_account_role_arn": "",
            "tags": null,
            "tags_all": {},
            "timeouts": {
              "create": null,
              "delete": null,
              "update": null
            }
          },
          "sensitive_attributes": [],
          "private": "eyJlMmJmYjczMC1lY2FhLTExZTYtOGY4OC0zNDM2M2JjN2M0YzAiOnsiY3JlYXRlIjoxMjAwMDAwMDAwMDAwLCJkZWxldGUiOjI0MDAwMDAwMDAwMDAsInVwZGF0ZSI6MTIwMDAwMDAwMDAwMH19",
          "dependencies": [
            "module.agent_cluster.module.eks.data.aws_subnets.private",
            "module.agent_cluster.module.eks.module.eks.aws_cloudwatch_log_group.this",
            "module.agent_cluster.module.eks.module.eks.aws_eks_cluster.this",
            "module.agent_cluster.module.eks.module.eks.aws_iam_policy.cni_ipv6_policy",
            "module.agent_cluster.module.eks.module.eks.aws_iam_role.this",
            "module.agent_cluster.module.eks.module.eks.aws_iam_role_policy_attachment.this",
            "module.agent_cluster.module.eks.module.eks.aws_security_group.cluster",
            "module.agent_cluster.module.eks.module.eks.aws_security_group.node",
            "module.agent_cluster.module.eks.module.eks.aws_security_group_rule.cluster",
            "module.agent_cluster.module.eks.module.eks.aws_security_group_rule.node",
            "module.agent_cluster.module.eks.module.eks.data.aws_eks_addon_version.this",
            "module.agent_cluster.module.eks.module.eks.data.aws_iam_policy_document.assume_role_policy",
            "module.agent_cluster.module.eks.module.eks.data.aws_partition.current",
            "module.agent_cluster.module.eks.module.eks.module.eks_managed_node_group.aws_autoscaling_schedule.this",
            "module.agent_cluster.module.eks.module.eks.module.eks_managed_node_group.aws_eks_node_group.this",
            "module.agent_cluster.module.eks.module.eks.module.eks_managed_node_group.aws_iam_role.this",
            "module.agent_cluster.module.eks.module.eks.module.eks_managed_node_group.aws_iam_role_policy_attachment.additional",
            "module.agent_cluster.module.eks.module.eks.module.eks_managed_node_group.aws_iam_role_policy_attachment.this",
            "module.agent_cluster.module.eks.module.eks.module.eks_managed_node_group.aws_launch_template.this",
            "module.agent_cluster.module.eks.module.eks.module.eks_managed_node_group.data.aws_caller_identity.current",
            "module.agent_cluster.module.eks.module.eks.module.eks_managed_node_group.data.aws_iam_policy_document.assume_role_policy",
            "module.agent_cluster.module.eks.module.eks.module.eks_managed_node_group.data.aws_partition.current",
            "module.agent_cluster.module.eks.module.eks.module.eks_managed_node_group.module.user_data.data.cloudinit_config.linux_eks_managed_node_group",
            "module.agent_cluster.module.eks.module.eks.module.fargate_profile.aws_eks_fargate_profile.this",
            "module.agent_cluster.module.eks.module.eks.module.fargate_profile.aws_iam_role.this",
            "module.agent_cluster.module.eks.module.eks.module.fargate_profile.aws_iam_role_policy_attachment.additional",
            "module.agent_cluster.module.eks.module.eks.module.fargate_profile.aws_iam_role_policy_attachment.this",
            "module.agent_cluster.module.eks.module.eks.module.fargate_profile.data.aws_caller_identity.current",
            "module.agent_cluster.module.eks.module.eks.module.fargate_profile.data.aws_iam_policy_document.assume_role_policy",
            "module.agent_cluster.module.eks.module.eks.module.fargate_profile.data.aws_partition.current",
            "module.agent_cluster.module.eks.module.eks.module.kms.aws_kms_external_key.this",
            "module.agent_cluster.module.eks.module.eks.module.kms.aws_kms_key.this",
            "module.agent_cluster.module.eks.module.eks.module.self_managed_node_group.aws_autoscaling_group.this",
            "module.agent_cluster.module.eks.module.eks.module.self_managed_node_group.aws_autoscaling_schedule.this",
            "module.agent_cluster.module.eks.module.eks.module.self_managed_node_group.aws_iam_instance_profile.this",
            "module.agent_cluster.module.eks.module.eks.module.self_managed_node_group.aws_iam_role.this",
            "module.agent_cluster.module.eks.module.eks.module.self_managed_node_group.aws_iam_role_policy_attachment.additional",
            "module.agent_cluster.module.eks.module.eks.module.self_managed_node_group.aws_iam_role_policy_attachment.this",
            "module.agent_cluster.module.eks.module.eks.module.self_managed_node_group.aws_launch_template.this",
            "module.agent_cluster.module.eks.module.eks.module.self_managed_node_group.data.aws_ami.eks_default",
            "module.agent_cluster.module.eks.module.eks.module.self_managed_node_group.data.aws_caller_identity.current",
            "module.agent_cluster.module.eks.module.eks.module.self_managed_node_group.data.aws_iam_policy_document.assume_role_policy",
            "module.agent_cluster.module.eks.module.eks.module.self_managed_node_group.data.aws_partition.current",
            "module.agent_cluster.module.eks.module.eks.module.self_managed_node_group.module.user_data.data.cloudinit_config.linux_eks_managed_node_group",
            "module.agent_cluster.module.eks.module.eks.time_sleep.this",
            "module.agent_cluster.module.vpc.module.vpc.aws_vpc.this"
          ],
          "create_before_destroy": true
        },
        {
          "index_key": "vpc-cni",
          "schema_version": 0,
          "attributes": {
            "addon_name": "vpc-cni",
            "addon_version": "v1.13.3-eksbuild.1",
            "arn": "arn:aws:eks:us-east-1:343806850935:addon/liran-demo/vpc-cni/d4c4d3a9-dd96-7e5f-beaf-1525109f1b04",
            "cluster_name": "liran-demo",
            "configuration_values": "",
            "created_at": "2023-07-30T15:03:50Z",
            "id": "liran-demo:vpc-cni",
            "modified_at": "2023-07-30T15:04:22Z",
            "preserve": null,
            "resolve_conflicts": "OVERWRITE",
            "resolve_conflicts_on_create": null,
            "resolve_conflicts_on_update": null,
            "service_account_role_arn": "",
            "tags": null,
            "tags_all": {},
            "timeouts": {
              "create": null,
              "delete": null,
              "update": null
            }
          },
          "sensitive_attributes": [],
          "private": "eyJlMmJmYjczMC1lY2FhLTExZTYtOGY4OC0zNDM2M2JjN2M0YzAiOnsiY3JlYXRlIjoxMjAwMDAwMDAwMDAwLCJkZWxldGUiOjI0MDAwMDAwMDAwMDAsInVwZGF0ZSI6MTIwMDAwMDAwMDAwMH19",
          "dependencies": [
            "module.agent_cluster.module.eks.data.aws_subnets.private",
            "module.agent_cluster.module.eks.module.eks.aws_cloudwatch_log_group.this",
            "module.agent_cluster.module.eks.module.eks.aws_eks_cluster.this",
            "module.agent_cluster.module.eks.module.eks.aws_iam_policy.cni_ipv6_policy",
            "module.agent_cluster.module.eks.module.eks.aws_iam_role.this",
            "module.agent_cluster.module.eks.module.eks.aws_iam_role_policy_attachment.this",
            "module.agent_cluster.module.eks.module.eks.aws_security_group.cluster",
            "module.agent_cluster.module.eks.module.eks.aws_security_group.node",
            "module.agent_cluster.module.eks.module.eks.aws_security_group_rule.cluster",
            "module.agent_cluster.module.eks.module.eks.aws_security_group_rule.node",
            "module.agent_cluster.module.eks.module.eks.data.aws_eks_addon_version.this",
            "module.agent_cluster.module.eks.module.eks.data.aws_iam_policy_document.assume_role_policy",
            "module.agent_cluster.module.eks.module.eks.data.aws_partition.current",
            "module.agent_cluster.module.eks.module.eks.module.eks_managed_node_group.aws_autoscaling_schedule.this",
            "module.agent_cluster.module.eks.module.eks.module.eks_managed_node_group.aws_eks_node_group.this",
            "module.agent_cluster.module.eks.module.eks.module.eks_managed_node_group.aws_iam_role.this",
            "module.agent_cluster.module.eks.module.eks.module.eks_managed_node_group.aws_iam_role_policy_attachment.additional",
            "module.agent_cluster.module.eks.module.eks.module.eks_managed_node_group.aws_iam_role_policy_attachment.this",
            "module.agent_cluster.module.eks.module.eks.module.eks_managed_node_group.aws_launch_template.this",
            "module.agent_cluster.module.eks.module.eks.module.eks_managed_node_group.data.aws_caller_identity.current",
            "module.agent_cluster.module.eks.module.eks.module.eks_managed_node_group.data.aws_iam_policy_document.assume_role_policy",
            "module.agent_cluster.module.eks.module.eks.module.eks_managed_node_group.data.aws_partition.current",
            "module.agent_cluster.module.eks.module.eks.module.eks_managed_node_group.module.user_data.data.cloudinit_config.linux_eks_managed_node_group",
            "module.agent_cluster.module.eks.module.eks.module.fargate_profile.aws_eks_fargate_profile.this",
            "module.agent_cluster.module.eks.module.eks.module.fargate_profile.aws_iam_role.this",
            "module.agent_cluster.module.eks.module.eks.module.fargate_profile.aws_iam_role_policy_attachment.additional",
            "module.agent_cluster.module.eks.module.eks.module.fargate_profile.aws_iam_role_policy_attachment.this",
            "module.agent_cluster.module.eks.module.eks.module.fargate_profile.data.aws_caller_identity.current",
            "module.agent_cluster.module.eks.module.eks.module.fargate_profile.data.aws_iam_policy_document.assume_role_policy",
            "module.agent_cluster.module.eks.module.eks.module.fargate_profile.data.aws_partition.current",
            "module.agent_cluster.module.eks.module.eks.module.kms.aws_kms_external_key.this",
            "module.agent_cluster.module.eks.module.eks.module.kms.aws_kms_key.this",
            "module.agent_cluster.module.eks.module.eks.module.self_managed_node_group.aws_autoscaling_group.this",
            "module.agent_cluster.module.eks.module.eks.module.self_managed_node_group.aws_autoscaling_schedule.this",
            "module.agent_cluster.module.eks.module.eks.module.self_managed_node_group.aws_iam_instance_profile.this",
            "module.agent_cluster.module.eks.module.eks.module.self_managed_node_group.aws_iam_role.this",
            "module.agent_cluster.module.eks.module.eks.module.self_managed_node_group.aws_iam_role_policy_attachment.additional",
            "module.agent_cluster.module.eks.module.eks.module.self_managed_node_group.aws_iam_role_policy_attachment.this",
            "module.agent_cluster.module.eks.module.eks.module.self_managed_node_group.aws_launch_template.this",
            "module.agent_cluster.module.eks.module.eks.module.self_managed_node_group.data.aws_ami.eks_default",
            "module.agent_cluster.module.eks.module.eks.module.self_managed_node_group.data.aws_caller_identity.current",
            "module.agent_cluster.module.eks.module.eks.module.self_managed_node_group.data.aws_iam_policy_document.assume_role_policy",
            "module.agent_cluster.module.eks.module.eks.module.self_managed_node_group.data.aws_partition.current",
            "module.agent_cluster.module.eks.module.eks.module.self_managed_node_group.module.user_data.data.cloudinit_config.linux_eks_managed_node_group",
            "module.agent_cluster.module.eks.module.eks.time_sleep.this",
            "module.agent_cluster.module.vpc.module.vpc.aws_vpc.this"
          ],
          "create_before_destroy": true
        }
      ]
    },
    {
      "module": "module.agent_cluster.module.eks[0].module.eks",
      "mode": "managed",
      "type": "aws_eks_cluster",
      "name": "this",
      "provider": "provider[\"registry.terraform.io/hashicorp/aws\"]",
      "instances": [
        {
          "index_key": 0,
          "schema_version": 0,
          "attributes": {
            "arn": "arn:aws:eks:us-east-1:343806850935:cluster/liran-demo",
            "certificate_authority": [
              {
                "data": "LS0tLS1CRUdJTiBDRVJUSUZJQ0FURS0tLS0tCk1JSUMvakNDQWVhZ0F3SUJBZ0lCQURBTkJna3Foa2lHOXcwQkFRc0ZBREFWTVJNd0VRWURWUVFERXdwcmRXSmwKY201bGRHVnpNQjRYRFRJek1EY3pNREUwTlRVMU1sb1hEVE16TURjeU56RTBOVFUxTWxvd0ZURVRNQkVHQTFVRQpBeE1LYTNWaVpYSnVaWFJsY3pDQ0FTSXdEUVlKS29aSWh2Y05BUUVCQlFBRGdnRVBBRENDQVFvQ2dnRUJBTTJOCjkyaHdHRXphc0pqZDFSekFBWi9aRkR3YStSclpNZ2h6NytaZjRYVXloVHZXcjJLNFRMY2FSeUthZjFha0pvYmUKV0pkTVNvei85WWIyZkY5MytwTmc0UVhDdjQ3RHFZN0dDS29GNHBqTlhlUnF3eUFZTWpwbVpTRmFramNGd2lQNApCZ2pPc2t5cDdFb1h1L2RqNUR4dmt2d3o2R2ptZjdvd0xGc1M2YlZpREg2OW1LTGd6WEprOEpHMjRCVld2VEM1Ck9VR082TEsyN29OeXJYK0NkOEQ1U1JWS0lPTExwK2JiZG1MaFY5R2ZtOTVScGcrSGVyMXBud1RLRGxZODRRMGEKNTYrZHVrSkFRcThTYzhqSisyU2xrYjQzbFJFWEZqMUgyL0luNzZIZWxybUtMQjlFVUtxRHNHYi9YaVVTbTh3bgo1cXBYc3pwcUZRTHplN21UakRjQ0F3RUFBYU5aTUZjd0RnWURWUjBQQVFIL0JBUURBZ0trTUE4R0ExVWRFd0VCCi93UUZNQU1CQWY4d0hRWURWUjBPQkJZRUZBLzZ3aElGVWRXZ1VQclFpV2RsZGJIR0tPZTNNQlVHQTFVZEVRUU8KTUF5Q0NtdDFZbVZ5Ym1WMFpYTXdEUVlKS29aSWh2Y05BUUVMQlFBRGdnRUJBRGVwOEkrZ3UybkhHVmdYZHVQSApPemYzMklBUTZJY3RSRlluaXp0RTR3bFI3cjRwSGlCMmRScVp6Qm81Q0dPSHg2dzltVlhRalZ0QURpM1ZiR21ECmN6cEc2K2dzVUo0WXRhZmc1V3pYMzQ3R3E5amU2YXdKTitySXZLa0lJRHgxWkNsenVqZnE5S2xndTVkQUlmL24KZkRISlptckREcnNVZFRMc1czWkpwYnBYOVFzaHZxaFU5aW5WTklvWXdtdGpQSjdlS2JjMnVmMHJxRCsvbTFBOApLaVdaVVdVa3pHallOakpKdW1xTk1kRnBWeFN5dzVNaEFDcXgxTHpPbk4wcVB2dXExWEFNZEE1Vmd0eDRKZXdXCndYNVVnSUFHbWJieS84MldRc0JOcTRlVmpyQnVYTHhLMGQrRURnK1pNckpNMnVTd2RmWEd1RXllc0tNTGhUSWQKMnRjPQotLS0tLUVORCBDRVJUSUZJQ0FURS0tLS0tCg=="
              }
            ],
            "cluster_id": null,
            "created_at": "2023-07-30 14:50:46.419 +0000 UTC",
            "enabled_cluster_log_types": [
              "api",
              "controllerManager",
              "scheduler"
            ],
            "encryption_config": [],
            "endpoint": "https://62D4566A7CE7025A45C7512362B8F5C5.gr7.us-east-1.eks.amazonaws.com",
            "id": "liran-demo",
            "identity": [
              {
                "oidc": [
                  {
                    "issuer": "https://oidc.eks.us-east-1.amazonaws.com/id/62D4566A7CE7025A45C7512362B8F5C5"
                  }
                ]
              }
            ],
            "kubernetes_network_config": [
              {
                "ip_family": "ipv4",
                "service_ipv4_cidr": "10.100.0.0/16",
                "service_ipv6_cidr": ""
              }
            ],
            "name": "liran-demo",
            "outpost_config": [],
            "platform_version": "eks.3",
            "role_arn": "arn:aws:iam::343806850935:role/liran-demo-cluster-20230730145017389900000002",
            "status": "ACTIVE",
            "tags": null,
            "tags_all": {},
            "timeouts": {
              "create": null,
              "delete": null,
              "update": null
            },
            "version": "1.27",
            "vpc_config": [
              {
                "cluster_security_group_id": "sg-0ac222225c4a74c98",
                "endpoint_private_access": true,
                "endpoint_public_access": true,
                "public_access_cidrs": [
                  "0.0.0.0/0"
                ],
                "security_group_ids": [
                  "sg-0b4a6dc4f1ff9702b"
                ],
                "subnet_ids": [
                  "subnet-00c090af3650f585d",
                  "subnet-01dd2fb3b36ae2b2f",
                  "subnet-043abbeea034e9d95",
                  "subnet-04423e002f03b0a03",
                  "subnet-0a0c30f2decf0124d"
                ],
                "vpc_id": "vpc-0c1bb5f6db309b819"
              }
            ]
          },
          "sensitive_attributes": [],
          "private": "eyJlMmJmYjczMC1lY2FhLTExZTYtOGY4OC0zNDM2M2JjN2M0YzAiOnsiY3JlYXRlIjoxODAwMDAwMDAwMDAwLCJkZWxldGUiOjkwMDAwMDAwMDAwMCwidXBkYXRlIjozNjAwMDAwMDAwMDAwfX0=",
          "dependencies": [
            "module.agent_cluster.module.eks.data.aws_subnets.private",
            "module.agent_cluster.module.eks.module.eks.aws_cloudwatch_log_group.this",
            "module.agent_cluster.module.eks.module.eks.aws_iam_policy.cni_ipv6_policy",
            "module.agent_cluster.module.eks.module.eks.aws_iam_role.this",
            "module.agent_cluster.module.eks.module.eks.aws_iam_role_policy_attachment.this",
            "module.agent_cluster.module.eks.module.eks.aws_security_group.cluster",
            "module.agent_cluster.module.eks.module.eks.aws_security_group.node",
            "module.agent_cluster.module.eks.module.eks.aws_security_group_rule.cluster",
            "module.agent_cluster.module.eks.module.eks.aws_security_group_rule.node",
            "module.agent_cluster.module.eks.module.eks.data.aws_iam_policy_document.assume_role_policy",
            "module.agent_cluster.module.eks.module.eks.data.aws_partition.current",
            "module.agent_cluster.module.eks.module.eks.module.kms.aws_kms_external_key.this",
            "module.agent_cluster.module.eks.module.eks.module.kms.aws_kms_key.this",
            "module.agent_cluster.module.vpc.module.vpc.aws_vpc.this"
          ],
          "create_before_destroy": true
        }
      ]
    },
    {
      "module": "module.agent_cluster.module.eks[0].module.eks",
      "mode": "managed",
      "type": "aws_iam_openid_connect_provider",
      "name": "oidc_provider",
      "provider": "provider[\"registry.terraform.io/hashicorp/aws\"]",
      "instances": [
        {
          "index_key": 0,
          "schema_version": 0,
          "attributes": {
            "arn": "arn:aws:iam::343806850935:oidc-provider/oidc.eks.us-east-1.amazonaws.com/id/62D4566A7CE7025A45C7512362B8F5C5",
            "client_id_list": [
              "sts.amazonaws.com"
            ],
            "id": "arn:aws:iam::343806850935:oidc-provider/oidc.eks.us-east-1.amazonaws.com/id/62D4566A7CE7025A45C7512362B8F5C5",
            "tags": {
              "Name": "liran-demo-eks-irsa"
            },
            "tags_all": {
              "Name": "liran-demo-eks-irsa"
            },
            "thumbprint_list": [
              "9e99a48a9960b14926bb7f3b02e22da2b0ab7280",
              "06b25927c42a721631c1efd9431e648fa62e1e39",
              "414a2060b738c635cc7fc243e052615592830c53",
              "aaa68bb211d468db8a8a19561ccba2e4043dcc80"
            ],
            "url": "oidc.eks.us-east-1.amazonaws.com/id/62D4566A7CE7025A45C7512362B8F5C5"
          },
          "sensitive_attributes": [],
          "private": "bnVsbA==",
          "dependencies": [
            "module.agent_cluster.module.eks.data.aws_subnets.private",
            "module.agent_cluster.module.eks.module.eks.aws_cloudwatch_log_group.this",
            "module.agent_cluster.module.eks.module.eks.aws_eks_cluster.this",
            "module.agent_cluster.module.eks.module.eks.aws_iam_policy.cni_ipv6_policy",
            "module.agent_cluster.module.eks.module.eks.aws_iam_role.this",
            "module.agent_cluster.module.eks.module.eks.aws_iam_role_policy_attachment.this",
            "module.agent_cluster.module.eks.module.eks.aws_security_group.cluster",
            "module.agent_cluster.module.eks.module.eks.aws_security_group.node",
            "module.agent_cluster.module.eks.module.eks.aws_security_group_rule.cluster",
            "module.agent_cluster.module.eks.module.eks.aws_security_group_rule.node",
            "module.agent_cluster.module.eks.module.eks.data.aws_iam_policy_document.assume_role_policy",
            "module.agent_cluster.module.eks.module.eks.data.aws_partition.current",
            "module.agent_cluster.module.eks.module.eks.data.tls_certificate.this",
            "module.agent_cluster.module.eks.module.eks.module.kms.aws_kms_external_key.this",
            "module.agent_cluster.module.eks.module.eks.module.kms.aws_kms_key.this",
            "module.agent_cluster.module.vpc.module.vpc.aws_vpc.this"
          ],
          "create_before_destroy": true
        }
      ]
    },
    {
      "module": "module.agent_cluster.module.eks[0].module.eks",
      "mode": "managed",
      "type": "aws_iam_role",
      "name": "this",
      "provider": "provider[\"registry.terraform.io/hashicorp/aws\"]",
      "instances": [
        {
          "index_key": 0,
          "schema_version": 0,
          "attributes": {
            "arn": "arn:aws:iam::343806850935:role/liran-demo-cluster-20230730145017389900000002",
            "assume_role_policy": "{\"Statement\":[{\"Action\":\"sts:AssumeRole\",\"Effect\":\"Allow\",\"Principal\":{\"Service\":\"eks.amazonaws.com\"},\"Sid\":\"EKSClusterAssumeRole\"}],\"Version\":\"2012-10-17\"}",
            "create_date": "2023-07-30T14:50:18Z",
            "description": "",
            "force_detach_policies": true,
            "id": "liran-demo-cluster-20230730145017389900000002",
            "inline_policy": [
              {
                "name": "liran-demo-cluster",
                "policy": "{\"Version\":\"2012-10-17\",\"Statement\":[{\"Action\":[\"logs:CreateLogGroup\"],\"Effect\":\"Deny\",\"Resource\":\"*\"}]}"
              }
            ],
            "managed_policy_arns": [],
            "max_session_duration": 3600,
            "name": "liran-demo-cluster-20230730145017389900000002",
            "name_prefix": "liran-demo-cluster-",
            "path": "/",
            "permissions_boundary": null,
            "tags": null,
            "tags_all": {},
            "unique_id": "AROAVADD4G535QPGY5X4M"
          },
          "sensitive_attributes": [],
          "private": "bnVsbA==",
          "dependencies": [
            "module.agent_cluster.module.eks.module.eks.data.aws_iam_policy_document.assume_role_policy"
          ],
          "create_before_destroy": true
        }
      ]
    },
    {
      "module": "module.agent_cluster.module.eks[0].module.eks",
      "mode": "managed",
      "type": "aws_iam_role_policy_attachment",
      "name": "this",
      "provider": "provider[\"registry.terraform.io/hashicorp/aws\"]",
      "instances": [
        {
          "index_key": "AmazonEKSClusterPolicy",
          "schema_version": 0,
          "attributes": {
            "id": "liran-demo-cluster-20230730145017389900000002-20230730145019730200000007",
            "policy_arn": "arn:aws:iam::aws:policy/AmazonEKSClusterPolicy",
            "role": "liran-demo-cluster-20230730145017389900000002"
          },
          "sensitive_attributes": [],
          "private": "bnVsbA==",
          "dependencies": [
            "module.agent_cluster.module.eks.module.eks.aws_iam_role.this",
            "module.agent_cluster.module.eks.module.eks.data.aws_iam_policy_document.assume_role_policy",
            "module.agent_cluster.module.eks.module.eks.data.aws_partition.current"
          ],
          "create_before_destroy": true
        },
        {
          "index_key": "AmazonEKSVPCResourceController",
          "schema_version": 0,
          "attributes": {
            "id": "liran-demo-cluster-20230730145017389900000002-20230730145019727700000006",
            "policy_arn": "arn:aws:iam::aws:policy/AmazonEKSVPCResourceController",
            "role": "liran-demo-cluster-20230730145017389900000002"
          },
          "sensitive_attributes": [],
          "private": "bnVsbA==",
          "dependencies": [
            "module.agent_cluster.module.eks.module.eks.aws_iam_role.this",
            "module.agent_cluster.module.eks.module.eks.data.aws_iam_policy_document.assume_role_policy",
            "module.agent_cluster.module.eks.module.eks.data.aws_partition.current"
          ],
          "create_before_destroy": true
        }
      ]
    },
    {
      "module": "module.agent_cluster.module.eks[0].module.eks",
      "mode": "managed",
      "type": "aws_security_group",
      "name": "cluster",
      "provider": "provider[\"registry.terraform.io/hashicorp/aws\"]",
      "instances": [
        {
          "index_key": 0,
          "schema_version": 1,
          "attributes": {
            "arn": "arn:aws:ec2:us-east-1:343806850935:security-group/sg-0b4a6dc4f1ff9702b",
            "description": "EKS cluster security group",
            "egress": [],
            "id": "sg-0b4a6dc4f1ff9702b",
            "ingress": [],
            "name": "liran-demo-cluster-20230730145033352400000009",
            "name_prefix": "liran-demo-cluster-",
            "owner_id": "343806850935",
            "revoke_rules_on_delete": false,
            "tags": {
              "Name": "liran-demo-cluster"
            },
            "tags_all": {
              "Name": "liran-demo-cluster"
            },
            "timeouts": null,
            "vpc_id": "vpc-0c1bb5f6db309b819"
          },
          "sensitive_attributes": [],
          "private": "eyJlMmJmYjczMC1lY2FhLTExZTYtOGY4OC0zNDM2M2JjN2M0YzAiOnsiY3JlYXRlIjo2MDAwMDAwMDAwMDAsImRlbGV0ZSI6OTAwMDAwMDAwMDAwfSwic2NoZW1hX3ZlcnNpb24iOiIxIn0=",
          "dependencies": [
            "module.agent_cluster.module.vpc.module.vpc.aws_vpc.this"
          ],
          "create_before_destroy": true
        }
      ]
    },
    {
      "module": "module.agent_cluster.module.eks[0].module.eks",
      "mode": "managed",
      "type": "aws_security_group",
      "name": "node",
      "provider": "provider[\"registry.terraform.io/hashicorp/aws\"]",
      "instances": [
        {
          "index_key": 0,
          "schema_version": 1,
          "attributes": {
            "arn": "arn:aws:ec2:us-east-1:343806850935:security-group/sg-0bb80c43bd0947696",
            "description": "EKS node shared security group",
            "egress": [],
            "id": "sg-0bb80c43bd0947696",
            "ingress": [],
            "name": "liran-demo-node-20230730145033176000000008",
            "name_prefix": "liran-demo-node-",
            "owner_id": "343806850935",
            "revoke_rules_on_delete": false,
            "tags": {
              "Name": "liran-demo-node",
              "kubernetes.io/cluster/liran-demo": "owned"
            },
            "tags_all": {
              "Name": "liran-demo-node",
              "kubernetes.io/cluster/liran-demo": "owned"
            },
            "timeouts": null,
            "vpc_id": "vpc-0c1bb5f6db309b819"
          },
          "sensitive_attributes": [],
          "private": "eyJlMmJmYjczMC1lY2FhLTExZTYtOGY4OC0zNDM2M2JjN2M0YzAiOnsiY3JlYXRlIjo2MDAwMDAwMDAwMDAsImRlbGV0ZSI6OTAwMDAwMDAwMDAwfSwic2NoZW1hX3ZlcnNpb24iOiIxIn0=",
          "dependencies": [
            "module.agent_cluster.module.vpc.module.vpc.aws_vpc.this"
          ],
          "create_before_destroy": true
        }
      ]
    },
    {
      "module": "module.agent_cluster.module.eks[0].module.eks",
      "mode": "managed",
      "type": "aws_security_group_rule",
      "name": "cluster",
      "provider": "provider[\"registry.terraform.io/hashicorp/aws\"]",
      "instances": [
        {
          "index_key": "ingress_nodes_443",
          "schema_version": 2,
          "attributes": {
            "cidr_blocks": null,
            "description": "Node groups to cluster API",
            "from_port": 443,
            "id": "sgrule-1939695245",
            "ipv6_cidr_blocks": null,
            "prefix_list_ids": null,
            "protocol": "tcp",
            "security_group_id": "sg-0b4a6dc4f1ff9702b",
            "security_group_rule_id": "sgr-0b277641705ad7246",
            "self": false,
            "source_security_group_id": "sg-0bb80c43bd0947696",
            "timeouts": null,
            "to_port": 443,
            "type": "ingress"
          },
          "sensitive_attributes": [],
          "private": "eyJlMmJmYjczMC1lY2FhLTExZTYtOGY4OC0zNDM2M2JjN2M0YzAiOnsiY3JlYXRlIjozMDAwMDAwMDAwMDB9LCJzY2hlbWFfdmVyc2lvbiI6IjIifQ==",
          "dependencies": [
            "module.agent_cluster.module.eks.module.eks.aws_security_group.cluster",
            "module.agent_cluster.module.eks.module.eks.aws_security_group.node",
            "module.agent_cluster.module.vpc.module.vpc.aws_vpc.this"
          ],
          "create_before_destroy": true
        }
      ]
    },
    {
      "module": "module.agent_cluster.module.eks[0].module.eks",
      "mode": "managed",
      "type": "aws_security_group_rule",
      "name": "node",
      "provider": "provider[\"registry.terraform.io/hashicorp/aws\"]",
      "instances": [
        {
          "index_key": "egress_all",
          "schema_version": 2,
          "attributes": {
            "cidr_blocks": [
              "0.0.0.0/0"
            ],
            "description": "Allow all egress",
            "from_port": 0,
            "id": "sgrule-4184749506",
            "ipv6_cidr_blocks": null,
            "prefix_list_ids": [],
            "protocol": "-1",
            "security_group_id": "sg-0bb80c43bd0947696",
            "security_group_rule_id": "sgr-0d5763bd478bc793c",
            "self": false,
            "source_security_group_id": null,
            "timeouts": null,
            "to_port": 0,
            "type": "egress"
          },
          "sensitive_attributes": [],
          "private": "eyJlMmJmYjczMC1lY2FhLTExZTYtOGY4OC0zNDM2M2JjN2M0YzAiOnsiY3JlYXRlIjozMDAwMDAwMDAwMDB9LCJzY2hlbWFfdmVyc2lvbiI6IjIifQ==",
          "dependencies": [
            "module.agent_cluster.module.eks.module.eks.aws_security_group.cluster",
            "module.agent_cluster.module.eks.module.eks.aws_security_group.node",
            "module.agent_cluster.module.vpc.module.vpc.aws_vpc.this"
          ],
          "create_before_destroy": true
        },
        {
          "index_key": "ingress_cluster_443",
          "schema_version": 2,
          "attributes": {
            "cidr_blocks": null,
            "description": "Cluster API to node groups",
            "from_port": 443,
            "id": "sgrule-420454329",
            "ipv6_cidr_blocks": null,
            "prefix_list_ids": [],
            "protocol": "tcp",
            "security_group_id": "sg-0bb80c43bd0947696",
            "security_group_rule_id": "sgr-079cf488aade94022",
            "self": false,
            "source_security_group_id": "sg-0b4a6dc4f1ff9702b",
            "timeouts": null,
            "to_port": 443,
            "type": "ingress"
          },
          "sensitive_attributes": [],
          "private": "eyJlMmJmYjczMC1lY2FhLTExZTYtOGY4OC0zNDM2M2JjN2M0YzAiOnsiY3JlYXRlIjozMDAwMDAwMDAwMDB9LCJzY2hlbWFfdmVyc2lvbiI6IjIifQ==",
          "dependencies": [
            "module.agent_cluster.module.eks.module.eks.aws_security_group.cluster",
            "module.agent_cluster.module.eks.module.eks.aws_security_group.node",
            "module.agent_cluster.module.vpc.module.vpc.aws_vpc.this"
          ],
          "create_before_destroy": true
        },
        {
          "index_key": "ingress_cluster_4443_webhook",
          "schema_version": 2,
          "attributes": {
            "cidr_blocks": null,
            "description": "Cluster API to node 4443/tcp webhook",
            "from_port": 4443,
            "id": "sgrule-2693296409",
            "ipv6_cidr_blocks": null,
            "prefix_list_ids": [],
            "protocol": "tcp",
            "security_group_id": "sg-0bb80c43bd0947696",
            "security_group_rule_id": "sgr-060b5bd00954d5dcc",
            "self": false,
            "source_security_group_id": "sg-0b4a6dc4f1ff9702b",
            "timeouts": null,
            "to_port": 4443,
            "type": "ingress"
          },
          "sensitive_attributes": [],
          "private": "eyJlMmJmYjczMC1lY2FhLTExZTYtOGY4OC0zNDM2M2JjN2M0YzAiOnsiY3JlYXRlIjozMDAwMDAwMDAwMDB9LCJzY2hlbWFfdmVyc2lvbiI6IjIifQ==",
          "dependencies": [
            "module.agent_cluster.module.eks.module.eks.aws_security_group.cluster",
            "module.agent_cluster.module.eks.module.eks.aws_security_group.node",
            "module.agent_cluster.module.vpc.module.vpc.aws_vpc.this"
          ],
          "create_before_destroy": true
        },
        {
          "index_key": "ingress_cluster_6443_webhook",
          "schema_version": 2,
          "attributes": {
            "cidr_blocks": null,
            "description": "Cluster API to node 6443/tcp webhook",
            "from_port": 6443,
            "id": "sgrule-1774851727",
            "ipv6_cidr_blocks": null,
            "prefix_list_ids": [],
            "protocol": "tcp",
            "security_group_id": "sg-0bb80c43bd0947696",
            "security_group_rule_id": "sgr-0ec3e081e6469c527",
            "self": false,
            "source_security_group_id": "sg-0b4a6dc4f1ff9702b",
            "timeouts": null,
            "to_port": 6443,
            "type": "ingress"
          },
          "sensitive_attributes": [],
          "private": "eyJlMmJmYjczMC1lY2FhLTExZTYtOGY4OC0zNDM2M2JjN2M0YzAiOnsiY3JlYXRlIjozMDAwMDAwMDAwMDB9LCJzY2hlbWFfdmVyc2lvbiI6IjIifQ==",
          "dependencies": [
            "module.agent_cluster.module.eks.module.eks.aws_security_group.cluster",
            "module.agent_cluster.module.eks.module.eks.aws_security_group.node",
            "module.agent_cluster.module.vpc.module.vpc.aws_vpc.this"
          ],
          "create_before_destroy": true
        },
        {
          "index_key": "ingress_cluster_8443_webhook",
          "schema_version": 2,
          "attributes": {
            "cidr_blocks": null,
            "description": "Cluster API to node 8443/tcp webhook",
            "from_port": 8443,
            "id": "sgrule-2056661678",
            "ipv6_cidr_blocks": null,
            "prefix_list_ids": [],
            "protocol": "tcp",
            "security_group_id": "sg-0bb80c43bd0947696",
            "security_group_rule_id": "sgr-0be3b999b7555efda",
            "self": false,
            "source_security_group_id": "sg-0b4a6dc4f1ff9702b",
            "timeouts": null,
            "to_port": 8443,
            "type": "ingress"
          },
          "sensitive_attributes": [],
          "private": "eyJlMmJmYjczMC1lY2FhLTExZTYtOGY4OC0zNDM2M2JjN2M0YzAiOnsiY3JlYXRlIjozMDAwMDAwMDAwMDB9LCJzY2hlbWFfdmVyc2lvbiI6IjIifQ==",
          "dependencies": [
            "module.agent_cluster.module.eks.module.eks.aws_security_group.cluster",
            "module.agent_cluster.module.eks.module.eks.aws_security_group.node",
            "module.agent_cluster.module.vpc.module.vpc.aws_vpc.this"
          ],
          "create_before_destroy": true
        },
        {
          "index_key": "ingress_cluster_9443_webhook",
          "schema_version": 2,
          "attributes": {
            "cidr_blocks": null,
            "description": "Cluster API to node 9443/tcp webhook",
            "from_port": 9443,
            "id": "sgrule-506927461",
            "ipv6_cidr_blocks": null,
            "prefix_list_ids": [],
            "protocol": "tcp",
            "security_group_id": "sg-0bb80c43bd0947696",
            "security_group_rule_id": "sgr-0e899e31a75d710b4",
            "self": false,
            "source_security_group_id": "sg-0b4a6dc4f1ff9702b",
            "timeouts": null,
            "to_port": 9443,
            "type": "ingress"
          },
          "sensitive_attributes": [],
          "private": "eyJlMmJmYjczMC1lY2FhLTExZTYtOGY4OC0zNDM2M2JjN2M0YzAiOnsiY3JlYXRlIjozMDAwMDAwMDAwMDB9LCJzY2hlbWFfdmVyc2lvbiI6IjIifQ==",
          "dependencies": [
            "module.agent_cluster.module.eks.module.eks.aws_security_group.cluster",
            "module.agent_cluster.module.eks.module.eks.aws_security_group.node",
            "module.agent_cluster.module.vpc.module.vpc.aws_vpc.this"
          ],
          "create_before_destroy": true
        },
        {
          "index_key": "ingress_cluster_kubelet",
          "schema_version": 2,
          "attributes": {
            "cidr_blocks": null,
            "description": "Cluster API to node kubelets",
            "from_port": 10250,
            "id": "sgrule-4066077830",
            "ipv6_cidr_blocks": null,
            "prefix_list_ids": [],
            "protocol": "tcp",
            "security_group_id": "sg-0bb80c43bd0947696",
            "security_group_rule_id": "sgr-0d58d76fc1bda1dec",
            "self": false,
            "source_security_group_id": "sg-0b4a6dc4f1ff9702b",
            "timeouts": null,
            "to_port": 10250,
            "type": "ingress"
          },
          "sensitive_attributes": [],
          "private": "eyJlMmJmYjczMC1lY2FhLTExZTYtOGY4OC0zNDM2M2JjN2M0YzAiOnsiY3JlYXRlIjozMDAwMDAwMDAwMDB9LCJzY2hlbWFfdmVyc2lvbiI6IjIifQ==",
          "dependencies": [
            "module.agent_cluster.module.eks.module.eks.aws_security_group.cluster",
            "module.agent_cluster.module.eks.module.eks.aws_security_group.node",
            "module.agent_cluster.module.vpc.module.vpc.aws_vpc.this"
          ],
          "create_before_destroy": true
        },
        {
          "index_key": "ingress_nodes_ephemeral",
          "schema_version": 2,
          "attributes": {
            "cidr_blocks": null,
            "description": "Node to node ingress on ephemeral ports",
            "from_port": 1025,
            "id": "sgrule-1475831120",
            "ipv6_cidr_blocks": null,
            "prefix_list_ids": [],
            "protocol": "tcp",
            "security_group_id": "sg-0bb80c43bd0947696",
            "security_group_rule_id": "sgr-02783e34fea49ed80",
            "self": true,
            "source_security_group_id": null,
            "timeouts": null,
            "to_port": 65535,
            "type": "ingress"
          },
          "sensitive_attributes": [],
          "private": "eyJlMmJmYjczMC1lY2FhLTExZTYtOGY4OC0zNDM2M2JjN2M0YzAiOnsiY3JlYXRlIjozMDAwMDAwMDAwMDB9LCJzY2hlbWFfdmVyc2lvbiI6IjIifQ==",
          "dependencies": [
            "module.agent_cluster.module.eks.module.eks.aws_security_group.cluster",
            "module.agent_cluster.module.eks.module.eks.aws_security_group.node",
            "module.agent_cluster.module.vpc.module.vpc.aws_vpc.this"
          ],
          "create_before_destroy": true
        },
        {
          "index_key": "ingress_self_coredns_tcp",
          "schema_version": 2,
          "attributes": {
            "cidr_blocks": null,
            "description": "Node to node CoreDNS",
            "from_port": 53,
            "id": "sgrule-1002387075",
            "ipv6_cidr_blocks": null,
            "prefix_list_ids": [],
            "protocol": "tcp",
            "security_group_id": "sg-0bb80c43bd0947696",
            "security_group_rule_id": "sgr-06a3ec8eda6922706",
            "self": true,
            "source_security_group_id": null,
            "timeouts": null,
            "to_port": 53,
            "type": "ingress"
          },
          "sensitive_attributes": [],
          "private": "eyJlMmJmYjczMC1lY2FhLTExZTYtOGY4OC0zNDM2M2JjN2M0YzAiOnsiY3JlYXRlIjozMDAwMDAwMDAwMDB9LCJzY2hlbWFfdmVyc2lvbiI6IjIifQ==",
          "dependencies": [
            "module.agent_cluster.module.eks.module.eks.aws_security_group.cluster",
            "module.agent_cluster.module.eks.module.eks.aws_security_group.node",
            "module.agent_cluster.module.vpc.module.vpc.aws_vpc.this"
          ],
          "create_before_destroy": true
        },
        {
          "index_key": "ingress_self_coredns_udp",
          "schema_version": 2,
          "attributes": {
            "cidr_blocks": null,
            "description": "Node to node CoreDNS UDP",
            "from_port": 53,
            "id": "sgrule-2682295660",
            "ipv6_cidr_blocks": null,
            "prefix_list_ids": [],
            "protocol": "udp",
            "security_group_id": "sg-0bb80c43bd0947696",
            "security_group_rule_id": "sgr-0c81265f9ebe81965",
            "self": true,
            "source_security_group_id": null,
            "timeouts": null,
            "to_port": 53,
            "type": "ingress"
          },
          "sensitive_attributes": [],
          "private": "eyJlMmJmYjczMC1lY2FhLTExZTYtOGY4OC0zNDM2M2JjN2M0YzAiOnsiY3JlYXRlIjozMDAwMDAwMDAwMDB9LCJzY2hlbWFfdmVyc2lvbiI6IjIifQ==",
          "dependencies": [
            "module.agent_cluster.module.eks.module.eks.aws_security_group.cluster",
            "module.agent_cluster.module.eks.module.eks.aws_security_group.node",
            "module.agent_cluster.module.vpc.module.vpc.aws_vpc.this"
          ],
          "create_before_destroy": true
        }
      ]
    },
    {
      "module": "module.agent_cluster.module.eks[0].module.eks",
      "mode": "managed",
      "type": "kubernetes_config_map_v1_data",
      "name": "aws_auth",
      "provider": "provider[\"registry.terraform.io/hashicorp/kubernetes\"]",
      "instances": [
        {
          "index_key": 0,
          "schema_version": 0,
          "attributes": {
            "data": {
              "mapAccounts": "[]\n",
              "mapRoles": "- \"groups\":\n  - \"system:bootstrappers\"\n  - \"system:nodes\"\n  \"rolearn\": \"arn:aws:iam::343806850935:role/liran-demo-deployment-eks-node-group-20230730145017387900000001\"\n  \"username\": \"system:node:{{EC2PrivateDNSName}}\"\n- \"groups\":\n  - \"system:masters\"\n  \"rolearn\": \"arn:aws:iam::343806850935:role/AWSReservedSSO_AdministratorAccess_9999c6a81f899fc6\"\n  \"username\": \"anv0 kushield admin\"\n",
              "mapUsers": "[]\n"
            },
            "field_manager": "Terraform",
            "force": true,
            "id": "kube-system/aws-auth",
            "metadata": [
              {
                "name": "aws-auth",
                "namespace": "kube-system"
              }
            ]
          },
          "sensitive_attributes": [],
          "private": "bnVsbA==",
          "dependencies": [
            "data.aws_eks_cluster.my_eks",
            "module.agent_cluster.data.aws_eks_cluster.my_eks",
            "module.agent_cluster.module.eks.data.aws_subnets.private",
            "module.agent_cluster.module.eks.module.eks.aws_cloudwatch_log_group.this",
            "module.agent_cluster.module.eks.module.eks.aws_eks_cluster.this",
            "module.agent_cluster.module.eks.module.eks.aws_iam_policy.cni_ipv6_policy",
            "module.agent_cluster.module.eks.module.eks.aws_iam_role.this",
            "module.agent_cluster.module.eks.module.eks.aws_iam_role_policy_attachment.this",
            "module.agent_cluster.module.eks.module.eks.aws_security_group.cluster",
            "module.agent_cluster.module.eks.module.eks.aws_security_group.node",
            "module.agent_cluster.module.eks.module.eks.aws_security_group_rule.cluster",
            "module.agent_cluster.module.eks.module.eks.aws_security_group_rule.node",
            "module.agent_cluster.module.eks.module.eks.data.aws_iam_policy_document.assume_role_policy",
            "module.agent_cluster.module.eks.module.eks.data.aws_partition.current",
            "module.agent_cluster.module.eks.module.eks.kubernetes_config_map.aws_auth",
            "module.agent_cluster.module.eks.module.eks.module.eks_managed_node_group.aws_autoscaling_schedule.this",
            "module.agent_cluster.module.eks.module.eks.module.eks_managed_node_group.aws_eks_node_group.this",
            "module.agent_cluster.module.eks.module.eks.module.eks_managed_node_group.aws_iam_role.this",
            "module.agent_cluster.module.eks.module.eks.module.eks_managed_node_group.aws_iam_role_policy_attachment.additional",
            "module.agent_cluster.module.eks.module.eks.module.eks_managed_node_group.aws_iam_role_policy_attachment.this",
            "module.agent_cluster.module.eks.module.eks.module.eks_managed_node_group.aws_launch_template.this",
            "module.agent_cluster.module.eks.module.eks.module.eks_managed_node_group.data.aws_caller_identity.current",
            "module.agent_cluster.module.eks.module.eks.module.eks_managed_node_group.data.aws_iam_policy_document.assume_role_policy",
            "module.agent_cluster.module.eks.module.eks.module.eks_managed_node_group.data.aws_partition.current",
            "module.agent_cluster.module.eks.module.eks.module.eks_managed_node_group.module.user_data.data.cloudinit_config.linux_eks_managed_node_group",
            "module.agent_cluster.module.eks.module.eks.module.fargate_profile.aws_eks_fargate_profile.this",
            "module.agent_cluster.module.eks.module.eks.module.fargate_profile.aws_iam_role.this",
            "module.agent_cluster.module.eks.module.eks.module.fargate_profile.aws_iam_role_policy_attachment.additional",
            "module.agent_cluster.module.eks.module.eks.module.fargate_profile.aws_iam_role_policy_attachment.this",
            "module.agent_cluster.module.eks.module.eks.module.fargate_profile.data.aws_caller_identity.current",
            "module.agent_cluster.module.eks.module.eks.module.fargate_profile.data.aws_iam_policy_document.assume_role_policy",
            "module.agent_cluster.module.eks.module.eks.module.fargate_profile.data.aws_partition.current",
            "module.agent_cluster.module.eks.module.eks.module.kms.aws_kms_external_key.this",
            "module.agent_cluster.module.eks.module.eks.module.kms.aws_kms_key.this",
            "module.agent_cluster.module.eks.module.eks.module.self_managed_node_group.aws_autoscaling_group.this",
            "module.agent_cluster.module.eks.module.eks.module.self_managed_node_group.aws_autoscaling_schedule.this",
            "module.agent_cluster.module.eks.module.eks.module.self_managed_node_group.aws_iam_instance_profile.this",
            "module.agent_cluster.module.eks.module.eks.module.self_managed_node_group.aws_iam_role.this",
            "module.agent_cluster.module.eks.module.eks.module.self_managed_node_group.aws_iam_role_policy_attachment.additional",
            "module.agent_cluster.module.eks.module.eks.module.self_managed_node_group.aws_iam_role_policy_attachment.this",
            "module.agent_cluster.module.eks.module.eks.module.self_managed_node_group.aws_launch_template.this",
            "module.agent_cluster.module.eks.module.eks.module.self_managed_node_group.data.aws_ami.eks_default",
            "module.agent_cluster.module.eks.module.eks.module.self_managed_node_group.data.aws_caller_identity.current",
            "module.agent_cluster.module.eks.module.eks.module.self_managed_node_group.data.aws_iam_policy_document.assume_role_policy",
            "module.agent_cluster.module.eks.module.eks.module.self_managed_node_group.data.aws_partition.current",
            "module.agent_cluster.module.eks.module.eks.module.self_managed_node_group.module.user_data.data.cloudinit_config.linux_eks_managed_node_group",
            "module.agent_cluster.module.eks.module.eks.time_sleep.this",
            "module.agent_cluster.module.vpc.module.vpc.aws_vpc.this"
          ],
          "create_before_destroy": true
        }
      ]
    },
    {
      "module": "module.agent_cluster.module.eks[0].module.eks",
      "mode": "managed",
      "type": "time_sleep",
      "name": "this",
      "provider": "provider[\"registry.terraform.io/hashicorp/time\"]",
      "instances": [
        {
          "index_key": 0,
          "schema_version": 0,
          "attributes": {
            "create_duration": "30s",
            "destroy_duration": null,
            "id": "2023-07-30T15:02:28Z",
            "triggers": {
              "cluster_certificate_authority_data": "LS0tLS1CRUdJTiBDRVJUSUZJQ0FURS0tLS0tCk1JSUMvakNDQWVhZ0F3SUJBZ0lCQURBTkJna3Foa2lHOXcwQkFRc0ZBREFWTVJNd0VRWURWUVFERXdwcmRXSmwKY201bGRHVnpNQjRYRFRJek1EY3pNREUwTlRVMU1sb1hEVE16TURjeU56RTBOVFUxTWxvd0ZURVRNQkVHQTFVRQpBeE1LYTNWaVpYSnVaWFJsY3pDQ0FTSXdEUVlKS29aSWh2Y05BUUVCQlFBRGdnRVBBRENDQVFvQ2dnRUJBTTJOCjkyaHdHRXphc0pqZDFSekFBWi9aRkR3YStSclpNZ2h6NytaZjRYVXloVHZXcjJLNFRMY2FSeUthZjFha0pvYmUKV0pkTVNvei85WWIyZkY5MytwTmc0UVhDdjQ3RHFZN0dDS29GNHBqTlhlUnF3eUFZTWpwbVpTRmFramNGd2lQNApCZ2pPc2t5cDdFb1h1L2RqNUR4dmt2d3o2R2ptZjdvd0xGc1M2YlZpREg2OW1LTGd6WEprOEpHMjRCVld2VEM1Ck9VR082TEsyN29OeXJYK0NkOEQ1U1JWS0lPTExwK2JiZG1MaFY5R2ZtOTVScGcrSGVyMXBud1RLRGxZODRRMGEKNTYrZHVrSkFRcThTYzhqSisyU2xrYjQzbFJFWEZqMUgyL0luNzZIZWxybUtMQjlFVUtxRHNHYi9YaVVTbTh3bgo1cXBYc3pwcUZRTHplN21UakRjQ0F3RUFBYU5aTUZjd0RnWURWUjBQQVFIL0JBUURBZ0trTUE4R0ExVWRFd0VCCi93UUZNQU1CQWY4d0hRWURWUjBPQkJZRUZBLzZ3aElGVWRXZ1VQclFpV2RsZGJIR0tPZTNNQlVHQTFVZEVRUU8KTUF5Q0NtdDFZbVZ5Ym1WMFpYTXdEUVlKS29aSWh2Y05BUUVMQlFBRGdnRUJBRGVwOEkrZ3UybkhHVmdYZHVQSApPemYzMklBUTZJY3RSRlluaXp0RTR3bFI3cjRwSGlCMmRScVp6Qm81Q0dPSHg2dzltVlhRalZ0QURpM1ZiR21ECmN6cEc2K2dzVUo0WXRhZmc1V3pYMzQ3R3E5amU2YXdKTitySXZLa0lJRHgxWkNsenVqZnE5S2xndTVkQUlmL24KZkRISlptckREcnNVZFRMc1czWkpwYnBYOVFzaHZxaFU5aW5WTklvWXdtdGpQSjdlS2JjMnVmMHJxRCsvbTFBOApLaVdaVVdVa3pHallOakpKdW1xTk1kRnBWeFN5dzVNaEFDcXgxTHpPbk4wcVB2dXExWEFNZEE1Vmd0eDRKZXdXCndYNVVnSUFHbWJieS84MldRc0JOcTRlVmpyQnVYTHhLMGQrRURnK1pNckpNMnVTd2RmWEd1RXllc0tNTGhUSWQKMnRjPQotLS0tLUVORCBDRVJUSUZJQ0FURS0tLS0tCg==",
              "cluster_endpoint": "https://62D4566A7CE7025A45C7512362B8F5C5.gr7.us-east-1.eks.amazonaws.com",
              "cluster_name": "liran-demo",
              "cluster_version": "1.27"
            }
          },
          "sensitive_attributes": [],
          "dependencies": [
            "module.agent_cluster.module.eks.data.aws_subnets.private",
            "module.agent_cluster.module.eks.module.eks.aws_cloudwatch_log_group.this",
            "module.agent_cluster.module.eks.module.eks.aws_eks_cluster.this",
            "module.agent_cluster.module.eks.module.eks.aws_iam_policy.cni_ipv6_policy",
            "module.agent_cluster.module.eks.module.eks.aws_iam_role.this",
            "module.agent_cluster.module.eks.module.eks.aws_iam_role_policy_attachment.this",
            "module.agent_cluster.module.eks.module.eks.aws_security_group.cluster",
            "module.agent_cluster.module.eks.module.eks.aws_security_group.node",
            "module.agent_cluster.module.eks.module.eks.aws_security_group_rule.cluster",
            "module.agent_cluster.module.eks.module.eks.aws_security_group_rule.node",
            "module.agent_cluster.module.eks.module.eks.data.aws_iam_policy_document.assume_role_policy",
            "module.agent_cluster.module.eks.module.eks.data.aws_partition.current",
            "module.agent_cluster.module.eks.module.eks.module.kms.aws_kms_external_key.this",
            "module.agent_cluster.module.eks.module.eks.module.kms.aws_kms_key.this",
            "module.agent_cluster.module.vpc.module.vpc.aws_vpc.this"
          ],
          "create_before_destroy": true
        }
      ]
    },
    {
      "module": "module.agent_cluster.module.eks[0].module.eks.module.eks_managed_node_group[\"deployment\"]",
      "mode": "data",
      "type": "aws_caller_identity",
      "name": "current",
      "provider": "provider[\"registry.terraform.io/hashicorp/aws\"]",
      "instances": [
        {
          "schema_version": 0,
          "attributes": {
            "account_id": "343806850935",
            "arn": "arn:aws:sts::343806850935:assumed-role/AWSReservedSSO_AdministratorAccess_9999c6a81f899fc6/liran.farage",
            "id": "343806850935",
            "user_id": "AROAVADD4G53SNEMOUQ3Q:liran.farage"
          },
          "sensitive_attributes": []
        }
      ]
    },
    {
      "module": "module.agent_cluster.module.eks[0].module.eks.module.eks_managed_node_group[\"deployment\"]",
      "mode": "data",
      "type": "aws_iam_policy_document",
      "name": "assume_role_policy",
      "provider": "provider[\"registry.terraform.io/hashicorp/aws\"]",
      "instances": [
        {
          "index_key": 0,
          "schema_version": 0,
          "attributes": {
            "id": "2560088296",
            "json": "{\n  \"Version\": \"2012-10-17\",\n  \"Statement\": [\n    {\n      \"Sid\": \"EKSNodeAssumeRole\",\n      \"Effect\": \"Allow\",\n      \"Action\": \"sts:AssumeRole\",\n      \"Principal\": {\n        \"Service\": \"ec2.amazonaws.com\"\n      }\n    }\n  ]\n}",
            "override_policy_documents": null,
            "policy_id": null,
            "source_policy_documents": null,
            "statement": [
              {
                "actions": [
                  "sts:AssumeRole"
                ],
                "condition": [],
                "effect": "Allow",
                "not_actions": [],
                "not_principals": [],
                "not_resources": [],
                "principals": [
                  {
                    "identifiers": [
                      "ec2.amazonaws.com"
                    ],
                    "type": "Service"
                  }
                ],
                "resources": [],
                "sid": "EKSNodeAssumeRole"
              }
            ],
            "version": "2012-10-17"
          },
          "sensitive_attributes": []
        }
      ]
    },
    {
      "module": "module.agent_cluster.module.eks[0].module.eks.module.eks_managed_node_group[\"deployment\"]",
      "mode": "data",
      "type": "aws_partition",
      "name": "current",
      "provider": "provider[\"registry.terraform.io/hashicorp/aws\"]",
      "instances": [
        {
          "schema_version": 0,
          "attributes": {
            "dns_suffix": "amazonaws.com",
            "id": "aws",
            "partition": "aws",
            "reverse_dns_prefix": "com.amazonaws"
          },
          "sensitive_attributes": []
        }
      ]
    },
    {
      "module": "module.agent_cluster.module.eks[0].module.eks.module.eks_managed_node_group[\"deployment\"]",
      "mode": "managed",
      "type": "aws_eks_node_group",
      "name": "this",
      "provider": "provider[\"registry.terraform.io/hashicorp/aws\"]",
      "instances": [
        {
          "index_key": 0,
          "schema_version": 0,
          "attributes": {
            "ami_type": "AL2_x86_64",
            "arn": "arn:aws:eks:us-east-1:343806850935:nodegroup/liran-demo/liran-demo-deployment/00c4d3a9-4242-12ea-81ab-439757541940",
            "capacity_type": "SPOT",
            "cluster_name": "liran-demo",
            "disk_size": 0,
            "force_update_version": null,
            "id": "liran-demo:liran-demo-deployment",
            "instance_types": [
              "t3a.2xlarge"
            ],
            "labels": null,
            "launch_template": [
              {
                "id": "lt-006e0a5450d928212",
                "name": "deployment-2023073015022872870000000b",
                "version": "1"
              }
            ],
            "node_group_name": "liran-demo-deployment",
            "node_group_name_prefix": "",
            "node_role_arn": "arn:aws:iam::343806850935:role/liran-demo-deployment-eks-node-group-20230730145017387900000001",
            "release_version": "1.27.3-20230711",
            "remote_access": [],
            "resources": [
              {
                "autoscaling_groups": [
                  {
                    "name": "eks-liran-demo-deployment-00c4d3a9-4242-12ea-81ab-439757541940"
                  }
                ],
                "remote_access_security_group_id": ""
              }
            ],
            "scaling_config": [
              {
                "desired_size": 2,
                "max_size": 50,
                "min_size": 2
              }
            ],
            "status": "ACTIVE",
            "subnet_ids": [
              "subnet-00c090af3650f585d",
              "subnet-01dd2fb3b36ae2b2f",
              "subnet-043abbeea034e9d95",
              "subnet-04423e002f03b0a03",
              "subnet-0a0c30f2decf0124d"
            ],
            "tags": {
              "Name": "liran-demo-deployment"
            },
            "tags_all": {
              "Name": "liran-demo-deployment"
            },
            "taint": [],
            "timeouts": {
              "create": null,
              "delete": null,
              "update": null
            },
            "update_config": [
              {
                "max_unavailable": 0,
                "max_unavailable_percentage": 33
              }
            ],
            "version": "1.27"
          },
          "sensitive_attributes": [],
          "private": "eyJlMmJmYjczMC1lY2FhLTExZTYtOGY4OC0zNDM2M2JjN2M0YzAiOnsiY3JlYXRlIjozNjAwMDAwMDAwMDAwLCJkZWxldGUiOjM2MDAwMDAwMDAwMDAsInVwZGF0ZSI6MzYwMDAwMDAwMDAwMH19",
          "dependencies": [
            "module.agent_cluster.module.eks.data.aws_subnets.private",
            "module.agent_cluster.module.eks.module.eks.aws_cloudwatch_log_group.this",
            "module.agent_cluster.module.eks.module.eks.aws_eks_cluster.this",
            "module.agent_cluster.module.eks.module.eks.aws_iam_policy.cni_ipv6_policy",
            "module.agent_cluster.module.eks.module.eks.aws_iam_role.this",
            "module.agent_cluster.module.eks.module.eks.aws_iam_role_policy_attachment.this",
            "module.agent_cluster.module.eks.module.eks.aws_security_group.cluster",
            "module.agent_cluster.module.eks.module.eks.aws_security_group.node",
            "module.agent_cluster.module.eks.module.eks.aws_security_group_rule.cluster",
            "module.agent_cluster.module.eks.module.eks.aws_security_group_rule.node",
            "module.agent_cluster.module.eks.module.eks.data.aws_iam_policy_document.assume_role_policy",
            "module.agent_cluster.module.eks.module.eks.data.aws_partition.current",
            "module.agent_cluster.module.eks.module.eks.module.eks_managed_node_group.aws_iam_role.this",
            "module.agent_cluster.module.eks.module.eks.module.eks_managed_node_group.aws_iam_role_policy_attachment.this",
            "module.agent_cluster.module.eks.module.eks.module.eks_managed_node_group.aws_launch_template.this",
            "module.agent_cluster.module.eks.module.eks.module.eks_managed_node_group.data.aws_caller_identity.current",
            "module.agent_cluster.module.eks.module.eks.module.eks_managed_node_group.data.aws_iam_policy_document.assume_role_policy",
            "module.agent_cluster.module.eks.module.eks.module.eks_managed_node_group.data.aws_partition.current",
            "module.agent_cluster.module.eks.module.eks.module.eks_managed_node_group.module.user_data.data.cloudinit_config.linux_eks_managed_node_group",
            "module.agent_cluster.module.eks.module.eks.module.kms.aws_kms_external_key.this",
            "module.agent_cluster.module.eks.module.eks.module.kms.aws_kms_key.this",
            "module.agent_cluster.module.eks.module.eks.time_sleep.this",
            "module.agent_cluster.module.vpc.module.vpc.aws_vpc.this"
          ],
          "create_before_destroy": true
        }
      ]
    },
    {
      "module": "module.agent_cluster.module.eks[0].module.eks.module.eks_managed_node_group[\"deployment\"]",
      "mode": "managed",
      "type": "aws_iam_role",
      "name": "this",
      "provider": "provider[\"registry.terraform.io/hashicorp/aws\"]",
      "instances": [
        {
          "index_key": 0,
          "schema_version": 0,
          "attributes": {
            "arn": "arn:aws:iam::343806850935:role/liran-demo-deployment-eks-node-group-20230730145017387900000001",
            "assume_role_policy": "{\"Statement\":[{\"Action\":\"sts:AssumeRole\",\"Effect\":\"Allow\",\"Principal\":{\"Service\":\"ec2.amazonaws.com\"},\"Sid\":\"EKSNodeAssumeRole\"}],\"Version\":\"2012-10-17\"}",
            "create_date": "2023-07-30T14:50:18Z",
            "description": "EKS managed node group IAM role",
            "force_detach_policies": true,
            "id": "liran-demo-deployment-eks-node-group-20230730145017387900000001",
            "inline_policy": [],
            "managed_policy_arns": [],
            "max_session_duration": 3600,
            "name": "liran-demo-deployment-eks-node-group-20230730145017387900000001",
            "name_prefix": "liran-demo-deployment-eks-node-group-",
            "path": "/",
            "permissions_boundary": null,
            "tags": null,
            "tags_all": {},
            "unique_id": "AROAVADD4G53SFCUYCOP3"
          },
          "sensitive_attributes": [],
          "private": "bnVsbA==",
          "dependencies": [
            "module.agent_cluster.module.eks.module.eks.module.eks_managed_node_group.data.aws_iam_policy_document.assume_role_policy"
          ],
          "create_before_destroy": true
        }
      ]
    },
    {
      "module": "module.agent_cluster.module.eks[0].module.eks.module.eks_managed_node_group[\"deployment\"]",
      "mode": "managed",
      "type": "aws_iam_role_policy_attachment",
      "name": "this",
      "provider": "provider[\"registry.terraform.io/hashicorp/aws\"]",
      "instances": [
        {
          "index_key": "arn:aws:iam::aws:policy/AmazonEC2ContainerRegistryReadOnly",
          "schema_version": 0,
          "attributes": {
            "id": "liran-demo-deployment-eks-node-group-20230730145017387900000001-20230730145018942500000004",
            "policy_arn": "arn:aws:iam::aws:policy/AmazonEC2ContainerRegistryReadOnly",
            "role": "liran-demo-deployment-eks-node-group-20230730145017387900000001"
          },
          "sensitive_attributes": [],
          "private": "bnVsbA==",
          "dependencies": [
            "module.agent_cluster.module.eks.module.eks.module.eks_managed_node_group.aws_iam_role.this",
            "module.agent_cluster.module.eks.module.eks.module.eks_managed_node_group.data.aws_caller_identity.current",
            "module.agent_cluster.module.eks.module.eks.module.eks_managed_node_group.data.aws_iam_policy_document.assume_role_policy",
            "module.agent_cluster.module.eks.module.eks.module.eks_managed_node_group.data.aws_partition.current"
          ],
          "create_before_destroy": true
        },
        {
          "index_key": "arn:aws:iam::aws:policy/AmazonEKSWorkerNodePolicy",
          "schema_version": 0,
          "attributes": {
            "id": "liran-demo-deployment-eks-node-group-20230730145017387900000001-20230730145018916600000003",
            "policy_arn": "arn:aws:iam::aws:policy/AmazonEKSWorkerNodePolicy",
            "role": "liran-demo-deployment-eks-node-group-20230730145017387900000001"
          },
          "sensitive_attributes": [],
          "private": "bnVsbA==",
          "dependencies": [
            "module.agent_cluster.module.eks.module.eks.module.eks_managed_node_group.aws_iam_role.this",
            "module.agent_cluster.module.eks.module.eks.module.eks_managed_node_group.data.aws_caller_identity.current",
            "module.agent_cluster.module.eks.module.eks.module.eks_managed_node_group.data.aws_iam_policy_document.assume_role_policy",
            "module.agent_cluster.module.eks.module.eks.module.eks_managed_node_group.data.aws_partition.current"
          ],
          "create_before_destroy": true
        },
        {
          "index_key": "arn:aws:iam::aws:policy/AmazonEKS_CNI_Policy",
          "schema_version": 0,
          "attributes": {
            "id": "liran-demo-deployment-eks-node-group-20230730145017387900000001-20230730145019148300000005",
            "policy_arn": "arn:aws:iam::aws:policy/AmazonEKS_CNI_Policy",
            "role": "liran-demo-deployment-eks-node-group-20230730145017387900000001"
          },
          "sensitive_attributes": [],
          "private": "bnVsbA==",
          "dependencies": [
            "module.agent_cluster.module.eks.module.eks.module.eks_managed_node_group.aws_iam_role.this",
            "module.agent_cluster.module.eks.module.eks.module.eks_managed_node_group.data.aws_caller_identity.current",
            "module.agent_cluster.module.eks.module.eks.module.eks_managed_node_group.data.aws_iam_policy_document.assume_role_policy",
            "module.agent_cluster.module.eks.module.eks.module.eks_managed_node_group.data.aws_partition.current"
          ],
          "create_before_destroy": true
        }
      ]
    },
    {
      "module": "module.agent_cluster.module.eks[0].module.eks.module.eks_managed_node_group[\"deployment\"]",
      "mode": "managed",
      "type": "aws_launch_template",
      "name": "this",
      "provider": "provider[\"registry.terraform.io/hashicorp/aws\"]",
      "instances": [
        {
          "index_key": 0,
          "schema_version": 0,
          "attributes": {
            "arn": "arn:aws:ec2:us-east-1:343806850935:launch-template/lt-006e0a5450d928212",
            "block_device_mappings": [],
            "capacity_reservation_specification": [],
            "cpu_options": [],
            "credit_specification": [],
            "default_version": 1,
            "description": "Custom launch template for liran-demo-deployment EKS managed node group",
            "disable_api_stop": false,
            "disable_api_termination": false,
            "ebs_optimized": "",
            "elastic_gpu_specifications": [],
            "elastic_inference_accelerator": [],
            "enclave_options": [],
            "hibernation_options": [],
            "iam_instance_profile": [],
            "id": "lt-006e0a5450d928212",
            "image_id": "",
            "instance_initiated_shutdown_behavior": "",
            "instance_market_options": [],
            "instance_requirements": [],
            "instance_type": "",
            "kernel_id": "",
            "key_name": "",
            "latest_version": 1,
            "license_specification": [],
            "maintenance_options": [],
            "metadata_options": [
              {
                "http_endpoint": "enabled",
                "http_protocol_ipv6": "",
                "http_put_response_hop_limit": 2,
                "http_tokens": "required",
                "instance_metadata_tags": ""
              }
            ],
            "monitoring": [
              {
                "enabled": true
              }
            ],
            "name": "deployment-2023073015022872870000000b",
            "name_prefix": "deployment-",
            "network_interfaces": [],
            "placement": [],
            "private_dns_name_options": [],
            "ram_disk_id": "",
            "security_group_names": null,
            "tag_specifications": [
              {
                "resource_type": "instance",
                "tags": {
                  "Name": "liran-demo-deployment"
                }
              },
              {
                "resource_type": "network-interface",
                "tags": {
                  "Name": "liran-demo-deployment"
                }
              },
              {
                "resource_type": "volume",
                "tags": {
                  "Name": "liran-demo-deployment"
                }
              }
            ],
            "tags": null,
            "tags_all": {},
            "update_default_version": true,
            "user_data": "",
            "vpc_security_group_ids": [
              "sg-0bb80c43bd0947696"
            ]
          },
          "sensitive_attributes": [],
          "private": "bnVsbA==",
          "dependencies": [
            "module.agent_cluster.module.eks.data.aws_subnets.private",
            "module.agent_cluster.module.eks.module.eks.aws_cloudwatch_log_group.this",
            "module.agent_cluster.module.eks.module.eks.aws_eks_cluster.this",
            "module.agent_cluster.module.eks.module.eks.aws_iam_policy.cni_ipv6_policy",
            "module.agent_cluster.module.eks.module.eks.aws_iam_role.this",
            "module.agent_cluster.module.eks.module.eks.aws_iam_role_policy_attachment.this",
            "module.agent_cluster.module.eks.module.eks.aws_security_group.cluster",
            "module.agent_cluster.module.eks.module.eks.aws_security_group.node",
            "module.agent_cluster.module.eks.module.eks.aws_security_group_rule.cluster",
            "module.agent_cluster.module.eks.module.eks.aws_security_group_rule.node",
            "module.agent_cluster.module.eks.module.eks.data.aws_iam_policy_document.assume_role_policy",
            "module.agent_cluster.module.eks.module.eks.data.aws_partition.current",
            "module.agent_cluster.module.eks.module.eks.module.eks_managed_node_group.aws_iam_role.this",
            "module.agent_cluster.module.eks.module.eks.module.eks_managed_node_group.aws_iam_role_policy_attachment.this",
            "module.agent_cluster.module.eks.module.eks.module.eks_managed_node_group.data.aws_caller_identity.current",
            "module.agent_cluster.module.eks.module.eks.module.eks_managed_node_group.data.aws_iam_policy_document.assume_role_policy",
            "module.agent_cluster.module.eks.module.eks.module.eks_managed_node_group.data.aws_partition.current",
            "module.agent_cluster.module.eks.module.eks.module.eks_managed_node_group.module.user_data.data.cloudinit_config.linux_eks_managed_node_group",
            "module.agent_cluster.module.eks.module.eks.module.kms.aws_kms_external_key.this",
            "module.agent_cluster.module.eks.module.eks.module.kms.aws_kms_key.this",
            "module.agent_cluster.module.eks.module.eks.time_sleep.this",
            "module.agent_cluster.module.vpc.module.vpc.aws_vpc.this"
          ],
          "create_before_destroy": true
        }
      ]
    },
    {
      "module": "module.agent_cluster.module.eks[0].module.eks.module.kms",
      "mode": "data",
      "type": "aws_caller_identity",
      "name": "current",
      "provider": "provider[\"registry.terraform.io/hashicorp/aws\"]",
      "instances": [
        {
          "schema_version": 0,
          "attributes": {
            "account_id": "343806850935",
            "arn": "arn:aws:sts::343806850935:assumed-role/AWSReservedSSO_AdministratorAccess_9999c6a81f899fc6/liran.farage",
            "id": "343806850935",
            "user_id": "AROAVADD4G53SNEMOUQ3Q:liran.farage"
          },
          "sensitive_attributes": []
        }
      ]
    },
    {
      "module": "module.agent_cluster.module.eks[0].module.eks.module.kms",
      "mode": "data",
      "type": "aws_partition",
      "name": "current",
      "provider": "provider[\"registry.terraform.io/hashicorp/aws\"]",
      "instances": [
        {
          "schema_version": 0,
          "attributes": {
            "dns_suffix": "amazonaws.com",
            "id": "aws",
            "partition": "aws",
            "reverse_dns_prefix": "com.amazonaws"
          },
          "sensitive_attributes": []
        }
      ]
    },
    {
      "module": "module.agent_cluster.module.vpc[0]",
      "mode": "data",
      "type": "aws_ec2_instance_type_offerings",
      "name": "supported_azs",
      "provider": "provider[\"registry.terraform.io/hashicorp/aws\"]",
      "instances": [
        {
          "schema_version": 0,
          "attributes": {
            "filter": [
              {
                "name": "instance-type",
                "values": [
                  "t3a.2xlarge"
                ]
              }
            ],
            "id": "us-east-1",
            "instance_types": [
              "t3a.2xlarge",
              "t3a.2xlarge",
              "t3a.2xlarge",
              "t3a.2xlarge",
              "t3a.2xlarge"
            ],
            "location_type": "availability-zone",
            "location_types": [
              "availability-zone",
              "availability-zone",
              "availability-zone",
              "availability-zone",
              "availability-zone"
            ],
            "locations": [
              "us-east-1d",
              "us-east-1f",
              "us-east-1a",
              "us-east-1b",
              "us-east-1c"
            ],
            "timeouts": null
          },
          "sensitive_attributes": []
        }
      ]
    },
    {
      "module": "module.agent_cluster.module.vpc[0].module.vpc",
      "mode": "managed",
      "type": "aws_default_network_acl",
      "name": "this",
      "provider": "provider[\"registry.terraform.io/hashicorp/aws\"]",
      "instances": [
        {
          "index_key": 0,
          "schema_version": 0,
          "attributes": {
            "arn": "arn:aws:ec2:us-east-1:343806850935:network-acl/acl-01b96f0f8c7a530eb",
            "default_network_acl_id": "acl-01b96f0f8c7a530eb",
            "egress": [
              {
                "action": "allow",
                "cidr_block": "",
                "from_port": 0,
                "icmp_code": null,
                "icmp_type": null,
                "ipv6_cidr_block": "::/0",
                "protocol": "-1",
                "rule_no": 101,
                "to_port": 0
              },
              {
                "action": "allow",
                "cidr_block": "0.0.0.0/0",
                "from_port": 0,
                "icmp_code": null,
                "icmp_type": null,
                "ipv6_cidr_block": "",
                "protocol": "-1",
                "rule_no": 100,
                "to_port": 0
              }
            ],
            "id": "acl-01b96f0f8c7a530eb",
            "ingress": [
              {
                "action": "allow",
                "cidr_block": "",
                "from_port": 0,
                "icmp_code": null,
                "icmp_type": null,
                "ipv6_cidr_block": "::/0",
                "protocol": "-1",
                "rule_no": 101,
                "to_port": 0
              },
              {
                "action": "allow",
                "cidr_block": "0.0.0.0/0",
                "from_port": 0,
                "icmp_code": null,
                "icmp_type": null,
                "ipv6_cidr_block": "",
                "protocol": "-1",
                "rule_no": 100,
                "to_port": 0
              }
            ],
            "owner_id": "343806850935",
            "subnet_ids": [
              "subnet-00c090af3650f585d",
              "subnet-00fccb47dc92ec63c",
              "subnet-01dd2fb3b36ae2b2f",
              "subnet-029c4a083ee569bd7",
              "subnet-0375d08d703024f16",
              "subnet-043abbeea034e9d95",
              "subnet-04423e002f03b0a03",
              "subnet-0947383048ca151f3",
              "subnet-0a0c30f2decf0124d",
              "subnet-0dabec1ffebf054b5"
            ],
            "tags": {
              "Name": "vpc-liran-demo-default"
            },
            "tags_all": {
              "Name": "vpc-liran-demo-default"
            },
            "vpc_id": "vpc-0c1bb5f6db309b819"
          },
          "sensitive_attributes": [],
          "private": "bnVsbA==",
          "dependencies": [
            "module.agent_cluster.module.vpc.module.vpc.aws_vpc.this"
          ],
          "create_before_destroy": true
        }
      ]
    },
    {
      "module": "module.agent_cluster.module.vpc[0].module.vpc",
      "mode": "managed",
      "type": "aws_default_route_table",
      "name": "default",
      "provider": "provider[\"registry.terraform.io/hashicorp/aws\"]",
      "instances": [
        {
          "index_key": 0,
          "schema_version": 0,
          "attributes": {
            "arn": "arn:aws:ec2:us-east-1:343806850935:route-table/rtb-03151d51af55447ad",
            "default_route_table_id": "rtb-03151d51af55447ad",
            "id": "rtb-03151d51af55447ad",
            "owner_id": "343806850935",
            "propagating_vgws": null,
            "route": [],
            "tags": {
              "Name": "vpc-liran-demo-default"
            },
            "tags_all": {
              "Name": "vpc-liran-demo-default"
            },
            "timeouts": {
              "create": "5m",
              "update": "5m"
            },
            "vpc_id": "vpc-0c1bb5f6db309b819"
          },
          "sensitive_attributes": [],
          "private": "eyJlMmJmYjczMC1lY2FhLTExZTYtOGY4OC0zNDM2M2JjN2M0YzAiOnsiY3JlYXRlIjozMDAwMDAwMDAwMDAsInVwZGF0ZSI6MzAwMDAwMDAwMDAwfX0=",
          "dependencies": [
            "module.agent_cluster.module.vpc.module.vpc.aws_vpc.this"
          ],
          "create_before_destroy": true
        }
      ]
    },
    {
      "module": "module.agent_cluster.module.vpc[0].module.vpc",
      "mode": "managed",
      "type": "aws_default_security_group",
      "name": "this",
      "provider": "provider[\"registry.terraform.io/hashicorp/aws\"]",
      "instances": [
        {
          "index_key": 0,
          "schema_version": 1,
          "attributes": {
            "arn": "arn:aws:ec2:us-east-1:343806850935:security-group/sg-074a8ef5eafdf20b7",
            "description": "default VPC security group",
            "egress": [],
            "id": "sg-074a8ef5eafdf20b7",
            "ingress": [],
            "name": "default",
            "name_prefix": "",
            "owner_id": "343806850935",
            "revoke_rules_on_delete": false,
            "tags": {
              "Name": "vpc-liran-demo-default"
            },
            "tags_all": {
              "Name": "vpc-liran-demo-default"
            },
            "vpc_id": "vpc-0c1bb5f6db309b819"
          },
          "sensitive_attributes": [],
          "private": "eyJzY2hlbWFfdmVyc2lvbiI6IjEifQ==",
          "dependencies": [
            "module.agent_cluster.module.vpc.module.vpc.aws_vpc.this"
          ],
          "create_before_destroy": true
        }
      ]
    },
    {
      "module": "module.agent_cluster.module.vpc[0].module.vpc",
      "mode": "managed",
      "type": "aws_eip",
      "name": "nat",
      "provider": "provider[\"registry.terraform.io/hashicorp/aws\"]",
      "instances": [
        {
          "index_key": 0,
          "schema_version": 0,
          "attributes": {
            "address": null,
            "allocation_id": "eipalloc-0515920b1212932f9",
            "associate_with_private_ip": null,
            "association_id": "",
            "carrier_ip": "",
            "customer_owned_ip": "",
            "customer_owned_ipv4_pool": "",
            "domain": "vpc",
            "id": "eipalloc-0515920b1212932f9",
            "instance": "",
            "network_border_group": "us-east-1",
            "network_interface": "",
            "private_dns": null,
            "private_ip": "",
            "public_dns": "ec2-3-212-237-227.compute-1.amazonaws.com",
            "public_ip": "3.212.237.227",
            "public_ipv4_pool": "amazon",
            "tags": {
              "Name": "vpc-liran-demo-us-east-1a"
            },
            "tags_all": {
              "Name": "vpc-liran-demo-us-east-1a"
            },
            "timeouts": null,
            "vpc": true
          },
          "sensitive_attributes": [],
          "private": "eyJlMmJmYjczMC1lY2FhLTExZTYtOGY4OC0zNDM2M2JjN2M0YzAiOnsiZGVsZXRlIjoxODAwMDAwMDAwMDAsInJlYWQiOjkwMDAwMDAwMDAwMCwidXBkYXRlIjozMDAwMDAwMDAwMDB9fQ==",
          "dependencies": [
            "module.agent_cluster.module.vpc.data.aws_ec2_instance_type_offerings.supported_azs",
            "module.agent_cluster.module.vpc.module.vpc.aws_internet_gateway.this",
            "module.agent_cluster.module.vpc.module.vpc.aws_vpc.this",
            "module.agent_cluster.module.vpc.module.vpc.aws_vpc_ipv4_cidr_block_association.this"
          ],
          "create_before_destroy": true
        }
      ]
    },
    {
      "module": "module.agent_cluster.module.vpc[0].module.vpc",
      "mode": "managed",
      "type": "aws_internet_gateway",
      "name": "this",
      "provider": "provider[\"registry.terraform.io/hashicorp/aws\"]",
      "instances": [
        {
          "index_key": 0,
          "schema_version": 0,
          "attributes": {
            "arn": "arn:aws:ec2:us-east-1:343806850935:internet-gateway/igw-0b2630bf56802fff5",
            "id": "igw-0b2630bf56802fff5",
            "owner_id": "343806850935",
            "tags": {
              "Name": "vpc-liran-demo"
            },
            "tags_all": {
              "Name": "vpc-liran-demo"
            },
            "timeouts": null,
            "vpc_id": "vpc-0c1bb5f6db309b819"
          },
          "sensitive_attributes": [],
          "private": "eyJlMmJmYjczMC1lY2FhLTExZTYtOGY4OC0zNDM2M2JjN2M0YzAiOnsiY3JlYXRlIjoxMjAwMDAwMDAwMDAwLCJkZWxldGUiOjEyMDAwMDAwMDAwMDAsInVwZGF0ZSI6MTIwMDAwMDAwMDAwMH19",
          "dependencies": [
            "module.agent_cluster.module.vpc.module.vpc.aws_vpc.this",
            "module.agent_cluster.module.vpc.module.vpc.aws_vpc_ipv4_cidr_block_association.this"
          ],
          "create_before_destroy": true
        }
      ]
    },
    {
      "module": "module.agent_cluster.module.vpc[0].module.vpc",
      "mode": "managed",
      "type": "aws_nat_gateway",
      "name": "this",
      "provider": "provider[\"registry.terraform.io/hashicorp/aws\"]",
      "instances": [
        {
          "index_key": 0,
          "schema_version": 0,
          "attributes": {
            "allocation_id": "eipalloc-0515920b1212932f9",
            "association_id": "eipassoc-0b0b0697cb9e791a0",
            "connectivity_type": "public",
            "id": "nat-098b3f850446eb219",
            "network_interface_id": "eni-0e869cd91ce7ca8a4",
            "private_ip": "172.16.8.38",
            "public_ip": "3.212.237.227",
            "secondary_allocation_ids": null,
            "secondary_private_ip_address_count": 0,
            "secondary_private_ip_addresses": [],
            "subnet_id": "subnet-00fccb47dc92ec63c",
            "tags": {
              "Name": "vpc-liran-demo-us-east-1a"
            },
            "tags_all": {
              "Name": "vpc-liran-demo-us-east-1a"
            },
            "timeouts": null
          },
          "sensitive_attributes": [],
          "private": "eyJlMmJmYjczMC1lY2FhLTExZTYtOGY4OC0zNDM2M2JjN2M0YzAiOnsiY3JlYXRlIjo2MDAwMDAwMDAwMDAsImRlbGV0ZSI6MTgwMDAwMDAwMDAwMCwidXBkYXRlIjo2MDAwMDAwMDAwMDB9fQ==",
          "dependencies": [
            "module.agent_cluster.module.vpc.data.aws_ec2_instance_type_offerings.supported_azs",
            "module.agent_cluster.module.vpc.module.vpc.aws_eip.nat",
            "module.agent_cluster.module.vpc.module.vpc.aws_internet_gateway.this",
            "module.agent_cluster.module.vpc.module.vpc.aws_subnet.public",
            "module.agent_cluster.module.vpc.module.vpc.aws_vpc.this",
            "module.agent_cluster.module.vpc.module.vpc.aws_vpc_ipv4_cidr_block_association.this"
          ],
          "create_before_destroy": true
        }
      ]
    },
    {
      "module": "module.agent_cluster.module.vpc[0].module.vpc",
      "mode": "managed",
      "type": "aws_route",
      "name": "private_nat_gateway",
      "provider": "provider[\"registry.terraform.io/hashicorp/aws\"]",
      "instances": [
        {
          "index_key": 0,
          "schema_version": 0,
          "attributes": {
            "carrier_gateway_id": "",
            "core_network_arn": "",
            "destination_cidr_block": "0.0.0.0/0",
            "destination_ipv6_cidr_block": "",
            "destination_prefix_list_id": "",
            "egress_only_gateway_id": "",
            "gateway_id": "",
            "id": "r-rtb-095941187865dbb6a1080289494",
            "instance_id": "",
            "instance_owner_id": "",
            "local_gateway_id": "",
            "nat_gateway_id": "nat-098b3f850446eb219",
            "network_interface_id": "",
            "origin": "CreateRoute",
            "route_table_id": "rtb-095941187865dbb6a",
            "state": "active",
            "timeouts": {
              "create": "5m",
              "delete": null,
              "update": null
            },
            "transit_gateway_id": "",
            "vpc_endpoint_id": "",
            "vpc_peering_connection_id": ""
          },
          "sensitive_attributes": [],
          "private": "eyJlMmJmYjczMC1lY2FhLTExZTYtOGY4OC0zNDM2M2JjN2M0YzAiOnsiY3JlYXRlIjozMDAwMDAwMDAwMDAsImRlbGV0ZSI6MzAwMDAwMDAwMDAwLCJ1cGRhdGUiOjEyMDAwMDAwMDAwMH19",
          "dependencies": [
            "module.agent_cluster.module.vpc.data.aws_ec2_instance_type_offerings.supported_azs",
            "module.agent_cluster.module.vpc.module.vpc.aws_eip.nat",
            "module.agent_cluster.module.vpc.module.vpc.aws_internet_gateway.this",
            "module.agent_cluster.module.vpc.module.vpc.aws_nat_gateway.this",
            "module.agent_cluster.module.vpc.module.vpc.aws_route_table.private",
            "module.agent_cluster.module.vpc.module.vpc.aws_subnet.public",
            "module.agent_cluster.module.vpc.module.vpc.aws_vpc.this",
            "module.agent_cluster.module.vpc.module.vpc.aws_vpc_ipv4_cidr_block_association.this"
          ],
          "create_before_destroy": true
        }
      ]
    },
    {
      "module": "module.agent_cluster.module.vpc[0].module.vpc",
      "mode": "managed",
      "type": "aws_route",
      "name": "public_internet_gateway",
      "provider": "provider[\"registry.terraform.io/hashicorp/aws\"]",
      "instances": [
        {
          "index_key": 0,
          "schema_version": 0,
          "attributes": {
            "carrier_gateway_id": "",
            "core_network_arn": "",
            "destination_cidr_block": "0.0.0.0/0",
            "destination_ipv6_cidr_block": "",
            "destination_prefix_list_id": "",
            "egress_only_gateway_id": "",
            "gateway_id": "igw-0b2630bf56802fff5",
            "id": "r-rtb-02100d07d8b0f6e261080289494",
            "instance_id": "",
            "instance_owner_id": "",
            "local_gateway_id": "",
            "nat_gateway_id": "",
            "network_interface_id": "",
            "origin": "CreateRoute",
            "route_table_id": "rtb-02100d07d8b0f6e26",
            "state": "active",
            "timeouts": {
              "create": "5m",
              "delete": null,
              "update": null
            },
            "transit_gateway_id": "",
            "vpc_endpoint_id": "",
            "vpc_peering_connection_id": ""
          },
          "sensitive_attributes": [],
          "private": "eyJlMmJmYjczMC1lY2FhLTExZTYtOGY4OC0zNDM2M2JjN2M0YzAiOnsiY3JlYXRlIjozMDAwMDAwMDAwMDAsImRlbGV0ZSI6MzAwMDAwMDAwMDAwLCJ1cGRhdGUiOjEyMDAwMDAwMDAwMH19",
          "dependencies": [
            "module.agent_cluster.module.vpc.module.vpc.aws_internet_gateway.this",
            "module.agent_cluster.module.vpc.module.vpc.aws_route_table.public",
            "module.agent_cluster.module.vpc.module.vpc.aws_vpc.this",
            "module.agent_cluster.module.vpc.module.vpc.aws_vpc_ipv4_cidr_block_association.this"
          ],
          "create_before_destroy": true
        }
      ]
    },
    {
      "module": "module.agent_cluster.module.vpc[0].module.vpc",
      "mode": "managed",
      "type": "aws_route_table",
      "name": "private",
      "provider": "provider[\"registry.terraform.io/hashicorp/aws\"]",
      "instances": [
        {
          "index_key": 0,
          "schema_version": 0,
          "attributes": {
            "arn": "arn:aws:ec2:us-east-1:343806850935:route-table/rtb-095941187865dbb6a",
            "id": "rtb-095941187865dbb6a",
            "owner_id": "343806850935",
            "propagating_vgws": [],
            "route": [],
            "tags": {
              "Name": "vpc-liran-demo-private"
            },
            "tags_all": {
              "Name": "vpc-liran-demo-private"
            },
            "timeouts": null,
            "vpc_id": "vpc-0c1bb5f6db309b819"
          },
          "sensitive_attributes": [],
          "private": "eyJlMmJmYjczMC1lY2FhLTExZTYtOGY4OC0zNDM2M2JjN2M0YzAiOnsiY3JlYXRlIjozMDAwMDAwMDAwMDAsImRlbGV0ZSI6MzAwMDAwMDAwMDAwLCJ1cGRhdGUiOjEyMDAwMDAwMDAwMH19",
          "dependencies": [
            "module.agent_cluster.module.vpc.data.aws_ec2_instance_type_offerings.supported_azs",
            "module.agent_cluster.module.vpc.module.vpc.aws_vpc.this",
            "module.agent_cluster.module.vpc.module.vpc.aws_vpc_ipv4_cidr_block_association.this"
          ],
          "create_before_destroy": true
        }
      ]
    },
    {
      "module": "module.agent_cluster.module.vpc[0].module.vpc",
      "mode": "managed",
      "type": "aws_route_table",
      "name": "public",
      "provider": "provider[\"registry.terraform.io/hashicorp/aws\"]",
      "instances": [
        {
          "index_key": 0,
          "schema_version": 0,
          "attributes": {
            "arn": "arn:aws:ec2:us-east-1:343806850935:route-table/rtb-02100d07d8b0f6e26",
            "id": "rtb-02100d07d8b0f6e26",
            "owner_id": "343806850935",
            "propagating_vgws": [],
            "route": [],
            "tags": {
              "Name": "vpc-liran-demo-public"
            },
            "tags_all": {
              "Name": "vpc-liran-demo-public"
            },
            "timeouts": null,
            "vpc_id": "vpc-0c1bb5f6db309b819"
          },
          "sensitive_attributes": [],
          "private": "eyJlMmJmYjczMC1lY2FhLTExZTYtOGY4OC0zNDM2M2JjN2M0YzAiOnsiY3JlYXRlIjozMDAwMDAwMDAwMDAsImRlbGV0ZSI6MzAwMDAwMDAwMDAwLCJ1cGRhdGUiOjEyMDAwMDAwMDAwMH19",
          "dependencies": [
            "module.agent_cluster.module.vpc.module.vpc.aws_vpc.this",
            "module.agent_cluster.module.vpc.module.vpc.aws_vpc_ipv4_cidr_block_association.this"
          ],
          "create_before_destroy": true
        }
      ]
    },
    {
      "module": "module.agent_cluster.module.vpc[0].module.vpc",
      "mode": "managed",
      "type": "aws_route_table_association",
      "name": "private",
      "provider": "provider[\"registry.terraform.io/hashicorp/aws\"]",
      "instances": [
        {
          "index_key": 0,
          "schema_version": 0,
          "attributes": {
            "gateway_id": "",
            "id": "rtbassoc-0a6231e5caf3c947c",
            "route_table_id": "rtb-095941187865dbb6a",
            "subnet_id": "subnet-043abbeea034e9d95",
            "timeouts": null
          },
          "sensitive_attributes": [],
          "private": "eyJlMmJmYjczMC1lY2FhLTExZTYtOGY4OC0zNDM2M2JjN2M0YzAiOnsiY3JlYXRlIjozMDAwMDAwMDAwMDAsImRlbGV0ZSI6MzAwMDAwMDAwMDAwLCJ1cGRhdGUiOjEyMDAwMDAwMDAwMH19",
          "dependencies": [
            "module.agent_cluster.module.vpc.data.aws_ec2_instance_type_offerings.supported_azs",
            "module.agent_cluster.module.vpc.module.vpc.aws_route_table.private",
            "module.agent_cluster.module.vpc.module.vpc.aws_subnet.private",
            "module.agent_cluster.module.vpc.module.vpc.aws_vpc.this",
            "module.agent_cluster.module.vpc.module.vpc.aws_vpc_ipv4_cidr_block_association.this"
          ],
          "create_before_destroy": true
        },
        {
          "index_key": 1,
          "schema_version": 0,
          "attributes": {
            "gateway_id": "",
            "id": "rtbassoc-064f724fc49bcf758",
            "route_table_id": "rtb-095941187865dbb6a",
            "subnet_id": "subnet-0a0c30f2decf0124d",
            "timeouts": null
          },
          "sensitive_attributes": [],
          "private": "eyJlMmJmYjczMC1lY2FhLTExZTYtOGY4OC0zNDM2M2JjN2M0YzAiOnsiY3JlYXRlIjozMDAwMDAwMDAwMDAsImRlbGV0ZSI6MzAwMDAwMDAwMDAwLCJ1cGRhdGUiOjEyMDAwMDAwMDAwMH19",
          "dependencies": [
            "module.agent_cluster.module.vpc.data.aws_ec2_instance_type_offerings.supported_azs",
            "module.agent_cluster.module.vpc.module.vpc.aws_route_table.private",
            "module.agent_cluster.module.vpc.module.vpc.aws_subnet.private",
            "module.agent_cluster.module.vpc.module.vpc.aws_vpc.this",
            "module.agent_cluster.module.vpc.module.vpc.aws_vpc_ipv4_cidr_block_association.this"
          ],
          "create_before_destroy": true
        },
        {
          "index_key": 2,
          "schema_version": 0,
          "attributes": {
            "gateway_id": "",
            "id": "rtbassoc-012f349f50b72ac37",
            "route_table_id": "rtb-095941187865dbb6a",
            "subnet_id": "subnet-04423e002f03b0a03",
            "timeouts": null
          },
          "sensitive_attributes": [],
          "private": "eyJlMmJmYjczMC1lY2FhLTExZTYtOGY4OC0zNDM2M2JjN2M0YzAiOnsiY3JlYXRlIjozMDAwMDAwMDAwMDAsImRlbGV0ZSI6MzAwMDAwMDAwMDAwLCJ1cGRhdGUiOjEyMDAwMDAwMDAwMH19",
          "dependencies": [
            "module.agent_cluster.module.vpc.data.aws_ec2_instance_type_offerings.supported_azs",
            "module.agent_cluster.module.vpc.module.vpc.aws_route_table.private",
            "module.agent_cluster.module.vpc.module.vpc.aws_subnet.private",
            "module.agent_cluster.module.vpc.module.vpc.aws_vpc.this",
            "module.agent_cluster.module.vpc.module.vpc.aws_vpc_ipv4_cidr_block_association.this"
          ],
          "create_before_destroy": true
        },
        {
          "index_key": 3,
          "schema_version": 0,
          "attributes": {
            "gateway_id": "",
            "id": "rtbassoc-08e6aadf12b6a0962",
            "route_table_id": "rtb-095941187865dbb6a",
            "subnet_id": "subnet-01dd2fb3b36ae2b2f",
            "timeouts": null
          },
          "sensitive_attributes": [],
          "private": "eyJlMmJmYjczMC1lY2FhLTExZTYtOGY4OC0zNDM2M2JjN2M0YzAiOnsiY3JlYXRlIjozMDAwMDAwMDAwMDAsImRlbGV0ZSI6MzAwMDAwMDAwMDAwLCJ1cGRhdGUiOjEyMDAwMDAwMDAwMH19",
          "dependencies": [
            "module.agent_cluster.module.vpc.data.aws_ec2_instance_type_offerings.supported_azs",
            "module.agent_cluster.module.vpc.module.vpc.aws_route_table.private",
            "module.agent_cluster.module.vpc.module.vpc.aws_subnet.private",
            "module.agent_cluster.module.vpc.module.vpc.aws_vpc.this",
            "module.agent_cluster.module.vpc.module.vpc.aws_vpc_ipv4_cidr_block_association.this"
          ],
          "create_before_destroy": true
        },
        {
          "index_key": 4,
          "schema_version": 0,
          "attributes": {
            "gateway_id": "",
            "id": "rtbassoc-02628832b41a327c3",
            "route_table_id": "rtb-095941187865dbb6a",
            "subnet_id": "subnet-00c090af3650f585d",
            "timeouts": null
          },
          "sensitive_attributes": [],
          "private": "eyJlMmJmYjczMC1lY2FhLTExZTYtOGY4OC0zNDM2M2JjN2M0YzAiOnsiY3JlYXRlIjozMDAwMDAwMDAwMDAsImRlbGV0ZSI6MzAwMDAwMDAwMDAwLCJ1cGRhdGUiOjEyMDAwMDAwMDAwMH19",
          "dependencies": [
            "module.agent_cluster.module.vpc.data.aws_ec2_instance_type_offerings.supported_azs",
            "module.agent_cluster.module.vpc.module.vpc.aws_route_table.private",
            "module.agent_cluster.module.vpc.module.vpc.aws_subnet.private",
            "module.agent_cluster.module.vpc.module.vpc.aws_vpc.this",
            "module.agent_cluster.module.vpc.module.vpc.aws_vpc_ipv4_cidr_block_association.this"
          ],
          "create_before_destroy": true
        }
      ]
    },
    {
      "module": "module.agent_cluster.module.vpc[0].module.vpc",
      "mode": "managed",
      "type": "aws_route_table_association",
      "name": "public",
      "provider": "provider[\"registry.terraform.io/hashicorp/aws\"]",
      "instances": [
        {
          "index_key": 0,
          "schema_version": 0,
          "attributes": {
            "gateway_id": "",
            "id": "rtbassoc-01efcb026193d24f0",
            "route_table_id": "rtb-02100d07d8b0f6e26",
            "subnet_id": "subnet-00fccb47dc92ec63c",
            "timeouts": null
          },
          "sensitive_attributes": [],
          "private": "eyJlMmJmYjczMC1lY2FhLTExZTYtOGY4OC0zNDM2M2JjN2M0YzAiOnsiY3JlYXRlIjozMDAwMDAwMDAwMDAsImRlbGV0ZSI6MzAwMDAwMDAwMDAwLCJ1cGRhdGUiOjEyMDAwMDAwMDAwMH19",
          "dependencies": [
            "module.agent_cluster.module.vpc.data.aws_ec2_instance_type_offerings.supported_azs",
            "module.agent_cluster.module.vpc.module.vpc.aws_route_table.public",
            "module.agent_cluster.module.vpc.module.vpc.aws_subnet.public",
            "module.agent_cluster.module.vpc.module.vpc.aws_vpc.this",
            "module.agent_cluster.module.vpc.module.vpc.aws_vpc_ipv4_cidr_block_association.this"
          ],
          "create_before_destroy": true
        },
        {
          "index_key": 1,
          "schema_version": 0,
          "attributes": {
            "gateway_id": "",
            "id": "rtbassoc-0b09cb92ce416c244",
            "route_table_id": "rtb-02100d07d8b0f6e26",
            "subnet_id": "subnet-029c4a083ee569bd7",
            "timeouts": null
          },
          "sensitive_attributes": [],
          "private": "eyJlMmJmYjczMC1lY2FhLTExZTYtOGY4OC0zNDM2M2JjN2M0YzAiOnsiY3JlYXRlIjozMDAwMDAwMDAwMDAsImRlbGV0ZSI6MzAwMDAwMDAwMDAwLCJ1cGRhdGUiOjEyMDAwMDAwMDAwMH19",
          "dependencies": [
            "module.agent_cluster.module.vpc.data.aws_ec2_instance_type_offerings.supported_azs",
            "module.agent_cluster.module.vpc.module.vpc.aws_route_table.public",
            "module.agent_cluster.module.vpc.module.vpc.aws_subnet.public",
            "module.agent_cluster.module.vpc.module.vpc.aws_vpc.this",
            "module.agent_cluster.module.vpc.module.vpc.aws_vpc_ipv4_cidr_block_association.this"
          ],
          "create_before_destroy": true
        },
        {
          "index_key": 2,
          "schema_version": 0,
          "attributes": {
            "gateway_id": "",
            "id": "rtbassoc-0109d44d798513958",
            "route_table_id": "rtb-02100d07d8b0f6e26",
            "subnet_id": "subnet-0dabec1ffebf054b5",
            "timeouts": null
          },
          "sensitive_attributes": [],
          "private": "eyJlMmJmYjczMC1lY2FhLTExZTYtOGY4OC0zNDM2M2JjN2M0YzAiOnsiY3JlYXRlIjozMDAwMDAwMDAwMDAsImRlbGV0ZSI6MzAwMDAwMDAwMDAwLCJ1cGRhdGUiOjEyMDAwMDAwMDAwMH19",
          "dependencies": [
            "module.agent_cluster.module.vpc.data.aws_ec2_instance_type_offerings.supported_azs",
            "module.agent_cluster.module.vpc.module.vpc.aws_route_table.public",
            "module.agent_cluster.module.vpc.module.vpc.aws_subnet.public",
            "module.agent_cluster.module.vpc.module.vpc.aws_vpc.this",
            "module.agent_cluster.module.vpc.module.vpc.aws_vpc_ipv4_cidr_block_association.this"
          ],
          "create_before_destroy": true
        },
        {
          "index_key": 3,
          "schema_version": 0,
          "attributes": {
            "gateway_id": "",
            "id": "rtbassoc-0d8b1c785e39af433",
            "route_table_id": "rtb-02100d07d8b0f6e26",
            "subnet_id": "subnet-0947383048ca151f3",
            "timeouts": null
          },
          "sensitive_attributes": [],
          "private": "eyJlMmJmYjczMC1lY2FhLTExZTYtOGY4OC0zNDM2M2JjN2M0YzAiOnsiY3JlYXRlIjozMDAwMDAwMDAwMDAsImRlbGV0ZSI6MzAwMDAwMDAwMDAwLCJ1cGRhdGUiOjEyMDAwMDAwMDAwMH19",
          "dependencies": [
            "module.agent_cluster.module.vpc.data.aws_ec2_instance_type_offerings.supported_azs",
            "module.agent_cluster.module.vpc.module.vpc.aws_route_table.public",
            "module.agent_cluster.module.vpc.module.vpc.aws_subnet.public",
            "module.agent_cluster.module.vpc.module.vpc.aws_vpc.this",
            "module.agent_cluster.module.vpc.module.vpc.aws_vpc_ipv4_cidr_block_association.this"
          ],
          "create_before_destroy": true
        },
        {
          "index_key": 4,
          "schema_version": 0,
          "attributes": {
            "gateway_id": "",
            "id": "rtbassoc-0c4db5825f151cb9f",
            "route_table_id": "rtb-02100d07d8b0f6e26",
            "subnet_id": "subnet-0375d08d703024f16",
            "timeouts": null
          },
          "sensitive_attributes": [],
          "private": "eyJlMmJmYjczMC1lY2FhLTExZTYtOGY4OC0zNDM2M2JjN2M0YzAiOnsiY3JlYXRlIjozMDAwMDAwMDAwMDAsImRlbGV0ZSI6MzAwMDAwMDAwMDAwLCJ1cGRhdGUiOjEyMDAwMDAwMDAwMH19",
          "dependencies": [
            "module.agent_cluster.module.vpc.data.aws_ec2_instance_type_offerings.supported_azs",
            "module.agent_cluster.module.vpc.module.vpc.aws_route_table.public",
            "module.agent_cluster.module.vpc.module.vpc.aws_subnet.public",
            "module.agent_cluster.module.vpc.module.vpc.aws_vpc.this",
            "module.agent_cluster.module.vpc.module.vpc.aws_vpc_ipv4_cidr_block_association.this"
          ],
          "create_before_destroy": true
        }
      ]
    },
    {
      "module": "module.agent_cluster.module.vpc[0].module.vpc",
      "mode": "managed",
      "type": "aws_subnet",
      "name": "private",
      "provider": "provider[\"registry.terraform.io/hashicorp/aws\"]",
      "instances": [
        {
          "index_key": 0,
          "schema_version": 1,
          "attributes": {
            "arn": "arn:aws:ec2:us-east-1:343806850935:subnet/subnet-043abbeea034e9d95",
            "assign_ipv6_address_on_creation": false,
            "availability_zone": "us-east-1a",
            "availability_zone_id": "use1-az1",
            "cidr_block": "172.16.0.0/21",
            "customer_owned_ipv4_pool": "",
            "enable_dns64": false,
            "enable_lni_at_device_index": 0,
            "enable_resource_name_dns_a_record_on_launch": false,
            "enable_resource_name_dns_aaaa_record_on_launch": false,
            "id": "subnet-043abbeea034e9d95",
            "ipv6_cidr_block": "",
            "ipv6_cidr_block_association_id": "",
            "ipv6_native": false,
            "map_customer_owned_ip_on_launch": false,
            "map_public_ip_on_launch": false,
            "outpost_arn": "",
            "owner_id": "343806850935",
            "private_dns_hostname_type_on_launch": "ip-name",
            "tags": {
              "Name": "vpc-liran-demo-private-us-east-1a",
              "kubernetes.io/cluster/liran-demo": "shared",
              "kubernetes.io/role/internal-elb": "1",
              "tier": "private"
            },
            "tags_all": {
              "Name": "vpc-liran-demo-private-us-east-1a",
              "kubernetes.io/cluster/liran-demo": "shared",
              "kubernetes.io/role/internal-elb": "1",
              "tier": "private"
            },
            "timeouts": null,
            "vpc_id": "vpc-0c1bb5f6db309b819"
          },
          "sensitive_attributes": [],
          "private": "eyJlMmJmYjczMC1lY2FhLTExZTYtOGY4OC0zNDM2M2JjN2M0YzAiOnsiY3JlYXRlIjo2MDAwMDAwMDAwMDAsImRlbGV0ZSI6MTIwMDAwMDAwMDAwMH0sInNjaGVtYV92ZXJzaW9uIjoiMSJ9",
          "dependencies": [
            "module.agent_cluster.module.vpc.data.aws_ec2_instance_type_offerings.supported_azs",
            "module.agent_cluster.module.vpc.module.vpc.aws_vpc.this",
            "module.agent_cluster.module.vpc.module.vpc.aws_vpc_ipv4_cidr_block_association.this"
          ],
          "create_before_destroy": true
        },
        {
          "index_key": 1,
          "schema_version": 1,
          "attributes": {
            "arn": "arn:aws:ec2:us-east-1:343806850935:subnet/subnet-0a0c30f2decf0124d",
            "assign_ipv6_address_on_creation": false,
            "availability_zone": "us-east-1b",
            "availability_zone_id": "use1-az2",
            "cidr_block": "172.16.16.0/21",
            "customer_owned_ipv4_pool": "",
            "enable_dns64": false,
            "enable_lni_at_device_index": 0,
            "enable_resource_name_dns_a_record_on_launch": false,
            "enable_resource_name_dns_aaaa_record_on_launch": false,
            "id": "subnet-0a0c30f2decf0124d",
            "ipv6_cidr_block": "",
            "ipv6_cidr_block_association_id": "",
            "ipv6_native": false,
            "map_customer_owned_ip_on_launch": false,
            "map_public_ip_on_launch": false,
            "outpost_arn": "",
            "owner_id": "343806850935",
            "private_dns_hostname_type_on_launch": "ip-name",
            "tags": {
              "Name": "vpc-liran-demo-private-us-east-1b",
              "kubernetes.io/cluster/liran-demo": "shared",
              "kubernetes.io/role/internal-elb": "1",
              "tier": "private"
            },
            "tags_all": {
              "Name": "vpc-liran-demo-private-us-east-1b",
              "kubernetes.io/cluster/liran-demo": "shared",
              "kubernetes.io/role/internal-elb": "1",
              "tier": "private"
            },
            "timeouts": null,
            "vpc_id": "vpc-0c1bb5f6db309b819"
          },
          "sensitive_attributes": [],
          "private": "eyJlMmJmYjczMC1lY2FhLTExZTYtOGY4OC0zNDM2M2JjN2M0YzAiOnsiY3JlYXRlIjo2MDAwMDAwMDAwMDAsImRlbGV0ZSI6MTIwMDAwMDAwMDAwMH0sInNjaGVtYV92ZXJzaW9uIjoiMSJ9",
          "dependencies": [
            "module.agent_cluster.module.vpc.data.aws_ec2_instance_type_offerings.supported_azs",
            "module.agent_cluster.module.vpc.module.vpc.aws_vpc.this",
            "module.agent_cluster.module.vpc.module.vpc.aws_vpc_ipv4_cidr_block_association.this"
          ],
          "create_before_destroy": true
        },
        {
          "index_key": 2,
          "schema_version": 1,
          "attributes": {
            "arn": "arn:aws:ec2:us-east-1:343806850935:subnet/subnet-04423e002f03b0a03",
            "assign_ipv6_address_on_creation": false,
            "availability_zone": "us-east-1c",
            "availability_zone_id": "use1-az4",
            "cidr_block": "172.16.32.0/21",
            "customer_owned_ipv4_pool": "",
            "enable_dns64": false,
            "enable_lni_at_device_index": 0,
            "enable_resource_name_dns_a_record_on_launch": false,
            "enable_resource_name_dns_aaaa_record_on_launch": false,
            "id": "subnet-04423e002f03b0a03",
            "ipv6_cidr_block": "",
            "ipv6_cidr_block_association_id": "",
            "ipv6_native": false,
            "map_customer_owned_ip_on_launch": false,
            "map_public_ip_on_launch": false,
            "outpost_arn": "",
            "owner_id": "343806850935",
            "private_dns_hostname_type_on_launch": "ip-name",
            "tags": {
              "Name": "vpc-liran-demo-private-us-east-1c",
              "kubernetes.io/cluster/liran-demo": "shared",
              "kubernetes.io/role/internal-elb": "1",
              "tier": "private"
            },
            "tags_all": {
              "Name": "vpc-liran-demo-private-us-east-1c",
              "kubernetes.io/cluster/liran-demo": "shared",
              "kubernetes.io/role/internal-elb": "1",
              "tier": "private"
            },
            "timeouts": null,
            "vpc_id": "vpc-0c1bb5f6db309b819"
          },
          "sensitive_attributes": [],
          "private": "eyJlMmJmYjczMC1lY2FhLTExZTYtOGY4OC0zNDM2M2JjN2M0YzAiOnsiY3JlYXRlIjo2MDAwMDAwMDAwMDAsImRlbGV0ZSI6MTIwMDAwMDAwMDAwMH0sInNjaGVtYV92ZXJzaW9uIjoiMSJ9",
          "dependencies": [
            "module.agent_cluster.module.vpc.data.aws_ec2_instance_type_offerings.supported_azs",
            "module.agent_cluster.module.vpc.module.vpc.aws_vpc.this",
            "module.agent_cluster.module.vpc.module.vpc.aws_vpc_ipv4_cidr_block_association.this"
          ],
          "create_before_destroy": true
        },
        {
          "index_key": 3,
          "schema_version": 1,
          "attributes": {
            "arn": "arn:aws:ec2:us-east-1:343806850935:subnet/subnet-01dd2fb3b36ae2b2f",
            "assign_ipv6_address_on_creation": false,
            "availability_zone": "us-east-1d",
            "availability_zone_id": "use1-az6",
            "cidr_block": "172.16.48.0/21",
            "customer_owned_ipv4_pool": "",
            "enable_dns64": false,
            "enable_lni_at_device_index": 0,
            "enable_resource_name_dns_a_record_on_launch": false,
            "enable_resource_name_dns_aaaa_record_on_launch": false,
            "id": "subnet-01dd2fb3b36ae2b2f",
            "ipv6_cidr_block": "",
            "ipv6_cidr_block_association_id": "",
            "ipv6_native": false,
            "map_customer_owned_ip_on_launch": false,
            "map_public_ip_on_launch": false,
            "outpost_arn": "",
            "owner_id": "343806850935",
            "private_dns_hostname_type_on_launch": "ip-name",
            "tags": {
              "Name": "vpc-liran-demo-private-us-east-1d",
              "kubernetes.io/cluster/liran-demo": "shared",
              "kubernetes.io/role/internal-elb": "1",
              "tier": "private"
            },
            "tags_all": {
              "Name": "vpc-liran-demo-private-us-east-1d",
              "kubernetes.io/cluster/liran-demo": "shared",
              "kubernetes.io/role/internal-elb": "1",
              "tier": "private"
            },
            "timeouts": null,
            "vpc_id": "vpc-0c1bb5f6db309b819"
          },
          "sensitive_attributes": [],
          "private": "eyJlMmJmYjczMC1lY2FhLTExZTYtOGY4OC0zNDM2M2JjN2M0YzAiOnsiY3JlYXRlIjo2MDAwMDAwMDAwMDAsImRlbGV0ZSI6MTIwMDAwMDAwMDAwMH0sInNjaGVtYV92ZXJzaW9uIjoiMSJ9",
          "dependencies": [
            "module.agent_cluster.module.vpc.data.aws_ec2_instance_type_offerings.supported_azs",
            "module.agent_cluster.module.vpc.module.vpc.aws_vpc.this",
            "module.agent_cluster.module.vpc.module.vpc.aws_vpc_ipv4_cidr_block_association.this"
          ],
          "create_before_destroy": true
        },
        {
          "index_key": 4,
          "schema_version": 1,
          "attributes": {
            "arn": "arn:aws:ec2:us-east-1:343806850935:subnet/subnet-00c090af3650f585d",
            "assign_ipv6_address_on_creation": false,
            "availability_zone": "us-east-1f",
            "availability_zone_id": "use1-az5",
            "cidr_block": "172.16.64.0/21",
            "customer_owned_ipv4_pool": "",
            "enable_dns64": false,
            "enable_lni_at_device_index": 0,
            "enable_resource_name_dns_a_record_on_launch": false,
            "enable_resource_name_dns_aaaa_record_on_launch": false,
            "id": "subnet-00c090af3650f585d",
            "ipv6_cidr_block": "",
            "ipv6_cidr_block_association_id": "",
            "ipv6_native": false,
            "map_customer_owned_ip_on_launch": false,
            "map_public_ip_on_launch": false,
            "outpost_arn": "",
            "owner_id": "343806850935",
            "private_dns_hostname_type_on_launch": "ip-name",
            "tags": {
              "Name": "vpc-liran-demo-private-us-east-1f",
              "kubernetes.io/cluster/liran-demo": "shared",
              "kubernetes.io/role/internal-elb": "1",
              "tier": "private"
            },
            "tags_all": {
              "Name": "vpc-liran-demo-private-us-east-1f",
              "kubernetes.io/cluster/liran-demo": "shared",
              "kubernetes.io/role/internal-elb": "1",
              "tier": "private"
            },
            "timeouts": null,
            "vpc_id": "vpc-0c1bb5f6db309b819"
          },
          "sensitive_attributes": [],
          "private": "eyJlMmJmYjczMC1lY2FhLTExZTYtOGY4OC0zNDM2M2JjN2M0YzAiOnsiY3JlYXRlIjo2MDAwMDAwMDAwMDAsImRlbGV0ZSI6MTIwMDAwMDAwMDAwMH0sInNjaGVtYV92ZXJzaW9uIjoiMSJ9",
          "dependencies": [
            "module.agent_cluster.module.vpc.data.aws_ec2_instance_type_offerings.supported_azs",
            "module.agent_cluster.module.vpc.module.vpc.aws_vpc.this",
            "module.agent_cluster.module.vpc.module.vpc.aws_vpc_ipv4_cidr_block_association.this"
          ],
          "create_before_destroy": true
        }
      ]
    },
    {
      "module": "module.agent_cluster.module.vpc[0].module.vpc",
      "mode": "managed",
      "type": "aws_subnet",
      "name": "public",
      "provider": "provider[\"registry.terraform.io/hashicorp/aws\"]",
      "instances": [
        {
          "index_key": 0,
          "schema_version": 1,
          "attributes": {
            "arn": "arn:aws:ec2:us-east-1:343806850935:subnet/subnet-00fccb47dc92ec63c",
            "assign_ipv6_address_on_creation": false,
            "availability_zone": "us-east-1a",
            "availability_zone_id": "use1-az1",
            "cidr_block": "172.16.8.0/22",
            "customer_owned_ipv4_pool": "",
            "enable_dns64": false,
            "enable_lni_at_device_index": 0,
            "enable_resource_name_dns_a_record_on_launch": false,
            "enable_resource_name_dns_aaaa_record_on_launch": false,
            "id": "subnet-00fccb47dc92ec63c",
            "ipv6_cidr_block": "",
            "ipv6_cidr_block_association_id": "",
            "ipv6_native": false,
            "map_customer_owned_ip_on_launch": false,
            "map_public_ip_on_launch": false,
            "outpost_arn": "",
            "owner_id": "343806850935",
            "private_dns_hostname_type_on_launch": "ip-name",
            "tags": {
              "Name": "vpc-liran-demo-public-us-east-1a",
              "kubernetes.io/cluster/liran-demo": "shared",
              "kubernetes.io/role/elb": "1",
              "tier": "public"
            },
            "tags_all": {
              "Name": "vpc-liran-demo-public-us-east-1a",
              "kubernetes.io/cluster/liran-demo": "shared",
              "kubernetes.io/role/elb": "1",
              "tier": "public"
            },
            "timeouts": null,
            "vpc_id": "vpc-0c1bb5f6db309b819"
          },
          "sensitive_attributes": [],
          "private": "eyJlMmJmYjczMC1lY2FhLTExZTYtOGY4OC0zNDM2M2JjN2M0YzAiOnsiY3JlYXRlIjo2MDAwMDAwMDAwMDAsImRlbGV0ZSI6MTIwMDAwMDAwMDAwMH0sInNjaGVtYV92ZXJzaW9uIjoiMSJ9",
          "dependencies": [
            "module.agent_cluster.module.vpc.data.aws_ec2_instance_type_offerings.supported_azs",
            "module.agent_cluster.module.vpc.module.vpc.aws_vpc.this",
            "module.agent_cluster.module.vpc.module.vpc.aws_vpc_ipv4_cidr_block_association.this"
          ],
          "create_before_destroy": true
        },
        {
          "index_key": 1,
          "schema_version": 1,
          "attributes": {
            "arn": "arn:aws:ec2:us-east-1:343806850935:subnet/subnet-029c4a083ee569bd7",
            "assign_ipv6_address_on_creation": false,
            "availability_zone": "us-east-1b",
            "availability_zone_id": "use1-az2",
            "cidr_block": "172.16.24.0/22",
            "customer_owned_ipv4_pool": "",
            "enable_dns64": false,
            "enable_lni_at_device_index": 0,
            "enable_resource_name_dns_a_record_on_launch": false,
            "enable_resource_name_dns_aaaa_record_on_launch": false,
            "id": "subnet-029c4a083ee569bd7",
            "ipv6_cidr_block": "",
            "ipv6_cidr_block_association_id": "",
            "ipv6_native": false,
            "map_customer_owned_ip_on_launch": false,
            "map_public_ip_on_launch": false,
            "outpost_arn": "",
            "owner_id": "343806850935",
            "private_dns_hostname_type_on_launch": "ip-name",
            "tags": {
              "Name": "vpc-liran-demo-public-us-east-1b",
              "kubernetes.io/cluster/liran-demo": "shared",
              "kubernetes.io/role/elb": "1",
              "tier": "public"
            },
            "tags_all": {
              "Name": "vpc-liran-demo-public-us-east-1b",
              "kubernetes.io/cluster/liran-demo": "shared",
              "kubernetes.io/role/elb": "1",
              "tier": "public"
            },
            "timeouts": null,
            "vpc_id": "vpc-0c1bb5f6db309b819"
          },
          "sensitive_attributes": [],
          "private": "eyJlMmJmYjczMC1lY2FhLTExZTYtOGY4OC0zNDM2M2JjN2M0YzAiOnsiY3JlYXRlIjo2MDAwMDAwMDAwMDAsImRlbGV0ZSI6MTIwMDAwMDAwMDAwMH0sInNjaGVtYV92ZXJzaW9uIjoiMSJ9",
          "dependencies": [
            "module.agent_cluster.module.vpc.data.aws_ec2_instance_type_offerings.supported_azs",
            "module.agent_cluster.module.vpc.module.vpc.aws_vpc.this",
            "module.agent_cluster.module.vpc.module.vpc.aws_vpc_ipv4_cidr_block_association.this"
          ],
          "create_before_destroy": true
        },
        {
          "index_key": 2,
          "schema_version": 1,
          "attributes": {
            "arn": "arn:aws:ec2:us-east-1:343806850935:subnet/subnet-0dabec1ffebf054b5",
            "assign_ipv6_address_on_creation": false,
            "availability_zone": "us-east-1c",
            "availability_zone_id": "use1-az4",
            "cidr_block": "172.16.40.0/22",
            "customer_owned_ipv4_pool": "",
            "enable_dns64": false,
            "enable_lni_at_device_index": 0,
            "enable_resource_name_dns_a_record_on_launch": false,
            "enable_resource_name_dns_aaaa_record_on_launch": false,
            "id": "subnet-0dabec1ffebf054b5",
            "ipv6_cidr_block": "",
            "ipv6_cidr_block_association_id": "",
            "ipv6_native": false,
            "map_customer_owned_ip_on_launch": false,
            "map_public_ip_on_launch": false,
            "outpost_arn": "",
            "owner_id": "343806850935",
            "private_dns_hostname_type_on_launch": "ip-name",
            "tags": {
              "Name": "vpc-liran-demo-public-us-east-1c",
              "kubernetes.io/cluster/liran-demo": "shared",
              "kubernetes.io/role/elb": "1",
              "tier": "public"
            },
            "tags_all": {
              "Name": "vpc-liran-demo-public-us-east-1c",
              "kubernetes.io/cluster/liran-demo": "shared",
              "kubernetes.io/role/elb": "1",
              "tier": "public"
            },
            "timeouts": null,
            "vpc_id": "vpc-0c1bb5f6db309b819"
          },
          "sensitive_attributes": [],
          "private": "eyJlMmJmYjczMC1lY2FhLTExZTYtOGY4OC0zNDM2M2JjN2M0YzAiOnsiY3JlYXRlIjo2MDAwMDAwMDAwMDAsImRlbGV0ZSI6MTIwMDAwMDAwMDAwMH0sInNjaGVtYV92ZXJzaW9uIjoiMSJ9",
          "dependencies": [
            "module.agent_cluster.module.vpc.data.aws_ec2_instance_type_offerings.supported_azs",
            "module.agent_cluster.module.vpc.module.vpc.aws_vpc.this",
            "module.agent_cluster.module.vpc.module.vpc.aws_vpc_ipv4_cidr_block_association.this"
          ],
          "create_before_destroy": true
        },
        {
          "index_key": 3,
          "schema_version": 1,
          "attributes": {
            "arn": "arn:aws:ec2:us-east-1:343806850935:subnet/subnet-0947383048ca151f3",
            "assign_ipv6_address_on_creation": false,
            "availability_zone": "us-east-1d",
            "availability_zone_id": "use1-az6",
            "cidr_block": "172.16.56.0/22",
            "customer_owned_ipv4_pool": "",
            "enable_dns64": false,
            "enable_lni_at_device_index": 0,
            "enable_resource_name_dns_a_record_on_launch": false,
            "enable_resource_name_dns_aaaa_record_on_launch": false,
            "id": "subnet-0947383048ca151f3",
            "ipv6_cidr_block": "",
            "ipv6_cidr_block_association_id": "",
            "ipv6_native": false,
            "map_customer_owned_ip_on_launch": false,
            "map_public_ip_on_launch": false,
            "outpost_arn": "",
            "owner_id": "343806850935",
            "private_dns_hostname_type_on_launch": "ip-name",
            "tags": {
              "Name": "vpc-liran-demo-public-us-east-1d",
              "kubernetes.io/cluster/liran-demo": "shared",
              "kubernetes.io/role/elb": "1",
              "tier": "public"
            },
            "tags_all": {
              "Name": "vpc-liran-demo-public-us-east-1d",
              "kubernetes.io/cluster/liran-demo": "shared",
              "kubernetes.io/role/elb": "1",
              "tier": "public"
            },
            "timeouts": null,
            "vpc_id": "vpc-0c1bb5f6db309b819"
          },
          "sensitive_attributes": [],
          "private": "eyJlMmJmYjczMC1lY2FhLTExZTYtOGY4OC0zNDM2M2JjN2M0YzAiOnsiY3JlYXRlIjo2MDAwMDAwMDAwMDAsImRlbGV0ZSI6MTIwMDAwMDAwMDAwMH0sInNjaGVtYV92ZXJzaW9uIjoiMSJ9",
          "dependencies": [
            "module.agent_cluster.module.vpc.data.aws_ec2_instance_type_offerings.supported_azs",
            "module.agent_cluster.module.vpc.module.vpc.aws_vpc.this",
            "module.agent_cluster.module.vpc.module.vpc.aws_vpc_ipv4_cidr_block_association.this"
          ],
          "create_before_destroy": true
        },
        {
          "index_key": 4,
          "schema_version": 1,
          "attributes": {
            "arn": "arn:aws:ec2:us-east-1:343806850935:subnet/subnet-0375d08d703024f16",
            "assign_ipv6_address_on_creation": false,
            "availability_zone": "us-east-1f",
            "availability_zone_id": "use1-az5",
            "cidr_block": "172.16.72.0/22",
            "customer_owned_ipv4_pool": "",
            "enable_dns64": false,
            "enable_lni_at_device_index": 0,
            "enable_resource_name_dns_a_record_on_launch": false,
            "enable_resource_name_dns_aaaa_record_on_launch": false,
            "id": "subnet-0375d08d703024f16",
            "ipv6_cidr_block": "",
            "ipv6_cidr_block_association_id": "",
            "ipv6_native": false,
            "map_customer_owned_ip_on_launch": false,
            "map_public_ip_on_launch": false,
            "outpost_arn": "",
            "owner_id": "343806850935",
            "private_dns_hostname_type_on_launch": "ip-name",
            "tags": {
              "Name": "vpc-liran-demo-public-us-east-1f",
              "kubernetes.io/cluster/liran-demo": "shared",
              "kubernetes.io/role/elb": "1",
              "tier": "public"
            },
            "tags_all": {
              "Name": "vpc-liran-demo-public-us-east-1f",
              "kubernetes.io/cluster/liran-demo": "shared",
              "kubernetes.io/role/elb": "1",
              "tier": "public"
            },
            "timeouts": null,
            "vpc_id": "vpc-0c1bb5f6db309b819"
          },
          "sensitive_attributes": [],
          "private": "eyJlMmJmYjczMC1lY2FhLTExZTYtOGY4OC0zNDM2M2JjN2M0YzAiOnsiY3JlYXRlIjo2MDAwMDAwMDAwMDAsImRlbGV0ZSI6MTIwMDAwMDAwMDAwMH0sInNjaGVtYV92ZXJzaW9uIjoiMSJ9",
          "dependencies": [
            "module.agent_cluster.module.vpc.data.aws_ec2_instance_type_offerings.supported_azs",
            "module.agent_cluster.module.vpc.module.vpc.aws_vpc.this",
            "module.agent_cluster.module.vpc.module.vpc.aws_vpc_ipv4_cidr_block_association.this"
          ],
          "create_before_destroy": true
        }
      ]
    },
    {
      "module": "module.agent_cluster.module.vpc[0].module.vpc",
      "mode": "managed",
      "type": "aws_vpc",
      "name": "this",
      "provider": "provider[\"registry.terraform.io/hashicorp/aws\"]",
      "instances": [
        {
          "index_key": 0,
          "schema_version": 1,
          "attributes": {
            "arn": "arn:aws:ec2:us-east-1:343806850935:vpc/vpc-0c1bb5f6db309b819",
            "assign_generated_ipv6_cidr_block": false,
            "cidr_block": "172.16.0.0/16",
            "default_network_acl_id": "acl-01b96f0f8c7a530eb",
            "default_route_table_id": "rtb-03151d51af55447ad",
            "default_security_group_id": "sg-074a8ef5eafdf20b7",
            "dhcp_options_id": "dopt-b10f01cb",
            "enable_dns_hostnames": true,
            "enable_dns_support": true,
            "enable_network_address_usage_metrics": false,
            "id": "vpc-0c1bb5f6db309b819",
            "instance_tenancy": "default",
            "ipv4_ipam_pool_id": null,
            "ipv4_netmask_length": null,
            "ipv6_association_id": "",
            "ipv6_cidr_block": "",
            "ipv6_cidr_block_network_border_group": "",
            "ipv6_ipam_pool_id": "",
            "ipv6_netmask_length": 0,
            "main_route_table_id": "rtb-03151d51af55447ad",
            "owner_id": "343806850935",
            "tags": {
              "Name": "vpc-liran-demo"
            },
            "tags_all": {
              "Name": "vpc-liran-demo"
            }
          },
          "sensitive_attributes": [],
          "private": "eyJzY2hlbWFfdmVyc2lvbiI6IjEifQ==",
          "create_before_destroy": true
        }
      ]
    }
  ]
}
